{
  "version": 4,
  "terraform_version": "1.13.4",
  "serial": 4,
  "lineage": "46532086-e427-1000-c23e-5af9281a4e8c",
  "outputs": {
    "confid_config": {
      "value": 119604,
      "type": "number"
    },
    "confid_policy": {
      "value": 119604,
      "type": "number"
    },
    "my_contract_id": {
      "value": "1-1NC95D",
      "type": "string"
    },
    "my_group_id": {
      "value": "grp_19293",
      "type": "string"
    }
  },
  "resources": [
    {
      "mode": "data",
      "type": "akamai_appsec_configuration",
      "name": "my_configuration",
      "provider": "provider[\"registry.terraform.io/akamai/akamai\"]",
      "instances": [
        {
          "schema_version": 0,
          "attributes": {
            "config_id": null,
            "host_names": null,
            "id": "81360",
            "latest_version": null,
            "name": null,
            "output_text": "\n+--------------------------------------------------------------------------------------------------------------------------------+\n| Configurations                                                                                                                 |\n+-----------+----------------------------------------+----------------+---------------------------+------------------------------+\n| CONFIG_ID | NAME                                   | LATEST_VERSION | VERSION_ACTIVE_IN_STAGING | VERSION_ACTIVE_IN_PRODUCTION |\n+-----------+----------------------------------------+----------------+---------------------------+------------------------------+\n| 81360     | *Test-DM*                              | 27             | 25                        | 22                           |\n| 73735     | 2tree test mmaciurz                    | 3              | 0                         | 0                            |\n| 117324    | AAP                                    | 7              | 0                         | 6                            |\n| 19251     | ACT test cases for WAF-Do not DELETE   | 16             | 14                        | 10                           |\n| 89681     | ALB Lab test                           | 1              | 1                         | 0                            |\n| 116923    | APEX_DEMO_SC                           | 1              | 0                         | 0                            |\n| 74849     | AVengu_DevOps_WAF                      | 2              | 0                         | 0                            |\n| 89955     | AbrodrigSecurity                       | 2              | 2                         | 2                            |\n| 97699     | AchuthTerraformAppSec                  | 1              | 0                         | 0                            |\n| 85948     | AchuthTest1                            | 5              | 5                         | 1                            |\n| 89462     | AcmpSecTraining                        | 21             | 21                        | 4                            |\n| 97700     | AcmpTerraform                          | 2              | 0                         | 1                            |\n| 109017    | Adarsh-test                            | 1              | 0                         | 0                            |\n| 23829     | Adding Host                            | 2              | 0                         | 0                            |\n| 86579     | Aniket's card config                   | 1              | 0                         | 0                            |\n| 90442     | Anirudh - Test                         | 1              | 0                         | 0                            |\n| 95954     | Antiope                                | 1              | 0                         | 0                            |\n| 99027     | Antiope Clone                          | 1              | 0                         | 0                            |\n| 99679     | Antiope Clone 2                        | 1              | 0                         | 0                            |\n| 99705     | Antiope Clone 3                        | 1              | 0                         | 0                            |\n| 92905     | Anup learning SC                       | 1              | 0                         | 0                            |\n| 95208     | Anup_Security                          | 1              | 0                         | 0                            |\n| 106226    | AppSec Test                            | 1              | 0                         | 0                            |\n| 87112     | Arani_test                             | 1              | 0                         | 0                            |\n| 117640    | Arth ITSecureZone                      | 2              | 1                         | 1                            |\n| 79279     | Ashu's Security Config (Do Not Modify) | 15             | 14                        | 13                           |\n| 108507    | Ashu-NabTest Security Config           | 50             | 14                        | 14                           |\n| 33719     | Aude                                   | 1              | 0                         | 0                            |\n| 44622     | Aude2                                  | 8              | 8                         | 0                            |\n| 116497    | Automation_TF_Security_jarayaro        | 1              | 0                         | 0                            |\n| 116393    | Automation_TF_sec_demo_jarayaro        | 1              | 0                         | 0                            |\n| 71263     | Aymen                                  | 1              | 0                         | 0                            |\n| 79968     | Aymen12                                | 1              | 0                         | 0                            |\n| 47051     | BMP-test                               | 1              | 0                         | 0                            |\n| 87052     | Bigbang1                               | 1              | 0                         | 0                            |\n| 87053     | Bigbang2                               | 1              | 0                         | 0                            |\n| 90838     | Bun                                    | 4              | 3                         | 3                            |\n| 96825     | COCOs_Restaurant                       | 9              | 8                         | 0                            |\n| 21940     | Carlos-Test                            | 4              | 0                         | 0                            |\n| 104513    | Chase RFI                              | 4              | 3                         | 0                            |\n| 104595    | Chase RFI Automated                    | 1              | 0                         | 0                            |\n| 104591    | Chase RFI DEMO                         | 1              | 0                         | 0                            |\n| 95723     | Check on geo blocking                  | 1              | 0                         | 0                            |\n| 103563    | Chismockcito Security file             | 2              | 1                         | 1                            |\n| 19214     | Chris                                  | 21             | 11                        | 11                           |\n| 36823     | CliRep_test                            | 1              | 0                         | 0                            |\n| 52056     | Cloud Monitor Test                     | 1              | 1                         | 1                            |\n| 44783     | Cloudtest                              | 8              | 8                         | 8                            |\n| 94794     | Copy empty host - yjeon.gotest.cf      | 1              | 0                         | 0                            |\n| 93109     | Copy2_yjeon.gotest.cf                  | 9              | 7                         | 8                            |\n| 35262     | DBartosh-Testing                       | 1              | 0                         | 0                            |\n| 95008     | DELETE                                 | 9              | 7                         | 0                            |\n| 78374     | DEMO                                   | 1              | 0                         | 0                            |\n| 33167     | David Bartosh Test                     | 1              | 0                         | 0                            |\n| 118563    | Dev Jerola                             | 2              | 0                         | 0                            |\n| 99904     | Dhruva config1                         | 1              | 0                         | 0                            |\n| 99903     | Dhruvaconfig                           | 1              | 0                         | 0                            |\n| 104235    | DirtyFunSF                             | 30             | 30                        | 28                           |\n| 95853     | Drews_WAF                              | 4              | 4                         | 0                            |\n| 95813     | Drews_waf                              | 4              | 0                         | 0                            |\n| 101685    | Dummy _Dummu                           | 1              | 0                         | 0                            |\n| 117190    | ETT                                    | 1              | 0                         | 0                            |\n| 105441    | EWTQETQ                                | 1              | 0                         | 0                            |\n| 101241    | Elias_waf                              | 4              | 4                         | 0                            |\n| 52570     | Gabrio-Test                            | 139            | 138                       | 138                          |\n| 76862     | Gabrio-Test-2                          | 6              | 5                         | 6                            |\n| 87042     | GotSecConfig                           | 1              | 1                         | 1                            |\n| 119062    | HI_TerraformCohortAPSConfig            | 1              | 0                         | 0                            |\n| 83626     | HansFans                               | 6              | 6                         | 5                            |\n| 106413    | HansFans4 Demo Config                  | 2              | 2                         | 0                            |\n| 46362     | Helmecek                               | 4              | 0                         | 0                            |\n| 87781     | Hyokim KSD                             | 39             | 38                        | 29                           |\n| 79945     | IAN AAG TEST 1                         | 1              | 0                         | 0                            |\n| 82280     | IAN-NEW-TFDEMO                         | 2              | 0                         | 0                            |\n| 92182     | IT - Security VLV v1                   | 3              | 0                         | 1                            |\n| 108749    | IT-afnaan                              | 10             | 1                         | 6                            |\n| 106487    | IYDPC Demo IaC Config                  | 1              | 0                         | 0                            |\n| 52910     | Ian Cass                               | 83             | 82                        | 72                           |\n| 75063     | Ian Cass Lab                           | 12             | 12                        | 0                            |\n| 107309    | JAESCALO - TF - WAF                    | 5              | 5                         | 0                            |\n| 22029     | JJ_KDS_Test                            | 1              | 0                         | 0                            |\n| 117733    | Jason Test                             | 1              | 1                         | 1                            |\n| 30175     | Jerola                                 | 67             | 65                        | 65                           |\n| 23845     | JonTaylor                              | 2              | 0                         | 0                            |\n| 98200     | JuanKSD2                               | 1              | 0                         | 0                            |\n| 88568     | Jungeun_KSD                            | 1              | 1                         | 0                            |\n| 51160     | KShiang                                | 1              | 0                         | 0                            |\n| 83804     | Kaans-Lab-Security                     | 1              | 0                         | 0                            |\n| 83861     | Kaans-Sec-Config                       | 12             | 11                        | 0                            |\n| 55890     | Kaki                                   | 1              | 0                         | 0                            |\n| 104604    | Khagar                                 | 3              | 2                         | 1                            |\n| 104360    | LPVARGAS-WAF                           | 1              | 1                         | 0                            |\n| 104361    | LPVARGAS2-WAF                          | 2              | 1                         | 0                            |\n| 104223    | LVARGAS- WAF                           | 1              | 0                         | 0                            |\n| 71909     | Lester labs                            | 1              | 0                         | 0                            |\n| 89418     | Maldemo                                | 21             | 21                        | 14                           |\n| 47118     | Meghana                                | 611            | 610                       | 553                          |\n| 60538     | Meghana_Test_Config                    | 2              | 1                         | 0                            |\n| 33195     | Melissa's Security Config              | 4              | 3                         | 0                            |\n| 52595     | Monika                                 | 1              | 0                         | 0                            |\n| 106286    | My-sec_config                          | 1              | 1                         | 0                            |\n| 17228     | Nabarun Test                           | 35             | 32                        | 2                            |\n| 94352     | New_Test_Config_Taha                   | 18             | 18                        | 0                            |\n| 76772     | North Stoke Protectionism              | 7              | 7                         | 0                            |\n| 56859     | OCAtest                                | 1              | 0                         | 0                            |\n| 115344    | PRC_TEST                               | 1              | 0                         | 0                            |\n| 103586    | PS_krajas.com                          | 5              | 3                         | 2                            |\n| 107822    | Pablo Sec Config                       | 29             | 28                        | 0                            |\n| 75618     | Paddy_Config                           | 4              | 4                         | 4                            |\n| 21176     | Pankh Config                           | 1              | 0                         | 0                            |\n| 21212     | Pankh configuration                    | 1              | 0                         | 0                            |\n| 38703     | Preyaansh-Test                         | 1              | 0                         | 0                            |\n| 48893     | Rafa Lab Security Configs              | 52             | 50                        | 50                           |\n| 117788    | Rafa Lab Terraform Test                | 1              | 0                         | 0                            |\n| 58331     | Rafa Lab Testing 2                     | 1              | 0                         | 0                            |\n| 34907     | Rakshith                               | 1              | 0                         | 0                            |\n| 74219     | Ritz_pr                                | 1              | 1                         | 0                            |\n| 79858     | Rob2                                   | 1              | 0                         | 0                            |\n| 116117    | SEC-Training-Vimor                     | 1              | 0                         | 0                            |\n| 116271    | SNK-TFT-Test                           | 1              | 0                         | 0                            |\n| 92791     | SRezkalla                              | 1              | 0                         | 0                            |\n| 103287    | SSG-Security Configuration             | 1              | 0                         | 0                            |\n| 109063    | Sahil                                  | 1              | 0                         | 0                            |\n| 89047     | Sec-amadeo                             | 1              | 0                         | 0                            |\n| 116868    | SecConfig(Trevor)                      | 1              | 0                         | 0                            |\n| 90333     | Shahid_Test                            | 1              | 1                         | 0                            |\n| 100614    | Shahriar-Sec-Config-2                  | 1              | 0                         | 0                            |\n| 96671     | Shahriar-Security-Config               | 1              | 1                         | 1                            |\n| 117001    | Sharks1                                | 4              | 3                         | 0                            |\n| 118378    | Sharks1232                             | 6              | 6                         | 0                            |\n| 75282     | TF DEMO 20                             | 1              | 1                         | 0                            |\n| 75533     | TFDEMO 100                             | 3              | 0                         | 0                            |\n| 75969     | TFDEMO 200                             | 2              | 0                         | 0                            |\n| 75974     | TFDEMO 204                             | 1              | 0                         | 0                            |\n| 76005     | TFDEMO 205                             | 1              | 0                         | 0                            |\n| 75351     | TFDEMO 30                              | 1              | 0                         | 0                            |\n| 76034     | TFDEMO 300                             | 2              | 0                         | 0                            |\n| 76064     | TFDEMO 333                             | 5              | 0                         | 0                            |\n| 79947     | TFDEMO ATUL                            | 3              | 0                         | 0                            |\n| 80353     | TFDEMO ATUL2                           | 1              | 0                         | 0                            |\n| 80595     | TFDEMO ATUL3                           | 1              | 0                         | 0                            |\n| 80599     | TFDEMO ATUL4                           | 1              | 0                         | 0                            |\n| 80624     | TFDEMO ATUL5                           | 1              | 0                         | 0                            |\n| 116348    | TFTutorialConfig                       | 1              | 0                         | 0                            |\n| 76006     | TF_DEMO_AAG                            | 1              | 0                         | 0                            |\n| 116346    | TF_Template_Demo_Video                 | 1              | 0                         | 0                            |\n| 78911     | TFahaberl                              | 1              | 0                         | 0                            |\n| 51647     | TOBEREMOVED-cbarlow-ksd-test           | 3              | 0                         | 0                            |\n| 92615     | Taha Labs                              | 57             | 57                        | 11                           |\n| 17766     | Test                                   | 28             | 0                         | 0                            |\n| 94851     | Test - Coupang Oncall SC_clone         | 8              | 0                         | 0                            |\n| 50884     | Test MSC                               | 172            | 170                       | 135                          |\n| 50968     | Test MSC Duplicate                     | 1              | 0                         | 0                            |\n| 94804     | Test default config                    | 1              | 0                         | 0                            |\n| 81344     | Test- Deepti                           | 1              | 0                         | 0                            |\n| 38724     | Test--Preyaansh                        | 1              | 0                         | 0                            |\n| 95495     | Test123                                | 1              | 0                         | 0                            |\n| 85949     | TestAchuthApi123                       | 1              | 0                         | 0                            |\n| 85950     | TestAchuthApi1234                      | 1              | 0                         | 0                            |\n| 85951     | TestAchuthApi12345                     | 1              | 0                         | 0                            |\n| 85952     | TestAchuthApi2                         | 1              | 0                         | 0                            |\n| 65952     | TestNidi                               | 1              | 0                         | 0                            |\n| 101266    | TestRitz                               | 1              | 0                         | 0                            |\n| 64833     | Test_Bot_Manager                       | 1              | 0                         | 0                            |\n| 99850     | Test_Pari                              | 1              | 0                         | 0                            |\n| 101985    | Testsharath                            | 1              | 0                         | 0                            |\n| 93947     | Testv_Sec                              | 99             | 99                        | 25                           |\n| 86532     | TimesAppSecConfig                      | 17             | 0                         | 0                            |\n| 87054     | ToiDemo                                | 3              | 0                         | 0                            |\n| 87075     | ToiGotDemo                             | 2              | 1                         | 1                            |\n| 76227     | VB_Security_Configuration              | 4              | 4                         | 0                            |\n| 20897     | WAF Configuration File                 | 2              | 0                         | 0                            |\n| 20456     | WAF Configuration File0012             | 1              | 0                         | 0                            |\n| 20380     | WAF Configuration File007              | 1              | 0                         | 0                            |\n| 19598     | WAF configuration Harishwer            | 2              | 1                         | 0                            |\n| 73792     | WAF-TEST1233                           | 1              | 0                         | 0                            |\n| 90197     | WAF-jfuentes-jsinject                  | 2              | 2                         | 2                            |\n| 30487     | Wade - Test                            | 1              | 0                         | 0                            |\n| 22986     | Wade Rocco - WAF Config                | 1              | 0                         | 0                            |\n| 75139     | YUM UK Config                          | 1              | 0                         | 0                            |\n| 75109     | YUM UK Config - old1                   | 1              | 0                         | 0                            |\n| 75173     | YUM UK Config 11                       | 1              | 0                         | 0                            |\n| 75174     | YUM UK Config 12                       | 1              | 0                         | 0                            |\n| 75175     | YUM UK Config 13                       | 1              | 0                         | 0                            |\n| 75180     | YUM UK Config 14                       | 1              | 0                         | 0                            |\n| 75184     | YUM UK Config 15                       | 2              | 0                         | 0                            |\n| 106272    | _z_delete_HansFans1 Demo Config        | 2              | 0                         | 0                            |\n| 106313    | _z_delete_HansFans2 Demo Config        | 2              | 0                         | 0                            |\n| 106434    | _z_delete_IYDPC Demo1 Config           | 1              | 0                         | 0                            |\n| 78871     | aaa                                    | 8              | 0                         | 0                            |\n| 87429     | aac_aka_media                          | 46             | 21                        | 4                            |\n| 82259     | aarabaci Security Lab                  | 17             | 16                        | 14                           |\n| 91373     | aarabaci-Security-Lab-DSA-Properties   | 2              | 1                         | 0                            |\n| 36232     | abaraval                               | 12             | 10                        | 7                            |\n| 23270     | aberdin - ACG 1-1NC95D - ion standard) | 2              | 1                         | 0                            |\n| 102107    | abhirajlab.com                         | 54             | 51                        | 0                            |\n| 73901     | abodhank                               | 10             | 9                         | 6                            |\n| 108190    | abodhank2                              | 1              | 0                         | 0                            |\n| 104406    | acmalhot-appsec-1                      | 2              | 0                         | 0                            |\n| 104407    | acmalhot-appsec-1                      | 1              | 1                         | 0                            |\n| 93243     | acmalhot_edu                           | 19             | 19                        | 0                            |\n| 54637     | acmalhot_ksd                           | 2              | 0                         | 0                            |\n| 100823    | adriansc                               | 6              | 6                         | 2                            |\n| 107480    | adshetty.waplab                        | 1              | 0                         | 0                            |\n| 115949    | afnaanlad                              | 27             | 24                        | 24                           |\n| 88468     | aghbots                                | 4              | 0                         | 3                            |\n| 95171     | agupta_test                            | 5              | 5                         | 4                            |\n| 101071    | ah_onboa_1                             | 55             | 0                         | 0                            |\n| 101072    | ah_onboa_2                             | 1              | 0                         | 0                            |\n| 104221    | ah_onboard_1                           | 1              | 0                         | 0                            |\n| 44763     | ahaberl_TC                             | 106            | 103                       | 105                          |\n| 87051     | ajksdhksaj_test                        | 1              | 0                         | 0                            |\n| 39802     | aka.bamse.pl                           | 113            | 113                       | 110                          |\n| 101732    | akamai-as-code (DEPRECATED)            | 7              | 0                         | 0                            |\n| 94491     | akamai-demo (DEPRECATED)               | 62             | 0                         | 0                            |\n| 88074     | akamai-demo-default (DEPRECATED)       | 26             | 0                         | 0                            |\n| 99243     | akamai-demo-secconf [DEPRECATED]       | 7              | 0                         | 0                            |\n| 118203    | akamai.botmanagement-51958993          | 1              | 0                         | 0                            |\n| 80578     | akamaisec.flowers                      | 2              | 0                         | 0                            |\n| 103661    | akamaize_me_sec                        | 1              | 1                         | 0                            |\n| 86231     | akanode-waf                            | 1              | 0                         | 1                            |\n| 83352     | akau-test.akamaized.net                | 1              | 1                         | 0                            |\n| 104405    | amalhot-appsec-1                       | 1              | 0                         | 0                            |\n| 23294     | aman.bottest                           | 2              | 0                         | 0                            |\n| 22776     | aman.test.manualsecconfig              | 2              | 0                         | 0                            |\n| 96288     | amesegue                               | 23             | 23                        | 0                            |\n| 48694     | amesegue_old                           | 8              | 8                         | 0                            |\n| 77363     | ancastroSEC                            | 1              | 0                         | 0                            |\n| 73672     | aniktest                               | 1              | 0                         | 0                            |\n| 104212    | ankau1-waf-scriptclub                  | 1              | 0                         | 0                            |\n| 115481    | ankiths                                | 1              | 0                         | 0                            |\n| 93057     | arodrigo - changing config name 1      | 118            | 117                       | 115                          |\n| 92304     | arroy_config                           | 109            | 109                       | 0                            |\n| 96646     | arsharma-default.test.com              | 3              | 3                         | 3                            |\n| 82951     | ashabir_ion_test                       | 2              | 1                         | 0                            |\n| 92819     | avillalo_sec_config                    | 1              | 1                         | 1                            |\n| 104219    | balsingh.scriptClub1                   | 1              | 0                         | 0                            |\n| 96653     | balsingh_sec_config                    | 6              | 6                         | 0                            |\n| 72047     | bcarstea_waf                           | 1              | 0                         | 0                            |\n| 53133     | bcplay_kona                            | 1              | 0                         | 0                            |\n| 50930     | bd Test Security Config                | 5              | 4                         | 0                            |\n| 99314     | bdwazo Sec File                        | 8              | 6                         | 7                            |\n| 101212    | blackmilo.net                          | 1              | 0                         | 0                            |\n| 100584    | bmptest                                | 3              | 2                         | 0                            |\n| 23293     | botman.test                            | 3              | 0                         | 0                            |\n| 52636     | buck_sc                                | 53             | 52                        | 12                           |\n| 52775     | buck_sc2                               | 1              | 0                         | 0                            |\n| 89869     | buckapitest                            | 2              | 0                         | 0                            |\n| 117218    | buckdev-tf-demo-appsec                 | 1              | 1                         | 0                            |\n| 117443    | buckdev-tf-demo-appsec2                | 1              | 0                         | 0                            |\n| 95595     | buckgoldenconfig                       | 1              | 0                         | 0                            |\n| 61151     | bucktest                               | 3              | 0                         | 0                            |\n| 73744     | camadeo                                | 26             | 26                        | 26                           |\n| 73745     | camadeo-wap                            | 1              | 1                         | 0                            |\n| 74106     | cbarlow - www.chrisbarlow.co.uk - test | 7              | 0                         | 0                            |\n| 104222    | cbullock.oyvey.dev                     | 1              | 0                         | 0                            |\n| 107011    | ccastane-lab                           | 8              | 5                         | 0                            |\n| 30649     | ccora                                  | 3              | 0                         | 0                            |\n| 85212     | cearia-test                            | 1              | 0                         | 0                            |\n| 104209    | celdon.oyvey.dev                       | 1              | 0                         | 0                            |\n| 52635     | cgarcia_security                       | 18             | 17                        | 0                            |\n| 119554    | charlief_waf_sc1                       | 1              | 1                         | 0                            |\n| 90040     | chinmay-test                           | 2              | 1                         | 1                            |\n| 118464    | clone-rahushar                         | 1              | 0                         | 0                            |\n| 103573    | clone_test1_yjeon.gotest.me            | 2              | 0                         | 0                            |\n| 118463    | cloned config                          | 1              | 0                         | 0                            |\n| 82203     | cmaduro-security-lab                   | 10             | 0                         | 9                            |\n| 88413     | copy_yjeon.gotest.cf                   | 1              | 0                         | 0                            |\n| 51704     | create-test-config                     | 1              | 0                         | 0                            |\n| 119103    | csim-thecsim.com                       | 1              | 0                         | 0                            |\n| 81511     | cvargasa_ksd                           | 1              | 0                         | 0                            |\n| 116905    | dadasdas121                            | 1              | 0                         | 0                            |\n| 116908    | dadasdas12112                          | 1              | 0                         | 0                            |\n| 116999    | dadassdadas12919                       | 1              | 0                         | 0                            |\n| 104517    | darias_by_hostname_onboard             | 1              | 0                         | 0                            |\n| 104516    | darias_by_propertyname_onboard         | 1              | 0                         | 0                            |\n| 118278    | dcanestr-tf2-appsec                    | 1              | 0                         | 0                            |\n| 89862     | dcuenc_waf                             | 2              | 0                         | 1                            |\n| 83183     | dd-test                                | 1              | 0                         | 0                            |\n| 103985    | deleteme1                              | 1              | 0                         | 0                            |\n| 103992    | deleteme11                             | 6              | 0                         | 0                            |\n| 103995    | deleteme111                            | 1              | 0                         | 0                            |\n| 104003    | deleteme1111                           | 1              | 0                         | 0                            |\n| 104008    | deleteme11111                          | 1              | 0                         | 0                            |\n| 104007    | deleteme111111                         | 1              | 0                         | 0                            |\n| 104010    | deleteme1111111                        | 1              | 0                         | 0                            |\n| 104016    | deleteme11111111                       | 1              | 0                         | 0                            |\n| 104210    | deleteme111111111                      | 1              | 0                         | 0                            |\n| 104228    | deleteme11111111111                    | 1              | 0                         | 0                            |\n| 104011    | deleteme2                              | 4              | 0                         | 0                            |\n| 104015    | deleteme22                             | 2              | 2                         | 0                            |\n| 104018    | deleteme222                            | 1              | 0                         | 0                            |\n| 104019    | deleteme2222                           | 1              | 0                         | 0                            |\n| 104020    | deleteme22222                          | 1              | 0                         | 0                            |\n| 104017    | deletemedemo                           | 1              | 0                         | 0                            |\n| 94749     | demo-jfuentes                          | 8              | 8                         | 0                            |\n| 106930    | demo-sec-train                         | 1              | 0                         | 0                            |\n| 82708     | demo_nvenkate                          | 1              | 0                         | 0                            |\n| 75687     | demo_sc                                | 2              | 1                         | 0                            |\n| 117920    | dev-tf-demo-appsec                     | 1              | 0                         | 0                            |\n| 115552    | dev-tf-demo-sharath1                   | 1              | 0                         | 0                            |\n| 119504    | dev-tf-vij-appsec                      | 1              | 0                         | 0                            |\n| 117221    | dev3-buckdev                           | 1              | 0                         | 0                            |\n| 117223    | dev4-buckdev                           | 1              | 1                         | 0                            |\n| 99712     | dgundapu.akamaized-staging.net         | 1              | 0                         | 0                            |\n| 99736     | dgundapu.akamaized.net                 | 2              | 2                         | 0                            |\n| 117714    | dhruva_new_aap                         | 1              | 0                         | 0                            |\n| 117712    | dhruva_new_aapasm                      | 1              | 0                         | 0                            |\n| 96863     | dkremkow_waf                           | 43             | 43                        | 0                            |\n| 65858     | dkuciel-ksd                            | 32             | 0                         | 32                           |\n| 69816     | dkuciel-ksd-default                    | 1              | 0                         | 0                            |\n| 75106     | dmckissick                             | 2              | 2                         | 2                            |\n| 40160     | download.sandip.ind.in                 | 1              | 0                         | 0                            |\n| 90006     | dvwa.jcas.com                          | 7              | 6                         | 0                            |\n| 110805    | easy                                   | 1              | 0                         | 0                            |\n| 74250     | ebonelli                               | 2              | 2                         | 0                            |\n| 107047    | edtest                                 | 6              | 5                         | 5                            |\n| 93668     | efrost_test                            | 3              | 3                         | 0                            |\n| 94227     | efrosttest                             | 1              | 0                         | 1                            |\n| 91766     | esolis demo lab                        | 11             | 0                         | 4                            |\n| 43782     | fdiazsav                               | 6              | 6                         | 6                            |\n| 38329     | first.aka.bamse.pl                     | 34             | 34                        | 34                           |\n| 48610     | fnami                                  | 12             | 10                        | 10                           |\n| 33507     | fofo-test                              | 3              | 3                         | 0                            |\n| 117376    | fretana-dev-tf-demo-appsec             | 2              | 2                         | 0                            |\n| 117378    | fretana-prod-tf-demo-appsec            | 1              | 1                         | 0                            |\n| 117379    | fretana-qa-tf-demo-appsec              | 1              | 1                         | 0                            |\n| 95744     | g1 Retail                              | 1              | 0                         | 0                            |\n| 95745     | g2 Retail                              | 1              | 0                         | 0                            |\n| 88973     | gabdigal-lab                           | 11             | 9                         | 7                            |\n| 114050    | gbonnet                                | 3              | 0                         | 2                            |\n| 77553     | gcastill-secA-training + ION           | 7              | 7                         | 7                            |\n| 74777     | gethilka_appsec_ksd_config             | 2              | 0                         | 0                            |\n| 81673     | gfallas_WSC                            | 2              | 2                         | 0                            |\n| 93800     | gkale                                  | 14             | 14                        | 0                            |\n| 116860    | goksweb                                | 1              | 1                         | 0                            |\n| 74821     | gokul_appsec                           | 2              | 1                         | 0                            |\n| 111835    | gosian-test-config                     | 2              | 0                         | 0                            |\n| 104230    | gs_onboard_1                           | 1              | 0                         | 0                            |\n| 104218    | gs_onboard_emeza                       | 1              | 0                         | 0                            |\n| 104233    | gs_onboard_emeza1                      | 2              | 1                         | 0                            |\n| 104270    | gs_onboard_msolano                     | 1              | 0                         | 0                            |\n| 101426    | gsa-may-8-demo                         | 1              | 0                         | 0                            |\n| 101427    | gsa-may-8-demo                         | 1              | 0                         | 0                            |\n| 100977    | gsa041724-appsecdemo                   | 1              | 1                         | 0                            |\n| 101428    | gsa0508demo                            | 1              | 1                         | 0                            |\n| 101486    | gsa0509-demo                           | 1              | 0                         | 0                            |\n| 101730    | gsa20052024-demo                       | 1              | 1                         | 0                            |\n| 100755    | gsa2024-demo-configuration             | 7              | 7                         | 0                            |\n| 101775    | gsa20240522-demo                       | 1              | 0                         | 0                            |\n| 105366    | gsa20240919-demo                       | 1              | 1                         | 0                            |\n| 105377    | gsa20240920-demo                       | 1              | 0                         | 0                            |\n| 101238    | gsaApril10-demo                        | 1              | 0                         | 0                            |\n| 101237    | gsaApril10-demo                        | 1              | 0                         | 0                            |\n| 101108    | gsaApril23-demo                        | 1              | 0                         | 0                            |\n| 101178    | gsaApril25-demo                        | 1              | 0                         | 0                            |\n| 101215    | gsaApril28-demo                        | 1              | 0                         | 0                            |\n| 101223    | gsaApril29-demo                        | 2              | 1                         | 0                            |\n| 101239    | gsaApril30-demo                        | 1              | 1                         | 0                            |\n| 30422     | hdebeij                                | 39             | 38                        | 32                           |\n| 93209     | helmecek_test                          | 1              | 0                         | 0                            |\n| 90527     | hhong                                  | 23             | 23                        | 9                            |\n| 116089    | hmallika_lab                           | 1              | 0                         | 0                            |\n| 73807     | hnsn                                   | 19             | 18                        | 18                           |\n| 78667     | hnsn_clone                             | 1              | 0                         | 0                            |\n| 118653    | icanales                               | 1              | 0                         | 0                            |\n| 86570     | ifyoulikepinacolada                    | 48             | 47                        | 47                           |\n| 106808    | indu-test-config                       | 2              | 2                         | 0                            |\n| 104522    | innoverse.net.br                       | 23             | 20                        | 0                            |\n| 26506     | ishika_viewrequest                     | 1              | 0                         | 0                            |\n| 101740    | itisajoke                              | 2              | 0                         | 0                            |\n| 106619    | itisajoke_11                           | 1              | 1                         | 0                            |\n| 106620    | itisajoke_12                           | 1              | 1                         | 0                            |\n| 105525    | itisajoke_v02                          | 4              | 3                         | 0                            |\n| 105596    | itisajoke_v02.1                        | 2              | 2                         | 0                            |\n| 105526    | itisajoke_v03                          | 2              | 2                         | 2                            |\n| 105597    | itisajoke_v03.1                        | 3              | 2                         | 3                            |\n| 105598    | itisajoke_v03.2                        | 2              | 2                         | 1                            |\n| 106013    | itisajoke_v04                          | 2              | 2                         | 0                            |\n| 57711     | jacky.digital                          | 57             | 56                        | 52                           |\n| 76309     | jaescalo-testing                       | 94             | 93                        | 92                           |\n| 80609     | jaescalo-testing-terraform             | 29             | 29                        | 26                           |\n| 104215    | jamorale_onboard_1                     | 1              | 0                         | 0                            |\n| 104225    | jamorale_onboard_2                     | 1              | 0                         | 0                            |\n| 30119     | jarayaro                               | 9              | 9                         | 3                            |\n| 102432    | jarayaro_ns4me                         | 1              | 0                         | 0                            |\n| 106043    | jbabusel_test                          | 4              | 2                         | 0                            |\n| 58512     | jdjim_sec_conf                         | 9              | 9                         | 9                            |\n| 105652    | jfallasu                               | 1              | 0                         | 0                            |\n| 87414     | jgoncalv                               | 1              | 0                         | 0                            |\n| 71885     | jgoncalv_test01                        | 1              | 0                         | 0                            |\n| 48710     | jmarczew                               | 6              | 6                         | 4                            |\n| 96758     | jmarczew_soarin_01                     | 2              | 1                         | 0                            |\n| 99060     | jmarczew_soarin_02                     | 1              | 0                         | 0                            |\n| 52639     | jmasisksd                              | 17             | 15                        | 0                            |\n| 108512    | jodennis                               | 23             | 1                         | 1                            |\n| 77940     | joegm.me                               | 3              | 3                         | 3                            |\n| 32706     | joncarva_WAP                           | 1              | 0                         | 0                            |\n| 51854     | josjohns                               | 2              | 2                         | 0                            |\n| 117570    | jpalmatest                             | 4              | 4                         | 0                            |\n| 104211    | jtong_onboard_1                        | 1              | 0                         | 0                            |\n| 104226    | jtong_onboard_2                        | 2              | 0                         | 0                            |\n| 93523     | judiaz                                 | 32             | 31                        | 31                           |\n| 108388    | jungeun-waf                            | 1              | 0                         | 0                            |\n| 90607     | jvermeer-ksd                           | 1              | 1                         | 0                            |\n| 52638     | jviquezc_KSD                           | 6              | 5                         | 0                            |\n| 85940     | kabara_sec                             | 9              | 0                         | 0                            |\n| 80977     | kanimesh                               | 1              | 0                         | 0                            |\n| 20526     | karthik2                               | 13             | 13                        | 0                            |\n| 30216     | kmankodi-test                          | 1              | 0                         | 0                            |\n| 107293    | knarf96.com                            | 44             | 43                        | 43                           |\n| 104307    | krajas_onboard_1                       | 1              | 0                         | 0                            |\n| 104308    | krajas_sec_2                           | 1              | 0                         | 0                            |\n| 54635     | ksd.meseguercr.com                     | 9              | 0                         | 0                            |\n| 89772     | ksd_weekend_test                       | 4              | 1                         | 0                            |\n| 86250     | kszmyd                                 | 9              | 7                         | 0                            |\n| 96722     | kupadhya_indiaxrayecho.com             | 2              | 1                         | 0                            |\n| 98083     | lalexandtest2                          | 2              | 1                         | 1                            |\n| 104220    | laurags_onboard_1                      | 1              | 0                         | 0                            |\n| 83582     | lcassiano.me                           | 17             | 16                        | 14                           |\n| 52637     | lfernand_Sec                           | 6              | 5                         | 0                            |\n| 76716     | lingspire                              | 5              | 0                         | 0                            |\n| 54291     | lmohanan_test                          | 1              | 0                         | 0                            |\n| 93616     | lolsites                               | 2              | 0                         | 0                            |\n| 55015     | lshah                                  | 4              | 0                         | 3                            |\n| 104224    | lvargas - appsec                       | 1              | 0                         | 0                            |\n| 101676    | lwinata-thewinata.com                  | 14             | 13                        | 13                           |\n| 93917     | maki                                   | 44             | 44                        | 16                           |\n| 98432     | maki SC 01                             | 1              | 0                         | 0                            |\n| 41923     | marylam                                | 1              | 0                         | 0                            |\n| 74826     | mastuamo                               | 5              | 2                         | 0                            |\n| 100765    | mbiernat_sites                         | 1              | 1                         | 1                            |\n| 51038     | mbiernat_test                          | 8              | 8                         | 7                            |\n| 105263    | mcaldwel_lab                           | 23             | 22                        | 22                           |\n| 105376    | mcastro-lab                            | 12             | 12                        | 0                            |\n| 107645    | mdomingutest appsec                    | 14             | 14                        | 0                            |\n| 100648    | medha-trialwaf                         | 2              | 2                         | 0                            |\n| 119057    | mehanuma-security                      | 1              | 0                         | 0                            |\n| 94580     | mellis-test1                           | 4              | 3                         | 0                            |\n| 23147     | mgok-test                              | 2              | 0                         | 0                            |\n| 81772     | mguentge-test                          | 9              | 7                         | 8                            |\n| 60952     | mguhe_security_test                    | 1              | 0                         | 0                            |\n| 64712     | mhansen                                | 1              | 0                         | 0                            |\n| 55490     | mjedruch                               | 3              | 0                         | 0                            |\n| 46826     | mkobylar                               | 2              | 0                         | 0                            |\n| 75167     | mmaciurz-ase                           | 1              | 0                         | 0                            |\n| 51104     | mmaciurz-bestp                         | 1              | 0                         | 0                            |\n| 78175     | mmil_test                              | 1              | 0                         | 0                            |\n| 119030    | mmongemu-sc                            | 1              | 0                         | 0                            |\n| 119020    | mmongemu-test-sc                       | 2              | 1                         | 0                            |\n| 77886     | mrysnik                                | 1              | 0                         | 0                            |\n| 81489     | msanseau-KSD                           | 1              | 0                         | 0                            |\n| 101175    | msolano-sec-config                     | 10             | 9                         | 4                            |\n| 106328    | mtosborne test                         | 1              | 0                         | 0                            |\n| 78872     | mwyzykow-Test-Sec                      | 1              | 0                         | 0                            |\n| 30923     | naveen test                            | 1              | 0                         | 0                            |\n| 75697     | newtf_sec3                             | 1              | 0                         | 0                            |\n| 75702     | newtf_sec4                             | 1              | 1                         | 0                            |\n| 75781     | newtfsec                               | 1              | 1                         | 0                            |\n| 104974    | nfdhgdfhd                              | 1              | 0                         | 0                            |\n| 47342     | nitrived                               | 2              | 0                         | 0                            |\n| 47457     | nitrived-security-config               | 3              | 3                         | 3                            |\n| 98215     | nlukito-secpolicy                      | 5              | 3                         | 4                            |\n| 98371     | nlukito_secondConfig                   | 148            | 144                       | 147                          |\n| 107366    | nlukito_testClone                      | 1              | 0                         | 0                            |\n| 94581     | nomiga                                 | 10             | 0                         | 4                            |\n| 101361    | novelinotesting                        | 1              | 0                         | 0                            |\n| 90588     | npoojary-directv-test                  | 3              | 3                         | 0                            |\n| 89478     | npoojary-test                          | 6              | 6                         | 6                            |\n| 87092     | npoojary_Test1                         | 3              | 3                         | 0                            |\n| 82404     | nvenkate                               | 4              | 0                         | 0                            |\n| 19519     | nzambre                                | 71             | 0                         | 0                            |\n| 116844    | odutille                               | 3              | 3                         | 0                            |\n| 83693     | pasriniv_ion                           | 39             | 38                        | 32                           |\n| 82380     | paul_api_sec                           | 1              | 0                         | 0                            |\n| 40581     | paulm_cmdlv_test                       | 9              | 9                         | 9                            |\n| 40489     | paulm_test                             | 1              | 0                         | 0                            |\n| 73617     | paulm_test_sec                         | 12             | 8                         | 8                            |\n| 93365     | pberthet                               | 3              | 2                         | 2                            |\n| 95837     | pbs                                    | 1              | 0                         | 0                            |\n| 100907    | peakhulktest2                          | 1              | 1                         | 0                            |\n| 96719     | perf.linode.haberl.io                  | 5              | 0                         | 5                            |\n| 102734    | pganabat-test                          | 13             | 12                        | 0                            |\n| 81710     | pizzacart                              | 1              | 1                         | 0                            |\n| 77525     | pmaugeri.gss-proshop.com               | 1              | 0                         | 0                            |\n| 76138     | pocandtestsonly                        | 174            | 174                       | 174                          |\n| 107066    | posharma-postman-security              | 2              | 2                         | 0                            |\n| 75981     | prashans_lab                           | 7              | 7                         | 5                            |\n| 111818    | prc_test                               | 21             | 21                        | 0                            |\n| 24867     | publicwap                              | 148            | 0                         | 0                            |\n| 100544    | pvera-waf                              | 17             | 16                        | 10                           |\n| 117625    | pvindash.akatec.support                | 2              | 2                         | 1                            |\n| 89384     | pvoniadk2.gsshappylearning.com         | 13             | 12                        | 12                           |\n| 108157    | rahushar-vazmed                        | 92             | 43                        | 91                           |\n| 112705    | rahuvazmed-2                           | 1              | 0                         | 0                            |\n| 112125    | rajpatil.xyz                           | 1              | 0                         | 0                            |\n| 108528    | ralvarez_sec                           | 8              | 0                         | 7                            |\n| 57294     | rambol-WAP                             | 8              | 8                         | 8                            |\n| 40242     | rambol.pl                              | 92             | 91                        | 91                           |\n| 98513     | rbrito-waf-tf                          | 8              | 7                         | 0                            |\n| 63773     | rbritodo-delete                        | 14             | 0                         | 0                            |\n| 75703     | replaceme                              | 1              | 0                         | 0                            |\n| 75707     | replaceme12                            | 1              | 0                         | 0                            |\n| 75716     | replaceme15                            | 1              | 0                         | 0                            |\n| 52640     | rfont-KSD-Training                     | 6              | 5                         | 5                            |\n| 106195    | ritz_onboard_1                         | 1              | 0                         | 0                            |\n| 106196    | ritz_onboard_2                         | 1              | 0                         | 0                            |\n| 82424     | rkuffner                               | 2              | 1                         | 0                            |\n| 23236     | rmartine                               | 1              | 0                         | 0                            |\n| 45663     | rmartinez                              | 1              | 0                         | 0                            |\n| 82321     | rnayak-botscore-test                   | 1              | 0                         | 0                            |\n| 119337    | rob999                                 | 2              | 2                         | 0                            |\n| 76167     | roryhewitt                             | 3              | 3                         | 0                            |\n| 97505     | rpotnuruBVM                            | 8              | 7                         | 0                            |\n| 89816     | rt_test                                | 1              | 0                         | 0                            |\n| 76290     | saguilar-test                          | 1              | 0                         | 0                            |\n| 79520     | sanandh-waf                            | 3              | 1                         | 2                            |\n| 104213    | sc_onboard_1                           | 1              | 0                         | 0                            |\n| 104231    | sc_onboard_11                          | 1              | 1                         | 0                            |\n| 104214    | sc_onboard_2                           | 1              | 0                         | 0                            |\n| 104232    | sc_onboard_22                          | 1              | 1                         | 0                            |\n| 107568    | sclub-zbtestrun                        | 1              | 0                         | 0                            |\n| 107576    | sclub-zbtestrun-2nd                    | 1              | 1                         | 0                            |\n| 33537     | sctemple - WAF validation              | 1              | 0                         | 0                            |\n| 83171     | sdean                                  | 6              | 5                         | 6                            |\n| 100627    | sdurand-test                           | 2              | 1                         | 1                            |\n| 52642     | sebasfer - swyt                        | 18             | 18                        | 18                           |\n| 92131     | security_config_michalkot.net          | 1              | 0                         | 0                            |\n| 105228    | sfarozi.io_test                        | 6              | 6                         | 6                            |\n| 90031     | shahid_test                            | 1              | 0                         | 0                            |\n| 115553    | sharath1500                            | 2              | 1                         | 0                            |\n| 115555    | sharath1501                            | 1              | 0                         | 0                            |\n| 107678    | sharath_test                           | 15             | 14                        | 0                            |\n| 104217    | shchoudh_waf_sc1                       | 1              | 0                         | 0                            |\n| 89878     | shop.jcas.com Demo Lab                 | 7              | 6                         | 0                            |\n| 60436     | siemens-ecc-demo                       | 2              | 2                         | 0                            |\n| 87926     | simpleshop.com.pl                      | 2              | 0                         | 0                            |\n| 52219     | skesapra                               | 10             | 9                         | 9                            |\n| 79458     | skwek-fpt-test                         | 1              | 1                         | 0                            |\n| 95746     | sm g3 Retail                           | 1              | 0                         | 0                            |\n| 38524     | smacleod                               | 174            | 173                       | 173                          |\n| 81541     | smacleod-test                          | 30             | 30                        | 0                            |\n| 79620     | smacleod-testing                       | 5              | 0                         | 0                            |\n| 105443    | snk333                                 | 1              | 0                         | 0                            |\n| 99208     | soarin_L0_template                     | 1              | 0                         | 0                            |\n| 99313     | soarin_L1_template                     | 1              | 0                         | 0                            |\n| 100759    | sparvati_test                          | 1              | 1                         | 0                            |\n| 117652    | spspspsps                              | 6              | 6                         | 0                            |\n| 108754    | sptesting                              | 3              | 3                         | 0                            |\n| 97606     | srezkall-test                          | 2              | 2                         | 0                            |\n| 90269     | srezkalla-Websecurity                  | 1              | 0                         | 0                            |\n| 106009    | sseifert-botman-test-2                 | 57             | 57                        | 0                            |\n| 63592     | sseifert-waf-test                      | 22             | 22                        | 5                            |\n| 109708    | ssomani security config                | 2              | 2                         | 0                            |\n| 36142     | ssundera                               | 1              | 0                         | 0                            |\n| 91202     | sthlm1_hackathon_2023                  | 1              | 1                         | 0                            |\n| 88237     | supar_waf                              | 71             | 70                        | 69                           |\n| 101967    | swn-test                               | 2              | 1                         | 0                            |\n| 97241     | szalpuri.PeerReviewLab                 | 2              | 1                         | 0                            |\n| 45224     | techdaynl                              | 1              | 0                         | 0                            |\n| 119207    | terraform-training-jviquezc2.com       | 1              | 0                         | 0                            |\n| 72006     | test                                   | 1              | 0                         | 0                            |\n| 22775     | test.aman                              | 7              | 7                         | 0                            |\n| 39531     | test1                                  | 1              | 0                         | 0                            |\n| 73753     | test200                                | 1              | 0                         | 0                            |\n| 26175     | test_WAF_config                        | 1              | 0                         | 0                            |\n| 115345    | test_orc                               | 1              | 0                         | 0                            |\n| 104273    | test_phil                              | 1              | 0                         | 0                            |\n| 77445     | test_prvenkat_waf_setup                | 4              | 0                         | 0                            |\n| 62592     | test_waf_prvenkat                      | 9              | 9                         | 0                            |\n| 89893     | testconfig1                            | 1              | 0                         | 0                            |\n| 95647     | testratepolicy                         | 1              | 0                         | 0                            |\n| 96676     | testv_Custom                           | 4              | 4                         | 0                            |\n| 103403    | tf-demo-appsec                         | 20             | 0                         | 5                            |\n| 115556    | tf-demo-appsec-1500                    | 1              | 0                         | 0                            |\n| 115366    | tf-demo-appsec0990                     | 1              | 0                         | 0                            |\n| 115363    | tf-demo-appsec0999                     | 1              | 0                         | 0                            |\n| 90574     | tf-demo-jaescalo                       | 4              | 4                         | 0                            |\n| 109332    | tfsharat2                              | 1              | 0                         | 0                            |\n| 109406    | tfsharat3                              | 1              | 0                         | 0                            |\n| 109408    | tfsharat4                              | 1              | 0                         | 0                            |\n| 109265    | tfsharath                              | 1              | 0                         | 0                            |\n| 109331    | tfsharath1                             | 1              | 0                         | 0                            |\n| 111067    | tftestsharath                          | 1              | 0                         | 0                            |\n| 111711    | tftestsharath10                        | 1              | 0                         | 0                            |\n| 111712    | tftestsharath11                        | 1              | 0                         | 0                            |\n| 111681    | tftestsharath2                         | 1              | 0                         | 0                            |\n| 111687    | tftestsharath3                         | 1              | 0                         | 0                            |\n| 111688    | tftestsharath4                         | 1              | 0                         | 0                            |\n| 111735    | tftestsharath6                         | 1              | 0                         | 0                            |\n| 111692    | tftestsharath7                         | 1              | 0                         | 0                            |\n| 111816    | tftstshar                              | 1              | 0                         | 0                            |\n| 79866     | tiwong Security                        | 1              | 1                         | 1                            |\n| 108924    | tnaik-test                             | 3              | 0                         | 0                            |\n| 113645    | tnaikwebsec                            | 137            | 137                       | 120                          |\n| 92593     | tnoorSecConfig                         | 2              | 0                         | 0                            |\n| 100647    | trial_waf4th April                     | 1              | 0                         | 0                            |\n| 74877     | ujain                                  | 9              | 9                         | 9                            |\n| 103983    | updateme                               | 5              | 5                         | 0                            |\n| 80200     | vb_dummy_configuration                 | 2              | 2                         | 0                            |\n| 81417     | vramasam_amd                           | 1              | 0                         | 0                            |\n| 79659     | vramasam_dsa                           | 2              | 0                         | 0                            |\n| 102819    | waf_pareddy                            | 4              | 4                         | 0                            |\n| 93217     | warsaw_hackathon_2023                  | 1              | 1                         | 0                            |\n| 78846     | wflorenc_cognac                        | 77             | 72                        | 76                           |\n| 80000     | wflorenc_cognac2                       | 1              | 0                         | 0                            |\n| 99088     | wflorenc_cognac_3                      | 1              | 0                         | 0                            |\n| 57564     | wflorencscotch_sec                     | 22             | 22                        | 11                           |\n| 108619    | wjunior-lab                            | 1              | 0                         | 0                            |\n| 78387     | wsoarestesting                         | 1              | 0                         | 0                            |\n| 26288     | www                                    | 1              | 0                         | 0                            |\n| 88246     | www.abhibot.com                        | 11             | 11                        | 0                            |\n| 82835     | www.davidbartosh.com                   | 1              | 0                         | 0                            |\n| 107857    | www.iamacmp.com                        | 1              | 0                         | 0                            |\n| 20288     | www.joncarva.wordpress.com KSD5.0      | 1              | 0                         | 1                            |\n| 20529     | www.later.pe.hu                        | 15             | 0                         | 0                            |\n| 80174     | www.mjedruch.pl                        | 3              | 0                         | 3                            |\n| 42706     | www_davidbartosh_com                   | 2              | 2                         | 2                            |\n| 75272     | x100                                   | 3              | 2                         | 0                            |\n| 75274     | x101                                   | 1              | 0                         | 0                            |\n| 75273     | x1012                                  | 1              | 0                         | 0                            |\n| 75319     | x21                                    | 1              | 0                         | 0                            |\n| 75348     | x22                                    | 1              | 0                         | 0                            |\n| 88087     | yjeon.gotest.me                        | 333            | 329                       | 329                          |\n| 53193     | zalando-custom-deny                    | 1              | 1                         | 0                            |\n| 74820     | {{secConfig_name}}                     | 1              | 0                         | 0                            |\n| 21        | WAF Security File                      | 1549           | 1547                      | 0                            |\n| 2949      | WAF Security File                      | 123            | 122                       | 121                          |\n+-----------+----------------------------------------+----------------+---------------------------+------------------------------+\n",
            "production_version": null,
            "staging_version": null
          },
          "sensitive_attributes": [],
          "identity_schema_version": 0
        }
      ]
    },
    {
      "mode": "data",
      "type": "akamai_group",
      "name": "my_group",
      "provider": "provider[\"registry.terraform.io/akamai/akamai\"]",
      "instances": [
        {
          "schema_version": 0,
          "attributes": {
            "contract_id": "1-1NC95D",
            "group_name": "Akamai Professional Services-1-1NC95D",
            "id": "grp_19293"
          },
          "sensitive_attributes": [],
          "identity_schema_version": 0
        }
      ]
    },
    {
      "mode": "data",
      "type": "akamai_properties",
      "name": "my_properties",
      "provider": "provider[\"registry.terraform.io/akamai/akamai\"]",
      "instances": [
        {
          "schema_version": 0,
          "attributes": {
            "contract_id": "1-1NC95D",
            "group_id": "grp_19293",
            "id": "grp_19293ctr_1-1NC95D",
            "properties": [
              {
                "contract_id": "ctr_1-1NC95D",
                "group_id": "grp_19293",
                "latest_version": 5,
                "note": "",
                "production_version": 2,
                "property_id": "prp_214237",
                "property_name": "www.swingnsway.pl",
                "property_type": "",
                "staging_version": 2
              },
              {
                "contract_id": "ctr_1-1NC95D",
                "group_id": "grp_19293",
                "latest_version": 17,
                "note": "",
                "production_version": 3,
                "property_id": "prp_236758",
                "property_name": "Gdelovsk-delovsky.com",
                "property_type": "",
                "staging_version": 13
              },
              {
                "contract_id": "ctr_1-1NC95D",
                "group_id": "grp_19293",
                "latest_version": 27,
                "note": "",
                "production_version": 0,
                "property_id": "prp_278787",
                "property_name": "www.test.com",
                "property_type": "",
                "staging_version": 23
              },
              {
                "contract_id": "ctr_1-1NC95D",
                "group_id": "grp_19293",
                "latest_version": 13,
                "note": "",
                "production_version": 0,
                "property_id": "prp_584627",
                "property_name": "test.prvenkatmaapx123.com",
                "property_type": "",
                "staging_version": 9
              },
              {
                "contract_id": "ctr_1-1NC95D",
                "group_id": "grp_19293",
                "latest_version": 2,
                "note": "",
                "production_version": 0,
                "property_id": "prp_974351",
                "property_name": "meghaclitest1",
                "property_type": "",
                "staging_version": 1
              },
              {
                "contract_id": "ctr_1-1NC95D",
                "group_id": "grp_19293",
                "latest_version": 3,
                "note": "",
                "production_version": 0,
                "property_id": "prp_699100",
                "property_name": "prod.WMpipe_avengu",
                "property_type": "",
                "staging_version": 1
              },
              {
                "contract_id": "ctr_1-1NC95D",
                "group_id": "grp_19293",
                "latest_version": 7,
                "note": "",
                "production_version": 0,
                "property_id": "prp_232783",
                "property_name": "hocsanldap.dsalab.com",
                "property_type": "",
                "staging_version": 6
              },
              {
                "contract_id": "ctr_1-1NC95D",
                "group_id": "grp_19293",
                "latest_version": 10,
                "note": "",
                "production_version": 4,
                "property_id": "prp_699099",
                "property_name": "dev.WMpipe_avengu",
                "property_type": "",
                "staging_version": 8
              },
              {
                "contract_id": "ctr_1-1NC95D",
                "group_id": "grp_19293",
                "latest_version": 6,
                "note": "",
                "production_version": 1,
                "property_id": "prp_291966",
                "property_name": "kaki-a.akamaihd.net",
                "property_type": "",
                "staging_version": 4
              },
              {
                "contract_id": "ctr_1-1NC95D",
                "group_id": "grp_19293",
                "latest_version": 2,
                "note": "",
                "production_version": 0,
                "property_id": "prp_974352",
                "property_name": "meghaclitest2",
                "property_type": "",
                "staging_version": 1
              },
              {
                "contract_id": "ctr_1-1NC95D",
                "group_id": "grp_19293",
                "latest_version": 252,
                "note": "",
                "production_version": 0,
                "property_id": "prp_194173",
                "property_name": "esilab-rortizcu.edgesuite.net.xml",
                "property_type": "",
                "staging_version": 250
              },
              {
                "contract_id": "ctr_1-1NC95D",
                "group_id": "grp_19293",
                "latest_version": 36,
                "note": "",
                "production_version": 0,
                "property_id": "prp_475652",
                "property_name": "alb.losgiova.com",
                "property_type": "",
                "staging_version": 32
              },
              {
                "contract_id": "ctr_1-1NC95D",
                "group_id": "grp_19293",
                "latest_version": 2,
                "note": "",
                "production_version": 0,
                "property_id": "prp_699079",
                "property_name": "qa.ashwinpidepiper",
                "property_type": "",
                "staging_version": 0
              },
              {
                "contract_id": "ctr_1-1NC95D",
                "group_id": "grp_19293",
                "latest_version": 2,
                "note": "",
                "production_version": 0,
                "property_id": "prp_699080",
                "property_name": "prod.ashwinpidepiper",
                "property_type": "",
                "staging_version": 0
              },
              {
                "contract_id": "ctr_1-1NC95D",
                "group_id": "grp_19293",
                "latest_version": 1,
                "note": "",
                "production_version": 0,
                "property_id": "prp_1139241",
                "property_name": "buckbuckettest",
                "property_type": "HOSTNAME_BUCKET",
                "staging_version": 0
              },
              {
                "contract_id": "ctr_1-1NC95D",
                "group_id": "grp_19293",
                "latest_version": 11,
                "note": "",
                "production_version": 9,
                "property_id": "prp_914224",
                "property_name": "ankiths_ASA",
                "property_type": "",
                "staging_version": 9
              },
              {
                "contract_id": "ctr_1-1NC95D",
                "group_id": "grp_19293",
                "latest_version": 4,
                "note": "",
                "production_version": 0,
                "property_id": "prp_647401",
                "property_name": "mmilewsk_DSD",
                "property_type": "",
                "staging_version": 0
              },
              {
                "contract_id": "ctr_1-1NC95D",
                "group_id": "grp_19293",
                "latest_version": 56,
                "note": "",
                "production_version": 18,
                "property_id": "prp_191457",
                "property_name": "snappletest.jnewsham.com",
                "property_type": "",
                "staging_version": 55
              },
              {
                "contract_id": "ctr_1-1NC95D",
                "group_id": "grp_19293",
                "latest_version": 7,
                "note": "",
                "production_version": 0,
                "property_id": "prp_83334",
                "property_name": "rabryant.dsa.xml",
                "property_type": "",
                "staging_version": 0
              },
              {
                "contract_id": "ctr_1-1NC95D",
                "group_id": "grp_19293",
                "latest_version": 16,
                "note": "",
                "production_version": 0,
                "property_id": "prp_291996",
                "property_name": "ascender_lab1",
                "property_type": "",
                "staging_version": 13
              },
              {
                "contract_id": "ctr_1-1NC95D",
                "group_id": "grp_19293",
                "latest_version": 4,
                "note": "",
                "production_version": 0,
                "property_id": "prp_457040",
                "property_name": "nmoodbid-test-config",
                "property_type": "",
                "staging_version": 1
              },
              {
                "contract_id": "ctr_1-1NC95D",
                "group_id": "grp_19293",
                "latest_version": 2,
                "note": "",
                "production_version": 0,
                "property_id": "prp_328920",
                "property_name": "cm_test_qsearch.media.net_2",
                "property_type": "",
                "staging_version": 0
              },
              {
                "contract_id": "ctr_1-1NC95D",
                "group_id": "grp_19293",
                "latest_version": 14,
                "note": "",
                "production_version": 11,
                "property_id": "prp_354415",
                "property_name": "amasurka.test.com",
                "property_type": "",
                "staging_version": 12
              },
              {
                "contract_id": "ctr_1-1NC95D",
                "group_id": "grp_19293",
                "latest_version": 3,
                "note": "",
                "production_version": 0,
                "property_id": "prp_622856",
                "property_name": "mguheamdtest",
                "property_type": "",
                "staging_version": 1
              },
              {
                "contract_id": "ctr_1-1NC95D",
                "group_id": "grp_19293",
                "latest_version": 3,
                "note": "",
                "production_version": 0,
                "property_id": "prp_714298",
                "property_name": "saboriotest.com",
                "property_type": "",
                "staging_version": 1
              },
              {
                "contract_id": "ctr_1-1NC95D",
                "group_id": "grp_19293",
                "latest_version": 2,
                "note": "",
                "production_version": 0,
                "property_id": "prp_642368",
                "property_name": "bbrako_dsa",
                "property_type": "",
                "staging_version": 0
              },
              {
                "contract_id": "ctr_1-1NC95D",
                "group_id": "grp_19293",
                "latest_version": 2,
                "note": "",
                "production_version": 0,
                "property_id": "prp_240741",
                "property_name": "www.testproperty.com_pm",
                "property_type": "",
                "staging_version": 0
              },
              {
                "contract_id": "ctr_1-1NC95D",
                "group_id": "grp_19293",
                "latest_version": 362,
                "note": "",
                "production_version": 282,
                "property_id": "prp_914315",
                "property_name": "test-prop-balsingh",
                "property_type": "",
                "staging_version": 361
              },
              {
                "contract_id": "ctr_1-1NC95D",
                "group_id": "grp_19293",
                "latest_version": 3,
                "note": "",
                "production_version": 1,
                "property_id": "prp_144577",
                "property_name": "pmd-tohare.amenai.net",
                "property_type": "",
                "staging_version": 1
              },
              {
                "contract_id": "ctr_1-1NC95D",
                "group_id": "grp_19293",
                "latest_version": 202,
                "note": "",
                "production_version": 196,
                "property_id": "prp_168681",
                "property_name": "akamai1.jgiovann.com",
                "property_type": "",
                "staging_version": 201
              },
              {
                "contract_id": "ctr_1-1NC95D",
                "group_id": "grp_19293",
                "latest_version": 8,
                "note": "",
                "production_version": 7,
                "property_id": "prp_605325",
                "property_name": "arbanerjMSL4test",
                "property_type": "",
                "staging_version": 7
              },
              {
                "contract_id": "ctr_1-1NC95D",
                "group_id": "grp_19293",
                "latest_version": 3,
                "note": "",
                "production_version": 0,
                "property_id": "prp_389131",
                "property_name": "jose.example.com",
                "property_type": "",
                "staging_version": 0
              },
              {
                "contract_id": "ctr_1-1NC95D",
                "group_id": "grp_19293",
                "latest_version": 2,
                "note": "",
                "production_version": 0,
                "property_id": "prp_595991",
                "property_name": "rkurnurk.greyhoundstest",
                "property_type": "",
                "staging_version": 0
              },
              {
                "contract_id": "ctr_1-1NC95D",
                "group_id": "grp_19293",
                "latest_version": 2,
                "note": "",
                "production_version": 0,
                "property_id": "prp_232880",
                "property_name": "PSBangalore.com",
                "property_type": "",
                "staging_version": 1
              },
              {
                "contract_id": "ctr_1-1NC95D",
                "group_id": "grp_19293",
                "latest_version": 2,
                "note": "",
                "production_version": 0,
                "property_id": "prp_354446",
                "property_name": "cloudmonitor.rpanwala.com",
                "property_type": "",
                "staging_version": 0
              },
              {
                "contract_id": "ctr_1-1NC95D",
                "group_id": "grp_19293",
                "latest_version": 15,
                "note": "",
                "production_version": 0,
                "property_id": "prp_93471",
                "property_name": "deyan.pmd.xml",
                "property_type": "",
                "staging_version": 13
              },
              {
                "contract_id": "ctr_1-1NC95D",
                "group_id": "grp_19293",
                "latest_version": 7,
                "note": "",
                "production_version": 1,
                "property_id": "prp_987726",
                "property_name": "mguentge-merck-edgeworkers.akamaized.net",
                "property_type": "",
                "staging_version": 6
              },
              {
                "contract_id": "ctr_1-1NC95D",
                "group_id": "grp_19293",
                "latest_version": 2,
                "note": "",
                "production_version": 0,
                "property_id": "prp_203357",
                "property_name": "foo.bar2345.xml",
                "property_type": "",
                "staging_version": 0
              },
              {
                "contract_id": "ctr_1-1NC95D",
                "group_id": "grp_19293",
                "latest_version": 2,
                "note": "",
                "production_version": 0,
                "property_id": "prp_342491",
                "property_name": "cm.bamse.pl",
                "property_type": "",
                "staging_version": 0
              },
              {
                "contract_id": "ctr_1-1NC95D",
                "group_id": "grp_19293",
                "latest_version": 14,
                "note": "",
                "production_version": 5,
                "property_id": "prp_625812",
                "property_name": "mc.losgiova.com",
                "property_type": "",
                "staging_version": 13
              },
              {
                "contract_id": "ctr_1-1NC95D",
                "group_id": "grp_19293",
                "latest_version": 7,
                "note": "",
                "production_version": 0,
                "property_id": "prp_590303",
                "property_name": "fofo-amdlab",
                "property_type": "",
                "staging_version": 5
              },
              {
                "contract_id": "ctr_1-1NC95D",
                "group_id": "grp_19293",
                "latest_version": 10,
                "note": "",
                "production_version": 0,
                "property_id": "prp_584521",
                "property_name": "test.prvenkatmaapx.com",
                "property_type": "",
                "staging_version": 8
              },
              {
                "contract_id": "ctr_1-1NC95D",
                "group_id": "grp_19293",
                "latest_version": 22,
                "note": "",
                "production_version": 11,
                "property_id": "prp_811229",
                "property_name": "dev.jviquezc_cli_pipeline.com",
                "property_type": "",
                "staging_version": 11
              },
              {
                "contract_id": "ctr_1-1NC95D",
                "group_id": "grp_19293",
                "latest_version": 2,
                "note": "",
                "production_version": 0,
                "property_id": "prp_811230",
                "property_name": "qa.jviquezc_cli_pipeline.com",
                "property_type": "",
                "staging_version": 0
              },
              {
                "contract_id": "ctr_1-1NC95D",
                "group_id": "grp_19293",
                "latest_version": 2,
                "note": "",
                "production_version": 0,
                "property_id": "prp_811231",
                "property_name": "prod.jviquezc_cli_pipeline.com",
                "property_type": "",
                "staging_version": 0
              },
              {
                "contract_id": "ctr_1-1NC95D",
                "group_id": "grp_19293",
                "latest_version": 12,
                "note": "",
                "production_version": 0,
                "property_id": "prp_1253802",
                "property_name": "PRlab.macedo.com_pm",
                "property_type": "",
                "staging_version": 11
              },
              {
                "contract_id": "ctr_1-1NC95D",
                "group_id": "grp_19293",
                "latest_version": 2,
                "note": "",
                "production_version": 0,
                "property_id": "prp_811232",
                "property_name": "stg.jviquezc_cli_pipeline.com",
                "property_type": "",
                "staging_version": 0
              },
              {
                "contract_id": "ctr_1-1NC95D",
                "group_id": "grp_19293",
                "latest_version": 2,
                "note": "",
                "production_version": 0,
                "property_id": "prp_811233",
                "property_name": "uat.jviquezc_cli_pipeline.com",
                "property_type": "",
                "staging_version": 0
              },
              {
                "contract_id": "ctr_1-1NC95D",
                "group_id": "grp_19293",
                "latest_version": 2,
                "note": "",
                "production_version": 0,
                "property_id": "prp_811234",
                "property_name": "int.jviquezc_cli_pipeline.com",
                "property_type": "",
                "staging_version": 0
              },
              {
                "contract_id": "ctr_1-1NC95D",
                "group_id": "grp_19293",
                "latest_version": 2,
                "note": "",
                "production_version": 0,
                "property_id": "prp_248536",
                "property_name": "ionstd.davidbartosh.com",
                "property_type": "",
                "staging_version": 0
              },
              {
                "contract_id": "ctr_1-1NC95D",
                "group_id": "grp_19293",
                "latest_version": 21,
                "note": "",
                "production_version": 19,
                "property_id": "prp_859848",
                "property_name": "gotest.cf",
                "property_type": "",
                "staging_version": 4
              },
              {
                "contract_id": "ctr_1-1NC95D",
                "group_id": "grp_19293",
                "latest_version": 2,
                "note": "",
                "production_version": 0,
                "property_id": "prp_381315",
                "property_name": "jviquezc_cloud_09",
                "property_type": "",
                "staging_version": 0
              },
              {
                "contract_id": "ctr_1-1NC95D",
                "group_id": "grp_19293",
                "latest_version": 11,
                "note": "",
                "production_version": 8,
                "property_id": "prp_592973",
                "property_name": "test-blog.jnaranjo.com",
                "property_type": "",
                "staging_version": 8
              },
              {
                "contract_id": "ctr_1-1NC95D",
                "group_id": "grp_19293",
                "latest_version": 6,
                "note": "",
                "production_version": 5,
                "property_id": "prp_198110",
                "property_name": "orhan.cloudlet.com",
                "property_type": "",
                "staging_version": 5
              },
              {
                "contract_id": "ctr_1-1NC95D",
                "group_id": "grp_19293",
                "latest_version": 3,
                "note": "",
                "production_version": 0,
                "property_id": "prp_381310",
                "property_name": "jherrera2.newhiretraininglab.com",
                "property_type": "",
                "staging_version": 2
              },
              {
                "contract_id": "ctr_1-1NC95D",
                "group_id": "grp_19293",
                "latest_version": 2,
                "note": "",
                "production_version": 0,
                "property_id": "prp_155171",
                "property_name": "test1a.www.rsolares.com",
                "property_type": "",
                "staging_version": 0
              },
              {
                "contract_id": "ctr_1-1NC95D",
                "group_id": "grp_19293",
                "latest_version": 2,
                "note": "",
                "production_version": 0,
                "property_id": "prp_484528",
                "property_name": "akamai-mediadev",
                "property_type": "",
                "staging_version": 1
              },
              {
                "contract_id": "ctr_1-1NC95D",
                "group_id": "grp_19293",
                "latest_version": 11,
                "note": "",
                "production_version": 0,
                "property_id": "prp_821633",
                "property_name": "mguentge-merck-compare.akamaized.net",
                "property_type": "",
                "staging_version": 0
              },
              {
                "contract_id": "ctr_1-1NC95D",
                "group_id": "grp_19293",
                "latest_version": 15,
                "note": "",
                "production_version": 13,
                "property_id": "prp_660183",
                "property_name": "downloads.davidbartosh.com",
                "property_type": "",
                "staging_version": 13
              },
              {
                "contract_id": "ctr_1-1NC95D",
                "group_id": "grp_19293",
                "latest_version": 2,
                "note": "",
                "production_version": 0,
                "property_id": "prp_1236541",
                "property_name": "buckdevtf2",
                "property_type": "",
                "staging_version": 1
              },
              {
                "contract_id": "ctr_1-1NC95D",
                "group_id": "grp_19293",
                "latest_version": 19,
                "note": "",
                "production_version": 0,
                "property_id": "prp_670615",
                "property_name": "ew.losgiova.com",
                "property_type": "",
                "staging_version": 19
              },
              {
                "contract_id": "ctr_1-1NC95D",
                "group_id": "grp_19293",
                "latest_version": 2,
                "note": "",
                "production_version": 0,
                "property_id": "prp_162966",
                "property_name": "esdtest-pm-test.kkaczano.com",
                "property_type": "",
                "staging_version": 0
              },
              {
                "contract_id": "ctr_1-1NC95D",
                "group_id": "grp_19293",
                "latest_version": 2,
                "note": "",
                "production_version": 1,
                "property_id": "prp_931292",
                "property_name": "slottest.losgiova.com",
                "property_type": "",
                "staging_version": 1
              },
              {
                "contract_id": "ctr_1-1NC95D",
                "group_id": "grp_19293",
                "latest_version": 1,
                "note": "",
                "production_version": 1,
                "property_id": "prp_1250354",
                "property_name": "api.hansfans.com",
                "property_type": "",
                "staging_version": 1
              },
              {
                "contract_id": "ctr_1-1NC95D",
                "group_id": "grp_19293",
                "latest_version": 9,
                "note": "",
                "production_version": 5,
                "property_id": "prp_1000649",
                "property_name": "szalpuri.PRLab",
                "property_type": "",
                "staging_version": 5
              },
              {
                "contract_id": "ctr_1-1NC95D",
                "group_id": "grp_19293",
                "latest_version": 69,
                "note": "",
                "production_version": 0,
                "property_id": "prp_545355",
                "property_name": "sadeb.gsshappylearning.com",
                "property_type": "",
                "staging_version": 68
              },
              {
                "contract_id": "ctr_1-1NC95D",
                "group_id": "grp_19293",
                "latest_version": 14,
                "note": "",
                "production_version": 13,
                "property_id": "prp_91610",
                "property_name": "akamai.andymartin.co.uk.xml",
                "property_type": "",
                "staging_version": 0
              },
              {
                "contract_id": "ctr_1-1NC95D",
                "group_id": "grp_19293",
                "latest_version": 9,
                "note": "",
                "production_version": 0,
                "property_id": "prp_202064",
                "property_name": "www1.imdb.com",
                "property_type": "",
                "staging_version": 5
              },
              {
                "contract_id": "ctr_1-1NC95D",
                "group_id": "grp_19293",
                "latest_version": 5,
                "note": "",
                "production_version": 0,
                "property_id": "prp_595906",
                "property_name": "dquach-api.altitudenow.com",
                "property_type": "",
                "staging_version": 0
              },
              {
                "contract_id": "ctr_1-1NC95D",
                "group_id": "grp_19293",
                "latest_version": 5,
                "note": "",
                "production_version": 1,
                "property_id": "prp_595907",
                "property_name": "www.zalando-datastream-demo.com",
                "property_type": "",
                "staging_version": 1
              },
              {
                "contract_id": "ctr_1-1NC95D",
                "group_id": "grp_19293",
                "latest_version": 8,
                "note": "",
                "production_version": 7,
                "property_id": "prp_811268",
                "property_name": "testslotbuck",
                "property_type": "",
                "staging_version": 7
              },
              {
                "contract_id": "ctr_1-1NC95D",
                "group_id": "grp_19293",
                "latest_version": 11,
                "note": "",
                "production_version": 0,
                "property_id": "prp_295814",
                "property_name": "jjayaram.akamailab.com",
                "property_type": "",
                "staging_version": 0
              },
              {
                "contract_id": "ctr_1-1NC95D",
                "group_id": "grp_19293",
                "latest_version": 2,
                "note": "",
                "production_version": 0,
                "property_id": "prp_974235",
                "property_name": "megha_Ion_template",
                "property_type": "",
                "staging_version": 0
              },
              {
                "contract_id": "ctr_1-1NC95D",
                "group_id": "grp_19293",
                "latest_version": 2,
                "note": "",
                "production_version": 0,
                "property_id": "prp_699078",
                "property_name": "dev.ashwinpidepiper",
                "property_type": "",
                "staging_version": 0
              },
              {
                "contract_id": "ctr_1-1NC95D",
                "group_id": "grp_19293",
                "latest_version": 2,
                "note": "",
                "production_version": 0,
                "property_id": "prp_156137",
                "property_name": "davidm.dsa20131018-1.example.com",
                "property_type": "",
                "staging_version": 0
              },
              {
                "contract_id": "ctr_1-1NC95D",
                "group_id": "grp_19293",
                "latest_version": 5,
                "note": "",
                "production_version": 0,
                "property_id": "prp_699071",
                "property_name": "avengu.devopswb",
                "property_type": "",
                "staging_version": 4
              },
              {
                "contract_id": "ctr_1-1NC95D",
                "group_id": "grp_19293",
                "latest_version": 2,
                "note": "",
                "production_version": 0,
                "property_id": "prp_590321",
                "property_name": "Ankit_20671_Unsecure.com_clone-clone",
                "property_type": "",
                "staging_version": 0
              },
              {
                "contract_id": "ctr_1-1NC95D",
                "group_id": "grp_19293",
                "latest_version": 26,
                "note": "",
                "production_version": 26,
                "property_id": "prp_717396",
                "property_name": "bibhutitest",
                "property_type": "",
                "staging_version": 26
              },
              {
                "contract_id": "ctr_1-1NC95D",
                "group_id": "grp_19293",
                "latest_version": 4,
                "note": "",
                "production_version": 0,
                "property_id": "prp_496594",
                "property_name": "ShopperGuys.com_pm",
                "property_type": "",
                "staging_version": 2
              },
              {
                "contract_id": "ctr_1-1NC95D",
                "group_id": "grp_19293",
                "latest_version": 78,
                "note": "marcelo",
                "production_version": 72,
                "property_id": "prp_663653",
                "property_name": "marcelo-edgeworkers",
                "property_type": "",
                "staging_version": 72
              },
              {
                "contract_id": "ctr_1-1NC95D",
                "group_id": "grp_19293",
                "latest_version": 18,
                "note": "",
                "production_version": 17,
                "property_id": "prp_432936",
                "property_name": "prcertification3-ctuppad.edgesuite.net",
                "property_type": "",
                "staging_version": 17
              },
              {
                "contract_id": "ctr_1-1NC95D",
                "group_id": "grp_19293",
                "latest_version": 3,
                "note": "",
                "production_version": 0,
                "property_id": "prp_141574",
                "property_name": "www.foo.com",
                "property_type": "",
                "staging_version": 0
              },
              {
                "contract_id": "ctr_1-1NC95D",
                "group_id": "grp_19293",
                "latest_version": 2,
                "note": "",
                "production_version": 0,
                "property_id": "prp_657090",
                "property_name": "yair-scratch-pad",
                "property_type": "",
                "staging_version": 1
              },
              {
                "contract_id": "ctr_1-1NC95D",
                "group_id": "grp_19293",
                "latest_version": 33,
                "note": "",
                "production_version": 31,
                "property_id": "prp_502857",
                "property_name": "advance.TIII.jviquezc.com",
                "property_type": "",
                "staging_version": 31
              },
              {
                "contract_id": "ctr_1-1NC95D",
                "group_id": "grp_19293",
                "latest_version": 2,
                "note": "",
                "production_version": 0,
                "property_id": "prp_388996",
                "property_name": "redirect",
                "property_type": "",
                "staging_version": 0
              },
              {
                "contract_id": "ctr_1-1NC95D",
                "group_id": "grp_19293",
                "latest_version": 2,
                "note": "",
                "production_version": 0,
                "property_id": "prp_977677",
                "property_name": "dsd.dnslab.webtechnologists.net",
                "property_type": "",
                "staging_version": 1
              },
              {
                "contract_id": "ctr_1-1NC95D",
                "group_id": "grp_19293",
                "latest_version": 3,
                "note": "",
                "production_version": 1,
                "property_id": "prp_997537",
                "property_name": "bbrakodatastreamtest_clone",
                "property_type": "",
                "staging_version": 1
              },
              {
                "contract_id": "ctr_1-1NC95D",
                "group_id": "grp_19293",
                "latest_version": 3,
                "note": "",
                "production_version": 2,
                "property_id": "prp_1014186",
                "property_name": "perf28.linode.haberl.io",
                "property_type": "",
                "staging_version": 0
              },
              {
                "contract_id": "ctr_1-1NC95D",
                "group_id": "grp_19293",
                "latest_version": 2,
                "note": "",
                "production_version": 1,
                "property_id": "prp_1014188",
                "property_name": "perf29.linode.haberl.io",
                "property_type": "",
                "staging_version": 0
              },
              {
                "contract_id": "ctr_1-1NC95D",
                "group_id": "grp_19293",
                "latest_version": 8,
                "note": "",
                "production_version": 0,
                "property_id": "prp_974953",
                "property_name": "dcuenc_ion_clone",
                "property_type": "",
                "staging_version": 7
              },
              {
                "contract_id": "ctr_1-1NC95D",
                "group_id": "grp_19293",
                "latest_version": 2,
                "note": "",
                "production_version": 0,
                "property_id": "prp_400699",
                "property_name": "ramy-view_request_headers_at_origin",
                "property_type": "",
                "staging_version": 1
              },
              {
                "contract_id": "ctr_1-1NC95D",
                "group_id": "grp_19293",
                "latest_version": 2,
                "note": "",
                "production_version": 1,
                "property_id": "prp_1014178",
                "property_name": "perf27.linode.haberl.io",
                "property_type": "",
                "staging_version": 0
              },
              {
                "contract_id": "ctr_1-1NC95D",
                "group_id": "grp_19293",
                "latest_version": 6,
                "note": "",
                "production_version": 0,
                "property_id": "prp_65418",
                "property_name": "1.customerdemo.com",
                "property_type": "",
                "staging_version": 0
              },
              {
                "contract_id": "ctr_1-1NC95D",
                "group_id": "grp_19293",
                "latest_version": 1,
                "note": "",
                "production_version": 1,
                "property_id": "prp_1202402",
                "property_name": "dmelendeTokentest",
                "property_type": "",
                "staging_version": 1
              },
              {
                "contract_id": "ctr_1-1NC95D",
                "group_id": "grp_19293",
                "latest_version": 8,
                "note": "",
                "production_version": 0,
                "property_id": "prp_832035",
                "property_name": "dnslab.webtechnologists.net",
                "property_type": "",
                "staging_version": 5
              },
              {
                "contract_id": "ctr_1-1NC95D",
                "group_id": "grp_19293",
                "latest_version": 2,
                "note": "",
                "production_version": 0,
                "property_id": "prp_544324",
                "property_name": "janpatel",
                "property_type": "",
                "staging_version": 0
              },
              {
                "contract_id": "ctr_1-1NC95D",
                "group_id": "grp_19293",
                "latest_version": 3,
                "note": "",
                "production_version": 0,
                "property_id": "prp_651116",
                "property_name": "mc2.losgiova.com",
                "property_type": "",
                "staging_version": 1
              },
              {
                "contract_id": "ctr_1-1NC95D",
                "group_id": "grp_19293",
                "latest_version": 5,
                "note": "",
                "production_version": 2,
                "property_id": "prp_503163",
                "property_name": "lmoglia-test-amd",
                "property_type": "",
                "staging_version": 2
              },
              {
                "contract_id": "ctr_1-1NC95D",
                "group_id": "grp_19293",
                "latest_version": 5,
                "note": "",
                "production_version": 1,
                "property_id": "prp_551804",
                "property_name": "shwetha_ps",
                "property_type": "",
                "staging_version": 1
              },
              {
                "contract_id": "ctr_1-1NC95D",
                "group_id": "grp_19293",
                "latest_version": 2,
                "note": "",
                "production_version": 0,
                "property_id": "prp_623032",
                "property_name": "discoverytestbulkonboading",
                "property_type": "",
                "staging_version": 1
              },
              {
                "contract_id": "ctr_1-1NC95D",
                "group_id": "grp_19293",
                "latest_version": 2,
                "note": "",
                "production_version": 0,
                "property_id": "prp_358364",
                "property_name": "www.shikharakamaitest.com",
                "property_type": "",
                "staging_version": 0
              },
              {
                "contract_id": "ctr_1-1NC95D",
                "group_id": "grp_19293",
                "latest_version": 2,
                "note": "",
                "production_version": 1,
                "property_id": "prp_1014155",
                "property_name": "perf20.linode.haberl.io",
                "property_type": "",
                "staging_version": 0
              },
              {
                "contract_id": "ctr_1-1NC95D",
                "group_id": "grp_19293",
                "latest_version": 15,
                "note": "",
                "production_version": 0,
                "property_id": "prp_325278",
                "property_name": "prcertification_tmohamme.edgesuite.net",
                "property_type": "",
                "staging_version": 0
              },
              {
                "contract_id": "ctr_1-1NC95D",
                "group_id": "grp_19293",
                "latest_version": 1,
                "note": "",
                "production_version": 0,
                "property_id": "prp_997518",
                "property_name": "bbrakodatastreamtest",
                "property_type": "HOSTNAME_BUCKET",
                "staging_version": 0
              },
              {
                "contract_id": "ctr_1-1NC95D",
                "group_id": "grp_19293",
                "latest_version": 2,
                "note": "",
                "production_version": 1,
                "property_id": "prp_1014156",
                "property_name": "perf21.linode.haberl.io",
                "property_type": "",
                "staging_version": 0
              },
              {
                "contract_id": "ctr_1-1NC95D",
                "group_id": "grp_19293",
                "latest_version": 10,
                "note": "",
                "production_version": 0,
                "property_id": "prp_198790",
                "property_name": "www.typo2.com",
                "property_type": "",
                "staging_version": 8
              },
              {
                "contract_id": "ctr_1-1NC95D",
                "group_id": "grp_19293",
                "latest_version": 2,
                "note": "",
                "production_version": 0,
                "property_id": "prp_546856",
                "property_name": "masis-onboarding",
                "property_type": "",
                "staging_version": 0
              },
              {
                "contract_id": "ctr_1-1NC95D",
                "group_id": "grp_19293",
                "latest_version": 2,
                "note": "",
                "production_version": 1,
                "property_id": "prp_1014153",
                "property_name": "perf19.linode.haberl.io",
                "property_type": "",
                "staging_version": 0
              },
              {
                "contract_id": "ctr_1-1NC95D",
                "group_id": "grp_19293",
                "latest_version": 2,
                "note": "",
                "production_version": 1,
                "property_id": "prp_1014147",
                "property_name": "perf18.linode.haberl.io",
                "property_type": "",
                "staging_version": 0
              },
              {
                "contract_id": "ctr_1-1NC95D",
                "group_id": "grp_19293",
                "latest_version": 2,
                "note": "",
                "production_version": 0,
                "property_id": "prp_608675",
                "property_name": "training.comcast.com",
                "property_type": "",
                "staging_version": 1
              },
              {
                "contract_id": "ctr_1-1NC95D",
                "group_id": "grp_19293",
                "latest_version": 2,
                "note": "",
                "production_version": 0,
                "property_id": "prp_194177",
                "property_name": "esilab-pcaldero.edgesuite.net",
                "property_type": "",
                "staging_version": 1
              },
              {
                "contract_id": "ctr_1-1NC95D",
                "group_id": "grp_19293",
                "latest_version": 7,
                "note": "",
                "production_version": 0,
                "property_id": "prp_1161698",
                "property_name": "Viraj_Terra_Template",
                "property_type": "",
                "staging_version": 7
              },
              {
                "contract_id": "ctr_1-1NC95D",
                "group_id": "grp_19293",
                "latest_version": 2,
                "note": "",
                "production_version": 0,
                "property_id": "prp_584812",
                "property_name": "rkurnurk.akasd.com",
                "property_type": "",
                "staging_version": 1
              },
              {
                "contract_id": "ctr_1-1NC95D",
                "group_id": "grp_19293",
                "latest_version": 80,
                "note": "",
                "production_version": 0,
                "property_id": "prp_84064",
                "property_name": "ddostest.dsenecal.com",
                "property_type": "",
                "staging_version": 79
              },
              {
                "contract_id": "ctr_1-1NC95D",
                "group_id": "grp_19293",
                "latest_version": 3,
                "note": "",
                "production_version": 2,
                "property_id": "prp_1014169",
                "property_name": "perf26.linode.haberl.io",
                "property_type": "",
                "staging_version": 0
              },
              {
                "contract_id": "ctr_1-1NC95D",
                "group_id": "grp_19293",
                "latest_version": 2,
                "note": "",
                "production_version": 0,
                "property_id": "prp_280543",
                "property_name": "phil-dsd-test",
                "property_type": "",
                "staging_version": 0
              },
              {
                "contract_id": "ctr_1-1NC95D",
                "group_id": "grp_19293",
                "latest_version": 2,
                "note": "",
                "production_version": 1,
                "property_id": "prp_1014165",
                "property_name": "perf24.linode.haberl.io",
                "property_type": "",
                "staging_version": 0
              },
              {
                "contract_id": "ctr_1-1NC95D",
                "group_id": "grp_19293",
                "latest_version": 5,
                "note": "",
                "production_version": 3,
                "property_id": "prp_1004169",
                "property_name": "perf11.linode.haberl.io_clone",
                "property_type": "",
                "staging_version": 0
              },
              {
                "contract_id": "ctr_1-1NC95D",
                "group_id": "grp_19293",
                "latest_version": 9,
                "note": "",
                "production_version": 0,
                "property_id": "prp_670932",
                "property_name": "prod.prvenkatcsgdemo",
                "property_type": "",
                "staging_version": 8
              },
              {
                "contract_id": "ctr_1-1NC95D",
                "group_id": "grp_19293",
                "latest_version": 2,
                "note": "",
                "production_version": 1,
                "property_id": "prp_1014159",
                "property_name": "perf23.linode.haberl.io",
                "property_type": "",
                "staging_version": 0
              },
              {
                "contract_id": "ctr_1-1NC95D",
                "group_id": "grp_19293",
                "latest_version": 9,
                "note": "",
                "production_version": 0,
                "property_id": "prp_670931",
                "property_name": "stage.prvenkatcsgdemo",
                "property_type": "",
                "staging_version": 8
              },
              {
                "contract_id": "ctr_1-1NC95D",
                "group_id": "grp_19293",
                "latest_version": 2,
                "note": "",
                "production_version": 0,
                "property_id": "prp_280540",
                "property_name": "test-date",
                "property_type": "",
                "staging_version": 0
              },
              {
                "contract_id": "ctr_1-1NC95D",
                "group_id": "grp_19293",
                "latest_version": 6,
                "note": "",
                "production_version": 0,
                "property_id": "prp_350741",
                "property_name": "test1.com",
                "property_type": "",
                "staging_version": 4
              },
              {
                "contract_id": "ctr_1-1NC95D",
                "group_id": "grp_19293",
                "latest_version": 2,
                "note": "",
                "production_version": 0,
                "property_id": "prp_503205",
                "property_name": "phil.ion_standard.de",
                "property_type": "",
                "staging_version": 0
              },
              {
                "contract_id": "ctr_1-1NC95D",
                "group_id": "grp_19293",
                "latest_version": 1,
                "note": "",
                "production_version": 0,
                "property_id": "prp_1128978",
                "property_name": "terraformtest10.aphilip.com",
                "property_type": "",
                "staging_version": 0
              },
              {
                "contract_id": "ctr_1-1NC95D",
                "group_id": "grp_19293",
                "latest_version": 2,
                "note": "",
                "production_version": 0,
                "property_id": "prp_490826",
                "property_name": "jhjhj",
                "property_type": "",
                "staging_version": 0
              },
              {
                "contract_id": "ctr_1-1NC95D",
                "group_id": "grp_19293",
                "latest_version": 82,
                "note": "",
                "production_version": 18,
                "property_id": "prp_569103",
                "property_name": "testbuckdd",
                "property_type": "",
                "staging_version": 82
              },
              {
                "contract_id": "ctr_1-1NC95D",
                "group_id": "grp_19293",
                "latest_version": 2,
                "note": "",
                "production_version": 0,
                "property_id": "prp_619518",
                "property_name": "nfltest_svg2",
                "property_type": "",
                "staging_version": 0
              },
              {
                "contract_id": "ctr_1-1NC95D",
                "group_id": "grp_19293",
                "latest_version": 2,
                "note": "",
                "production_version": 0,
                "property_id": "prp_132806",
                "property_name": "test.haxxor.com",
                "property_type": "",
                "staging_version": 0
              },
              {
                "contract_id": "ctr_1-1NC95D",
                "group_id": "grp_19293",
                "latest_version": 10,
                "note": "",
                "production_version": 1,
                "property_id": "prp_626197",
                "property_name": "mguentge-axelspringer.akamaized.net",
                "property_type": "",
                "staging_version": 7
              },
              {
                "contract_id": "ctr_1-1NC95D",
                "group_id": "grp_19293",
                "latest_version": 7,
                "note": "",
                "production_version": 5,
                "property_id": "prp_317170",
                "property_name": "test.anuraglab.com",
                "property_type": "",
                "staging_version": 6
              },
              {
                "contract_id": "ctr_1-1NC95D",
                "group_id": "grp_19293",
                "latest_version": 35,
                "note": "",
                "production_version": 0,
                "property_id": "prp_696029",
                "property_name": "pvoniadk.pr.gsshappylearning.com",
                "property_type": "",
                "staging_version": 35
              },
              {
                "contract_id": "ctr_1-1NC95D",
                "group_id": "grp_19293",
                "latest_version": 9,
                "note": "",
                "production_version": 0,
                "property_id": "prp_393106",
                "property_name": "karthik2.com",
                "property_type": "",
                "staging_version": 6
              },
              {
                "contract_id": "ctr_1-1NC95D",
                "group_id": "grp_19293",
                "latest_version": 12,
                "note": "",
                "production_version": 0,
                "property_id": "prp_510571",
                "property_name": "amesegue-encrypt-decrypt",
                "property_type": "",
                "staging_version": 11
              },
              {
                "contract_id": "ctr_1-1NC95D",
                "group_id": "grp_19293",
                "latest_version": 2,
                "note": "",
                "production_version": 0,
                "property_id": "prp_433270",
                "property_name": "ramy-vp",
                "property_type": "",
                "staging_version": 1
              },
              {
                "contract_id": "ctr_1-1NC95D",
                "group_id": "grp_19293",
                "latest_version": 2,
                "note": "",
                "production_version": 0,
                "property_id": "prp_581609",
                "property_name": "sjeswani.www.wp1.akamaiuweb.com",
                "property_type": "",
                "staging_version": 1
              },
              {
                "contract_id": "ctr_1-1NC95D",
                "group_id": "grp_19293",
                "latest_version": 3,
                "note": "",
                "production_version": 2,
                "property_id": "prp_1014210",
                "property_name": "perf30.linode.haberl.io",
                "property_type": "",
                "staging_version": 0
              },
              {
                "contract_id": "ctr_1-1NC95D",
                "group_id": "grp_19293",
                "latest_version": 14,
                "note": "",
                "production_version": 7,
                "property_id": "prp_178704",
                "property_name": "vincent",
                "property_type": "",
                "staging_version": 7
              },
              {
                "contract_id": "ctr_1-1NC95D",
                "group_id": "grp_19293",
                "latest_version": 4,
                "note": "",
                "production_version": 3,
                "property_id": "prp_178706",
                "property_name": "rsmith.prolexic.com",
                "property_type": "",
                "staging_version": 3
              },
              {
                "contract_id": "ctr_1-1NC95D",
                "group_id": "grp_19293",
                "latest_version": 12,
                "note": "",
                "production_version": 0,
                "property_id": "prp_484845",
                "property_name": "psumedha.cloudlet.com",
                "property_type": "",
                "staging_version": 11
              },
              {
                "contract_id": "ctr_1-1NC95D",
                "group_id": "grp_19293",
                "latest_version": 2,
                "note": "",
                "production_version": 1,
                "property_id": "prp_605435",
                "property_name": "mkucab.test",
                "property_type": "",
                "staging_version": 0
              },
              {
                "contract_id": "ctr_1-1NC95D",
                "group_id": "grp_19293",
                "latest_version": 2,
                "note": "",
                "production_version": 0,
                "property_id": "prp_412026",
                "property_name": "newproperty",
                "property_type": "",
                "staging_version": 0
              },
              {
                "contract_id": "ctr_1-1NC95D",
                "group_id": "grp_19293",
                "latest_version": 7,
                "note": "",
                "production_version": 0,
                "property_id": "prp_44611",
                "property_name": "sathish.edgesuite.net",
                "property_type": "",
                "staging_version": 0
              },
              {
                "contract_id": "ctr_1-1NC95D",
                "group_id": "grp_19293",
                "latest_version": 2,
                "note": "",
                "production_version": 1,
                "property_id": "prp_1014223",
                "property_name": "perf31.linode.haberl.io_clone",
                "property_type": "",
                "staging_version": 0
              },
              {
                "contract_id": "ctr_1-1NC95D",
                "group_id": "grp_19293",
                "latest_version": 16,
                "note": "",
                "production_version": 0,
                "property_id": "prp_67669",
                "property_name": "anp-http.dsa.com.edgesuite.net",
                "property_type": "",
                "staging_version": 15
              },
              {
                "contract_id": "ctr_1-1NC95D",
                "group_id": "grp_19293",
                "latest_version": 7,
                "note": "",
                "production_version": 0,
                "property_id": "prp_581613",
                "property_name": "sjeswanitest.www.wp1.akamaiuweb.com",
                "property_type": "",
                "staging_version": 6
              },
              {
                "contract_id": "ctr_1-1NC95D",
                "group_id": "grp_19293",
                "latest_version": 4,
                "note": "",
                "production_version": 0,
                "property_id": "prp_569082",
                "property_name": "K_Test_IM_VIDEO",
                "property_type": "",
                "staging_version": 0
              },
              {
                "contract_id": "ctr_1-1NC95D",
                "group_id": "grp_19293",
                "latest_version": 6,
                "note": "",
                "production_version": 0,
                "property_id": "prp_500059",
                "property_name": "esi-examples_test_pm",
                "property_type": "",
                "staging_version": 5
              },
              {
                "contract_id": "ctr_1-1NC95D",
                "group_id": "grp_19293",
                "latest_version": 12,
                "note": "",
                "production_version": 0,
                "property_id": "prp_36878",
                "property_name": "www.rabryant_test.com",
                "property_type": "",
                "staging_version": 10
              },
              {
                "contract_id": "ctr_1-1NC95D",
                "group_id": "grp_19293",
                "latest_version": 24,
                "note": "",
                "production_version": 0,
                "property_id": "prp_554495",
                "property_name": "masterlab",
                "property_type": "",
                "staging_version": 23
              },
              {
                "contract_id": "ctr_1-1NC95D",
                "group_id": "grp_19293",
                "latest_version": 2,
                "note": "",
                "production_version": 0,
                "property_id": "prp_248941",
                "property_name": "redirectTest.com",
                "property_type": "",
                "staging_version": 0
              },
              {
                "contract_id": "ctr_1-1NC95D",
                "group_id": "grp_19293",
                "latest_version": 18,
                "note": "",
                "production_version": 5,
                "property_id": "prp_366177",
                "property_name": "test1.saili.com",
                "property_type": "",
                "staging_version": 15
              },
              {
                "contract_id": "ctr_1-1NC95D",
                "group_id": "grp_19293",
                "latest_version": 4,
                "note": "",
                "production_version": 0,
                "property_id": "prp_632484",
                "property_name": "eberroca.lab2.com",
                "property_type": "",
                "staging_version": 0
              },
              {
                "contract_id": "ctr_1-1NC95D",
                "group_id": "grp_19293",
                "latest_version": 3,
                "note": "",
                "production_version": 0,
                "property_id": "prp_818399",
                "property_name": "devops-charlie_test",
                "property_type": "",
                "staging_version": 1
              },
              {
                "contract_id": "ctr_1-1NC95D",
                "group_id": "grp_19293",
                "latest_version": 5,
                "note": "",
                "production_version": 4,
                "property_id": "prp_184571",
                "property_name": "qa.mediadev.edgesuite.net",
                "property_type": "",
                "staging_version": 4
              },
              {
                "contract_id": "ctr_1-1NC95D",
                "group_id": "grp_19293",
                "latest_version": 5,
                "note": "",
                "production_version": 0,
                "property_id": "prp_71299",
                "property_name": "s-vp-test3.edgesuite.net",
                "property_type": "",
                "staging_version": 3
              },
              {
                "contract_id": "ctr_1-1NC95D",
                "group_id": "grp_19293",
                "latest_version": 2,
                "note": "",
                "production_version": 0,
                "property_id": "prp_818402",
                "property_name": "devops-charlie_test.devops-charlie_test",
                "property_type": "",
                "staging_version": 0
              },
              {
                "contract_id": "ctr_1-1NC95D",
                "group_id": "grp_19293",
                "latest_version": 2,
                "note": "",
                "production_version": 0,
                "property_id": "prp_638994",
                "property_name": "202006.dnivas.gsshappylearning.com_new",
                "property_type": "",
                "staging_version": 0
              },
              {
                "contract_id": "ctr_1-1NC95D",
                "group_id": "grp_19293",
                "latest_version": 4,
                "note": "",
                "production_version": 0,
                "property_id": "prp_818403",
                "property_name": "dev.devops-charlie_test",
                "property_type": "",
                "staging_version": 0
              },
              {
                "contract_id": "ctr_1-1NC95D",
                "group_id": "grp_19293",
                "latest_version": 2,
                "note": "",
                "production_version": 0,
                "property_id": "prp_429545",
                "property_name": "dca.devops2",
                "property_type": "",
                "staging_version": 0
              },
              {
                "contract_id": "ctr_1-1NC95D",
                "group_id": "grp_19293",
                "latest_version": 3,
                "note": "",
                "production_version": 0,
                "property_id": "prp_426188",
                "property_name": "test_EA",
                "property_type": "",
                "staging_version": 2
              },
              {
                "contract_id": "ctr_1-1NC95D",
                "group_id": "grp_19293",
                "latest_version": 2,
                "note": "",
                "production_version": 0,
                "property_id": "prp_115990",
                "property_name": "test",
                "property_type": "",
                "staging_version": 0
              },
              {
                "contract_id": "ctr_1-1NC95D",
                "group_id": "grp_19293",
                "latest_version": 2,
                "note": "",
                "production_version": 0,
                "property_id": "prp_303717",
                "property_name": "test_nidhi",
                "property_type": "",
                "staging_version": 0
              },
              {
                "contract_id": "ctr_1-1NC95D",
                "group_id": "grp_19293",
                "latest_version": 1,
                "note": "",
                "production_version": 0,
                "property_id": "prp_1240045",
                "property_name": "dev2",
                "property_type": "",
                "staging_version": 1
              },
              {
                "contract_id": "ctr_1-1NC95D",
                "group_id": "grp_19293",
                "latest_version": 3,
                "note": "",
                "production_version": 2,
                "property_id": "prp_365985",
                "property_name": "oceaniacruises.com_IM",
                "property_type": "",
                "staging_version": 1
              },
              {
                "contract_id": "ctr_1-1NC95D",
                "group_id": "grp_19293",
                "latest_version": 3,
                "note": "",
                "production_version": 0,
                "property_id": "prp_317008",
                "property_name": "Cloudlets_Test",
                "property_type": "",
                "staging_version": 0
              },
              {
                "contract_id": "ctr_1-1NC95D",
                "group_id": "grp_19293",
                "latest_version": 11,
                "note": "",
                "production_version": 9,
                "property_id": "prp_493655",
                "property_name": "AkamaiStreamProtector_RapidMonitor_CMD",
                "property_type": "",
                "staging_version": 9
              },
              {
                "contract_id": "ctr_1-1NC95D",
                "group_id": "grp_19293",
                "latest_version": 2,
                "note": "",
                "production_version": 0,
                "property_id": "prp_818404",
                "property_name": "staging.devops-charlie_test",
                "property_type": "",
                "staging_version": 0
              },
              {
                "contract_id": "ctr_1-1NC95D",
                "group_id": "grp_19293",
                "latest_version": 2,
                "note": "",
                "production_version": 0,
                "property_id": "prp_770185",
                "property_name": "ddconfig.soshetty.com",
                "property_type": "",
                "staging_version": 0
              },
              {
                "contract_id": "ctr_1-1NC95D",
                "group_id": "grp_19293",
                "latest_version": 4,
                "note": "",
                "production_version": 0,
                "property_id": "prp_288189",
                "property_name": "Luistest",
                "property_type": "",
                "staging_version": 0
              },
              {
                "contract_id": "ctr_1-1NC95D",
                "group_id": "grp_19293",
                "latest_version": 2,
                "note": "",
                "production_version": 0,
                "property_id": "prp_161344",
                "property_name": "www.ejemplo-rodolfo.com",
                "property_type": "",
                "staging_version": 0
              },
              {
                "contract_id": "ctr_1-1NC95D",
                "group_id": "grp_19293",
                "latest_version": 5,
                "note": "",
                "production_version": 0,
                "property_id": "prp_123114",
                "property_name": "jobergtest",
                "property_type": "",
                "staging_version": 0
              },
              {
                "contract_id": "ctr_1-1NC95D",
                "group_id": "grp_19293",
                "latest_version": 2,
                "note": "",
                "production_version": 0,
                "property_id": "prp_615719",
                "property_name": "torresdeinformacion.com",
                "property_type": "",
                "staging_version": 0
              },
              {
                "contract_id": "ctr_1-1NC95D",
                "group_id": "grp_19293",
                "latest_version": 15,
                "note": "",
                "production_version": 13,
                "property_id": "prp_510461",
                "property_name": "dprabhu-cloudlet-testing",
                "property_type": "",
                "staging_version": 13
              },
              {
                "contract_id": "ctr_1-1NC95D",
                "group_id": "grp_19293",
                "latest_version": 1,
                "note": "",
                "production_version": 0,
                "property_id": "prp_1161602",
                "property_name": "dshunmug-tf-template-pilot-1",
                "property_type": "",
                "staging_version": 0
              },
              {
                "contract_id": "ctr_1-1NC95D",
                "group_id": "grp_19293",
                "latest_version": 3,
                "note": "",
                "production_version": 0,
                "property_id": "prp_980935",
                "property_name": "template.hansfans.com",
                "property_type": "",
                "staging_version": 0
              },
              {
                "contract_id": "ctr_1-1NC95D",
                "group_id": "grp_19293",
                "latest_version": 2,
                "note": "",
                "production_version": 2,
                "property_id": "prp_1202280",
                "property_name": "dmelendeSBD",
                "property_type": "HOSTNAME_BUCKET",
                "staging_version": 2
              },
              {
                "contract_id": "ctr_1-1NC95D",
                "group_id": "grp_19293",
                "latest_version": 2,
                "note": "",
                "production_version": 0,
                "property_id": "prp_141755",
                "property_name": "www.fooslerner.com",
                "property_type": "",
                "staging_version": 0
              },
              {
                "contract_id": "ctr_1-1NC95D",
                "group_id": "grp_19293",
                "latest_version": 2,
                "note": "",
                "production_version": 0,
                "property_id": "prp_156460",
                "property_name": "dsa-tohare-akaps.com",
                "property_type": "",
                "staging_version": 0
              },
              {
                "contract_id": "ctr_1-1NC95D",
                "group_id": "grp_19293",
                "latest_version": 2,
                "note": "",
                "production_version": 0,
                "property_id": "prp_770147",
                "property_name": "sshahabu_amd",
                "property_type": "",
                "staging_version": 0
              },
              {
                "contract_id": "ctr_1-1NC95D",
                "group_id": "grp_19293",
                "latest_version": 2,
                "note": "",
                "production_version": 0,
                "property_id": "prp_366008",
                "property_name": "do_not_activate",
                "property_type": "",
                "staging_version": 0
              },
              {
                "contract_id": "ctr_1-1NC95D",
                "group_id": "grp_19293",
                "latest_version": 2,
                "note": "",
                "production_version": 0,
                "property_id": "prp_821882",
                "property_name": "rasikatest",
                "property_type": "",
                "staging_version": 0
              },
              {
                "contract_id": "ctr_1-1NC95D",
                "group_id": "grp_19293",
                "latest_version": 3,
                "note": "",
                "production_version": 0,
                "property_id": "prp_170363",
                "property_name": "www.resashik.com-dsa_pm",
                "property_type": "",
                "staging_version": 1
              },
              {
                "contract_id": "ctr_1-1NC95D",
                "group_id": "grp_19293",
                "latest_version": 2,
                "note": "",
                "production_version": 0,
                "property_id": "prp_818380",
                "property_name": "testing-devops-charlie",
                "property_type": "",
                "staging_version": 1
              },
              {
                "contract_id": "ctr_1-1NC95D",
                "group_id": "grp_19293",
                "latest_version": 2,
                "note": "",
                "production_version": 0,
                "property_id": "prp_818381",
                "property_name": "testing-devops-charlie.testing-devops-charlie",
                "property_type": "",
                "staging_version": 0
              },
              {
                "contract_id": "ctr_1-1NC95D",
                "group_id": "grp_19293",
                "latest_version": 127,
                "note": "",
                "production_version": 84,
                "property_id": "prp_619319",
                "property_name": "SHA_ALB",
                "property_type": "",
                "staging_version": 126
              },
              {
                "contract_id": "ctr_1-1NC95D",
                "group_id": "grp_19293",
                "latest_version": 2,
                "note": "",
                "production_version": 0,
                "property_id": "prp_818383",
                "property_name": "qa.testing-devops-charlie",
                "property_type": "",
                "staging_version": 0
              },
              {
                "contract_id": "ctr_1-1NC95D",
                "group_id": "grp_19293",
                "latest_version": 4,
                "note": "",
                "production_version": 0,
                "property_id": "prp_818384",
                "property_name": "dev.testing-devops-charlie",
                "property_type": "",
                "staging_version": 0
              },
              {
                "contract_id": "ctr_1-1NC95D",
                "group_id": "grp_19293",
                "latest_version": 2,
                "note": "",
                "production_version": 0,
                "property_id": "prp_818385",
                "property_name": "staging.testing-devops-charlie",
                "property_type": "",
                "staging_version": 0
              },
              {
                "contract_id": "ctr_1-1NC95D",
                "group_id": "grp_19293",
                "latest_version": 18,
                "note": "",
                "production_version": 0,
                "property_id": "prp_276543",
                "property_name": "test_phased_release",
                "property_type": "",
                "staging_version": 7
              },
              {
                "contract_id": "ctr_1-1NC95D",
                "group_id": "grp_19293",
                "latest_version": 3,
                "note": "",
                "production_version": 0,
                "property_id": "prp_147891",
                "property_name": "aftest-93-ksd-1",
                "property_type": "",
                "staging_version": 0
              },
              {
                "contract_id": "ctr_1-1NC95D",
                "group_id": "grp_19293",
                "latest_version": 7,
                "note": "",
                "production_version": 2,
                "property_id": "prp_499895",
                "property_name": "test1.akshriva.com",
                "property_type": "",
                "staging_version": 5
              },
              {
                "contract_id": "ctr_1-1NC95D",
                "group_id": "grp_19293",
                "latest_version": 24,
                "note": "",
                "production_version": 0,
                "property_id": "prp_329046",
                "property_name": "nishan.edgesuite.net",
                "property_type": "",
                "staging_version": 23
              },
              {
                "contract_id": "ctr_1-1NC95D",
                "group_id": "grp_19293",
                "latest_version": 6,
                "note": "",
                "production_version": 2,
                "property_id": "prp_1076358",
                "property_name": "failover-test.krajas.com",
                "property_type": "",
                "staging_version": 5
              },
              {
                "contract_id": "ctr_1-1NC95D",
                "group_id": "grp_19293",
                "latest_version": 3,
                "note": "",
                "production_version": 0,
                "property_id": "prp_444107",
                "property_name": "ocatest.cmalladi.com",
                "property_type": "",
                "staging_version": 0
              },
              {
                "contract_id": "ctr_1-1NC95D",
                "group_id": "grp_19293",
                "latest_version": 21,
                "note": "",
                "production_version": 11,
                "property_id": "prp_660501",
                "property_name": "adityawin.com",
                "property_type": "",
                "staging_version": 14
              },
              {
                "contract_id": "ctr_1-1NC95D",
                "group_id": "grp_19293",
                "latest_version": 2,
                "note": "",
                "production_version": 1,
                "property_id": "prp_1014131",
                "property_name": "perf14.linode.haberl.io",
                "property_type": "",
                "staging_version": 0
              },
              {
                "contract_id": "ctr_1-1NC95D",
                "group_id": "grp_19293",
                "latest_version": 4,
                "note": "",
                "production_version": 3,
                "property_id": "prp_811488",
                "property_name": "testing-roblox.com",
                "property_type": "",
                "staging_version": 2
              },
              {
                "contract_id": "ctr_1-1NC95D",
                "group_id": "grp_19293",
                "latest_version": 2,
                "note": "",
                "production_version": 0,
                "property_id": "prp_325181",
                "property_name": "achref.gdk.mx",
                "property_type": "",
                "staging_version": 0
              },
              {
                "contract_id": "ctr_1-1NC95D",
                "group_id": "grp_19293",
                "latest_version": 2,
                "note": "",
                "production_version": 1,
                "property_id": "prp_1014146",
                "property_name": "perf17.linode.haberl.io",
                "property_type": "",
                "staging_version": 0
              },
              {
                "contract_id": "ctr_1-1NC95D",
                "group_id": "grp_19293",
                "latest_version": 2,
                "note": "",
                "production_version": 0,
                "property_id": "prp_229620",
                "property_name": "tester.jgiovann.com",
                "property_type": "",
                "staging_version": 1
              },
              {
                "contract_id": "ctr_1-1NC95D",
                "group_id": "grp_19293",
                "latest_version": 2,
                "note": "",
                "production_version": 0,
                "property_id": "prp_831994",
                "property_name": "Wquinter-CLI-Test",
                "property_type": "",
                "staging_version": 0
              },
              {
                "contract_id": "ctr_1-1NC95D",
                "group_id": "grp_19293",
                "latest_version": 3,
                "note": "",
                "production_version": 2,
                "property_id": "prp_1014142",
                "property_name": "perf15.linode.haberl.io",
                "property_type": "",
                "staging_version": 0
              },
              {
                "contract_id": "ctr_1-1NC95D",
                "group_id": "grp_19293",
                "latest_version": 2,
                "note": "",
                "production_version": 0,
                "property_id": "prp_608626",
                "property_name": "www.thetimes.co.uk-staging",
                "property_type": "",
                "staging_version": 0
              },
              {
                "contract_id": "ctr_1-1NC95D",
                "group_id": "grp_19293",
                "latest_version": 3,
                "note": "",
                "production_version": 2,
                "property_id": "prp_1014145",
                "property_name": "perf16.linode.haberl.io",
                "property_type": "",
                "staging_version": 0
              },
              {
                "contract_id": "ctr_1-1NC95D",
                "group_id": "grp_19293",
                "latest_version": 2,
                "note": "",
                "production_version": 1,
                "property_id": "prp_1004131",
                "property_name": "perf09.linode.haberl.io",
                "property_type": "",
                "staging_version": 0
              },
              {
                "contract_id": "ctr_1-1NC95D",
                "group_id": "grp_19293",
                "latest_version": 30,
                "note": "",
                "production_version": 0,
                "property_id": "prp_593200",
                "property_name": "akaty",
                "property_type": "",
                "staging_version": 27
              },
              {
                "contract_id": "ctr_1-1NC95D",
                "group_id": "grp_19293",
                "latest_version": 3,
                "note": "",
                "production_version": 1,
                "property_id": "prp_612153",
                "property_name": "contenfult",
                "property_type": "",
                "staging_version": 1
              },
              {
                "contract_id": "ctr_1-1NC95D",
                "group_id": "grp_19293",
                "latest_version": 2,
                "note": "",
                "production_version": 0,
                "property_id": "prp_626043",
                "property_name": "AHTestION",
                "property_type": "",
                "staging_version": 0
              },
              {
                "contract_id": "ctr_1-1NC95D",
                "group_id": "grp_19293",
                "latest_version": 2,
                "note": "",
                "production_version": 0,
                "property_id": "prp_846161",
                "property_name": "saboriocpcode",
                "property_type": "",
                "staging_version": 0
              },
              {
                "contract_id": "ctr_1-1NC95D",
                "group_id": "grp_19293",
                "latest_version": 2,
                "note": "",
                "production_version": 0,
                "property_id": "prp_366066",
                "property_name": "cantonga.secure.site",
                "property_type": "",
                "staging_version": 0
              },
              {
                "contract_id": "ctr_1-1NC95D",
                "group_id": "grp_19293",
                "latest_version": 14,
                "note": "",
                "production_version": 13,
                "property_id": "prp_1046355",
                "property_name": "lwinata",
                "property_type": "",
                "staging_version": 13
              },
              {
                "contract_id": "ctr_1-1NC95D",
                "group_id": "grp_19293",
                "latest_version": 14,
                "note": "",
                "production_version": 7,
                "property_id": "prp_560912",
                "property_name": "mal.davidbartosh.com",
                "property_type": "",
                "staging_version": 12
              },
              {
                "contract_id": "ctr_1-1NC95D",
                "group_id": "grp_19293",
                "latest_version": 2,
                "note": "",
                "production_version": 0,
                "property_id": "prp_642452",
                "property_name": "test_autogrill",
                "property_type": "",
                "staging_version": 0
              },
              {
                "contract_id": "ctr_1-1NC95D",
                "group_id": "grp_19293",
                "latest_version": 27,
                "note": "",
                "production_version": 0,
                "property_id": "prp_457182",
                "property_name": "jnaranjo.trip2lab.com",
                "property_type": "",
                "staging_version": 25
              },
              {
                "contract_id": "ctr_1-1NC95D",
                "group_id": "grp_19293",
                "latest_version": 27,
                "note": "",
                "production_version": 9,
                "property_id": "prp_1007648",
                "property_name": "fed-and",
                "property_type": "",
                "staging_version": 26
              },
              {
                "contract_id": "ctr_1-1NC95D",
                "group_id": "grp_19293",
                "latest_version": 2,
                "note": "",
                "production_version": 1,
                "property_id": "prp_1014114",
                "property_name": "perf13.linode.haberl.io",
                "property_type": "",
                "staging_version": 0
              },
              {
                "contract_id": "ctr_1-1NC95D",
                "group_id": "grp_19293",
                "latest_version": 3,
                "note": "",
                "production_version": 0,
                "property_id": "prp_373785",
                "property_name": "IBM_SD_POC_TEST",
                "property_type": "",
                "staging_version": 2
              },
              {
                "contract_id": "ctr_1-1NC95D",
                "group_id": "grp_19293",
                "latest_version": 2,
                "note": "",
                "production_version": 0,
                "property_id": "prp_337333",
                "property_name": "COdeJAm",
                "property_type": "",
                "staging_version": 0
              },
              {
                "contract_id": "ctr_1-1NC95D",
                "group_id": "grp_19293",
                "latest_version": 2,
                "note": "",
                "production_version": 0,
                "property_id": "prp_337635",
                "property_name": "testhola",
                "property_type": "",
                "staging_version": 0
              },
              {
                "contract_id": "ctr_1-1NC95D",
                "group_id": "grp_19293",
                "latest_version": 2,
                "note": "",
                "production_version": 0,
                "property_id": "prp_370222",
                "property_name": "rreyesca.test1.com",
                "property_type": "",
                "staging_version": 0
              },
              {
                "contract_id": "ctr_1-1NC95D",
                "group_id": "grp_19293",
                "latest_version": 1,
                "note": "",
                "production_version": 0,
                "property_id": "prp_1268650",
                "property_name": "mmongemu-trsc.com",
                "property_type": "",
                "staging_version": 0
              },
              {
                "contract_id": "ctr_1-1NC95D",
                "group_id": "grp_19293",
                "latest_version": 84,
                "note": "",
                "production_version": 58,
                "property_id": "prp_705710",
                "property_name": "ravin_dsa",
                "property_type": "",
                "staging_version": 83
              },
              {
                "contract_id": "ctr_1-1NC95D",
                "group_id": "grp_19293",
                "latest_version": 5,
                "note": "",
                "production_version": 4,
                "property_id": "prp_237248",
                "property_name": "crdevt2",
                "property_type": "",
                "staging_version": 3
              },
              {
                "contract_id": "ctr_1-1NC95D",
                "group_id": "grp_19293",
                "latest_version": 6,
                "note": "",
                "production_version": 4,
                "property_id": "prp_506261",
                "property_name": "naithapp.gsshappylearning.com_pm",
                "property_type": "",
                "staging_version": 5
              },
              {
                "contract_id": "ctr_1-1NC95D",
                "group_id": "grp_19293",
                "latest_version": 8,
                "note": "",
                "production_version": 6,
                "property_id": "prp_230456",
                "property_name": "aac-demo-config",
                "property_type": "",
                "staging_version": 5
              },
              {
                "contract_id": "ctr_1-1NC95D",
                "group_id": "grp_19293",
                "latest_version": 12,
                "note": "",
                "production_version": 0,
                "property_id": "prp_547009",
                "property_name": "reeth.gsshappylearning.com",
                "property_type": "",
                "staging_version": 6
              },
              {
                "contract_id": "ctr_1-1NC95D",
                "group_id": "grp_19293",
                "latest_version": 16,
                "note": "",
                "production_version": 10,
                "property_id": "prp_566278",
                "property_name": "ankion",
                "property_type": "",
                "staging_version": 14
              },
              {
                "contract_id": "ctr_1-1NC95D",
                "group_id": "grp_19293",
                "latest_version": 5,
                "note": "",
                "production_version": 0,
                "property_id": "prp_374068",
                "property_name": "dgundapu_AMD",
                "property_type": "",
                "staging_version": 1
              },
              {
                "contract_id": "ctr_1-1NC95D",
                "group_id": "grp_19293",
                "latest_version": 8,
                "note": "",
                "production_version": 0,
                "property_id": "prp_132868",
                "property_name": "www.kkornas.com.xml",
                "property_type": "",
                "staging_version": 0
              },
              {
                "contract_id": "ctr_1-1NC95D",
                "group_id": "grp_19293",
                "latest_version": 64,
                "note": "",
                "production_version": 43,
                "property_id": "prp_632816",
                "property_name": "bpanda",
                "property_type": "",
                "staging_version": 63
              },
              {
                "contract_id": "ctr_1-1NC95D",
                "group_id": "grp_19293",
                "latest_version": 4,
                "note": "",
                "production_version": 0,
                "property_id": "prp_801529",
                "property_name": "testingmetadata.rpadmana.com",
                "property_type": "",
                "staging_version": 3
              },
              {
                "contract_id": "ctr_1-1NC95D",
                "group_id": "grp_19293",
                "latest_version": 4,
                "note": "",
                "production_version": 0,
                "property_id": "prp_1089594",
                "property_name": "devops-basic-test2",
                "property_type": "",
                "staging_version": 0
              },
              {
                "contract_id": "ctr_1-1NC95D",
                "group_id": "grp_19293",
                "latest_version": 2,
                "note": "",
                "production_version": 0,
                "property_id": "prp_1001122",
                "property_name": "pareddy.testing-as-code.www.akamaiflowershop.com",
                "property_type": "",
                "staging_version": 1
              },
              {
                "contract_id": "ctr_1-1NC95D",
                "group_id": "grp_19293",
                "latest_version": 20,
                "note": "",
                "production_version": 19,
                "property_id": "prp_426507",
                "property_name": "jontaylor.com",
                "property_type": "",
                "staging_version": 18
              },
              {
                "contract_id": "ctr_1-1NC95D",
                "group_id": "grp_19293",
                "latest_version": 2,
                "note": "",
                "production_version": 0,
                "property_id": "prp_584927",
                "property_name": "fnami_ion_template_new",
                "property_type": "",
                "staging_version": 0
              },
              {
                "contract_id": "ctr_1-1NC95D",
                "group_id": "grp_19293",
                "latest_version": 9,
                "note": "",
                "production_version": 0,
                "property_id": "prp_736802",
                "property_name": "gokul",
                "property_type": "",
                "staging_version": 0
              },
              {
                "contract_id": "ctr_1-1NC95D",
                "group_id": "grp_19293",
                "latest_version": 282,
                "note": "",
                "production_version": 142,
                "property_id": "prp_444402",
                "property_name": "bucktesting_pm",
                "property_type": "",
                "staging_version": 282
              },
              {
                "contract_id": "ctr_1-1NC95D",
                "group_id": "grp_19293",
                "latest_version": 2,
                "note": "",
                "production_version": 0,
                "property_id": "prp_304164",
                "property_name": "cantonga.dsa.site",
                "property_type": "",
                "staging_version": 0
              },
              {
                "contract_id": "ctr_1-1NC95D",
                "group_id": "grp_19293",
                "latest_version": 2,
                "note": "",
                "production_version": 0,
                "property_id": "prp_994333",
                "property_name": "COCOs_Restaurant",
                "property_type": "",
                "staging_version": 1
              },
              {
                "contract_id": "ctr_1-1NC95D",
                "group_id": "grp_19293",
                "latest_version": 2,
                "note": "",
                "production_version": 0,
                "property_id": "prp_202671",
                "property_name": "samplevr.xml",
                "property_type": "",
                "staging_version": 0
              },
              {
                "contract_id": "ctr_1-1NC95D",
                "group_id": "grp_19293",
                "latest_version": 2,
                "note": "",
                "production_version": 0,
                "property_id": "prp_276914",
                "property_name": "Strategic_portal_services_mk",
                "property_type": "",
                "staging_version": 0
              },
              {
                "contract_id": "ctr_1-1NC95D",
                "group_id": "grp_19293",
                "latest_version": 2,
                "note": "",
                "production_version": 0,
                "property_id": "prp_366416",
                "property_name": "cm.akamai.amazon.com",
                "property_type": "",
                "staging_version": 1
              },
              {
                "contract_id": "ctr_1-1NC95D",
                "group_id": "grp_19293",
                "latest_version": 4,
                "note": "",
                "production_version": 2,
                "property_id": "prp_233337",
                "property_name": "fujitsu_secure.wsd.demo.com",
                "property_type": "",
                "staging_version": 3
              },
              {
                "contract_id": "ctr_1-1NC95D",
                "group_id": "grp_19293",
                "latest_version": 2,
                "note": "",
                "production_version": 0,
                "property_id": "prp_579825",
                "property_name": "sreetest.www.akamaiflowershop.com",
                "property_type": "",
                "staging_version": 1
              },
              {
                "contract_id": "ctr_1-1NC95D",
                "group_id": "grp_19293",
                "latest_version": 13,
                "note": "",
                "production_version": 0,
                "property_id": "prp_313878",
                "property_name": "prcert-akshriva.edgesuite.net",
                "property_type": "",
                "staging_version": 11
              },
              {
                "contract_id": "ctr_1-1NC95D",
                "group_id": "grp_19293",
                "latest_version": 3,
                "note": "",
                "production_version": 0,
                "property_id": "prp_366413",
                "property_name": "cmtest.amazon.com",
                "property_type": "",
                "staging_version": 1
              },
              {
                "contract_id": "ctr_1-1NC95D",
                "group_id": "grp_19293",
                "latest_version": 7,
                "note": "",
                "production_version": 5,
                "property_id": "prp_233336",
                "property_name": "fujitsu_non-secure.wsd.demo.com",
                "property_type": "",
                "staging_version": 3
              },
              {
                "contract_id": "ctr_1-1NC95D",
                "group_id": "grp_19293",
                "latest_version": 5,
                "note": "",
                "production_version": 2,
                "property_id": "prp_521684",
                "property_name": "gbarbier-amdtest",
                "property_type": "",
                "staging_version": 3
              },
              {
                "contract_id": "ctr_1-1NC95D",
                "group_id": "grp_19293",
                "latest_version": 4,
                "note": "",
                "production_version": 0,
                "property_id": "prp_205768",
                "property_name": "apatankar.newhirelab.com",
                "property_type": "",
                "staging_version": 2
              },
              {
                "contract_id": "ctr_1-1NC95D",
                "group_id": "grp_19293",
                "latest_version": 8,
                "note": "",
                "production_version": 7,
                "property_id": "prp_892251",
                "property_name": "Akamai-Mux-CMCD-Demo",
                "property_type": "",
                "staging_version": 7
              },
              {
                "contract_id": "ctr_1-1NC95D",
                "group_id": "grp_19293",
                "latest_version": 5,
                "note": "",
                "production_version": 0,
                "property_id": "prp_284697",
                "property_name": "pr3.akamaiflowershop.com_pm",
                "property_type": "",
                "staging_version": 4
              },
              {
                "contract_id": "ctr_1-1NC95D",
                "group_id": "grp_19293",
                "latest_version": 156,
                "note": "",
                "production_version": 95,
                "property_id": "prp_491082",
                "property_name": "dcuenc_ion",
                "property_type": "",
                "staging_version": 156
              },
              {
                "contract_id": "ctr_1-1NC95D",
                "group_id": "grp_19293",
                "latest_version": 2,
                "note": "",
                "production_version": 0,
                "property_id": "prp_408541",
                "property_name": "eererer_test",
                "property_type": "",
                "staging_version": 0
              },
              {
                "contract_id": "ctr_1-1NC95D",
                "group_id": "grp_19293",
                "latest_version": 17,
                "note": "",
                "production_version": 0,
                "property_id": "prp_317464",
                "property_name": "dapo-test",
                "property_type": "",
                "staging_version": 16
              },
              {
                "contract_id": "ctr_1-1NC95D",
                "group_id": "grp_19293",
                "latest_version": 4,
                "note": "",
                "production_version": 0,
                "property_id": "prp_269140",
                "property_name": "luisgonzalez.dsalab.com",
                "property_type": "",
                "staging_version": 3
              },
              {
                "contract_id": "ctr_1-1NC95D",
                "group_id": "grp_19293",
                "latest_version": 2,
                "note": "",
                "production_version": 0,
                "property_id": "prp_671221",
                "property_name": "testcsgpmcli.prvenkatnew.com",
                "property_type": "",
                "staging_version": 1
              },
              {
                "contract_id": "ctr_1-1NC95D",
                "group_id": "grp_19293",
                "latest_version": 2,
                "note": "",
                "production_version": 0,
                "property_id": "prp_197720",
                "property_name": "dlm.edgesuite.net",
                "property_type": "",
                "staging_version": 0
              },
              {
                "contract_id": "ctr_1-1NC95D",
                "group_id": "grp_19293",
                "latest_version": 6,
                "note": "",
                "production_version": 5,
                "property_id": "prp_997781",
                "property_name": "perf08.linode.haberl.io",
                "property_type": "",
                "staging_version": 0
              },
              {
                "contract_id": "ctr_1-1NC95D",
                "group_id": "grp_19293",
                "latest_version": 4,
                "note": "",
                "production_version": 0,
                "property_id": "prp_181031",
                "property_name": "adi.cloudmonitor.com_pm.xml",
                "property_type": "",
                "staging_version": 1
              },
              {
                "contract_id": "ctr_1-1NC95D",
                "group_id": "grp_19293",
                "latest_version": 4,
                "note": "",
                "production_version": 0,
                "property_id": "prp_533344",
                "property_name": "shop.mundobmg.com.br",
                "property_type": "",
                "staging_version": 0
              },
              {
                "contract_id": "ctr_1-1NC95D",
                "group_id": "grp_19293",
                "latest_version": 3,
                "note": "",
                "production_version": 1,
                "property_id": "prp_150931",
                "property_name": "georget.feo.com.xml",
                "property_type": "",
                "staging_version": 1
              },
              {
                "contract_id": "ctr_1-1NC95D",
                "group_id": "grp_19293",
                "latest_version": 1,
                "note": "",
                "production_version": 0,
                "property_id": "prp_978144",
                "property_name": "mehanuma.hostnamebuckets",
                "property_type": "HOSTNAME_BUCKET",
                "staging_version": 1
              },
              {
                "contract_id": "ctr_1-1NC95D",
                "group_id": "grp_19293",
                "latest_version": 2,
                "note": "",
                "production_version": 0,
                "property_id": "prp_702307",
                "property_name": "dd-04122021.davidbartosh.com",
                "property_type": "",
                "staging_version": 0
              },
              {
                "contract_id": "ctr_1-1NC95D",
                "group_id": "grp_19293",
                "latest_version": 6,
                "note": "",
                "production_version": 0,
                "property_id": "prp_508498",
                "property_name": "config-rapid-jliu.xml",
                "property_type": "",
                "staging_version": 5
              },
              {
                "contract_id": "ctr_1-1NC95D",
                "group_id": "grp_19293",
                "latest_version": 3,
                "note": "",
                "production_version": 0,
                "property_id": "prp_161216",
                "property_name": "CSM_training",
                "property_type": "",
                "staging_version": 1
              },
              {
                "contract_id": "ctr_1-1NC95D",
                "group_id": "grp_19293",
                "latest_version": 9,
                "note": "",
                "production_version": 0,
                "property_id": "prp_248984",
                "property_name": "emile.Akamaiflowershop.com",
                "property_type": "",
                "staging_version": 8
              },
              {
                "contract_id": "ctr_1-1NC95D",
                "group_id": "grp_19293",
                "latest_version": 2,
                "note": "",
                "production_version": 0,
                "property_id": "prp_337499",
                "property_name": "dpamd",
                "property_type": "",
                "staging_version": 0
              },
              {
                "contract_id": "ctr_1-1NC95D",
                "group_id": "grp_19293",
                "latest_version": 2,
                "note": "",
                "production_version": 0,
                "property_id": "prp_412114",
                "property_name": "omirandatest3",
                "property_type": "",
                "staging_version": 0
              },
              {
                "contract_id": "ctr_1-1NC95D",
                "group_id": "grp_19293",
                "latest_version": 28,
                "note": "",
                "production_version": 3,
                "property_id": "prp_300028",
                "property_name": "prcertification-tmohamme.edgesuite.net",
                "property_type": "",
                "staging_version": 27
              },
              {
                "contract_id": "ctr_1-1NC95D",
                "group_id": "grp_19293",
                "latest_version": 4,
                "note": "",
                "production_version": 0,
                "property_id": "prp_935169",
                "property_name": "vveeraku.test",
                "property_type": "",
                "staging_version": 1
              },
              {
                "contract_id": "ctr_1-1NC95D",
                "group_id": "grp_19293",
                "latest_version": 4,
                "note": "",
                "production_version": 0,
                "property_id": "prp_303953",
                "property_name": "astest.akamai.com",
                "property_type": "",
                "staging_version": 2
              },
              {
                "contract_id": "ctr_1-1NC95D",
                "group_id": "grp_19293",
                "latest_version": 2,
                "note": "",
                "production_version": 1,
                "property_id": "prp_1099452",
                "property_name": "www.thirgaadi.com",
                "property_type": "",
                "staging_version": 1
              },
              {
                "contract_id": "ctr_1-1NC95D",
                "group_id": "grp_19293",
                "latest_version": 9,
                "note": "",
                "production_version": 9,
                "property_id": "prp_1030469",
                "property_name": "test-dss-audience-segmentation",
                "property_type": "",
                "staging_version": 9
              },
              {
                "contract_id": "ctr_1-1NC95D",
                "group_id": "grp_19293",
                "latest_version": 1,
                "note": "",
                "production_version": 0,
                "property_id": "prp_1129016",
                "property_name": "terraformtest11.aphilip.com",
                "property_type": "",
                "staging_version": 0
              },
              {
                "contract_id": "ctr_1-1NC95D",
                "group_id": "grp_19293",
                "latest_version": 1,
                "note": "",
                "production_version": 1,
                "property_id": "prp_1275617",
                "property_name": "plevin-sbd-quota-test",
                "property_type": "",
                "staging_version": 0
              },
              {
                "contract_id": "ctr_1-1NC95D",
                "group_id": "grp_19293",
                "latest_version": 25,
                "note": "",
                "production_version": 0,
                "property_id": "prp_385620",
                "property_name": "jviquezc_master",
                "property_type": "",
                "staging_version": 23
              },
              {
                "contract_id": "ctr_1-1NC95D",
                "group_id": "grp_19293",
                "latest_version": 2,
                "note": "",
                "production_version": 0,
                "property_id": "prp_500087",
                "property_name": "vipul-test.gsshappylearning.com",
                "property_type": "",
                "staging_version": 0
              },
              {
                "contract_id": "ctr_1-1NC95D",
                "group_id": "grp_19293",
                "latest_version": 3,
                "note": "",
                "production_version": 0,
                "property_id": "prp_292371",
                "property_name": "cloudmonitor-prevanka.com",
                "property_type": "",
                "staging_version": 1
              },
              {
                "contract_id": "ctr_1-1NC95D",
                "group_id": "grp_19293",
                "latest_version": 2,
                "note": "",
                "production_version": 0,
                "property_id": "prp_373979",
                "property_name": "test111.marcinj.bamse.pl",
                "property_type": "",
                "staging_version": 0
              },
              {
                "contract_id": "ctr_1-1NC95D",
                "group_id": "grp_19293",
                "latest_version": 2,
                "note": "",
                "production_version": 0,
                "property_id": "prp_354750",
                "property_name": "testjm",
                "property_type": "",
                "staging_version": 0
              },
              {
                "contract_id": "ctr_1-1NC95D",
                "group_id": "grp_19293",
                "latest_version": 54,
                "note": "",
                "production_version": 46,
                "property_id": "prp_149006",
                "property_name": "cqaret",
                "property_type": "",
                "staging_version": 43
              },
              {
                "contract_id": "ctr_1-1NC95D",
                "group_id": "grp_19293",
                "latest_version": 3,
                "note": "",
                "production_version": 0,
                "property_id": "prp_227912",
                "property_name": "www.test-sumedh.com",
                "property_type": "",
                "staging_version": 0
              },
              {
                "contract_id": "ctr_1-1NC95D",
                "group_id": "grp_19293",
                "latest_version": 3,
                "note": "",
                "production_version": 0,
                "property_id": "prp_470064",
                "property_name": "knaithanTest_clone",
                "property_type": "",
                "staging_version": 0
              },
              {
                "contract_id": "ctr_1-1NC95D",
                "group_id": "grp_19293",
                "latest_version": 2,
                "note": "",
                "production_version": 1,
                "property_id": "prp_524727",
                "property_name": "spt2NS.templetonfamily.com",
                "property_type": "",
                "staging_version": 1
              },
              {
                "contract_id": "ctr_1-1NC95D",
                "group_id": "grp_19293",
                "latest_version": 5,
                "note": "",
                "production_version": 2,
                "property_id": "prp_192244",
                "property_name": "miguelsosa.com",
                "property_type": "",
                "staging_version": 2
              },
              {
                "contract_id": "ctr_1-1NC95D",
                "group_id": "grp_19293",
                "latest_version": 3,
                "note": "",
                "production_version": 0,
                "property_id": "prp_249049",
                "property_name": "www.nse-music.com",
                "property_type": "",
                "staging_version": 1
              },
              {
                "contract_id": "ctr_1-1NC95D",
                "group_id": "grp_19293",
                "latest_version": 2,
                "note": "",
                "production_version": 0,
                "property_id": "prp_689400",
                "property_name": "botso.example.com",
                "property_type": "",
                "staging_version": 1
              },
              {
                "contract_id": "ctr_1-1NC95D",
                "group_id": "grp_19293",
                "latest_version": 3,
                "note": "",
                "production_version": 0,
                "property_id": "prp_811692",
                "property_name": "sserna.gsshappylearning.com",
                "property_type": "",
                "staging_version": 2
              },
              {
                "contract_id": "ctr_1-1NC95D",
                "group_id": "grp_19293",
                "latest_version": 50,
                "note": "",
                "production_version": 39,
                "property_id": "prp_596335",
                "property_name": "jgoncalv.gsshappylearning.com",
                "property_type": "",
                "staging_version": 48
              },
              {
                "contract_id": "ctr_1-1NC95D",
                "group_id": "grp_19293",
                "latest_version": 3,
                "note": "",
                "production_version": 2,
                "property_id": "prp_463790",
                "property_name": "pankhureesrivastav.wixsite.com",
                "property_type": "",
                "staging_version": 2
              },
              {
                "contract_id": "ctr_1-1NC95D",
                "group_id": "grp_19293",
                "latest_version": 3,
                "note": "",
                "production_version": 2,
                "property_id": "prp_426479",
                "property_name": "mbianchi-test-hls",
                "property_type": "",
                "staging_version": 2
              },
              {
                "contract_id": "ctr_1-1NC95D",
                "group_id": "grp_19293",
                "latest_version": 4,
                "note": "",
                "production_version": 0,
                "property_id": "prp_612400",
                "property_name": "protocol-downgrade",
                "property_type": "",
                "staging_version": 2
              },
              {
                "contract_id": "ctr_1-1NC95D",
                "group_id": "grp_19293",
                "latest_version": 4,
                "note": "",
                "production_version": 0,
                "property_id": "prp_358526",
                "property_name": "dbishop.www.akamaiflowershop.com",
                "property_type": "",
                "staging_version": 2
              },
              {
                "contract_id": "ctr_1-1NC95D",
                "group_id": "grp_19293",
                "latest_version": 4,
                "note": "",
                "production_version": 0,
                "property_id": "prp_249029",
                "property_name": "dsd.davidbartosh.com",
                "property_type": "",
                "staging_version": 0
              },
              {
                "contract_id": "ctr_1-1NC95D",
                "group_id": "grp_19293",
                "latest_version": 15,
                "note": "",
                "production_version": 1,
                "property_id": "prp_575341",
                "property_name": "bdutia_pipeline",
                "property_type": "",
                "staging_version": 14
              },
              {
                "contract_id": "ctr_1-1NC95D",
                "group_id": "grp_19293",
                "latest_version": 3,
                "note": "",
                "production_version": 1,
                "property_id": "prp_696077",
                "property_name": "www.test-adi.com",
                "property_type": "",
                "staging_version": 1
              },
              {
                "contract_id": "ctr_1-1NC95D",
                "group_id": "grp_19293",
                "latest_version": 2,
                "note": "",
                "production_version": 0,
                "property_id": "prp_644318",
                "property_name": "testconfig.adc.acardena.com",
                "property_type": "",
                "staging_version": 0
              },
              {
                "contract_id": "ctr_1-1NC95D",
                "group_id": "grp_19293",
                "latest_version": 3,
                "note": "",
                "production_version": 2,
                "property_id": "prp_619608",
                "property_name": "vramasam-essl",
                "property_type": "",
                "staging_version": 2
              },
              {
                "contract_id": "ctr_1-1NC95D",
                "group_id": "grp_19293",
                "latest_version": 3,
                "note": "",
                "production_version": 2,
                "property_id": "prp_337594",
                "property_name": "dovetest",
                "property_type": "",
                "staging_version": 2
              },
              {
                "contract_id": "ctr_1-1NC95D",
                "group_id": "grp_19293",
                "latest_version": 3,
                "note": "",
                "production_version": 2,
                "property_id": "prp_605527",
                "property_name": "mkucab.test_amd",
                "property_type": "",
                "staging_version": 0
              },
              {
                "contract_id": "ctr_1-1NC95D",
                "group_id": "grp_19293",
                "latest_version": 1,
                "note": "",
                "production_version": 0,
                "property_id": "prp_1145355",
                "property_name": "taha.customdeny.com",
                "property_type": "",
                "staging_version": 1
              },
              {
                "contract_id": "ctr_1-1NC95D",
                "group_id": "grp_19293",
                "latest_version": 2,
                "note": "",
                "production_version": 0,
                "property_id": "prp_370183",
                "property_name": "mbarczyk.gsshappylearning.com",
                "property_type": "",
                "staging_version": 0
              },
              {
                "contract_id": "ctr_1-1NC95D",
                "group_id": "grp_19293",
                "latest_version": 2,
                "note": "",
                "production_version": 0,
                "property_id": "prp_185476",
                "property_name": "rvincent-pm.edgesuite.net",
                "property_type": "",
                "staging_version": 1
              },
              {
                "contract_id": "ctr_1-1NC95D",
                "group_id": "grp_19293",
                "latest_version": 2,
                "note": "",
                "production_version": 0,
                "property_id": "prp_192187",
                "property_name": "www.yamaharock.com",
                "property_type": "",
                "staging_version": 1
              },
              {
                "contract_id": "ctr_1-1NC95D",
                "group_id": "grp_19293",
                "latest_version": 10,
                "note": "",
                "production_version": 0,
                "property_id": "prp_584877",
                "property_name": "edc-edgeworker",
                "property_type": "",
                "staging_version": 0
              },
              {
                "contract_id": "ctr_1-1NC95D",
                "group_id": "grp_19293",
                "latest_version": 35,
                "note": "",
                "production_version": 20,
                "property_id": "prp_296343",
                "property_name": "dsa.piotrcichocki.pl",
                "property_type": "",
                "staging_version": 33
              },
              {
                "contract_id": "ctr_1-1NC95D",
                "group_id": "grp_19293",
                "latest_version": 5,
                "note": "",
                "production_version": 0,
                "property_id": "prp_508510",
                "property_name": "config-rapid-strivedi.xml",
                "property_type": "",
                "staging_version": 3
              },
              {
                "contract_id": "ctr_1-1NC95D",
                "group_id": "grp_19293",
                "latest_version": 2,
                "note": "",
                "production_version": 0,
                "property_id": "prp_170594",
                "property_name": "mock.com",
                "property_type": "",
                "staging_version": 0
              },
              {
                "contract_id": "ctr_1-1NC95D",
                "group_id": "grp_19293",
                "latest_version": 41,
                "note": "",
                "production_version": 41,
                "property_id": "prp_757774",
                "property_name": "jwug",
                "property_type": "",
                "staging_version": 41
              },
              {
                "contract_id": "ctr_1-1NC95D",
                "group_id": "grp_19293",
                "latest_version": 3,
                "note": "",
                "production_version": 0,
                "property_id": "prp_475975",
                "property_name": "prcertification-dprabhu.edgesuite.net",
                "property_type": "",
                "staging_version": 0
              },
              {
                "contract_id": "ctr_1-1NC95D",
                "group_id": "grp_19293",
                "latest_version": 2,
                "note": "",
                "production_version": 0,
                "property_id": "prp_588015",
                "property_name": "pm-acewsd-erbenson01",
                "property_type": "",
                "staging_version": 0
              },
              {
                "contract_id": "ctr_1-1NC95D",
                "group_id": "grp_19293",
                "latest_version": 2,
                "note": "",
                "production_version": 0,
                "property_id": "prp_661011",
                "property_name": "sarvesh",
                "property_type": "",
                "staging_version": 0
              },
              {
                "contract_id": "ctr_1-1NC95D",
                "group_id": "grp_19293",
                "latest_version": 4,
                "note": "",
                "production_version": 0,
                "property_id": "prp_292715",
                "property_name": "demoer.kaiserpermanente.org",
                "property_type": "",
                "staging_version": 2
              },
              {
                "contract_id": "ctr_1-1NC95D",
                "group_id": "grp_19293",
                "latest_version": 2,
                "note": "",
                "production_version": 0,
                "property_id": "prp_346856",
                "property_name": "jcastroa.training.com",
                "property_type": "",
                "staging_version": 0
              },
              {
                "contract_id": "ctr_1-1NC95D",
                "group_id": "grp_19293",
                "latest_version": 2,
                "note": "",
                "production_version": 0,
                "property_id": "prp_317613",
                "property_name": "a.a.a",
                "property_type": "",
                "staging_version": 0
              },
              {
                "contract_id": "ctr_1-1NC95D",
                "group_id": "grp_19293",
                "latest_version": 4,
                "note": "",
                "production_version": 0,
                "property_id": "prp_667710",
                "property_name": "demo_property_ACC",
                "property_type": "",
                "staging_version": 3
              },
              {
                "contract_id": "ctr_1-1NC95D",
                "group_id": "grp_19293",
                "latest_version": 8,
                "note": "",
                "production_version": 6,
                "property_id": "prp_317604",
                "property_name": "test2.oaglagul.com",
                "property_type": "",
                "staging_version": 6
              },
              {
                "contract_id": "ctr_1-1NC95D",
                "group_id": "grp_19293",
                "latest_version": 25,
                "note": "",
                "production_version": 0,
                "property_id": "prp_563825",
                "property_name": "jwt.losgiova.com",
                "property_type": "",
                "staging_version": 24
              },
              {
                "contract_id": "ctr_1-1NC95D",
                "group_id": "grp_19293",
                "latest_version": 21,
                "note": "",
                "production_version": 0,
                "property_id": "prp_554684",
                "property_name": "sadeb1.gsshappylearning.com",
                "property_type": "",
                "staging_version": 20
              },
              {
                "contract_id": "ctr_1-1NC95D",
                "group_id": "grp_19293",
                "latest_version": 5,
                "note": "",
                "production_version": 2,
                "property_id": "prp_408777",
                "property_name": "mds-amdmsl.example.com",
                "property_type": "",
                "staging_version": 3
              },
              {
                "contract_id": "ctr_1-1NC95D",
                "group_id": "grp_19293",
                "latest_version": 6,
                "note": "",
                "production_version": 0,
                "property_id": "prp_351141",
                "property_name": "failover-waheeb.www.akamaiflowershop.com.xml",
                "property_type": "",
                "staging_version": 4
              },
              {
                "contract_id": "ctr_1-1NC95D",
                "group_id": "grp_19293",
                "latest_version": 10,
                "note": "",
                "production_version": 5,
                "property_id": "prp_1155179",
                "property_name": "buck-tfsourceconfiglab",
                "property_type": "",
                "staging_version": 10
              },
              {
                "contract_id": "ctr_1-1NC95D",
                "group_id": "grp_19293",
                "latest_version": 1,
                "note": "",
                "production_version": 0,
                "property_id": "prp_831532",
                "property_name": "template.ifyoulikepinacolada.co.uk",
                "property_type": "",
                "staging_version": 0
              },
              {
                "contract_id": "ctr_1-1NC95D",
                "group_id": "grp_19293",
                "latest_version": 2,
                "note": "",
                "production_version": 1,
                "property_id": "prp_1268835",
                "property_name": "hi_terraform_cohort",
                "property_type": "",
                "staging_version": 1
              },
              {
                "contract_id": "ctr_1-1NC95D",
                "group_id": "grp_19293",
                "latest_version": 5,
                "note": "",
                "production_version": 0,
                "property_id": "prp_430074",
                "property_name": "dgundapuipa.www.akamaiflowershop.com",
                "property_type": "",
                "staging_version": 2
              },
              {
                "contract_id": "ctr_1-1NC95D",
                "group_id": "grp_19293",
                "latest_version": 4,
                "note": "",
                "production_version": 0,
                "property_id": "prp_473227",
                "property_name": "failoversmathur.www.akamaiflowershop.com",
                "property_type": "",
                "staging_version": 2
              },
              {
                "contract_id": "ctr_1-1NC95D",
                "group_id": "grp_19293",
                "latest_version": 2,
                "note": "",
                "production_version": 1,
                "property_id": "prp_1089785",
                "property_name": "gambitexercise.com",
                "property_type": "",
                "staging_version": 1
              },
              {
                "contract_id": "ctr_1-1NC95D",
                "group_id": "grp_19293",
                "latest_version": 4,
                "note": "",
                "production_version": 2,
                "property_id": "prp_378246",
                "property_name": "spanapar.www.akamaiflowershop.com",
                "property_type": "",
                "staging_version": 3
              },
              {
                "contract_id": "ctr_1-1NC95D",
                "group_id": "grp_19293",
                "latest_version": 2,
                "note": "",
                "production_version": 0,
                "property_id": "prp_337896",
                "property_name": "www.poojasharma.com",
                "property_type": "",
                "staging_version": 0
              },
              {
                "contract_id": "ctr_1-1NC95D",
                "group_id": "grp_19293",
                "latest_version": 7,
                "note": "",
                "production_version": 6,
                "property_id": "prp_196556",
                "property_name": "jbarrant.drawbridge.com",
                "property_type": "",
                "staging_version": 6
              },
              {
                "contract_id": "ctr_1-1NC95D",
                "group_id": "grp_19293",
                "latest_version": 2,
                "note": "",
                "production_version": 0,
                "property_id": "prp_629833",
                "property_name": "anusha-test",
                "property_type": "",
                "staging_version": 0
              },
              {
                "contract_id": "ctr_1-1NC95D",
                "group_id": "grp_19293",
                "latest_version": 9,
                "note": "",
                "production_version": 0,
                "property_id": "prp_174494",
                "property_name": "www.xuden.com_pm",
                "property_type": "",
                "staging_version": 4
              },
              {
                "contract_id": "ctr_1-1NC95D",
                "group_id": "grp_19293",
                "latest_version": 4,
                "note": "",
                "production_version": 0,
                "property_id": "prp_257261",
                "property_name": "jcurle.dsalab.com",
                "property_type": "",
                "staging_version": 1
              },
              {
                "contract_id": "ctr_1-1NC95D",
                "group_id": "grp_19293",
                "latest_version": 2,
                "note": "",
                "production_version": 0,
                "property_id": "prp_552197",
                "property_name": "www.parvez.com",
                "property_type": "",
                "staging_version": 0
              },
              {
                "contract_id": "ctr_1-1NC95D",
                "group_id": "grp_19293",
                "latest_version": 3,
                "note": "",
                "production_version": 0,
                "property_id": "prp_362799",
                "property_name": "testStalePlaylist",
                "property_type": "",
                "staging_version": 1
              },
              {
                "contract_id": "ctr_1-1NC95D",
                "group_id": "grp_19293",
                "latest_version": 6,
                "note": "",
                "production_version": 5,
                "property_id": "prp_693055",
                "property_name": "pvindash",
                "property_type": "",
                "staging_version": 3
              },
              {
                "contract_id": "ctr_1-1NC95D",
                "group_id": "grp_19293",
                "latest_version": 69,
                "note": "",
                "production_version": 61,
                "property_id": "prp_273252",
                "property_name": "akamai-pmd-test.salvado.me",
                "property_type": "",
                "staging_version": 65
              },
              {
                "contract_id": "ctr_1-1NC95D",
                "group_id": "grp_19293",
                "latest_version": 4,
                "note": "",
                "production_version": 0,
                "property_id": "prp_137712",
                "property_name": "pmtest.kkaczano.com",
                "property_type": "",
                "staging_version": 2
              },
              {
                "contract_id": "ctr_1-1NC95D",
                "group_id": "grp_19293",
                "latest_version": 19,
                "note": "",
                "production_version": 0,
                "property_id": "prp_137722",
                "property_name": "www.tfrankie-pm-test.com",
                "property_type": "",
                "staging_version": 16
              },
              {
                "contract_id": "ctr_1-1NC95D",
                "group_id": "grp_19293",
                "latest_version": 2,
                "note": "",
                "production_version": 0,
                "property_id": "prp_699765",
                "property_name": "stage.WM_avengu_testapp2",
                "property_type": "",
                "staging_version": 0
              },
              {
                "contract_id": "ctr_1-1NC95D",
                "group_id": "grp_19293",
                "latest_version": 48,
                "note": "",
                "production_version": 47,
                "property_id": "prp_190887",
                "property_name": "akamai-dsa-test.salvado.me",
                "property_type": "",
                "staging_version": 47
              },
              {
                "contract_id": "ctr_1-1NC95D",
                "group_id": "grp_19293",
                "latest_version": 2,
                "note": "",
                "production_version": 0,
                "property_id": "prp_699766",
                "property_name": "prod.WM_avengu_testapp2",
                "property_type": "",
                "staging_version": 1
              },
              {
                "contract_id": "ctr_1-1NC95D",
                "group_id": "grp_19293",
                "latest_version": 2,
                "note": "",
                "production_version": 0,
                "property_id": "prp_699764",
                "property_name": "dev.WM_avengu_testapp2",
                "property_type": "",
                "staging_version": 1
              },
              {
                "contract_id": "ctr_1-1NC95D",
                "group_id": "grp_19293",
                "latest_version": 2,
                "note": "",
                "production_version": 0,
                "property_id": "prp_401182",
                "property_name": "rpatil.akatec.com",
                "property_type": "",
                "staging_version": 0
              },
              {
                "contract_id": "ctr_1-1NC95D",
                "group_id": "grp_19293",
                "latest_version": 2,
                "note": "",
                "production_version": 0,
                "property_id": "prp_423283",
                "property_name": "testing777.com",
                "property_type": "",
                "staging_version": 1
              },
              {
                "contract_id": "ctr_1-1NC95D",
                "group_id": "grp_19293",
                "latest_version": 5,
                "note": "",
                "production_version": 4,
                "property_id": "prp_347317",
                "property_name": "wsd-manuel.thecustomer.biz",
                "property_type": "",
                "staging_version": 3
              },
              {
                "contract_id": "ctr_1-1NC95D",
                "group_id": "grp_19293",
                "latest_version": 2,
                "note": "",
                "production_version": 0,
                "property_id": "prp_699722",
                "property_name": "prod.WM_avengu_newapp",
                "property_type": "",
                "staging_version": 0
              },
              {
                "contract_id": "ctr_1-1NC95D",
                "group_id": "grp_19293",
                "latest_version": 12,
                "note": "",
                "production_version": 6,
                "property_id": "prp_1237317",
                "property_name": "balsingh-test_pm",
                "property_type": "",
                "staging_version": 12
              },
              {
                "contract_id": "ctr_1-1NC95D",
                "group_id": "grp_19293",
                "latest_version": 2,
                "note": "",
                "production_version": 0,
                "property_id": "prp_699721",
                "property_name": "dev.WM_avengu_newapp",
                "property_type": "",
                "staging_version": 0
              },
              {
                "contract_id": "ctr_1-1NC95D",
                "group_id": "grp_19293",
                "latest_version": 613,
                "note": "",
                "production_version": 560,
                "property_id": "prp_412494",
                "property_name": "rk.losgiova.com",
                "property_type": "",
                "staging_version": 612
              },
              {
                "contract_id": "ctr_1-1NC95D",
                "group_id": "grp_19293",
                "latest_version": 2,
                "note": "",
                "production_version": 0,
                "property_id": "prp_476284",
                "property_name": "www.lunausabilitystudy.com",
                "property_type": "",
                "staging_version": 0
              },
              {
                "contract_id": "ctr_1-1NC95D",
                "group_id": "grp_19293",
                "latest_version": 7,
                "note": "",
                "production_version": 2,
                "property_id": "prp_366683",
                "property_name": "test2.saili.com",
                "property_type": "",
                "staging_version": 4
              },
              {
                "contract_id": "ctr_1-1NC95D",
                "group_id": "grp_19293",
                "latest_version": 29,
                "note": "",
                "production_version": 23,
                "property_id": "prp_596659",
                "property_name": "roleplay",
                "property_type": "",
                "staging_version": 28
              },
              {
                "contract_id": "ctr_1-1NC95D",
                "group_id": "grp_19293",
                "latest_version": 2,
                "note": "",
                "production_version": 0,
                "property_id": "prp_249435",
                "property_name": "schneider.test.redirects",
                "property_type": "",
                "staging_version": 0
              },
              {
                "contract_id": "ctr_1-1NC95D",
                "group_id": "grp_19293",
                "latest_version": 2,
                "note": "",
                "production_version": 0,
                "property_id": "prp_188222",
                "property_name": "mariogtmpm.com",
                "property_type": "",
                "staging_version": 0
              },
              {
                "contract_id": "ctr_1-1NC95D",
                "group_id": "grp_19293",
                "latest_version": 1,
                "note": "",
                "production_version": 0,
                "property_id": "prp_1237336",
                "property_name": "sthapit-terraform.edgekey.net",
                "property_type": "",
                "staging_version": 0
              },
              {
                "contract_id": "ctr_1-1NC95D",
                "group_id": "grp_19293",
                "latest_version": 2,
                "note": "",
                "production_version": 0,
                "property_id": "prp_160508",
                "property_name": "ps-demo.secureod_pm",
                "property_type": "",
                "staging_version": 0
              },
              {
                "contract_id": "ctr_1-1NC95D",
                "group_id": "grp_19293",
                "latest_version": 7,
                "note": "",
                "production_version": 0,
                "property_id": "prp_317691",
                "property_name": "kr.edgesuite.net",
                "property_type": "",
                "staging_version": 5
              },
              {
                "contract_id": "ctr_1-1NC95D",
                "group_id": "grp_19293",
                "latest_version": 2,
                "note": "",
                "production_version": 0,
                "property_id": "prp_288911",
                "property_name": "www.rgutierr1.com",
                "property_type": "",
                "staging_version": 0
              },
              {
                "contract_id": "ctr_1-1NC95D",
                "group_id": "grp_19293",
                "latest_version": 3,
                "note": "",
                "production_version": 0,
                "property_id": "prp_408636",
                "property_name": "qwerty123.pl",
                "property_type": "",
                "staging_version": 2
              },
              {
                "contract_id": "ctr_1-1NC95D",
                "group_id": "grp_19293",
                "latest_version": 3,
                "note": "",
                "production_version": 0,
                "property_id": "prp_358702",
                "property_name": "dbishop-failover-origin.www.akamaiflowershop.com",
                "property_type": "",
                "staging_version": 1
              },
              {
                "contract_id": "ctr_1-1NC95D",
                "group_id": "grp_19293",
                "latest_version": 3,
                "note": "",
                "production_version": 0,
                "property_id": "prp_585036",
                "property_name": "dcuenc_DD",
                "property_type": "",
                "staging_version": 1
              },
              {
                "contract_id": "ctr_1-1NC95D",
                "group_id": "grp_19293",
                "latest_version": 2,
                "note": "",
                "production_version": 0,
                "property_id": "prp_575497",
                "property_name": "prod.bdutia_pipeline",
                "property_type": "",
                "staging_version": 0
              },
              {
                "contract_id": "ctr_1-1NC95D",
                "group_id": "grp_19293",
                "latest_version": 3,
                "note": "",
                "production_version": 0,
                "property_id": "prp_575496",
                "property_name": "dev.bdutia_pipeline",
                "property_type": "",
                "staging_version": 1
              },
              {
                "contract_id": "ctr_1-1NC95D",
                "group_id": "grp_19293",
                "latest_version": 14,
                "note": "",
                "production_version": 0,
                "property_id": "prp_196517",
                "property_name": "emontero.newhirelab.com",
                "property_type": "",
                "staging_version": 0
              },
              {
                "contract_id": "ctr_1-1NC95D",
                "group_id": "grp_19293",
                "latest_version": 6,
                "note": "",
                "production_version": 0,
                "property_id": "prp_156540",
                "property_name": "test.jgiovann.example.com",
                "property_type": "",
                "staging_version": 4
              },
              {
                "contract_id": "ctr_1-1NC95D",
                "group_id": "grp_19293",
                "latest_version": 3,
                "note": "",
                "production_version": 1,
                "property_id": "prp_585034",
                "property_name": "www.perritoweb.com",
                "property_type": "",
                "staging_version": 1
              },
              {
                "contract_id": "ctr_1-1NC95D",
                "group_id": "grp_19293",
                "latest_version": 2,
                "note": "",
                "production_version": 0,
                "property_id": "prp_362609",
                "property_name": "tahaproperty",
                "property_type": "",
                "staging_version": 1
              },
              {
                "contract_id": "ctr_1-1NC95D",
                "group_id": "grp_19293",
                "latest_version": 5,
                "note": "",
                "production_version": 2,
                "property_id": "prp_885244",
                "property_name": "alt-a.ifyoulikepinacolada.co.uk",
                "property_type": "",
                "staging_version": 4
              },
              {
                "contract_id": "ctr_1-1NC95D",
                "group_id": "grp_19293",
                "latest_version": 2,
                "note": "",
                "production_version": 0,
                "property_id": "prp_569364",
                "property_name": "IM_Example",
                "property_type": "",
                "staging_version": 0
              },
              {
                "contract_id": "ctr_1-1NC95D",
                "group_id": "grp_19293",
                "latest_version": 2,
                "note": "",
                "production_version": 0,
                "property_id": "prp_362607",
                "property_name": "www.bhandari.com",
                "property_type": "",
                "staging_version": 0
              },
              {
                "contract_id": "ctr_1-1NC95D",
                "group_id": "grp_19293",
                "latest_version": 3,
                "note": "",
                "production_version": 0,
                "property_id": "prp_150935",
                "property_name": "sharding.georget.akamaiflowershop.com.xml",
                "property_type": "",
                "staging_version": 0
              },
              {
                "contract_id": "ctr_1-1NC95D",
                "group_id": "grp_19293",
                "latest_version": 2,
                "note": "",
                "production_version": 0,
                "property_id": "prp_276996",
                "property_name": "bt_test",
                "property_type": "",
                "staging_version": 0
              },
              {
                "contract_id": "ctr_1-1NC95D",
                "group_id": "grp_19293",
                "latest_version": 4,
                "note": "",
                "production_version": 2,
                "property_id": "prp_241337",
                "property_name": "drwong-receipt.edgesuite.net",
                "property_type": "",
                "staging_version": 2
              },
              {
                "contract_id": "ctr_1-1NC95D",
                "group_id": "grp_19293",
                "latest_version": 5,
                "note": "",
                "production_version": 0,
                "property_id": "prp_566369",
                "property_name": "sadeb-test-hls.xml",
                "property_type": "",
                "staging_version": 1
              },
              {
                "contract_id": "ctr_1-1NC95D",
                "group_id": "grp_19293",
                "latest_version": 2,
                "note": "",
                "production_version": 0,
                "property_id": "prp_1060071",
                "property_name": "testsparvati",
                "property_type": "",
                "staging_version": 0
              },
              {
                "contract_id": "ctr_1-1NC95D",
                "group_id": "grp_19293",
                "latest_version": 6,
                "note": "",
                "production_version": 5,
                "property_id": "prp_176514",
                "property_name": "pmd-live2pmd",
                "property_type": "",
                "staging_version": 1
              },
              {
                "contract_id": "ctr_1-1NC95D",
                "group_id": "grp_19293",
                "latest_version": 2,
                "note": "",
                "production_version": 0,
                "property_id": "prp_644570",
                "property_name": "chris_example",
                "property_type": "",
                "staging_version": 0
              },
              {
                "contract_id": "ctr_1-1NC95D",
                "group_id": "grp_19293",
                "latest_version": 52,
                "note": "",
                "production_version": 0,
                "property_id": "prp_566431",
                "property_name": "esigraphql_scott_buck",
                "property_type": "",
                "staging_version": 1
              },
              {
                "contract_id": "ctr_1-1NC95D",
                "group_id": "grp_19293",
                "latest_version": 16,
                "note": "",
                "production_version": 0,
                "property_id": "prp_233451",
                "property_name": "cmoraqui_dsalab",
                "property_type": "",
                "staging_version": 15
              },
              {
                "contract_id": "ctr_1-1NC95D",
                "group_id": "grp_19293",
                "latest_version": 2,
                "note": "",
                "production_version": 0,
                "property_id": "prp_130810",
                "property_name": "dsa-tohare-4-9-2013",
                "property_type": "",
                "staging_version": 0
              },
              {
                "contract_id": "ctr_1-1NC95D",
                "group_id": "grp_19293",
                "latest_version": 8,
                "note": "",
                "production_version": 0,
                "property_id": "prp_791455",
                "property_name": "pizzacart",
                "property_type": "",
                "staging_version": 7
              },
              {
                "contract_id": "ctr_1-1NC95D",
                "group_id": "grp_19293",
                "latest_version": 2,
                "note": "",
                "production_version": 0,
                "property_id": "prp_632998",
                "property_name": "mm_AMD_iphone",
                "property_type": "",
                "staging_version": 0
              },
              {
                "contract_id": "ctr_1-1NC95D",
                "group_id": "grp_19293",
                "latest_version": 83,
                "note": "",
                "production_version": 44,
                "property_id": "prp_696340",
                "property_name": "hinadome-test-secure-by-default",
                "property_type": "",
                "staging_version": 83
              },
              {
                "contract_id": "ctr_1-1NC95D",
                "group_id": "grp_19293",
                "latest_version": 9,
                "note": "",
                "production_version": 0,
                "property_id": "prp_1125893",
                "property_name": "www.pablosalazar.net",
                "property_type": "",
                "staging_version": 8
              },
              {
                "contract_id": "ctr_1-1NC95D",
                "group_id": "grp_19293",
                "latest_version": 6,
                "note": "",
                "production_version": 5,
                "property_id": "prp_671329",
                "property_name": "fnami_osn",
                "property_type": "",
                "staging_version": 5
              },
              {
                "contract_id": "ctr_1-1NC95D",
                "group_id": "grp_19293",
                "latest_version": 2,
                "note": "",
                "production_version": 0,
                "property_id": "prp_1155131",
                "property_name": "tfsourceconfiglab",
                "property_type": "",
                "staging_version": 2
              },
              {
                "contract_id": "ctr_1-1NC95D",
                "group_id": "grp_19293",
                "latest_version": 10,
                "note": "",
                "production_version": 0,
                "property_id": "prp_928649",
                "property_name": "Taha_Labs",
                "property_type": "",
                "staging_version": 0
              },
              {
                "contract_id": "ctr_1-1NC95D",
                "group_id": "grp_19293",
                "latest_version": 5,
                "note": "",
                "production_version": 4,
                "property_id": "prp_284874",
                "property_name": "metro.co.uk_test",
                "property_type": "",
                "staging_version": 0
              },
              {
                "contract_id": "ctr_1-1NC95D",
                "group_id": "grp_19293",
                "latest_version": 17,
                "note": "",
                "production_version": 16,
                "property_id": "prp_702554",
                "property_name": "datastream.losgiova.com",
                "property_type": "",
                "staging_version": 16
              },
              {
                "contract_id": "ctr_1-1NC95D",
                "group_id": "grp_19293",
                "latest_version": 2,
                "note": "",
                "production_version": 0,
                "property_id": "prp_210838",
                "property_name": "ion.sstierer.com",
                "property_type": "",
                "staging_version": 0
              },
              {
                "contract_id": "ctr_1-1NC95D",
                "group_id": "grp_19293",
                "latest_version": 26,
                "note": "",
                "production_version": 0,
                "property_id": "prp_382082",
                "property_name": "jviquezc_lab_9",
                "property_type": "",
                "staging_version": 23
              },
              {
                "contract_id": "ctr_1-1NC95D",
                "group_id": "grp_19293",
                "latest_version": 4,
                "note": "",
                "production_version": 1,
                "property_id": "prp_566401",
                "property_name": "090test",
                "property_type": "",
                "staging_version": 1
              },
              {
                "contract_id": "ctr_1-1NC95D",
                "group_id": "grp_19293",
                "latest_version": 1,
                "note": "",
                "production_version": 0,
                "property_id": "prp_1265121",
                "property_name": "tnoor_test",
                "property_type": "",
                "staging_version": 0
              },
              {
                "contract_id": "ctr_1-1NC95D",
                "group_id": "grp_19293",
                "latest_version": 9,
                "note": "",
                "production_version": 0,
                "property_id": "prp_626508",
                "property_name": "ddondyk.gsshappylearning.com_lab3b",
                "property_type": "",
                "staging_version": 6
              },
              {
                "contract_id": "ctr_1-1NC95D",
                "group_id": "grp_19293",
                "latest_version": 10,
                "note": "",
                "production_version": 0,
                "property_id": "prp_988160",
                "property_name": "sbd_vcd_init_dfYKyLGZVO",
                "property_type": "",
                "staging_version": 0
              },
              {
                "contract_id": "ctr_1-1NC95D",
                "group_id": "grp_19293",
                "latest_version": 2,
                "note": "",
                "production_version": 0,
                "property_id": "prp_277039",
                "property_name": "failover-second-hop.akamaiflowershop.com",
                "property_type": "",
                "staging_version": 1
              },
              {
                "contract_id": "ctr_1-1NC95D",
                "group_id": "grp_19293",
                "latest_version": 583,
                "note": "",
                "production_version": 568,
                "property_id": "prp_620123",
                "property_name": "wdelahay",
                "property_type": "",
                "staging_version": 583
              },
              {
                "contract_id": "ctr_1-1NC95D",
                "group_id": "grp_19293",
                "latest_version": 3,
                "note": "",
                "production_version": 0,
                "property_id": "prp_156277",
                "property_name": "testpm.kkaczano.com",
                "property_type": "",
                "staging_version": 1
              },
              {
                "contract_id": "ctr_1-1NC95D",
                "group_id": "grp_19293",
                "latest_version": 4,
                "note": "",
                "production_version": 0,
                "property_id": "prp_473447",
                "property_name": "audience.losgiova.com",
                "property_type": "",
                "staging_version": 2
              },
              {
                "contract_id": "ctr_1-1NC95D",
                "group_id": "grp_19293",
                "latest_version": 2,
                "note": "",
                "production_version": 0,
                "property_id": "prp_362977",
                "property_name": "Testsite1",
                "property_type": "",
                "staging_version": 1
              },
              {
                "contract_id": "ctr_1-1NC95D",
                "group_id": "grp_19293",
                "latest_version": 2,
                "note": "",
                "production_version": 0,
                "property_id": "prp_351407",
                "property_name": "jan92017.com",
                "property_type": "",
                "staging_version": 1
              },
              {
                "contract_id": "ctr_1-1NC95D",
                "group_id": "grp_19293",
                "latest_version": 29,
                "note": "",
                "production_version": 26,
                "property_id": "prp_575689",
                "property_name": "mtopor-madry",
                "property_type": "",
                "staging_version": 26
              },
              {
                "contract_id": "ctr_1-1NC95D",
                "group_id": "grp_19293",
                "latest_version": 5,
                "note": "",
                "production_version": 0,
                "property_id": "prp_130811",
                "property_name": "aude_pm_sitefailover",
                "property_type": "",
                "staging_version": 4
              },
              {
                "contract_id": "ctr_1-1NC95D",
                "group_id": "grp_19293",
                "latest_version": 2,
                "note": "",
                "production_version": 0,
                "property_id": "prp_1099901",
                "property_name": "arodrigo-cprlab",
                "property_type": "",
                "staging_version": 1
              },
              {
                "contract_id": "ctr_1-1NC95D",
                "group_id": "grp_19293",
                "latest_version": 3,
                "note": "",
                "production_version": 0,
                "property_id": "prp_227630",
                "property_name": "ipa.jgiovann.com",
                "property_type": "",
                "staging_version": 1
              },
              {
                "contract_id": "ctr_1-1NC95D",
                "group_id": "grp_19293",
                "latest_version": 2,
                "note": "",
                "production_version": 0,
                "property_id": "prp_309374",
                "property_name": "testic.com",
                "property_type": "",
                "staging_version": 0
              },
              {
                "contract_id": "ctr_1-1NC95D",
                "group_id": "grp_19293",
                "latest_version": 5,
                "note": "",
                "production_version": 0,
                "property_id": "prp_426863",
                "property_name": "usaatest.jgiovann.com",
                "property_type": "",
                "staging_version": 4
              },
              {
                "contract_id": "ctr_1-1NC95D",
                "group_id": "grp_19293",
                "latest_version": 2,
                "note": "",
                "production_version": 0,
                "property_id": "prp_654775",
                "property_name": "RMtesting_amd",
                "property_type": "",
                "staging_version": 0
              },
              {
                "contract_id": "ctr_1-1NC95D",
                "group_id": "grp_19293",
                "latest_version": 49,
                "note": "",
                "production_version": 22,
                "property_id": "prp_612884",
                "property_name": "sadeb-IM-test",
                "property_type": "",
                "staging_version": 48
              },
              {
                "contract_id": "ctr_1-1NC95D",
                "group_id": "grp_19293",
                "latest_version": 2,
                "note": "",
                "production_version": 1,
                "property_id": "prp_444812",
                "property_name": "s3-streaming_pm",
                "property_type": "",
                "staging_version": 1
              },
              {
                "contract_id": "ctr_1-1NC95D",
                "group_id": "grp_19293",
                "latest_version": 2,
                "note": "",
                "production_version": 0,
                "property_id": "prp_578704",
                "property_name": "amd2.mkobylar.xyz",
                "property_type": "",
                "staging_version": 0
              },
              {
                "contract_id": "ctr_1-1NC95D",
                "group_id": "grp_19293",
                "latest_version": 83,
                "note": "",
                "production_version": 47,
                "property_id": "prp_932257",
                "property_name": "mcastro-PRcert",
                "property_type": "",
                "staging_version": 82
              },
              {
                "contract_id": "ctr_1-1NC95D",
                "group_id": "grp_19293",
                "latest_version": 2,
                "note": "",
                "production_version": 0,
                "property_id": "prp_138629",
                "property_name": "stefan-test",
                "property_type": "",
                "staging_version": 0
              },
              {
                "contract_id": "ctr_1-1NC95D",
                "group_id": "grp_19293",
                "latest_version": 16,
                "note": "",
                "production_version": 0,
                "property_id": "prp_161874",
                "property_name": "baghamut.com",
                "property_type": "",
                "staging_version": 0
              },
              {
                "contract_id": "ctr_1-1NC95D",
                "group_id": "grp_19293",
                "latest_version": 10,
                "note": "",
                "production_version": 2,
                "property_id": "prp_709168",
                "property_name": "speedtest.pear.com",
                "property_type": "",
                "staging_version": 8
              },
              {
                "contract_id": "ctr_1-1NC95D",
                "group_id": "grp_19293",
                "latest_version": 1,
                "note": "",
                "production_version": 0,
                "property_id": "prp_554845",
                "property_name": "sandip.gsshappylearning.com",
                "property_type": "",
                "staging_version": 0
              },
              {
                "contract_id": "ctr_1-1NC95D",
                "group_id": "grp_19293",
                "latest_version": 2,
                "note": "",
                "production_version": 0,
                "property_id": "prp_671693",
                "property_name": "nhoffman-ion-test",
                "property_type": "",
                "staging_version": 0
              },
              {
                "contract_id": "ctr_1-1NC95D",
                "group_id": "grp_19293",
                "latest_version": 4,
                "note": "",
                "production_version": 1,
                "property_id": "prp_491482",
                "property_name": "chirinetest-apigateway",
                "property_type": "",
                "staging_version": 2
              },
              {
                "contract_id": "ctr_1-1NC95D",
                "group_id": "grp_19293",
                "latest_version": 2,
                "note": "",
                "production_version": 0,
                "property_id": "prp_170604",
                "property_name": "mock1",
                "property_type": "",
                "staging_version": 0
              },
              {
                "contract_id": "ctr_1-1NC95D",
                "group_id": "grp_19293",
                "latest_version": 2,
                "note": "",
                "production_version": 0,
                "property_id": "prp_522072",
                "property_name": "tbishop.edgesuite.net",
                "property_type": "",
                "staging_version": 0
              },
              {
                "contract_id": "ctr_1-1NC95D",
                "group_id": "grp_19293",
                "latest_version": 9,
                "note": "",
                "production_version": 6,
                "property_id": "prp_1014810",
                "property_name": "Pushkar_test",
                "property_type": "",
                "staging_version": 9
              },
              {
                "contract_id": "ctr_1-1NC95D",
                "group_id": "grp_19293",
                "latest_version": 8,
                "note": "",
                "production_version": 0,
                "property_id": "prp_644883",
                "property_name": "20200830.mbasavar.gsshappylearning.com",
                "property_type": "",
                "staging_version": 7
              },
              {
                "contract_id": "ctr_1-1NC95D",
                "group_id": "grp_19293",
                "latest_version": 61,
                "note": "",
                "production_version": 0,
                "property_id": "prp_401472",
                "property_name": "advmatorres.proserv.com",
                "property_type": "",
                "staging_version": 60
              },
              {
                "contract_id": "ctr_1-1NC95D",
                "group_id": "grp_19293",
                "latest_version": 31,
                "note": "",
                "production_version": 27,
                "property_id": "prp_351519",
                "property_name": "akamai-amd-test.salvado.me",
                "property_type": "",
                "staging_version": 27
              },
              {
                "contract_id": "ctr_1-1NC95D",
                "group_id": "grp_19293",
                "latest_version": 9,
                "note": "",
                "production_version": 7,
                "property_id": "prp_868100",
                "property_name": "sabrlive.akamaized.net",
                "property_type": "",
                "staging_version": 7
              },
              {
                "contract_id": "ctr_1-1NC95D",
                "group_id": "grp_19293",
                "latest_version": 3,
                "note": "",
                "production_version": 0,
                "property_id": "prp_522034",
                "property_name": "config-rapid-gkeshav",
                "property_type": "",
                "staging_version": 1
              },
              {
                "contract_id": "ctr_1-1NC95D",
                "group_id": "grp_19293",
                "latest_version": 2,
                "note": "",
                "production_version": 0,
                "property_id": "prp_1014775",
                "property_name": "dgundapu_terraform",
                "property_type": "",
                "staging_version": 0
              },
              {
                "contract_id": "ctr_1-1NC95D",
                "group_id": "grp_19293",
                "latest_version": 15,
                "note": "",
                "production_version": 0,
                "property_id": "prp_211240",
                "property_name": "dash.elusivebrewing.com",
                "property_type": "",
                "staging_version": 14
              },
              {
                "contract_id": "ctr_1-1NC95D",
                "group_id": "grp_19293",
                "latest_version": 2,
                "note": "",
                "production_version": 1,
                "property_id": "prp_596870",
                "property_name": "throttling-test",
                "property_type": "",
                "staging_version": 0
              },
              {
                "contract_id": "ctr_1-1NC95D",
                "group_id": "grp_19293",
                "latest_version": 2,
                "note": "",
                "production_version": 0,
                "property_id": "prp_547356",
                "property_name": "sdlogcapture",
                "property_type": "",
                "staging_version": 0
              },
              {
                "contract_id": "ctr_1-1NC95D",
                "group_id": "grp_19293",
                "latest_version": 18,
                "note": "",
                "production_version": 11,
                "property_id": "prp_582108",
                "property_name": "sachopra.www.akamaiflowershop.com",
                "property_type": "",
                "staging_version": 16
              },
              {
                "contract_id": "ctr_1-1NC95D",
                "group_id": "grp_19293",
                "latest_version": 2,
                "note": "",
                "production_version": 0,
                "property_id": "prp_314279",
                "property_name": "nasdaq.kmankodi.cloudmonitor.com",
                "property_type": "",
                "staging_version": 0
              },
              {
                "contract_id": "ctr_1-1NC95D",
                "group_id": "grp_19293",
                "latest_version": 36,
                "note": "",
                "production_version": 27,
                "property_id": "prp_200527",
                "property_name": "geordie-a.akamaihd.net_pm",
                "property_type": "",
                "staging_version": 35
              },
              {
                "contract_id": "ctr_1-1NC95D",
                "group_id": "grp_19293",
                "latest_version": 190,
                "note": "",
                "production_version": 189,
                "property_id": "prp_289163",
                "property_name": "nakul.flowers.com",
                "property_type": "",
                "staging_version": 189
              },
              {
                "contract_id": "ctr_1-1NC95D",
                "group_id": "grp_19293",
                "latest_version": 3,
                "note": "",
                "production_version": 0,
                "property_id": "prp_289164",
                "property_name": "brycegtmakamaiflowershop.com",
                "property_type": "",
                "staging_version": 1
              },
              {
                "contract_id": "ctr_1-1NC95D",
                "group_id": "grp_19293",
                "latest_version": 173,
                "note": "",
                "production_version": 0,
                "property_id": "prp_317942",
                "property_name": "gkeshav.com",
                "property_type": "",
                "staging_version": 171
              },
              {
                "contract_id": "ctr_1-1NC95D",
                "group_id": "grp_19293",
                "latest_version": 4,
                "note": "",
                "production_version": 0,
                "property_id": "prp_600174",
                "property_name": "target",
                "property_type": "",
                "staging_version": 3
              },
              {
                "contract_id": "ctr_1-1NC95D",
                "group_id": "grp_19293",
                "latest_version": 33,
                "note": "",
                "production_version": 30,
                "property_id": "prp_216928",
                "property_name": "www.davidbartosh.com.xml",
                "property_type": "",
                "staging_version": 30
              },
              {
                "contract_id": "ctr_1-1NC95D",
                "group_id": "grp_19293",
                "latest_version": 6,
                "note": "",
                "production_version": 0,
                "property_id": "prp_253634",
                "property_name": "cmercado",
                "property_type": "",
                "staging_version": 3
              },
              {
                "contract_id": "ctr_1-1NC95D",
                "group_id": "grp_19293",
                "latest_version": 2,
                "note": "",
                "production_version": 0,
                "property_id": "prp_600175",
                "property_name": "ion-std-tls.davidbartosh.com",
                "property_type": "",
                "staging_version": 0
              },
              {
                "contract_id": "ctr_1-1NC95D",
                "group_id": "grp_19293",
                "latest_version": 5,
                "note": "",
                "production_version": 0,
                "property_id": "prp_171469",
                "property_name": "test.gaurav.com.xml",
                "property_type": "",
                "staging_version": 1
              },
              {
                "contract_id": "ctr_1-1NC95D",
                "group_id": "grp_19293",
                "latest_version": 4,
                "note": "",
                "production_version": 3,
                "property_id": "prp_174184",
                "property_name": "cm.sandip.ind.in.edgesuite.net",
                "property_type": "",
                "staging_version": 3
              },
              {
                "contract_id": "ctr_1-1NC95D",
                "group_id": "grp_19293",
                "latest_version": 2,
                "note": "",
                "production_version": 0,
                "property_id": "prp_386064",
                "property_name": "tkamitsu.wsd",
                "property_type": "",
                "staging_version": 0
              },
              {
                "contract_id": "ctr_1-1NC95D",
                "group_id": "grp_19293",
                "latest_version": 11,
                "note": "",
                "production_version": 0,
                "property_id": "prp_500554",
                "property_name": "jvarghesmetadata.gsshappylearning.com",
                "property_type": "",
                "staging_version": 10
              },
              {
                "contract_id": "ctr_1-1NC95D",
                "group_id": "grp_19293",
                "latest_version": 2,
                "note": "",
                "production_version": 0,
                "property_id": "prp_370595",
                "property_name": "www.socpunchbag.com",
                "property_type": "",
                "staging_version": 1
              },
              {
                "contract_id": "ctr_1-1NC95D",
                "group_id": "grp_19293",
                "latest_version": 18,
                "note": "",
                "production_version": 17,
                "property_id": "prp_860798",
                "property_name": "sabr.akamaized.net",
                "property_type": "",
                "staging_version": 17
              },
              {
                "contract_id": "ctr_1-1NC95D",
                "group_id": "grp_19293",
                "latest_version": 161,
                "note": "",
                "production_version": 158,
                "property_id": "prp_1070237",
                "property_name": "PS_krajas.com",
                "property_type": "",
                "staging_version": 161
              },
              {
                "contract_id": "ctr_1-1NC95D",
                "group_id": "grp_19293",
                "latest_version": 10,
                "note": "",
                "production_version": 9,
                "property_id": "prp_714912",
                "property_name": "dcuenc_mediakind_demo",
                "property_type": "",
                "staging_version": 9
              },
              {
                "contract_id": "ctr_1-1NC95D",
                "group_id": "grp_19293",
                "latest_version": 3,
                "note": "",
                "production_version": 0,
                "property_id": "prp_699814",
                "property_name": "prod.WM_avengu_testapp5",
                "property_type": "",
                "staging_version": 2
              },
              {
                "contract_id": "ctr_1-1NC95D",
                "group_id": "grp_19293",
                "latest_version": 2,
                "note": "",
                "production_version": 0,
                "property_id": "prp_699812",
                "property_name": "dev.WM_avengu_testapp5",
                "property_type": "",
                "staging_version": 1
              },
              {
                "contract_id": "ctr_1-1NC95D",
                "group_id": "grp_19293",
                "latest_version": 2,
                "note": "",
                "production_version": 0,
                "property_id": "prp_699813",
                "property_name": "qa.WM_avengu_testapp5",
                "property_type": "",
                "staging_version": 0
              },
              {
                "contract_id": "ctr_1-1NC95D",
                "group_id": "grp_19293",
                "latest_version": 4,
                "note": "",
                "production_version": 0,
                "property_id": "prp_888965",
                "property_name": "weekend-ksd-lab",
                "property_type": "",
                "staging_version": 3
              },
              {
                "contract_id": "ctr_1-1NC95D",
                "group_id": "grp_19293",
                "latest_version": 2,
                "note": "",
                "production_version": 0,
                "property_id": "prp_203896",
                "property_name": "edgescape.edgesuite.net",
                "property_type": "",
                "staging_version": 0
              },
              {
                "contract_id": "ctr_1-1NC95D",
                "group_id": "grp_19293",
                "latest_version": 8,
                "note": "",
                "production_version": 0,
                "property_id": "prp_314153",
                "property_name": "rortizcu-Ion-Perf-lab",
                "property_type": "",
                "staging_version": 6
              },
              {
                "contract_id": "ctr_1-1NC95D",
                "group_id": "grp_19293",
                "latest_version": 4,
                "note": "",
                "production_version": 0,
                "property_id": "prp_220869",
                "property_name": "cmdata.sandip.ind.in",
                "property_type": "",
                "staging_version": 3
              },
              {
                "contract_id": "ctr_1-1NC95D",
                "group_id": "grp_19293",
                "latest_version": 2,
                "note": "",
                "production_version": 0,
                "property_id": "prp_699774",
                "property_name": "qa.WM_avengu_testapp3",
                "property_type": "",
                "staging_version": 0
              },
              {
                "contract_id": "ctr_1-1NC95D",
                "group_id": "grp_19293",
                "latest_version": 2,
                "note": "",
                "production_version": 0,
                "property_id": "prp_699775",
                "property_name": "prod.WM_avengu_testapp3",
                "property_type": "",
                "staging_version": 1
              },
              {
                "contract_id": "ctr_1-1NC95D",
                "group_id": "grp_19293",
                "latest_version": 2,
                "note": "",
                "production_version": 0,
                "property_id": "prp_699773",
                "property_name": "dev.WM_avengu_testapp3",
                "property_type": "",
                "staging_version": 0
              },
              {
                "contract_id": "ctr_1-1NC95D",
                "group_id": "grp_19293",
                "latest_version": 29,
                "note": "",
                "production_version": 0,
                "property_id": "prp_657792",
                "property_name": "ritz_PR_Test",
                "property_type": "",
                "staging_version": 27
              },
              {
                "contract_id": "ctr_1-1NC95D",
                "group_id": "grp_19293",
                "latest_version": 1,
                "note": "",
                "production_version": 0,
                "property_id": "prp_1162247",
                "property_name": "pwongcha_ion_premier",
                "property_type": "",
                "staging_version": 0
              },
              {
                "contract_id": "ctr_1-1NC95D",
                "group_id": "grp_19293",
                "latest_version": 2,
                "note": "",
                "production_version": 0,
                "property_id": "prp_699793",
                "property_name": "prod.WM_avengu_testapp4",
                "property_type": "",
                "staging_version": 0
              },
              {
                "contract_id": "ctr_1-1NC95D",
                "group_id": "grp_19293",
                "latest_version": 2,
                "note": "",
                "production_version": 0,
                "property_id": "prp_491319",
                "property_name": "test_aru",
                "property_type": "",
                "staging_version": 0
              },
              {
                "contract_id": "ctr_1-1NC95D",
                "group_id": "grp_19293",
                "latest_version": 2,
                "note": "",
                "production_version": 0,
                "property_id": "prp_699791",
                "property_name": "dev.WM_avengu_testapp4",
                "property_type": "",
                "staging_version": 0
              },
              {
                "contract_id": "ctr_1-1NC95D",
                "group_id": "grp_19293",
                "latest_version": 2,
                "note": "",
                "production_version": 0,
                "property_id": "prp_699792",
                "property_name": "qa.WM_avengu_testapp4",
                "property_type": "",
                "staging_version": 0
              },
              {
                "contract_id": "ctr_1-1NC95D",
                "group_id": "grp_19293",
                "latest_version": 2,
                "note": "",
                "production_version": 0,
                "property_id": "prp_885424",
                "property_name": "propertydirectllc_clone_pm",
                "property_type": "",
                "staging_version": 0
              },
              {
                "contract_id": "ctr_1-1NC95D",
                "group_id": "grp_19293",
                "latest_version": 2,
                "note": "",
                "production_version": 1,
                "property_id": "prp_801811",
                "property_name": "www.oh-hi-its.me",
                "property_type": "",
                "staging_version": 1
              },
              {
                "contract_id": "ctr_1-1NC95D",
                "group_id": "grp_19293",
                "latest_version": 2,
                "note": "",
                "production_version": 2,
                "property_id": "prp_1040672",
                "property_name": "tunnel.linode.haberl.io",
                "property_type": "",
                "staging_version": 0
              },
              {
                "contract_id": "ctr_1-1NC95D",
                "group_id": "grp_19293",
                "latest_version": 24,
                "note": "",
                "production_version": 23,
                "property_id": "prp_661186",
                "property_name": "aps-mm-ew-e",
                "property_type": "",
                "staging_version": 0
              },
              {
                "contract_id": "ctr_1-1NC95D",
                "group_id": "grp_19293",
                "latest_version": 81,
                "note": "",
                "production_version": 0,
                "property_id": "prp_485196",
                "property_name": "fpicado_trip3.akamaiflowershop.com",
                "property_type": "",
                "staging_version": 76
              },
              {
                "contract_id": "ctr_1-1NC95D",
                "group_id": "grp_19293",
                "latest_version": 18,
                "note": "",
                "production_version": 15,
                "property_id": "prp_801869",
                "property_name": "rasikai.gsshappylearning.com",
                "property_type": "",
                "staging_version": 15
              },
              {
                "contract_id": "ctr_1-1NC95D",
                "group_id": "grp_19293",
                "latest_version": 2,
                "note": "",
                "production_version": 1,
                "property_id": "prp_928889",
                "property_name": "vanity.losgiova.com",
                "property_type": "",
                "staging_version": 1
              },
              {
                "contract_id": "ctr_1-1NC95D",
                "group_id": "grp_19293",
                "latest_version": 16,
                "note": "",
                "production_version": 1,
                "property_id": "prp_219314",
                "property_name": "karantestsecurenew.com",
                "property_type": "",
                "staging_version": 13
              },
              {
                "contract_id": "ctr_1-1NC95D",
                "group_id": "grp_19293",
                "latest_version": 5,
                "note": "",
                "production_version": 2,
                "property_id": "prp_285076",
                "property_name": "mdrobniuch",
                "property_type": "",
                "staging_version": 1
              },
              {
                "contract_id": "ctr_1-1NC95D",
                "group_id": "grp_19293",
                "latest_version": 11,
                "note": "",
                "production_version": 6,
                "property_id": "prp_575639",
                "property_name": "mtopor.amd",
                "property_type": "",
                "staging_version": 0
              },
              {
                "contract_id": "ctr_1-1NC95D",
                "group_id": "grp_19293",
                "latest_version": 2,
                "note": "",
                "production_version": 0,
                "property_id": "prp_570925",
                "property_name": "testddlcastros",
                "property_type": "",
                "staging_version": 0
              },
              {
                "contract_id": "ctr_1-1NC95D",
                "group_id": "grp_19293",
                "latest_version": 2,
                "note": "",
                "production_version": 1,
                "property_id": "prp_857159",
                "property_name": "mguentge-sant.akamaized.net",
                "property_type": "",
                "staging_version": 0
              },
              {
                "contract_id": "ctr_1-1NC95D",
                "group_id": "grp_19293",
                "latest_version": 5,
                "note": "",
                "production_version": 0,
                "property_id": "prp_199593",
                "property_name": "capsulecorp.com",
                "property_type": "",
                "staging_version": 3
              },
              {
                "contract_id": "ctr_1-1NC95D",
                "group_id": "grp_19293",
                "latest_version": 2,
                "note": "",
                "production_version": 0,
                "property_id": "prp_949323",
                "property_name": "julian-test-not-valid.com",
                "property_type": "",
                "staging_version": 0
              },
              {
                "contract_id": "ctr_1-1NC95D",
                "group_id": "grp_19293",
                "latest_version": 4,
                "note": "",
                "production_version": 4,
                "property_id": "prp_1040646",
                "property_name": "akwaf.pvera.net",
                "property_type": "",
                "staging_version": 4
              },
              {
                "contract_id": "ctr_1-1NC95D",
                "group_id": "grp_19293",
                "latest_version": 34,
                "note": "",
                "production_version": 0,
                "property_id": "prp_121831",
                "property_name": "www.jkornas_v1.com",
                "property_type": "",
                "staging_version": 0
              },
              {
                "contract_id": "ctr_1-1NC95D",
                "group_id": "grp_19293",
                "latest_version": 19,
                "note": "",
                "production_version": 16,
                "property_id": "prp_197809",
                "property_name": "api.accuweather.com.edgesuite.net",
                "property_type": "",
                "staging_version": 17
              },
              {
                "contract_id": "ctr_1-1NC95D",
                "group_id": "grp_19293",
                "latest_version": 2,
                "note": "",
                "production_version": 0,
                "property_id": "prp_623616",
                "property_name": "computerbild-property-ion5",
                "property_type": "",
                "staging_version": 0
              },
              {
                "contract_id": "ctr_1-1NC95D",
                "group_id": "grp_19293",
                "latest_version": 2,
                "note": "",
                "production_version": 0,
                "property_id": "prp_623617",
                "property_name": "computerbild-property-ion7",
                "property_type": "",
                "staging_version": 0
              },
              {
                "contract_id": "ctr_1-1NC95D",
                "group_id": "grp_19293",
                "latest_version": 3,
                "note": "",
                "production_version": 0,
                "property_id": "prp_269517",
                "property_name": "danny-master-whiteboard--target",
                "property_type": "",
                "staging_version": 0
              },
              {
                "contract_id": "ctr_1-1NC95D",
                "group_id": "grp_19293",
                "latest_version": 2,
                "note": "",
                "production_version": 0,
                "property_id": "prp_623612",
                "property_name": "computerbild-property-ion3",
                "property_type": "",
                "staging_version": 0
              },
              {
                "contract_id": "ctr_1-1NC95D",
                "group_id": "grp_19293",
                "latest_version": 2,
                "note": "",
                "production_version": 0,
                "property_id": "prp_623613",
                "property_name": "computerbild-property-ion4",
                "property_type": "",
                "staging_version": 0
              },
              {
                "contract_id": "ctr_1-1NC95D",
                "group_id": "grp_19293",
                "latest_version": 2,
                "note": "",
                "production_version": 0,
                "property_id": "prp_585260",
                "property_name": "rkurnurk.wapconfig",
                "property_type": "",
                "staging_version": 1
              },
              {
                "contract_id": "ctr_1-1NC95D",
                "group_id": "grp_19293",
                "latest_version": 9,
                "note": "",
                "production_version": 0,
                "property_id": "prp_639548",
                "property_name": "1-1NC95D.kai.peng",
                "property_type": "",
                "staging_version": 7
              },
              {
                "contract_id": "ctr_1-1NC95D",
                "group_id": "grp_19293",
                "latest_version": 3,
                "note": "",
                "production_version": 0,
                "property_id": "prp_405127",
                "property_name": "aginwala.com",
                "property_type": "",
                "staging_version": 0
              },
              {
                "contract_id": "ctr_1-1NC95D",
                "group_id": "grp_19293",
                "latest_version": 2,
                "note": "",
                "production_version": 0,
                "property_id": "prp_408932",
                "property_name": "jaguilar_httpdownloads",
                "property_type": "",
                "staging_version": 0
              },
              {
                "contract_id": "ctr_1-1NC95D",
                "group_id": "grp_19293",
                "latest_version": 6,
                "note": "",
                "production_version": 0,
                "property_id": "prp_488267",
                "property_name": "psumedha.masterlab.com",
                "property_type": "",
                "staging_version": 3
              },
              {
                "contract_id": "ctr_1-1NC95D",
                "group_id": "grp_19293",
                "latest_version": 5,
                "note": "",
                "production_version": 0,
                "property_id": "prp_661173",
                "property_name": "pwtemplatetest",
                "property_type": "",
                "staging_version": 0
              },
              {
                "contract_id": "ctr_1-1NC95D",
                "group_id": "grp_19293",
                "latest_version": 2,
                "note": "",
                "production_version": 0,
                "property_id": "prp_603120",
                "property_name": "testdsa.gsshappylearning.com",
                "property_type": "",
                "staging_version": 0
              },
              {
                "contract_id": "ctr_1-1NC95D",
                "group_id": "grp_19293",
                "latest_version": 1,
                "note": "",
                "production_version": 0,
                "property_id": "prp_1093681",
                "property_name": "dev.hansfans.com",
                "property_type": "",
                "staging_version": 1
              },
              {
                "contract_id": "ctr_1-1NC95D",
                "group_id": "grp_19293",
                "latest_version": 2,
                "note": "",
                "production_version": 0,
                "property_id": "prp_777711",
                "property_name": "joramiretokenmetadata",
                "property_type": "",
                "staging_version": 0
              },
              {
                "contract_id": "ctr_1-1NC95D",
                "group_id": "grp_19293",
                "latest_version": 2,
                "note": "",
                "production_version": 0,
                "property_id": "prp_448573",
                "property_name": "pl-test.com",
                "property_type": "",
                "staging_version": 0
              },
              {
                "contract_id": "ctr_1-1NC95D",
                "group_id": "grp_19293",
                "latest_version": 4,
                "note": "",
                "production_version": 0,
                "property_id": "prp_237979",
                "property_name": "Marodrig-Lab",
                "property_type": "",
                "staging_version": 3
              },
              {
                "contract_id": "ctr_1-1NC95D",
                "group_id": "grp_19293",
                "latest_version": 2,
                "note": "",
                "production_version": 0,
                "property_id": "prp_571161",
                "property_name": "test-video.twmig.com",
                "property_type": "",
                "staging_version": 0
              },
              {
                "contract_id": "ctr_1-1NC95D",
                "group_id": "grp_19293",
                "latest_version": 1,
                "note": "",
                "production_version": 0,
                "property_id": "prp_1272846",
                "property_name": "twentyfour.tf-demo.com",
                "property_type": "",
                "staging_version": 0
              },
              {
                "contract_id": "ctr_1-1NC95D",
                "group_id": "grp_19293",
                "latest_version": 1,
                "note": "",
                "production_version": 0,
                "property_id": "prp_1213415",
                "property_name": "lalexand-may2",
                "property_type": "",
                "staging_version": 0
              },
              {
                "contract_id": "ctr_1-1NC95D",
                "group_id": "grp_19293",
                "latest_version": 3,
                "note": "",
                "production_version": 0,
                "property_id": "prp_661448",
                "property_name": "bd_cm",
                "property_type": "",
                "staging_version": 0
              },
              {
                "contract_id": "ctr_1-1NC95D",
                "group_id": "grp_19293",
                "latest_version": 9,
                "note": "",
                "production_version": 0,
                "property_id": "prp_397789",
                "property_name": "skesapratest-i.akamaihd.net",
                "property_type": "",
                "staging_version": 7
              },
              {
                "contract_id": "ctr_1-1NC95D",
                "group_id": "grp_19293",
                "latest_version": 12,
                "note": "",
                "production_version": 0,
                "property_id": "prp_661447",
                "property_name": "bd_cmtest",
                "property_type": "",
                "staging_version": 9
              },
              {
                "contract_id": "ctr_1-1NC95D",
                "group_id": "grp_19293",
                "latest_version": 3,
                "note": "",
                "production_version": 0,
                "property_id": "prp_190141",
                "property_name": "www.prevankatest.com_pm",
                "property_type": "",
                "staging_version": 0
              },
              {
                "contract_id": "ctr_1-1NC95D",
                "group_id": "grp_19293",
                "latest_version": 2,
                "note": "",
                "production_version": 0,
                "property_id": "prp_293239",
                "property_name": "www.bryce2flowershop.com",
                "property_type": "",
                "staging_version": 0
              },
              {
                "contract_id": "ctr_1-1NC95D",
                "group_id": "grp_19293",
                "latest_version": 2,
                "note": "",
                "production_version": 0,
                "property_id": "prp_966282",
                "property_name": "camadeo10.gsshappylearning.com",
                "property_type": "",
                "staging_version": 1
              },
              {
                "contract_id": "ctr_1-1NC95D",
                "group_id": "grp_19293",
                "latest_version": 3,
                "note": "",
                "production_version": 1,
                "property_id": "prp_549871",
                "property_name": "jmoravaltest.akamaized.net",
                "property_type": "",
                "staging_version": 1
              },
              {
                "contract_id": "ctr_1-1NC95D",
                "group_id": "grp_19293",
                "latest_version": 3,
                "note": "",
                "production_version": 1,
                "property_id": "prp_167008",
                "property_name": "trial.nacion.com.edgesuite.net",
                "property_type": "",
                "staging_version": 0
              },
              {
                "contract_id": "ctr_1-1NC95D",
                "group_id": "grp_19293",
                "latest_version": 2,
                "note": "",
                "production_version": 0,
                "property_id": "prp_569748",
                "property_name": "ucbp-download.davidbartosh.com",
                "property_type": "",
                "staging_version": 0
              },
              {
                "contract_id": "ctr_1-1NC95D",
                "group_id": "grp_19293",
                "latest_version": 3,
                "note": "",
                "production_version": 0,
                "property_id": "prp_217545",
                "property_name": "microscan_demo_pmd",
                "property_type": "",
                "staging_version": 1
              },
              {
                "contract_id": "ctr_1-1NC95D",
                "group_id": "grp_19293",
                "latest_version": 2,
                "note": "",
                "production_version": 0,
                "property_id": "prp_386432",
                "property_name": "amatarriPMD.test.com",
                "property_type": "",
                "staging_version": 0
              },
              {
                "contract_id": "ctr_1-1NC95D",
                "group_id": "grp_19293",
                "latest_version": 13,
                "note": "",
                "production_version": 13,
                "property_id": "prp_1001719",
                "property_name": "indu-lumentesting-amd",
                "property_type": "",
                "staging_version": 12
              },
              {
                "contract_id": "ctr_1-1NC95D",
                "group_id": "grp_19293",
                "latest_version": 3,
                "note": "",
                "production_version": 1,
                "property_id": "prp_671911",
                "property_name": "fnami_im",
                "property_type": "",
                "staging_version": 1
              },
              {
                "contract_id": "ctr_1-1NC95D",
                "group_id": "grp_19293",
                "latest_version": 3,
                "note": "",
                "production_version": 0,
                "property_id": "prp_636602",
                "property_name": "aflores-sxm-pri.art.prod.streaming",
                "property_type": "",
                "staging_version": 0
              },
              {
                "contract_id": "ctr_1-1NC95D",
                "group_id": "grp_19293",
                "latest_version": 2,
                "note": "",
                "production_version": 0,
                "property_id": "prp_133101",
                "property_name": "Konasarek",
                "property_type": "",
                "staging_version": 0
              },
              {
                "contract_id": "ctr_1-1NC95D",
                "group_id": "grp_19293",
                "latest_version": 1,
                "note": "",
                "production_version": 0,
                "property_id": "prp_1123106",
                "property_name": "testterraform",
                "property_type": "",
                "staging_version": 0
              },
              {
                "contract_id": "ctr_1-1NC95D",
                "group_id": "grp_19293",
                "latest_version": 7,
                "note": "",
                "production_version": 0,
                "property_id": "prp_627116",
                "property_name": "hnsn_test",
                "property_type": "",
                "staging_version": 0
              },
              {
                "contract_id": "ctr_1-1NC95D",
                "group_id": "grp_19293",
                "latest_version": 2,
                "note": "",
                "production_version": 0,
                "property_id": "prp_454988",
                "property_name": "georgefbtION",
                "property_type": "",
                "staging_version": 0
              },
              {
                "contract_id": "ctr_1-1NC95D",
                "group_id": "grp_19293",
                "latest_version": 3,
                "note": "",
                "production_version": 0,
                "property_id": "prp_836609",
                "property_name": "ldapid-onboarding",
                "property_type": "",
                "staging_version": 0
              },
              {
                "contract_id": "ctr_1-1NC95D",
                "group_id": "grp_19293",
                "latest_version": 11,
                "note": "",
                "production_version": 10,
                "property_id": "prp_724819",
                "property_name": "jalaneion.akamaized.net",
                "property_type": "",
                "staging_version": 10
              },
              {
                "contract_id": "ctr_1-1NC95D",
                "group_id": "grp_19293",
                "latest_version": 3,
                "note": "",
                "production_version": 0,
                "property_id": "prp_249903",
                "property_name": "maroto.dsalab.com",
                "property_type": "",
                "staging_version": 0
              },
              {
                "contract_id": "ctr_1-1NC95D",
                "group_id": "grp_19293",
                "latest_version": 2,
                "note": "",
                "production_version": 0,
                "property_id": "prp_277638",
                "property_name": "testroez",
                "property_type": "",
                "staging_version": 0
              },
              {
                "contract_id": "ctr_1-1NC95D",
                "group_id": "grp_19293",
                "latest_version": 3,
                "note": "",
                "production_version": 0,
                "property_id": "prp_569824",
                "property_name": "prvenkat_ion_devops_sd_template",
                "property_type": "",
                "staging_version": 1
              },
              {
                "contract_id": "ctr_1-1NC95D",
                "group_id": "grp_19293",
                "latest_version": 18,
                "note": "",
                "production_version": 0,
                "property_id": "prp_367127",
                "property_name": "example.vravuri.com",
                "property_type": "",
                "staging_version": 16
              },
              {
                "contract_id": "ctr_1-1NC95D",
                "group_id": "grp_19293",
                "latest_version": 1,
                "note": "",
                "production_version": 0,
                "property_id": "prp_1129859",
                "property_name": "amd.balsingh.com",
                "property_type": "",
                "staging_version": 0
              },
              {
                "contract_id": "ctr_1-1NC95D",
                "group_id": "grp_19293",
                "latest_version": 753,
                "note": "",
                "production_version": 667,
                "property_id": "prp_1018257",
                "property_name": "ssomani_mpulse",
                "property_type": "",
                "staging_version": 752
              },
              {
                "contract_id": "ctr_1-1NC95D",
                "group_id": "grp_19293",
                "latest_version": 7,
                "note": "",
                "production_version": 5,
                "property_id": "prp_1057266",
                "property_name": "sweetnuthin.xyz",
                "property_type": "",
                "staging_version": 5
              },
              {
                "contract_id": "ctr_1-1NC95D",
                "group_id": "grp_19293",
                "latest_version": 2,
                "note": "",
                "production_version": 0,
                "property_id": "prp_700190",
                "property_name": "dev.WM_avengu_testapp6",
                "property_type": "",
                "staging_version": 1
              },
              {
                "contract_id": "ctr_1-1NC95D",
                "group_id": "grp_19293",
                "latest_version": 3,
                "note": "",
                "production_version": 0,
                "property_id": "prp_808910",
                "property_name": "jviquezc_api_cli.com",
                "property_type": "",
                "staging_version": 1
              },
              {
                "contract_id": "ctr_1-1NC95D",
                "group_id": "grp_19293",
                "latest_version": 2,
                "note": "",
                "production_version": 0,
                "property_id": "prp_700191",
                "property_name": "qa.WM_avengu_testapp6",
                "property_type": "",
                "staging_version": 0
              },
              {
                "contract_id": "ctr_1-1NC95D",
                "group_id": "grp_19293",
                "latest_version": 3,
                "note": "",
                "production_version": 0,
                "property_id": "prp_445075",
                "property_name": "www.aanuj.com",
                "property_type": "",
                "staging_version": 0
              },
              {
                "contract_id": "ctr_1-1NC95D",
                "group_id": "grp_19293",
                "latest_version": 2,
                "note": "",
                "production_version": 1,
                "property_id": "prp_1087063",
                "property_name": "errorPage.bdwazo.nl",
                "property_type": "",
                "staging_version": 1
              },
              {
                "contract_id": "ctr_1-1NC95D",
                "group_id": "grp_19293",
                "latest_version": 2,
                "note": "",
                "production_version": 0,
                "property_id": "prp_448607",
                "property_name": "pl.download.com",
                "property_type": "",
                "staging_version": 0
              },
              {
                "contract_id": "ctr_1-1NC95D",
                "group_id": "grp_19293",
                "latest_version": 3,
                "note": "",
                "production_version": 0,
                "property_id": "prp_199982",
                "property_name": "geordie.lab.com",
                "property_type": "",
                "staging_version": 0
              },
              {
                "contract_id": "ctr_1-1NC95D",
                "group_id": "grp_19293",
                "latest_version": 3,
                "note": "",
                "production_version": 0,
                "property_id": "prp_445078",
                "property_name": "abc.dolby.com",
                "property_type": "",
                "staging_version": 0
              },
              {
                "contract_id": "ctr_1-1NC95D",
                "group_id": "grp_19293",
                "latest_version": 9,
                "note": "",
                "production_version": 1,
                "property_id": "prp_172571",
                "property_name": "mwidomski.polandishere",
                "property_type": "",
                "staging_version": 6
              },
              {
                "contract_id": "ctr_1-1NC95D",
                "group_id": "grp_19293",
                "latest_version": 18,
                "note": "",
                "production_version": 1,
                "property_id": "prp_467659",
                "property_name": "raajamdtest",
                "property_type": "",
                "staging_version": 17
              },
              {
                "contract_id": "ctr_1-1NC95D",
                "group_id": "grp_19293",
                "latest_version": 3,
                "note": "",
                "production_version": 0,
                "property_id": "prp_700192",
                "property_name": "prod.WM_avengu_testapp6",
                "property_type": "",
                "staging_version": 2
              },
              {
                "contract_id": "ctr_1-1NC95D",
                "group_id": "grp_19293",
                "latest_version": 2,
                "note": "",
                "production_version": 1,
                "property_id": "prp_359381",
                "property_name": "sample-customer-video-site",
                "property_type": "",
                "staging_version": 1
              },
              {
                "contract_id": "ctr_1-1NC95D",
                "group_id": "grp_19293",
                "latest_version": 5,
                "note": "",
                "production_version": 0,
                "property_id": "prp_401505",
                "property_name": "jjimenez.gsshappylearning.com",
                "property_type": "",
                "staging_version": 2
              },
              {
                "contract_id": "ctr_1-1NC95D",
                "group_id": "grp_19293",
                "latest_version": 2,
                "note": "",
                "production_version": 0,
                "property_id": "prp_430406",
                "property_name": "idasilvatest",
                "property_type": "",
                "staging_version": 0
              },
              {
                "contract_id": "ctr_1-1NC95D",
                "group_id": "grp_19293",
                "latest_version": 5,
                "note": "",
                "production_version": 0,
                "property_id": "prp_511239",
                "property_name": "Onlinebuy",
                "property_type": "",
                "staging_version": 3
              },
              {
                "contract_id": "ctr_1-1NC95D",
                "group_id": "grp_19293",
                "latest_version": 2,
                "note": "",
                "production_version": 0,
                "property_id": "prp_355441",
                "property_name": "psankar1.edgesuite.net",
                "property_type": "",
                "staging_version": 0
              },
              {
                "contract_id": "ctr_1-1NC95D",
                "group_id": "grp_19293",
                "latest_version": 3,
                "note": "",
                "production_version": 0,
                "property_id": "prp_630094",
                "property_name": "dd-rortizcu",
                "property_type": "",
                "staging_version": 1
              },
              {
                "contract_id": "ctr_1-1NC95D",
                "group_id": "grp_19293",
                "latest_version": 2,
                "note": "",
                "production_version": 0,
                "property_id": "prp_572974",
                "property_name": "samtest_test11",
                "property_type": "",
                "staging_version": 1
              },
              {
                "contract_id": "ctr_1-1NC95D",
                "group_id": "grp_19293",
                "latest_version": 2,
                "note": "",
                "production_version": 0,
                "property_id": "prp_569677",
                "property_name": "amd-ucbp.davidbartosh.com",
                "property_type": "",
                "staging_version": 0
              },
              {
                "contract_id": "ctr_1-1NC95D",
                "group_id": "grp_19293",
                "latest_version": 8,
                "note": "",
                "production_version": 8,
                "property_id": "prp_696711",
                "property_name": "mguentge-demo-stage",
                "property_type": "",
                "staging_version": 8
              },
              {
                "contract_id": "ctr_1-1NC95D",
                "group_id": "grp_19293",
                "latest_version": 36,
                "note": "",
                "production_version": 0,
                "property_id": "prp_201808",
                "property_name": "vravuri-www.imdb.com",
                "property_type": "",
                "staging_version": 34
              },
              {
                "contract_id": "ctr_1-1NC95D",
                "group_id": "grp_19293",
                "latest_version": 2,
                "note": "",
                "production_version": 1,
                "property_id": "prp_207084",
                "property_name": "resources.www.bumel.pl",
                "property_type": "",
                "staging_version": 1
              },
              {
                "contract_id": "ctr_1-1NC95D",
                "group_id": "grp_19293",
                "latest_version": 2,
                "note": "",
                "production_version": 0,
                "property_id": "prp_257638",
                "property_name": "test.lvm.com",
                "property_type": "",
                "staging_version": 0
              },
              {
                "contract_id": "ctr_1-1NC95D",
                "group_id": "grp_19293",
                "latest_version": 2,
                "note": "",
                "production_version": 2,
                "property_id": "prp_1057111",
                "property_name": "mdt-resources",
                "property_type": "",
                "staging_version": 2
              },
              {
                "contract_id": "ctr_1-1NC95D",
                "group_id": "grp_19293",
                "latest_version": 5,
                "note": "",
                "production_version": 3,
                "property_id": "prp_423554",
                "property_name": "support.ptc.com_internal",
                "property_type": "",
                "staging_version": 3
              },
              {
                "contract_id": "ctr_1-1NC95D",
                "group_id": "grp_19293",
                "latest_version": 3,
                "note": "",
                "production_version": 0,
                "property_id": "prp_678951",
                "property_name": "filedeliveryindustrymarketing.com",
                "property_type": "",
                "staging_version": 0
              },
              {
                "contract_id": "ctr_1-1NC95D",
                "group_id": "grp_19293",
                "latest_version": 3,
                "note": "",
                "production_version": 0,
                "property_id": "prp_416471",
                "property_name": "www.george.com",
                "property_type": "",
                "staging_version": 0
              },
              {
                "contract_id": "ctr_1-1NC95D",
                "group_id": "grp_19293",
                "latest_version": 10,
                "note": "",
                "production_version": 0,
                "property_id": "prp_199798",
                "property_name": "emontero-a.akamaihd.net",
                "property_type": "",
                "staging_version": 9
              },
              {
                "contract_id": "ctr_1-1NC95D",
                "group_id": "grp_19293",
                "latest_version": 5,
                "note": "",
                "production_version": 0,
                "property_id": "prp_430387",
                "property_name": "dapo.ecommerce.com",
                "property_type": "",
                "staging_version": 4
              },
              {
                "contract_id": "ctr_1-1NC95D",
                "group_id": "grp_19293",
                "latest_version": 3,
                "note": "",
                "production_version": 0,
                "property_id": "prp_572942",
                "property_name": "sandbox.test.ps",
                "property_type": "",
                "staging_version": 0
              },
              {
                "contract_id": "ctr_1-1NC95D",
                "group_id": "grp_19293",
                "latest_version": 2,
                "note": "",
                "production_version": 0,
                "property_id": "prp_273583",
                "property_name": "cloudmon.jgiovann.com",
                "property_type": "",
                "staging_version": 0
              },
              {
                "contract_id": "ctr_1-1NC95D",
                "group_id": "grp_19293",
                "latest_version": 15,
                "note": "",
                "production_version": 12,
                "property_id": "prp_606169",
                "property_name": "jviquezc.mpulse-certification.edgesuite.net",
                "property_type": "",
                "staging_version": 14
              },
              {
                "contract_id": "ctr_1-1NC95D",
                "group_id": "grp_19293",
                "latest_version": 2,
                "note": "",
                "production_version": 0,
                "property_id": "prp_966180",
                "property_name": "config-rapid-vlueck.xml_clone_2",
                "property_type": "",
                "staging_version": 1
              },
              {
                "contract_id": "ctr_1-1NC95D",
                "group_id": "grp_19293",
                "latest_version": 2,
                "note": "",
                "production_version": 0,
                "property_id": "prp_566737",
                "property_name": "jositotest.com",
                "property_type": "",
                "staging_version": 0
              },
              {
                "contract_id": "ctr_1-1NC95D",
                "group_id": "grp_19293",
                "latest_version": 25,
                "note": "",
                "production_version": 0,
                "property_id": "prp_378647",
                "property_name": "NitinGSS",
                "property_type": "",
                "staging_version": 23
              },
              {
                "contract_id": "ctr_1-1NC95D",
                "group_id": "grp_19293",
                "latest_version": 7,
                "note": "",
                "production_version": 5,
                "property_id": "prp_470637",
                "property_name": "jtokimit-demo.akamaized.net",
                "property_type": "",
                "staging_version": 6
              },
              {
                "contract_id": "ctr_1-1NC95D",
                "group_id": "grp_19293",
                "latest_version": 2,
                "note": "",
                "production_version": 0,
                "property_id": "prp_571115",
                "property_name": "testcli.prvenkatdevops.com",
                "property_type": "",
                "staging_version": 1
              },
              {
                "contract_id": "ctr_1-1NC95D",
                "group_id": "grp_19293",
                "latest_version": 4,
                "note": "",
                "production_version": 0,
                "property_id": "prp_593993",
                "property_name": "sseifert-flexi-test",
                "property_type": "",
                "staging_version": 2
              },
              {
                "contract_id": "ctr_1-1NC95D",
                "group_id": "grp_19293",
                "latest_version": 3,
                "note": "",
                "production_version": 2,
                "property_id": "prp_593995",
                "property_name": "bookmark.akamaized.net",
                "property_type": "",
                "staging_version": 2
              },
              {
                "contract_id": "ctr_1-1NC95D",
                "group_id": "grp_19293",
                "latest_version": 3,
                "note": "",
                "production_version": 2,
                "property_id": "prp_201519",
                "property_name": "dlr.edgesuite.net",
                "property_type": "",
                "staging_version": 2
              },
              {
                "contract_id": "ctr_1-1NC95D",
                "group_id": "grp_19293",
                "latest_version": 2,
                "note": "",
                "production_version": 0,
                "property_id": "prp_155822",
                "property_name": "test3.rsolares.com",
                "property_type": "",
                "staging_version": 0
              },
              {
                "contract_id": "ctr_1-1NC95D",
                "group_id": "grp_19293",
                "latest_version": 10,
                "note": "",
                "production_version": 8,
                "property_id": "prp_171491",
                "property_name": "www.jmorrisstest-pm.com.xml",
                "property_type": "",
                "staging_version": 5
              },
              {
                "contract_id": "ctr_1-1NC95D",
                "group_id": "grp_19293",
                "latest_version": 3,
                "note": "",
                "production_version": 0,
                "property_id": "prp_169480",
                "property_name": "www.agnestest.com",
                "property_type": "",
                "staging_version": 2
              },
              {
                "contract_id": "ctr_1-1NC95D",
                "group_id": "grp_19293",
                "latest_version": 2,
                "note": "",
                "production_version": 0,
                "property_id": "prp_300819",
                "property_name": "testlmamodule",
                "property_type": "",
                "staging_version": 0
              },
              {
                "contract_id": "ctr_1-1NC95D",
                "group_id": "grp_19293",
                "latest_version": 6,
                "note": "",
                "production_version": 0,
                "property_id": "prp_1106683",
                "property_name": "dshunmug.www.gsshappylearning.com",
                "property_type": "",
                "staging_version": 5
              },
              {
                "contract_id": "ctr_1-1NC95D",
                "group_id": "grp_19293",
                "latest_version": 156,
                "note": "",
                "production_version": 147,
                "property_id": "prp_470602",
                "property_name": "certificate.bamse.pl",
                "property_type": "",
                "staging_version": 156
              },
              {
                "contract_id": "ctr_1-1NC95D",
                "group_id": "grp_19293",
                "latest_version": 8,
                "note": "",
                "production_version": 0,
                "property_id": "prp_571089",
                "property_name": "config-rapid-vlueck.xml",
                "property_type": "",
                "staging_version": 7
              },
              {
                "contract_id": "ctr_1-1NC95D",
                "group_id": "grp_19293",
                "latest_version": 3,
                "note": "",
                "production_version": 0,
                "property_id": "prp_721547",
                "property_name": "jermy.pr.ipa.gsslearnings.com_pm",
                "property_type": "",
                "staging_version": 3
              },
              {
                "contract_id": "ctr_1-1NC95D",
                "group_id": "grp_19293",
                "latest_version": 11,
                "note": "",
                "production_version": 6,
                "property_id": "prp_397741",
                "property_name": "phased.jgiovann.com",
                "property_type": "",
                "staging_version": 10
              },
              {
                "contract_id": "ctr_1-1NC95D",
                "group_id": "grp_19293",
                "latest_version": 13,
                "note": "",
                "production_version": 0,
                "property_id": "prp_1129745",
                "property_name": "sharath.com",
                "property_type": "",
                "staging_version": 12
              },
              {
                "contract_id": "ctr_1-1NC95D",
                "group_id": "grp_19293",
                "latest_version": 2,
                "note": "",
                "production_version": 0,
                "property_id": "prp_640082",
                "property_name": "jnaranjo.gatekeepingqs.com",
                "property_type": "",
                "staging_version": 0
              },
              {
                "contract_id": "ctr_1-1NC95D",
                "group_id": "grp_19293",
                "latest_version": 1,
                "note": "",
                "production_version": 0,
                "property_id": "prp_1227564",
                "property_name": "ocsp.customer.prod.local",
                "property_type": "",
                "staging_version": 0
              },
              {
                "contract_id": "ctr_1-1NC95D",
                "group_id": "grp_19293",
                "latest_version": 3,
                "note": "",
                "production_version": 0,
                "property_id": "prp_542682",
                "property_name": "sha-test",
                "property_type": "",
                "staging_version": 0
              },
              {
                "contract_id": "ctr_1-1NC95D",
                "group_id": "grp_19293",
                "latest_version": 40,
                "note": "",
                "production_version": 0,
                "property_id": "prp_718604",
                "property_name": "www.gsslearnings.com_pm",
                "property_type": "",
                "staging_version": 40
              },
              {
                "contract_id": "ctr_1-1NC95D",
                "group_id": "grp_19293",
                "latest_version": 3,
                "note": "",
                "production_version": 0,
                "property_id": "prp_555182",
                "property_name": "sadeb2.gsshappylearning.com",
                "property_type": "",
                "staging_version": 1
              },
              {
                "contract_id": "ctr_1-1NC95D",
                "group_id": "grp_19293",
                "latest_version": 4,
                "note": "",
                "production_version": 0,
                "property_id": "prp_697073",
                "property_name": "tblomgre_test_DP.xml",
                "property_type": "",
                "staging_version": 3
              },
              {
                "contract_id": "ctr_1-1NC95D",
                "group_id": "grp_19293",
                "latest_version": 435,
                "note": "",
                "production_version": 330,
                "property_id": "prp_765202",
                "property_name": "lab0.ccastane.com",
                "property_type": "",
                "staging_version": 434
              },
              {
                "contract_id": "ctr_1-1NC95D",
                "group_id": "grp_19293",
                "latest_version": 2,
                "note": "",
                "production_version": 0,
                "property_id": "prp_823001",
                "property_name": "jviquezc-terraform-demo",
                "property_type": "",
                "staging_version": 1
              },
              {
                "contract_id": "ctr_1-1NC95D",
                "group_id": "grp_19293",
                "latest_version": 71,
                "note": "",
                "production_version": 69,
                "property_id": "prp_620554",
                "property_name": "wdelahay2",
                "property_type": "",
                "staging_version": 69
              },
              {
                "contract_id": "ctr_1-1NC95D",
                "group_id": "grp_19293",
                "latest_version": 9,
                "note": "",
                "production_version": 1,
                "property_id": "prp_242227",
                "property_name": "lab-prevanka",
                "property_type": "",
                "staging_version": 6
              },
              {
                "contract_id": "ctr_1-1NC95D",
                "group_id": "grp_19293",
                "latest_version": 3,
                "note": "",
                "production_version": 0,
                "property_id": "prp_293473",
                "property_name": "test.rbaraut.com",
                "property_type": "",
                "staging_version": 0
              },
              {
                "contract_id": "ctr_1-1NC95D",
                "group_id": "grp_19293",
                "latest_version": 4,
                "note": "",
                "production_version": 0,
                "property_id": "prp_573164",
                "property_name": "testddbuck",
                "property_type": "",
                "staging_version": 0
              },
              {
                "contract_id": "ctr_1-1NC95D",
                "group_id": "grp_19293",
                "latest_version": 2,
                "note": "",
                "production_version": 0,
                "property_id": "prp_645212",
                "property_name": "master_lab",
                "property_type": "",
                "staging_version": 0
              },
              {
                "contract_id": "ctr_1-1NC95D",
                "group_id": "grp_19293",
                "latest_version": 17,
                "note": "",
                "production_version": 0,
                "property_id": "prp_655152",
                "property_name": "adagosti_testing_ps",
                "property_type": "",
                "staging_version": 16
              },
              {
                "contract_id": "ctr_1-1NC95D",
                "group_id": "grp_19293",
                "latest_version": 2,
                "note": "",
                "production_version": 0,
                "property_id": "prp_573170",
                "property_name": "testddbuck_essl",
                "property_type": "",
                "staging_version": 1
              },
              {
                "contract_id": "ctr_1-1NC95D",
                "group_id": "grp_19293",
                "latest_version": 2,
                "note": "",
                "production_version": 0,
                "property_id": "prp_423932",
                "property_name": "jgiovann_amd_usaa",
                "property_type": "",
                "staging_version": 0
              },
              {
                "contract_id": "ctr_1-1NC95D",
                "group_id": "grp_19293",
                "latest_version": 2,
                "note": "",
                "production_version": 0,
                "property_id": "prp_893140",
                "property_name": "Tissot_watches",
                "property_type": "",
                "staging_version": 0
              },
              {
                "contract_id": "ctr_1-1NC95D",
                "group_id": "grp_19293",
                "latest_version": 2,
                "note": "",
                "production_version": 0,
                "property_id": "prp_847325",
                "property_name": "test_ion_dcuenc",
                "property_type": "",
                "staging_version": 0
              },
              {
                "contract_id": "ctr_1-1NC95D",
                "group_id": "grp_19293",
                "latest_version": 6,
                "note": "",
                "production_version": 3,
                "property_id": "prp_661762",
                "property_name": "abodhank.gsshappylearning.com",
                "property_type": "",
                "staging_version": 4
              },
              {
                "contract_id": "ctr_1-1NC95D",
                "group_id": "grp_19293",
                "latest_version": 1,
                "note": "",
                "production_version": 0,
                "property_id": "prp_1140500",
                "property_name": "twentyone.tf-demo.com",
                "property_type": "",
                "staging_version": 1
              },
              {
                "contract_id": "ctr_1-1NC95D",
                "group_id": "grp_19293",
                "latest_version": 1,
                "note": "",
                "production_version": 0,
                "property_id": "prp_1103725",
                "property_name": "ankau-IonTemplate",
                "property_type": "",
                "staging_version": 1
              },
              {
                "contract_id": "ctr_1-1NC95D",
                "group_id": "grp_19293",
                "latest_version": 140,
                "note": "",
                "production_version": 139,
                "property_id": "prp_1041145",
                "property_name": "ion_indu",
                "property_type": "",
                "staging_version": 139
              },
              {
                "contract_id": "ctr_1-1NC95D",
                "group_id": "grp_19293",
                "latest_version": 1,
                "note": "",
                "production_version": 0,
                "property_id": "prp_1140497",
                "property_name": "nineteen.tf-demo.com",
                "property_type": "",
                "staging_version": 1
              },
              {
                "contract_id": "ctr_1-1NC95D",
                "group_id": "grp_19293",
                "latest_version": 1,
                "note": "",
                "production_version": 0,
                "property_id": "prp_1140498",
                "property_name": "twenty.tf-demo.com",
                "property_type": "",
                "staging_version": 1
              },
              {
                "contract_id": "ctr_1-1NC95D",
                "group_id": "grp_19293",
                "latest_version": 1,
                "note": "",
                "production_version": 0,
                "property_id": "prp_1140495",
                "property_name": "eightteen.tf-demo.com",
                "property_type": "",
                "staging_version": 1
              },
              {
                "contract_id": "ctr_1-1NC95D",
                "group_id": "grp_19293",
                "latest_version": 1,
                "note": "",
                "production_version": 0,
                "property_id": "prp_1140493",
                "property_name": "seventeen.tf-demo.com",
                "property_type": "",
                "staging_version": 1
              },
              {
                "contract_id": "ctr_1-1NC95D",
                "group_id": "grp_19293",
                "latest_version": 3,
                "note": "",
                "production_version": 0,
                "property_id": "prp_441799",
                "property_name": "www.iontest.net",
                "property_type": "",
                "staging_version": 0
              },
              {
                "contract_id": "ctr_1-1NC95D",
                "group_id": "grp_19293",
                "latest_version": 2,
                "note": "",
                "production_version": 0,
                "property_id": "prp_398140",
                "property_name": "phased2.jgiovann.com",
                "property_type": "",
                "staging_version": 0
              },
              {
                "contract_id": "ctr_1-1NC95D",
                "group_id": "grp_19293",
                "latest_version": 17,
                "note": "",
                "production_version": 16,
                "property_id": "prp_262106",
                "property_name": "httplabs.agh.edu.pl",
                "property_type": "",
                "staging_version": 16
              },
              {
                "contract_id": "ctr_1-1NC95D",
                "group_id": "grp_19293",
                "latest_version": 2,
                "note": "",
                "production_version": 0,
                "property_id": "prp_624180",
                "property_name": "gjimenez",
                "property_type": "",
                "staging_version": 0
              },
              {
                "contract_id": "ctr_1-1NC95D",
                "group_id": "grp_19293",
                "latest_version": 4,
                "note": "",
                "production_version": 3,
                "property_id": "prp_193758",
                "property_name": "ak-internal.auchan.fr",
                "property_type": "",
                "staging_version": 3
              },
              {
                "contract_id": "ctr_1-1NC95D",
                "group_id": "grp_19293",
                "latest_version": 3,
                "note": "",
                "production_version": 0,
                "property_id": "prp_1149767",
                "property_name": "bibhutitest_clone",
                "property_type": "",
                "staging_version": 0
              },
              {
                "contract_id": "ctr_1-1NC95D",
                "group_id": "grp_19293",
                "latest_version": 12,
                "note": "",
                "production_version": 7,
                "property_id": "prp_242243",
                "property_name": "adrian_pm",
                "property_type": "",
                "staging_version": 10
              },
              {
                "contract_id": "ctr_1-1NC95D",
                "group_id": "grp_19293",
                "latest_version": 1,
                "note": "",
                "production_version": 0,
                "property_id": "prp_1140474",
                "property_name": "twelve.tf-demo.com",
                "property_type": "",
                "staging_version": 0
              },
              {
                "contract_id": "ctr_1-1NC95D",
                "group_id": "grp_19293",
                "latest_version": 1,
                "note": "",
                "production_version": 0,
                "property_id": "prp_1140472",
                "property_name": "eleven.tf-demo.com",
                "property_type": "",
                "staging_version": 0
              },
              {
                "contract_id": "ctr_1-1NC95D",
                "group_id": "grp_19293",
                "latest_version": 1,
                "note": "",
                "production_version": 0,
                "property_id": "prp_1140471",
                "property_name": "ten.tf-demo.com",
                "property_type": "",
                "staging_version": 0
              },
              {
                "contract_id": "ctr_1-1NC95D",
                "group_id": "grp_19293",
                "latest_version": 1,
                "note": "",
                "production_version": 0,
                "property_id": "prp_1140470",
                "property_name": "nine.tf-demo.com",
                "property_type": "",
                "staging_version": 1
              },
              {
                "contract_id": "ctr_1-1NC95D",
                "group_id": "grp_19293",
                "latest_version": 2,
                "note": "",
                "production_version": 0,
                "property_id": "prp_576136",
                "property_name": "AMD-Dario-test12",
                "property_type": "",
                "staging_version": 0
              },
              {
                "contract_id": "ctr_1-1NC95D",
                "group_id": "grp_19293",
                "latest_version": 10,
                "note": "",
                "production_version": 0,
                "property_id": "prp_359644",
                "property_name": "customer.dapo.com",
                "property_type": "",
                "staging_version": 9
              },
              {
                "contract_id": "ctr_1-1NC95D",
                "group_id": "grp_19293",
                "latest_version": 1,
                "note": "",
                "production_version": 0,
                "property_id": "prp_1140468",
                "property_name": "eight.tf-demo.com",
                "property_type": "",
                "staging_version": 1
              },
              {
                "contract_id": "ctr_1-1NC95D",
                "group_id": "grp_19293",
                "latest_version": 1,
                "note": "",
                "production_version": 0,
                "property_id": "prp_1140466",
                "property_name": "seven.tf-demo.com",
                "property_type": "",
                "staging_version": 1
              },
              {
                "contract_id": "ctr_1-1NC95D",
                "group_id": "grp_19293",
                "latest_version": 2,
                "note": "",
                "production_version": 0,
                "property_id": "prp_953138",
                "property_name": "mkrobick.testing-as-code.www.akamaiflowershop.com",
                "property_type": "",
                "staging_version": 1
              },
              {
                "contract_id": "ctr_1-1NC95D",
                "group_id": "grp_19293",
                "latest_version": 5,
                "note": "",
                "production_version": 0,
                "property_id": "prp_326527",
                "property_name": "home.cern",
                "property_type": "",
                "staging_version": 0
              },
              {
                "contract_id": "ctr_1-1NC95D",
                "group_id": "grp_19293",
                "latest_version": 2,
                "note": "",
                "production_version": 0,
                "property_id": "prp_542704",
                "property_name": "Discovery-test",
                "property_type": "",
                "staging_version": 1
              },
              {
                "contract_id": "ctr_1-1NC95D",
                "group_id": "grp_19293",
                "latest_version": 1,
                "note": "",
                "production_version": 0,
                "property_id": "prp_1140489",
                "property_name": "sixteen.tf-demo.com",
                "property_type": "",
                "staging_version": 1
              },
              {
                "contract_id": "ctr_1-1NC95D",
                "group_id": "grp_19293",
                "latest_version": 1,
                "note": "",
                "production_version": 0,
                "property_id": "prp_1140487",
                "property_name": "fifteen.tf-demo.com",
                "property_type": "",
                "staging_version": 0
              },
              {
                "contract_id": "ctr_1-1NC95D",
                "group_id": "grp_19293",
                "latest_version": 1,
                "note": "",
                "production_version": 0,
                "property_id": "prp_1140482",
                "property_name": "fourteen.tf-demo.com",
                "property_type": "",
                "staging_version": 1
              },
              {
                "contract_id": "ctr_1-1NC95D",
                "group_id": "grp_19293",
                "latest_version": 1,
                "note": "",
                "production_version": 0,
                "property_id": "prp_1140480",
                "property_name": "thirteen.tf-demo.com",
                "property_type": "",
                "staging_version": 1
              },
              {
                "contract_id": "ctr_1-1NC95D",
                "group_id": "grp_19293",
                "latest_version": 11,
                "note": "",
                "production_version": 0,
                "property_id": "prp_1213688",
                "property_name": "lalexand-may5",
                "property_type": "",
                "staging_version": 0
              },
              {
                "contract_id": "ctr_1-1NC95D",
                "group_id": "grp_19293",
                "latest_version": 8,
                "note": "",
                "production_version": 3,
                "property_id": "prp_367399",
                "property_name": "test4.saili.com",
                "property_type": "",
                "staging_version": 4
              },
              {
                "contract_id": "ctr_1-1NC95D",
                "group_id": "grp_19293",
                "latest_version": 5,
                "note": "",
                "production_version": 2,
                "property_id": "prp_645121",
                "property_name": "tushar-ionp",
                "property_type": "",
                "staging_version": 2
              },
              {
                "contract_id": "ctr_1-1NC95D",
                "group_id": "grp_19293",
                "latest_version": 2,
                "note": "",
                "production_version": 0,
                "property_id": "prp_734629",
                "property_name": "sanboxhttpdbuck",
                "property_type": "",
                "staging_version": 0
              },
              {
                "contract_id": "ctr_1-1NC95D",
                "group_id": "grp_19293",
                "latest_version": 1,
                "note": "",
                "production_version": 0,
                "property_id": "prp_1123155",
                "property_name": "aphilip-ds-terraform-template",
                "property_type": "",
                "staging_version": 0
              },
              {
                "contract_id": "ctr_1-1NC95D",
                "group_id": "grp_19293",
                "latest_version": 16,
                "note": "",
                "production_version": 13,
                "property_id": "prp_277709",
                "property_name": "amd.davidbartosh.com",
                "property_type": "",
                "staging_version": 9
              },
              {
                "contract_id": "ctr_1-1NC95D",
                "group_id": "grp_19293",
                "latest_version": 2,
                "note": "",
                "production_version": 0,
                "property_id": "prp_277710",
                "property_name": "pmd.davidbartosh.com",
                "property_type": "",
                "staging_version": 0
              },
              {
                "contract_id": "ctr_1-1NC95D",
                "group_id": "grp_19293",
                "latest_version": 2,
                "note": "",
                "production_version": 0,
                "property_id": "prp_326321",
                "property_name": "mpardee.dsalab.com",
                "property_type": "",
                "staging_version": 0
              },
              {
                "contract_id": "ctr_1-1NC95D",
                "group_id": "grp_19293",
                "latest_version": 2,
                "note": "",
                "production_version": 0,
                "property_id": "prp_633462",
                "property_name": "ddondyk_dsa_test",
                "property_type": "",
                "staging_version": 0
              },
              {
                "contract_id": "ctr_1-1NC95D",
                "group_id": "grp_19293",
                "latest_version": 3,
                "note": "",
                "production_version": 0,
                "property_id": "prp_390358",
                "property_name": "www.akamai-dd-test.salvado.me",
                "property_type": "",
                "staging_version": 1
              },
              {
                "contract_id": "ctr_1-1NC95D",
                "group_id": "grp_19293",
                "latest_version": 3,
                "note": "",
                "production_version": 0,
                "property_id": "prp_378810",
                "property_name": "isachdevi.www.akamaiflowershop.com",
                "property_type": "",
                "staging_version": 1
              },
              {
                "contract_id": "ctr_1-1NC95D",
                "group_id": "grp_19293",
                "latest_version": 36,
                "note": "",
                "production_version": 0,
                "property_id": "prp_189823",
                "property_name": "www.elusivebrewing.com",
                "property_type": "",
                "staging_version": 35
              },
              {
                "contract_id": "ctr_1-1NC95D",
                "group_id": "grp_19293",
                "latest_version": 2,
                "note": "",
                "production_version": 0,
                "property_id": "prp_555045",
                "property_name": "andresito.fvargasp.com",
                "property_type": "",
                "staging_version": 0
              },
              {
                "contract_id": "ctr_1-1NC95D",
                "group_id": "grp_19293",
                "latest_version": 8,
                "note": "",
                "production_version": 0,
                "property_id": "prp_908814",
                "property_name": "kkazani.akamaips.com",
                "property_type": "",
                "staging_version": 7
              },
              {
                "contract_id": "ctr_1-1NC95D",
                "group_id": "grp_19293",
                "latest_version": 3,
                "note": "",
                "production_version": 1,
                "property_id": "prp_242104",
                "property_name": "plmhost01.edgekey.net",
                "property_type": "",
                "staging_version": 1
              },
              {
                "contract_id": "ctr_1-1NC95D",
                "group_id": "grp_19293",
                "latest_version": 2,
                "note": "",
                "production_version": 0,
                "property_id": "prp_176929",
                "property_name": "pilikia5.shop.tm",
                "property_type": "",
                "staging_version": 0
              },
              {
                "contract_id": "ctr_1-1NC95D",
                "group_id": "grp_19293",
                "latest_version": 4,
                "note": "",
                "production_version": 2,
                "property_id": "prp_211561",
                "property_name": "sdkshowcase-content",
                "property_type": "",
                "staging_version": 2
              },
              {
                "contract_id": "ctr_1-1NC95D",
                "group_id": "grp_19293",
                "latest_version": 2,
                "note": "",
                "production_version": 0,
                "property_id": "prp_633435",
                "property_name": "ddondyk_cloud_monitor",
                "property_type": "",
                "staging_version": 0
              },
              {
                "contract_id": "ctr_1-1NC95D",
                "group_id": "grp_19293",
                "latest_version": 4,
                "note": "",
                "production_version": 2,
                "property_id": "prp_591266",
                "property_name": "graphql.org-swapi-graphql",
                "property_type": "",
                "staging_version": 3
              },
              {
                "contract_id": "ctr_1-1NC95D",
                "group_id": "grp_19293",
                "latest_version": 4,
                "note": "",
                "production_version": 0,
                "property_id": "prp_242099",
                "property_name": "ak-dsd.wal.co",
                "property_type": "",
                "staging_version": 3
              },
              {
                "contract_id": "ctr_1-1NC95D",
                "group_id": "grp_19293",
                "latest_version": 3,
                "note": "",
                "production_version": 1,
                "property_id": "prp_585542",
                "property_name": "test-www.sap.com",
                "property_type": "",
                "staging_version": 2
              },
              {
                "contract_id": "ctr_1-1NC95D",
                "group_id": "grp_19293",
                "latest_version": 2,
                "note": "",
                "production_version": 0,
                "property_id": "prp_242098",
                "property_name": "ak-dsa.wal.co",
                "property_type": "",
                "staging_version": 1
              },
              {
                "contract_id": "ctr_1-1NC95D",
                "group_id": "grp_19293",
                "latest_version": 4,
                "note": "",
                "production_version": 0,
                "property_id": "prp_627151",
                "property_name": "ddondyk.gsshappylearning.com_lab3c",
                "property_type": "",
                "staging_version": 3
              },
              {
                "contract_id": "ctr_1-1NC95D",
                "group_id": "grp_19293",
                "latest_version": 2,
                "note": "",
                "production_version": 0,
                "property_id": "prp_430623",
                "property_name": "test.aanuj.com",
                "property_type": "",
                "staging_version": 0
              },
              {
                "contract_id": "ctr_1-1NC95D",
                "group_id": "grp_19293",
                "latest_version": 2,
                "note": "",
                "production_version": 0,
                "property_id": "prp_334531",
                "property_name": "Dummy_Chetan_FOSSL",
                "property_type": "",
                "staging_version": 0
              },
              {
                "contract_id": "ctr_1-1NC95D",
                "group_id": "grp_19293",
                "latest_version": 4,
                "note": "",
                "production_version": 3,
                "property_id": "prp_952979",
                "property_name": "dcuenc_ma_poc",
                "property_type": "",
                "staging_version": 3
              },
              {
                "contract_id": "ctr_1-1NC95D",
                "group_id": "grp_19293",
                "latest_version": 15,
                "note": "",
                "production_version": 0,
                "property_id": "prp_326336",
                "property_name": "mpardee.dsalab.com_2",
                "property_type": "",
                "staging_version": 0
              },
              {
                "contract_id": "ctr_1-1NC95D",
                "group_id": "grp_19293",
                "latest_version": 2,
                "note": "",
                "production_version": 0,
                "property_id": "prp_473785",
                "property_name": "testing.com",
                "property_type": "",
                "staging_version": 0
              },
              {
                "contract_id": "ctr_1-1NC95D",
                "group_id": "grp_19293",
                "latest_version": 2,
                "note": "",
                "production_version": 0,
                "property_id": "prp_571184",
                "property_name": "DSA_DARIO_TEST1",
                "property_type": "",
                "staging_version": 0
              },
              {
                "contract_id": "ctr_1-1NC95D",
                "group_id": "grp_19293",
                "latest_version": 3,
                "note": "",
                "production_version": 2,
                "property_id": "prp_567006",
                "property_name": "XFF-test",
                "property_type": "",
                "staging_version": 2
              },
              {
                "contract_id": "ctr_1-1NC95D",
                "group_id": "grp_19293",
                "latest_version": 1,
                "note": "",
                "production_version": 0,
                "property_id": "prp_1140383",
                "property_name": "three.tf-demo.com",
                "property_type": "",
                "staging_version": 0
              },
              {
                "contract_id": "ctr_1-1NC95D",
                "group_id": "grp_19293",
                "latest_version": 1,
                "note": "",
                "production_version": 0,
                "property_id": "prp_1140380",
                "property_name": "two.tf-demo.com",
                "property_type": "",
                "staging_version": 0
              },
              {
                "contract_id": "ctr_1-1NC95D",
                "group_id": "grp_19293",
                "latest_version": 2,
                "note": "",
                "production_version": 0,
                "property_id": "prp_552555",
                "property_name": "trainingadobeit",
                "property_type": "",
                "staging_version": 0
              },
              {
                "contract_id": "ctr_1-1NC95D",
                "group_id": "grp_19293",
                "latest_version": 4,
                "note": "",
                "production_version": 3,
                "property_id": "prp_334574",
                "property_name": "redirect_test",
                "property_type": "",
                "staging_version": 0
              },
              {
                "contract_id": "ctr_1-1NC95D",
                "group_id": "grp_19293",
                "latest_version": 5,
                "note": "",
                "production_version": 0,
                "property_id": "prp_330265",
                "property_name": "web.svc.mlathia.com",
                "property_type": "",
                "staging_version": 2
              },
              {
                "contract_id": "ctr_1-1NC95D",
                "group_id": "grp_19293",
                "latest_version": 23,
                "note": "",
                "production_version": 0,
                "property_id": "prp_334573",
                "property_name": "rpanwala.www.akamaiflowershop.com",
                "property_type": "",
                "staging_version": 21
              },
              {
                "contract_id": "ctr_1-1NC95D",
                "group_id": "grp_19293",
                "latest_version": 1,
                "note": "",
                "production_version": 0,
                "property_id": "prp_1140376",
                "property_name": "one.tf-demo.com",
                "property_type": "",
                "staging_version": 0
              },
              {
                "contract_id": "ctr_1-1NC95D",
                "group_id": "grp_19293",
                "latest_version": 2,
                "note": "",
                "production_version": 0,
                "property_id": "prp_624079",
                "property_name": "computerbild-property-ion10",
                "property_type": "",
                "staging_version": 0
              },
              {
                "contract_id": "ctr_1-1NC95D",
                "group_id": "grp_19293",
                "latest_version": 3,
                "note": "",
                "production_version": 2,
                "property_id": "prp_371154",
                "property_name": "ktokarsk-test.kaki.pl_NS",
                "property_type": "",
                "staging_version": 2
              },
              {
                "contract_id": "ctr_1-1NC95D",
                "group_id": "grp_19293",
                "latest_version": 2,
                "note": "",
                "production_version": 0,
                "property_id": "prp_949733",
                "property_name": "kabara.testing-as-code.www.akamaiflowershop.com",
                "property_type": "",
                "staging_version": 0
              },
              {
                "contract_id": "ctr_1-1NC95D",
                "group_id": "grp_19293",
                "latest_version": 5,
                "note": "",
                "production_version": 4,
                "property_id": "prp_359487",
                "property_name": "marcinj.et",
                "property_type": "",
                "staging_version": 4
              },
              {
                "contract_id": "ctr_1-1NC95D",
                "group_id": "grp_19293",
                "latest_version": 2,
                "note": "",
                "production_version": 0,
                "property_id": "prp_624084",
                "property_name": "computerbild-property-ion11",
                "property_type": "",
                "staging_version": 0
              },
              {
                "contract_id": "ctr_1-1NC95D",
                "group_id": "grp_19293",
                "latest_version": 2,
                "note": "",
                "production_version": 0,
                "property_id": "prp_700282",
                "property_name": "qa.WM_devops_app",
                "property_type": "",
                "staging_version": 0
              },
              {
                "contract_id": "ctr_1-1NC95D",
                "group_id": "grp_19293",
                "latest_version": 2,
                "note": "",
                "production_version": 0,
                "property_id": "prp_624085",
                "property_name": "computerbild-property-test-ion",
                "property_type": "",
                "staging_version": 0
              },
              {
                "contract_id": "ctr_1-1NC95D",
                "group_id": "grp_19293",
                "latest_version": 5,
                "note": "",
                "production_version": 3,
                "property_id": "prp_591318",
                "property_name": "graphql.org-shared",
                "property_type": "",
                "staging_version": 3
              },
              {
                "contract_id": "ctr_1-1NC95D",
                "group_id": "grp_19293",
                "latest_version": 2,
                "note": "",
                "production_version": 0,
                "property_id": "prp_700283",
                "property_name": "prod.WM_devops_app",
                "property_type": "",
                "staging_version": 1
              },
              {
                "contract_id": "ctr_1-1NC95D",
                "group_id": "grp_19293",
                "latest_version": 2,
                "note": "",
                "production_version": 1,
                "property_id": "prp_633527",
                "property_name": "analytics.davidbartosh.com",
                "property_type": "",
                "staging_version": 0
              },
              {
                "contract_id": "ctr_1-1NC95D",
                "group_id": "grp_19293",
                "latest_version": 2,
                "note": "",
                "production_version": 0,
                "property_id": "prp_664844",
                "property_name": "goo.losgiova.com",
                "property_type": "",
                "staging_version": 0
              },
              {
                "contract_id": "ctr_1-1NC95D",
                "group_id": "grp_19293",
                "latest_version": 2,
                "note": "",
                "production_version": 0,
                "property_id": "prp_601555",
                "property_name": "computerbild-property-ion",
                "property_type": "",
                "staging_version": 0
              },
              {
                "contract_id": "ctr_1-1NC95D",
                "group_id": "grp_19293",
                "latest_version": 2,
                "note": "",
                "production_version": 0,
                "property_id": "prp_700281",
                "property_name": "dev.WM_devops_app",
                "property_type": "",
                "staging_version": 1
              },
              {
                "contract_id": "ctr_1-1NC95D",
                "group_id": "grp_19293",
                "latest_version": 3,
                "note": "",
                "production_version": 0,
                "property_id": "prp_204557",
                "property_name": "nela_lab_pm",
                "property_type": "",
                "staging_version": 1
              },
              {
                "contract_id": "ctr_1-1NC95D",
                "group_id": "grp_19293",
                "latest_version": 4,
                "note": "",
                "production_version": 3,
                "property_id": "prp_1018418",
                "property_name": "sumeet.mpulse-certification.edgesuite.net",
                "property_type": "",
                "staging_version": 3
              },
              {
                "contract_id": "ctr_1-1NC95D",
                "group_id": "grp_19293",
                "latest_version": 1,
                "note": "",
                "production_version": 0,
                "property_id": "prp_1140395",
                "property_name": "six.tf-demo.com",
                "property_type": "",
                "staging_version": 0
              },
              {
                "contract_id": "ctr_1-1NC95D",
                "group_id": "grp_19293",
                "latest_version": 1,
                "note": "",
                "production_version": 0,
                "property_id": "prp_1140392",
                "property_name": "five.tf-demo.com",
                "property_type": "",
                "staging_version": 0
              },
              {
                "contract_id": "ctr_1-1NC95D",
                "group_id": "grp_19293",
                "latest_version": 2,
                "note": "",
                "production_version": 0,
                "property_id": "prp_624086",
                "property_name": "abc",
                "property_type": "",
                "staging_version": 0
              },
              {
                "contract_id": "ctr_1-1NC95D",
                "group_id": "grp_19293",
                "latest_version": 186,
                "note": "",
                "production_version": 186,
                "property_id": "prp_569934",
                "property_name": "nomiga",
                "property_type": "",
                "staging_version": 184
              },
              {
                "contract_id": "ctr_1-1NC95D",
                "group_id": "grp_19293",
                "latest_version": 2,
                "note": "",
                "production_version": 0,
                "property_id": "prp_624088",
                "property_name": "abcd",
                "property_type": "",
                "staging_version": 0
              },
              {
                "contract_id": "ctr_1-1NC95D",
                "group_id": "grp_19293",
                "latest_version": 1,
                "note": "",
                "production_version": 0,
                "property_id": "prp_1140388",
                "property_name": "four.tf-demo.com",
                "property_type": "",
                "staging_version": 0
              },
              {
                "contract_id": "ctr_1-1NC95D",
                "group_id": "grp_19293",
                "latest_version": 3,
                "note": "",
                "production_version": 0,
                "property_id": "prp_906085",
                "property_name": "www2.lcassiano.me",
                "property_type": "",
                "staging_version": 0
              },
              {
                "contract_id": "ctr_1-1NC95D",
                "group_id": "grp_19293",
                "latest_version": 8,
                "note": "",
                "production_version": 0,
                "property_id": "prp_616933",
                "property_name": "tsanchez.gsshappylearning.com",
                "property_type": "",
                "staging_version": 5
              },
              {
                "contract_id": "ctr_1-1NC95D",
                "group_id": "grp_19293",
                "latest_version": 1,
                "note": "",
                "production_version": 0,
                "property_id": "prp_1133585",
                "property_name": "humaxtvportal.vision.bt.com",
                "property_type": "",
                "staging_version": 0
              },
              {
                "contract_id": "ctr_1-1NC95D",
                "group_id": "grp_19293",
                "latest_version": 3,
                "note": "",
                "production_version": 0,
                "property_id": "prp_131822",
                "property_name": "www1.sandip.ind.in",
                "property_type": "",
                "staging_version": 1
              },
              {
                "contract_id": "ctr_1-1NC95D",
                "group_id": "grp_19293",
                "latest_version": 1,
                "note": "",
                "production_version": 0,
                "property_id": "prp_1133580",
                "property_name": "contentdata.cdn.vision.bt.com",
                "property_type": "",
                "staging_version": 0
              },
              {
                "contract_id": "ctr_1-1NC95D",
                "group_id": "grp_19293",
                "latest_version": 5,
                "note": "",
                "production_version": 2,
                "property_id": "prp_899767",
                "property_name": "flex.losgiova.com",
                "property_type": "",
                "staging_version": 2
              },
              {
                "contract_id": "ctr_1-1NC95D",
                "group_id": "grp_19293",
                "latest_version": 2,
                "note": "",
                "production_version": 0,
                "property_id": "prp_550036",
                "property_name": "jkornas_im_and_pr",
                "property_type": "",
                "staging_version": 0
              },
              {
                "contract_id": "ctr_1-1NC95D",
                "group_id": "grp_19293",
                "latest_version": 7,
                "note": "",
                "production_version": 3,
                "property_id": "prp_193968",
                "property_name": "esilabcr.edgesuite.net",
                "property_type": "",
                "staging_version": 5
              },
              {
                "contract_id": "ctr_1-1NC95D",
                "group_id": "grp_19293",
                "latest_version": 5,
                "note": "",
                "production_version": 4,
                "property_id": "prp_257949",
                "property_name": "jcheshir-media-streaming",
                "property_type": "",
                "staging_version": 4
              },
              {
                "contract_id": "ctr_1-1NC95D",
                "group_id": "grp_19293",
                "latest_version": 2,
                "note": "",
                "production_version": 0,
                "property_id": "prp_166644",
                "property_name": "jgiovann.lenskart.com",
                "property_type": "",
                "staging_version": 0
              },
              {
                "contract_id": "ctr_1-1NC95D",
                "group_id": "grp_19293",
                "latest_version": 2,
                "note": "",
                "production_version": 0,
                "property_id": "prp_995027",
                "property_name": "nagraLive",
                "property_type": "",
                "staging_version": 0
              },
              {
                "contract_id": "ctr_1-1NC95D",
                "group_id": "grp_19293",
                "latest_version": 8,
                "note": "",
                "production_version": 0,
                "property_id": "prp_854013",
                "property_name": "testing.testing.com",
                "property_type": "",
                "staging_version": 7
              },
              {
                "contract_id": "ctr_1-1NC95D",
                "group_id": "grp_19293",
                "latest_version": 2,
                "note": "",
                "production_version": 0,
                "property_id": "prp_995026",
                "property_name": "NagraVisionItalia",
                "property_type": "",
                "staging_version": 0
              },
              {
                "contract_id": "ctr_1-1NC95D",
                "group_id": "grp_19293",
                "latest_version": 2,
                "note": "",
                "production_version": 0,
                "property_id": "prp_995025",
                "property_name": "191666",
                "property_type": "",
                "staging_version": 0
              },
              {
                "contract_id": "ctr_1-1NC95D",
                "group_id": "grp_19293",
                "latest_version": 5,
                "note": "",
                "production_version": 0,
                "property_id": "prp_571174",
                "property_name": "twitter-negative-caching-test",
                "property_type": "",
                "staging_version": 4
              },
              {
                "contract_id": "ctr_1-1NC95D",
                "group_id": "grp_19293",
                "latest_version": 1,
                "note": "",
                "production_version": 0,
                "property_id": "prp_1140368",
                "property_name": "template-config",
                "property_type": "",
                "staging_version": 1
              },
              {
                "contract_id": "ctr_1-1NC95D",
                "group_id": "grp_19293",
                "latest_version": 9,
                "note": "",
                "production_version": 0,
                "property_id": "prp_573105",
                "property_name": "test1245.prvenkat.com",
                "property_type": "",
                "staging_version": 7
              },
              {
                "contract_id": "ctr_1-1NC95D",
                "group_id": "grp_19293",
                "latest_version": 2,
                "note": "",
                "production_version": 0,
                "property_id": "prp_655101",
                "property_name": "metadatatest",
                "property_type": "",
                "staging_version": 0
              },
              {
                "contract_id": "ctr_1-1NC95D",
                "group_id": "grp_19293",
                "latest_version": 3,
                "note": "",
                "production_version": 0,
                "property_id": "prp_636699",
                "property_name": "dd-demo",
                "property_type": "",
                "staging_version": 1
              },
              {
                "contract_id": "ctr_1-1NC95D",
                "group_id": "grp_19293",
                "latest_version": 6,
                "note": "",
                "production_version": 0,
                "property_id": "prp_573104",
                "property_name": "test124.prvenkat.com",
                "property_type": "",
                "staging_version": 5
              },
              {
                "contract_id": "ctr_1-1NC95D",
                "group_id": "grp_19293",
                "latest_version": 4,
                "note": "",
                "production_version": 3,
                "property_id": "prp_561752",
                "property_name": "naithapp.edgesuite.net_clone",
                "property_type": "",
                "staging_version": 3
              },
              {
                "contract_id": "ctr_1-1NC95D",
                "group_id": "grp_19293",
                "latest_version": 21,
                "note": "",
                "production_version": 15,
                "property_id": "prp_709437",
                "property_name": "jalaneps.akamaized.net",
                "property_type": "",
                "staging_version": 19
              },
              {
                "contract_id": "ctr_1-1NC95D",
                "group_id": "grp_19293",
                "latest_version": 2,
                "note": "",
                "production_version": 1,
                "property_id": "prp_771156",
                "property_name": "ion-std-v2.davidbartosh.com",
                "property_type": "",
                "staging_version": 1
              },
              {
                "contract_id": "ctr_1-1NC95D",
                "group_id": "grp_19293",
                "latest_version": 2,
                "note": "",
                "production_version": 0,
                "property_id": "prp_627210",
                "property_name": "mesharma_Epd",
                "property_type": "",
                "staging_version": 0
              },
              {
                "contract_id": "ctr_1-1NC95D",
                "group_id": "grp_19293",
                "latest_version": 1,
                "note": "",
                "production_version": 0,
                "property_id": "prp_1120231",
                "property_name": "DSAtemplateterraform",
                "property_type": "",
                "staging_version": 0
              },
              {
                "contract_id": "ctr_1-1NC95D",
                "group_id": "grp_19293",
                "latest_version": 4,
                "note": "",
                "production_version": 0,
                "property_id": "prp_293691",
                "property_name": "v.piotrcichocki.pl",
                "property_type": "",
                "staging_version": 2
              },
              {
                "contract_id": "ctr_1-1NC95D",
                "group_id": "grp_19293",
                "latest_version": 13,
                "note": "",
                "production_version": 8,
                "property_id": "prp_234511",
                "property_name": "papi.blawson.com",
                "property_type": "",
                "staging_version": 6
              },
              {
                "contract_id": "ctr_1-1NC95D",
                "group_id": "grp_19293",
                "latest_version": 13,
                "note": "",
                "production_version": 0,
                "property_id": "prp_417053",
                "property_name": "dapo-demolearningshop.com",
                "property_type": "",
                "staging_version": 12
              },
              {
                "contract_id": "ctr_1-1NC95D",
                "group_id": "grp_19293",
                "latest_version": 3,
                "note": "",
                "production_version": 0,
                "property_id": "prp_652339",
                "property_name": "custdeny.itest.com",
                "property_type": "",
                "staging_version": 2
              },
              {
                "contract_id": "ctr_1-1NC95D",
                "group_id": "grp_19293",
                "latest_version": 2,
                "note": "",
                "production_version": 0,
                "property_id": "prp_627524",
                "property_name": "gjmontero1",
                "property_type": "",
                "staging_version": 0
              },
              {
                "contract_id": "ctr_1-1NC95D",
                "group_id": "grp_19293",
                "latest_version": 1,
                "note": "",
                "production_version": 0,
                "property_id": "prp_1255423",
                "property_name": "mguentge-ew-demo.com",
                "property_type": "",
                "staging_version": 1
              },
              {
                "contract_id": "ctr_1-1NC95D",
                "group_id": "grp_19293",
                "latest_version": 3,
                "note": "",
                "production_version": 0,
                "property_id": "prp_281941",
                "property_name": "arek.cloudmonitor",
                "property_type": "",
                "staging_version": 1
              },
              {
                "contract_id": "ctr_1-1NC95D",
                "group_id": "grp_19293",
                "latest_version": 124,
                "note": "",
                "production_version": 41,
                "property_id": "prp_128290",
                "property_name": "www.kucab.pl",
                "property_type": "",
                "staging_version": 122
              },
              {
                "contract_id": "ctr_1-1NC95D",
                "group_id": "grp_19293",
                "latest_version": 2,
                "note": "",
                "production_version": 0,
                "property_id": "prp_953320",
                "property_name": "sseifert.testing-as-code.www.akamaiflowershop.com",
                "property_type": "",
                "staging_version": 1
              },
              {
                "contract_id": "ctr_1-1NC95D",
                "group_id": "grp_19293",
                "latest_version": 3,
                "note": "",
                "production_version": 0,
                "property_id": "prp_576268",
                "property_name": "test124.testnotes1234xtest.com",
                "property_type": "",
                "staging_version": 1
              },
              {
                "contract_id": "ctr_1-1NC95D",
                "group_id": "grp_19293",
                "latest_version": 2,
                "note": "",
                "production_version": 0,
                "property_id": "prp_576267",
                "property_name": "test124.testnotes1234.com",
                "property_type": "",
                "staging_version": 0
              },
              {
                "contract_id": "ctr_1-1NC95D",
                "group_id": "grp_19293",
                "latest_version": 2,
                "note": "",
                "production_version": 0,
                "property_id": "prp_953282",
                "property_name": "jeroy.testing-as-code.www.akamaiflowershop.com",
                "property_type": "",
                "staging_version": 1
              },
              {
                "contract_id": "ctr_1-1NC95D",
                "group_id": "grp_19293",
                "latest_version": 4,
                "note": "",
                "production_version": 0,
                "property_id": "prp_270321",
                "property_name": "poc_ieee",
                "property_type": "",
                "staging_version": 3
              },
              {
                "contract_id": "ctr_1-1NC95D",
                "group_id": "grp_19293",
                "latest_version": 3,
                "note": "",
                "production_version": 0,
                "property_id": "prp_211965",
                "property_name": "varuntikka2.aka.com",
                "property_type": "",
                "staging_version": 2
              },
              {
                "contract_id": "ctr_1-1NC95D",
                "group_id": "grp_19293",
                "latest_version": 2,
                "note": "",
                "production_version": 0,
                "property_id": "prp_211964",
                "property_name": "varuntikka1.aka.com",
                "property_type": "",
                "staging_version": 1
              },
              {
                "contract_id": "ctr_1-1NC95D",
                "group_id": "grp_19293",
                "latest_version": 3,
                "note": "",
                "production_version": 0,
                "property_id": "prp_576275",
                "property_name": "test124.testnotesx1234xtest.com",
                "property_type": "",
                "staging_version": 1
              },
              {
                "contract_id": "ctr_1-1NC95D",
                "group_id": "grp_19293",
                "latest_version": 4,
                "note": "",
                "production_version": 0,
                "property_id": "prp_242469",
                "property_name": "test-tsg-demo.com",
                "property_type": "",
                "staging_version": 3
              },
              {
                "contract_id": "ctr_1-1NC95D",
                "group_id": "grp_19293",
                "latest_version": 5,
                "note": "",
                "production_version": 2,
                "property_id": "prp_468015",
                "property_name": "smathur.www.akamaiflowershop.com",
                "property_type": "",
                "staging_version": 3
              },
              {
                "contract_id": "ctr_1-1NC95D",
                "group_id": "grp_19293",
                "latest_version": 1,
                "note": "",
                "production_version": 0,
                "property_id": "prp_1255389",
                "property_name": "mguentge-edgeworker-demo.com",
                "property_type": "",
                "staging_version": 1
              },
              {
                "contract_id": "ctr_1-1NC95D",
                "group_id": "grp_19293",
                "latest_version": 2,
                "note": "",
                "production_version": 0,
                "property_id": "prp_953288",
                "property_name": "mikro.testing-as-code.www.akamaiflowershop.com",
                "property_type": "",
                "staging_version": 1
              },
              {
                "contract_id": "ctr_1-1NC95D",
                "group_id": "grp_19293",
                "latest_version": 2,
                "note": "",
                "production_version": 0,
                "property_id": "prp_441924",
                "property_name": "test1.jjimenez.com",
                "property_type": "",
                "staging_version": 0
              },
              {
                "contract_id": "ctr_1-1NC95D",
                "group_id": "grp_19293",
                "latest_version": 2,
                "note": "",
                "production_version": 0,
                "property_id": "prp_953289",
                "property_name": "evidenee.testing-as-code.www.akamaiflowershop.com",
                "property_type": "",
                "staging_version": 0
              },
              {
                "contract_id": "ctr_1-1NC95D",
                "group_id": "grp_19293",
                "latest_version": 1,
                "note": "",
                "production_version": 0,
                "property_id": "prp_1210521",
                "property_name": "bucktestingtest",
                "property_type": "",
                "staging_version": 0
              },
              {
                "contract_id": "ctr_1-1NC95D",
                "group_id": "grp_19293",
                "latest_version": 42,
                "note": "",
                "production_version": 41,
                "property_id": "prp_580062",
                "property_name": "jsaborio",
                "property_type": "",
                "staging_version": 37
              },
              {
                "contract_id": "ctr_1-1NC95D",
                "group_id": "grp_19293",
                "latest_version": 3,
                "note": "",
                "production_version": 1,
                "property_id": "prp_617191",
                "property_name": "download-davidbartosh.akamaized.net",
                "property_type": "",
                "staging_version": 1
              },
              {
                "contract_id": "ctr_1-1NC95D",
                "group_id": "grp_19293",
                "latest_version": 2,
                "note": "",
                "production_version": 0,
                "property_id": "prp_186432",
                "property_name": "eugenetree2.xml",
                "property_type": "",
                "staging_version": 1
              },
              {
                "contract_id": "ctr_1-1NC95D",
                "group_id": "grp_19293",
                "latest_version": 3,
                "note": "",
                "production_version": 0,
                "property_id": "prp_359863",
                "property_name": "emazzero.akamailab.com",
                "property_type": "",
                "staging_version": 0
              },
              {
                "contract_id": "ctr_1-1NC95D",
                "group_id": "grp_19293",
                "latest_version": 41,
                "note": "",
                "production_version": 0,
                "property_id": "prp_545242",
                "property_name": "www.sha-essl.com",
                "property_type": "",
                "staging_version": 39
              },
              {
                "contract_id": "ctr_1-1NC95D",
                "group_id": "grp_19293",
                "latest_version": 2,
                "note": "",
                "production_version": 0,
                "property_id": "prp_405972",
                "property_name": "pm_aginwala.com",
                "property_type": "",
                "staging_version": 1
              },
              {
                "contract_id": "ctr_1-1NC95D",
                "group_id": "grp_19293",
                "latest_version": 5,
                "note": "",
                "production_version": 0,
                "property_id": "prp_200824",
                "property_name": "rmichaelKSD.com",
                "property_type": "",
                "staging_version": 1
              },
              {
                "contract_id": "ctr_1-1NC95D",
                "group_id": "grp_19293",
                "latest_version": 4,
                "note": "",
                "production_version": 2,
                "property_id": "prp_585881",
                "property_name": "shbhardw-atc-testing",
                "property_type": "",
                "staging_version": 3
              },
              {
                "contract_id": "ctr_1-1NC95D",
                "group_id": "grp_19293",
                "latest_version": 32,
                "note": "",
                "production_version": 0,
                "property_id": "prp_571527",
                "property_name": "rkurnurk.gsshappylearning.com",
                "property_type": "",
                "staging_version": 29
              },
              {
                "contract_id": "ctr_1-1NC95D",
                "group_id": "grp_19293",
                "latest_version": 2,
                "note": "",
                "production_version": 0,
                "property_id": "prp_606753",
                "property_name": "navy.aniket.com",
                "property_type": "",
                "staging_version": 1
              },
              {
                "contract_id": "ctr_1-1NC95D",
                "group_id": "grp_19293",
                "latest_version": 11,
                "note": "",
                "production_version": 0,
                "property_id": "prp_427567",
                "property_name": "www.gsshappylearning.com",
                "property_type": "",
                "staging_version": 8
              },
              {
                "contract_id": "ctr_1-1NC95D",
                "group_id": "grp_19293",
                "latest_version": 2,
                "note": "",
                "production_version": 0,
                "property_id": "prp_348247",
                "property_name": "prefetch.test.com",
                "property_type": "",
                "staging_version": 0
              },
              {
                "contract_id": "ctr_1-1NC95D",
                "group_id": "grp_19293",
                "latest_version": 3,
                "note": "",
                "production_version": 0,
                "property_id": "prp_929619",
                "property_name": "testing-charlie-accu",
                "property_type": "",
                "staging_version": 1
              },
              {
                "contract_id": "ctr_1-1NC95D",
                "group_id": "grp_19293",
                "latest_version": 2,
                "note": "",
                "production_version": 0,
                "property_id": "prp_579382",
                "property_name": "AudienceSegmentation-Demo",
                "property_type": "",
                "staging_version": 0
              },
              {
                "contract_id": "ctr_1-1NC95D",
                "group_id": "grp_19293",
                "latest_version": 1,
                "note": "",
                "production_version": 0,
                "property_id": "prp_1140747",
                "property_name": "twentytwo.tf-demo.com",
                "property_type": "",
                "staging_version": 1
              },
              {
                "contract_id": "ctr_1-1NC95D",
                "group_id": "grp_19293",
                "latest_version": 13,
                "note": "",
                "production_version": 5,
                "property_id": "prp_1210573",
                "property_name": "buckprod_pm_dsa",
                "property_type": "",
                "staging_version": 12
              },
              {
                "contract_id": "ctr_1-1NC95D",
                "group_id": "grp_19293",
                "latest_version": 4,
                "note": "",
                "production_version": 0,
                "property_id": "prp_594305",
                "property_name": "amd.akamaize.me",
                "property_type": "",
                "staging_version": 2
              },
              {
                "contract_id": "ctr_1-1NC95D",
                "group_id": "grp_19293",
                "latest_version": 2,
                "note": "",
                "production_version": 0,
                "property_id": "prp_311547",
                "property_name": "dummy-hmallika.edgesuite.net",
                "property_type": "",
                "staging_version": 0
              },
              {
                "contract_id": "ctr_1-1NC95D",
                "group_id": "grp_19293",
                "latest_version": 20,
                "note": "",
                "production_version": 0,
                "property_id": "prp_504216",
                "property_name": "amesegue-cloudmon",
                "property_type": "",
                "staging_version": 19
              },
              {
                "contract_id": "ctr_1-1NC95D",
                "group_id": "grp_19293",
                "latest_version": 9,
                "note": "",
                "production_version": 3,
                "property_id": "prp_1210570",
                "property_name": "bucktqa_pm_dsa",
                "property_type": "",
                "staging_version": 9
              },
              {
                "contract_id": "ctr_1-1NC95D",
                "group_id": "grp_19293",
                "latest_version": 1,
                "note": "",
                "production_version": 0,
                "property_id": "prp_1159544",
                "property_name": "tfsharath",
                "property_type": "",
                "staging_version": 0
              },
              {
                "contract_id": "ctr_1-1NC95D",
                "group_id": "grp_19293",
                "latest_version": 2,
                "note": "",
                "production_version": 0,
                "property_id": "prp_326751",
                "property_name": "test.camonter.com",
                "property_type": "",
                "staging_version": 0
              },
              {
                "contract_id": "ctr_1-1NC95D",
                "group_id": "grp_19293",
                "latest_version": 3,
                "note": "",
                "production_version": 0,
                "property_id": "prp_573389",
                "property_name": "testabc.devopstestprvenkat.com",
                "property_type": "",
                "staging_version": 1
              },
              {
                "contract_id": "ctr_1-1NC95D",
                "group_id": "grp_19293",
                "latest_version": 2,
                "note": "",
                "production_version": 0,
                "property_id": "prp_755440",
                "property_name": "audeCORS",
                "property_type": "",
                "staging_version": 0
              },
              {
                "contract_id": "ctr_1-1NC95D",
                "group_id": "grp_19293",
                "latest_version": 4,
                "note": "",
                "production_version": 0,
                "property_id": "prp_359875",
                "property_name": "ion-test.sandip.ind.in",
                "property_type": "",
                "staging_version": 0
              },
              {
                "contract_id": "ctr_1-1NC95D",
                "group_id": "grp_19293",
                "latest_version": 3,
                "note": "",
                "production_version": 0,
                "property_id": "prp_359873",
                "property_name": "dsd-test.sandip.ind.in",
                "property_type": "",
                "staging_version": 0
              },
              {
                "contract_id": "ctr_1-1NC95D",
                "group_id": "grp_19293",
                "latest_version": 9,
                "note": "",
                "production_version": 2,
                "property_id": "prp_1210578",
                "property_name": "buckdev_pm_dsa",
                "property_type": "",
                "staging_version": 9
              },
              {
                "contract_id": "ctr_1-1NC95D",
                "group_id": "grp_19293",
                "latest_version": 9,
                "note": "",
                "production_version": 2,
                "property_id": "prp_455388",
                "property_name": "jesny.amd.com",
                "property_type": "",
                "staging_version": 5
              },
              {
                "contract_id": "ctr_1-1NC95D",
                "group_id": "grp_19293",
                "latest_version": 2,
                "note": "",
                "production_version": 0,
                "property_id": "prp_606736",
                "property_name": "nfo.aniket.com",
                "property_type": "",
                "staging_version": 1
              },
              {
                "contract_id": "ctr_1-1NC95D",
                "group_id": "grp_19293",
                "latest_version": 47,
                "note": "",
                "production_version": 1,
                "property_id": "prp_474015",
                "property_name": "citi.losgiova.com",
                "property_type": "",
                "staging_version": 48
              },
              {
                "contract_id": "ctr_1-1NC95D",
                "group_id": "grp_19293",
                "latest_version": 2,
                "note": "",
                "production_version": 0,
                "property_id": "prp_661821",
                "property_name": "prod.abodhankpipe",
                "property_type": "",
                "staging_version": 0
              },
              {
                "contract_id": "ctr_1-1NC95D",
                "group_id": "grp_19293",
                "latest_version": 1,
                "note": "",
                "production_version": 1,
                "property_id": "prp_1143172",
                "property_name": "fakeiamacmp.com",
                "property_type": "",
                "staging_version": 0
              },
              {
                "contract_id": "ctr_1-1NC95D",
                "group_id": "grp_19293",
                "latest_version": 2,
                "note": "",
                "production_version": 0,
                "property_id": "prp_661820",
                "property_name": "qa.abodhankpipe",
                "property_type": "",
                "staging_version": 0
              },
              {
                "contract_id": "ctr_1-1NC95D",
                "group_id": "grp_19293",
                "latest_version": 3,
                "note": "",
                "production_version": 0,
                "property_id": "prp_1081054",
                "property_name": "ss_demo",
                "property_type": "",
                "staging_version": 2
              },
              {
                "contract_id": "ctr_1-1NC95D",
                "group_id": "grp_19293",
                "latest_version": 5,
                "note": "",
                "production_version": 2,
                "property_id": "prp_966637",
                "property_name": "yjeon.report",
                "property_type": "",
                "staging_version": 5
              },
              {
                "contract_id": "ctr_1-1NC95D",
                "group_id": "grp_19293",
                "latest_version": 2,
                "note": "",
                "production_version": 0,
                "property_id": "prp_661819",
                "property_name": "dev.abodhankpipe",
                "property_type": "",
                "staging_version": 1
              },
              {
                "contract_id": "ctr_1-1NC95D",
                "group_id": "grp_19293",
                "latest_version": 496,
                "note": "",
                "production_version": 140,
                "property_id": "prp_588607",
                "property_name": "www.pwalters.com.v2.xml",
                "property_type": "",
                "staging_version": 496
              },
              {
                "contract_id": "ctr_1-1NC95D",
                "group_id": "grp_19293",
                "latest_version": 3,
                "note": "",
                "production_version": 0,
                "property_id": "prp_326564",
                "property_name": "tahir-test",
                "property_type": "",
                "staging_version": 1
              },
              {
                "contract_id": "ctr_1-1NC95D",
                "group_id": "grp_19293",
                "latest_version": 6,
                "note": "",
                "production_version": 5,
                "property_id": "prp_250220",
                "property_name": "cloudmonitor.ig-data.com",
                "property_type": "",
                "staging_version": 2
              },
              {
                "contract_id": "ctr_1-1NC95D",
                "group_id": "grp_19293",
                "latest_version": 2,
                "note": "",
                "production_version": 0,
                "property_id": "prp_744988",
                "property_name": "ISHTTP3",
                "property_type": "",
                "staging_version": 0
              },
              {
                "contract_id": "ctr_1-1NC95D",
                "group_id": "grp_19293",
                "latest_version": 7,
                "note": "",
                "production_version": 0,
                "property_id": "prp_1074176",
                "property_name": "fed-dd",
                "property_type": "",
                "staging_version": 7
              },
              {
                "contract_id": "ctr_1-1NC95D",
                "group_id": "grp_19293",
                "latest_version": 2,
                "note": "",
                "production_version": 0,
                "property_id": "prp_420433",
                "property_name": "Cloudlet_https_Els",
                "property_type": "",
                "staging_version": 0
              },
              {
                "contract_id": "ctr_1-1NC95D",
                "group_id": "grp_19293",
                "latest_version": 6,
                "note": "",
                "production_version": 0,
                "property_id": "prp_636891",
                "property_name": "abhiman_test_pm",
                "property_type": "",
                "staging_version": 5
              },
              {
                "contract_id": "ctr_1-1NC95D",
                "group_id": "grp_19293",
                "latest_version": 2,
                "note": "",
                "production_version": 0,
                "property_id": "prp_745006",
                "property_name": "DSAHTTP3",
                "property_type": "",
                "staging_version": 0
              },
              {
                "contract_id": "ctr_1-1NC95D",
                "group_id": "grp_19293",
                "latest_version": 4,
                "note": "",
                "production_version": 3,
                "property_id": "prp_542746",
                "property_name": "lalexand2.www.flowershop.com",
                "property_type": "",
                "staging_version": 3
              },
              {
                "contract_id": "ctr_1-1NC95D",
                "group_id": "grp_19293",
                "latest_version": 40,
                "note": "",
                "production_version": 0,
                "property_id": "prp_348109",
                "property_name": "www.tubeerhaibc.com",
                "property_type": "",
                "staging_version": 38
              },
              {
                "contract_id": "ctr_1-1NC95D",
                "group_id": "grp_19293",
                "latest_version": 2,
                "note": "",
                "production_version": 0,
                "property_id": "prp_334788",
                "property_name": "bryce.test.akamai.com",
                "property_type": "",
                "staging_version": 0
              },
              {
                "contract_id": "ctr_1-1NC95D",
                "group_id": "grp_19293",
                "latest_version": 2,
                "note": "",
                "production_version": 0,
                "property_id": "prp_875591",
                "property_name": "sony-tv-test",
                "property_type": "",
                "staging_version": 0
              },
              {
                "contract_id": "ctr_1-1NC95D",
                "group_id": "grp_19293",
                "latest_version": 2,
                "note": "",
                "production_version": 0,
                "property_id": "prp_137992",
                "property_name": "Pearson_test_property",
                "property_type": "",
                "staging_version": 0
              },
              {
                "contract_id": "ctr_1-1NC95D",
                "group_id": "grp_19293",
                "latest_version": 3,
                "note": "",
                "production_version": 0,
                "property_id": "prp_441825",
                "property_name": "ramy-pr-cloudlet",
                "property_type": "",
                "staging_version": 1
              },
              {
                "contract_id": "ctr_1-1NC95D",
                "group_id": "grp_19293",
                "latest_version": 3,
                "note": "",
                "production_version": 0,
                "property_id": "prp_270194",
                "property_name": "abustamante.edgesuite.net",
                "property_type": "",
                "staging_version": 1
              },
              {
                "contract_id": "ctr_1-1NC95D",
                "group_id": "grp_19293",
                "latest_version": 3,
                "note": "",
                "production_version": 1,
                "property_id": "prp_703383",
                "property_name": "gicsf.gsshappylearning.com",
                "property_type": "",
                "staging_version": 2
              },
              {
                "contract_id": "ctr_1-1NC95D",
                "group_id": "grp_19293",
                "latest_version": 4,
                "note": "",
                "production_version": 0,
                "property_id": "prp_270195",
                "property_name": "sathish_ion.edgesuite.net",
                "property_type": "",
                "staging_version": 1
              },
              {
                "contract_id": "ctr_1-1NC95D",
                "group_id": "grp_19293",
                "latest_version": 2,
                "note": "",
                "production_version": 0,
                "property_id": "prp_833259",
                "property_name": "avillalo.test.com",
                "property_type": "",
                "staging_version": 1
              },
              {
                "contract_id": "ctr_1-1NC95D",
                "group_id": "grp_19293",
                "latest_version": 2,
                "note": "",
                "production_version": 1,
                "property_id": "prp_603394",
                "property_name": "mguentge-mpulse.akamaized.net",
                "property_type": "",
                "staging_version": 1
              },
              {
                "contract_id": "ctr_1-1NC95D",
                "group_id": "grp_19293",
                "latest_version": 3,
                "note": "",
                "production_version": 0,
                "property_id": "prp_624208",
                "property_name": "test123456789.com",
                "property_type": "",
                "staging_version": 1
              },
              {
                "contract_id": "ctr_1-1NC95D",
                "group_id": "grp_19293",
                "latest_version": 68,
                "note": "",
                "production_version": 67,
                "property_id": "prp_603395",
                "property_name": "mguentge-merck.akamaized.net",
                "property_type": "",
                "staging_version": 68
              },
              {
                "contract_id": "ctr_1-1NC95D",
                "group_id": "grp_19293",
                "latest_version": 5,
                "note": "",
                "production_version": 2,
                "property_id": "prp_270187",
                "property_name": "par.edgesuite_pm",
                "property_type": "",
                "staging_version": 3
              },
              {
                "contract_id": "ctr_1-1NC95D",
                "group_id": "grp_19293",
                "latest_version": 2,
                "note": "",
                "production_version": 0,
                "property_id": "prp_169149",
                "property_name": "dsa_rabryant_pm",
                "property_type": "",
                "staging_version": 0
              },
              {
                "contract_id": "ctr_1-1NC95D",
                "group_id": "grp_19293",
                "latest_version": 3,
                "note": "",
                "production_version": 0,
                "property_id": "prp_270185",
                "property_name": "jalfarop.edgesuite.net",
                "property_type": "",
                "staging_version": 1
              },
              {
                "contract_id": "ctr_1-1NC95D",
                "group_id": "grp_19293",
                "latest_version": 4,
                "note": "",
                "production_version": 0,
                "property_id": "prp_270182",
                "property_name": "falfarom.edgesuite.net",
                "property_type": "",
                "staging_version": 2
              },
              {
                "contract_id": "ctr_1-1NC95D",
                "group_id": "grp_19293",
                "latest_version": 3,
                "note": "",
                "production_version": 1,
                "property_id": "prp_202439",
                "property_name": "shreyas-file2.esitest.com",
                "property_type": "",
                "staging_version": 2
              },
              {
                "contract_id": "ctr_1-1NC95D",
                "group_id": "grp_19293",
                "latest_version": 46,
                "note": "",
                "production_version": 45,
                "property_id": "prp_218280",
                "property_name": "ezcounter2.akamai.com",
                "property_type": "",
                "staging_version": 40
              },
              {
                "contract_id": "ctr_1-1NC95D",
                "group_id": "grp_19293",
                "latest_version": 2,
                "note": "",
                "production_version": 0,
                "property_id": "prp_857832",
                "property_name": "sathyana.labs.akamaiusec.com",
                "property_type": "",
                "staging_version": 0
              },
              {
                "contract_id": "ctr_1-1NC95D",
                "group_id": "grp_19293",
                "latest_version": 3,
                "note": "",
                "production_version": 0,
                "property_id": "prp_285789",
                "property_name": "dalvarad_akamaiflowershop",
                "property_type": "",
                "staging_version": 1
              },
              {
                "contract_id": "ctr_1-1NC95D",
                "group_id": "grp_19293",
                "latest_version": 3,
                "note": "",
                "production_version": 2,
                "property_id": "prp_582651",
                "property_name": "content-typetest-Discovery",
                "property_type": "",
                "staging_version": 0
              },
              {
                "contract_id": "ctr_1-1NC95D",
                "group_id": "grp_19293",
                "latest_version": 7,
                "note": "",
                "production_version": 0,
                "property_id": "prp_430944",
                "property_name": "dcuenc_devops_new",
                "property_type": "",
                "staging_version": 6
              },
              {
                "contract_id": "ctr_1-1NC95D",
                "group_id": "grp_19293",
                "latest_version": 2,
                "note": "",
                "production_version": 0,
                "property_id": "prp_416990",
                "property_name": "lab-grays.com",
                "property_type": "",
                "staging_version": 0
              },
              {
                "contract_id": "ctr_1-1NC95D",
                "group_id": "grp_19293",
                "latest_version": 11,
                "note": "",
                "production_version": 4,
                "property_id": "prp_1153382",
                "property_name": "spsp",
                "property_type": "",
                "staging_version": 11
              },
              {
                "contract_id": "ctr_1-1NC95D",
                "group_id": "grp_19293",
                "latest_version": 2,
                "note": "",
                "production_version": 0,
                "property_id": "prp_585785",
                "property_name": "test_ion_prvenkat",
                "property_type": "",
                "staging_version": 0
              },
              {
                "contract_id": "ctr_1-1NC95D",
                "group_id": "grp_19293",
                "latest_version": 2,
                "note": "",
                "production_version": 0,
                "property_id": "prp_576262",
                "property_name": "test124.testnotes123.com",
                "property_type": "",
                "staging_version": 0
              },
              {
                "contract_id": "ctr_1-1NC95D",
                "group_id": "grp_19293",
                "latest_version": 2,
                "note": "",
                "production_version": 0,
                "property_id": "prp_482820",
                "property_name": "creditkarma.com_cm",
                "property_type": "",
                "staging_version": 1
              },
              {
                "contract_id": "ctr_1-1NC95D",
                "group_id": "grp_19293",
                "latest_version": 2,
                "note": "",
                "production_version": 0,
                "property_id": "prp_576261",
                "property_name": "test124.testnotes.com",
                "property_type": "",
                "staging_version": 1
              },
              {
                "contract_id": "ctr_1-1NC95D",
                "group_id": "grp_19293",
                "latest_version": 7,
                "note": "",
                "production_version": 2,
                "property_id": "prp_571417",
                "property_name": "dsa-dmallins",
                "property_type": "",
                "staging_version": 5
              },
              {
                "contract_id": "ctr_1-1NC95D",
                "group_id": "grp_19293",
                "latest_version": 2,
                "note": "",
                "production_version": 0,
                "property_id": "prp_348123",
                "property_name": "failover.tubeerhaibc.com",
                "property_type": "",
                "staging_version": 1
              },
              {
                "contract_id": "ctr_1-1NC95D",
                "group_id": "grp_19293",
                "latest_version": 2,
                "note": "",
                "production_version": 0,
                "property_id": "prp_576259",
                "property_name": "test123notestest.com",
                "property_type": "",
                "staging_version": 1
              },
              {
                "contract_id": "ctr_1-1NC95D",
                "group_id": "grp_19293",
                "latest_version": 12,
                "note": "",
                "production_version": 2,
                "property_id": "prp_1060972",
                "property_name": "www.abhirajlab.com",
                "property_type": "",
                "staging_version": 10
              },
              {
                "contract_id": "ctr_1-1NC95D",
                "group_id": "grp_19293",
                "latest_version": 2,
                "note": "",
                "production_version": 0,
                "property_id": "prp_576263",
                "property_name": "test124.testnotesxtest.com",
                "property_type": "",
                "staging_version": 0
              },
              {
                "contract_id": "ctr_1-1NC95D",
                "group_id": "grp_19293",
                "latest_version": 2,
                "note": "",
                "production_version": 0,
                "property_id": "prp_630491",
                "property_name": "testgs001",
                "property_type": "",
                "staging_version": 0
              },
              {
                "contract_id": "ctr_1-1NC95D",
                "group_id": "grp_19293",
                "latest_version": 2,
                "note": "",
                "production_version": 0,
                "property_id": "prp_135069",
                "property_name": "www.discovertest3.com",
                "property_type": "",
                "staging_version": 0
              },
              {
                "contract_id": "ctr_1-1NC95D",
                "group_id": "grp_19293",
                "latest_version": 6,
                "note": "",
                "production_version": 5,
                "property_id": "prp_297580",
                "property_name": "cdn2.gfkct.de",
                "property_type": "",
                "staging_version": 5
              },
              {
                "contract_id": "ctr_1-1NC95D",
                "group_id": "grp_19293",
                "latest_version": 1,
                "note": "",
                "production_version": 0,
                "property_id": "prp_1120145",
                "property_name": "DSAtemplate",
                "property_type": "",
                "staging_version": 0
              },
              {
                "contract_id": "ctr_1-1NC95D",
                "group_id": "grp_19293",
                "latest_version": 2,
                "note": "",
                "production_version": 0,
                "property_id": "prp_603438",
                "property_name": "httpdl.davidbartosh.com",
                "property_type": "",
                "staging_version": 0
              },
              {
                "contract_id": "ctr_1-1NC95D",
                "group_id": "grp_19293",
                "latest_version": 1,
                "note": "",
                "production_version": 0,
                "property_id": "prp_1120140",
                "property_name": "testingterraform",
                "property_type": "",
                "staging_version": 0
              },
              {
                "contract_id": "ctr_1-1NC95D",
                "group_id": "grp_19293",
                "latest_version": 2,
                "note": "",
                "production_version": 0,
                "property_id": "prp_665061",
                "property_name": "sarsmetadataconfig",
                "property_type": "",
                "staging_version": 0
              },
              {
                "contract_id": "ctr_1-1NC95D",
                "group_id": "grp_19293",
                "latest_version": 51,
                "note": "",
                "production_version": 2,
                "property_id": "prp_427438",
                "property_name": "kdrigals_amd",
                "property_type": "",
                "staging_version": 50
              },
              {
                "contract_id": "ctr_1-1NC95D",
                "group_id": "grp_19293",
                "latest_version": 2,
                "note": "",
                "production_version": 0,
                "property_id": "prp_919184",
                "property_name": "Nisha_New",
                "property_type": "",
                "staging_version": 0
              },
              {
                "contract_id": "ctr_1-1NC95D",
                "group_id": "grp_19293",
                "latest_version": 2,
                "note": "",
                "production_version": 0,
                "property_id": "prp_665064",
                "property_name": "Testcenterconfig_clone_for_MD",
                "property_type": "",
                "staging_version": 0
              },
              {
                "contract_id": "ctr_1-1NC95D",
                "group_id": "grp_19293",
                "latest_version": 3,
                "note": "",
                "production_version": 0,
                "property_id": "prp_398547",
                "property_name": "bdaly.dsalab.com",
                "property_type": "",
                "staging_version": 2
              },
              {
                "contract_id": "ctr_1-1NC95D",
                "group_id": "grp_19293",
                "latest_version": 30,
                "note": "",
                "production_version": 28,
                "property_id": "prp_943292",
                "property_name": "flopez-testing",
                "property_type": "",
                "staging_version": 29
              },
              {
                "contract_id": "ctr_1-1NC95D",
                "group_id": "grp_19293",
                "latest_version": 3,
                "note": "",
                "production_version": 0,
                "property_id": "prp_120281",
                "property_name": "test.davidm.com",
                "property_type": "",
                "staging_version": 0
              },
              {
                "contract_id": "ctr_1-1NC95D",
                "group_id": "grp_19293",
                "latest_version": 4,
                "note": "",
                "production_version": 0,
                "property_id": "prp_1064562",
                "property_name": "pganabat-test",
                "property_type": "",
                "staging_version": 4
              },
              {
                "contract_id": "ctr_1-1NC95D",
                "group_id": "grp_19293",
                "latest_version": 2,
                "note": "",
                "production_version": 0,
                "property_id": "prp_985963",
                "property_name": "dbishop-dd-test",
                "property_type": "",
                "staging_version": 0
              },
              {
                "contract_id": "ctr_1-1NC95D",
                "group_id": "grp_19293",
                "latest_version": 2,
                "note": "",
                "production_version": 0,
                "property_id": "prp_567349",
                "property_name": "sseifert-S3_NS_Demo",
                "property_type": "",
                "staging_version": 1
              },
              {
                "contract_id": "ctr_1-1NC95D",
                "group_id": "grp_19293",
                "latest_version": 7,
                "note": "",
                "production_version": 0,
                "property_id": "prp_933073",
                "property_name": "poosharm_testconfig",
                "property_type": "",
                "staging_version": 6
              },
              {
                "contract_id": "ctr_1-1NC95D",
                "group_id": "grp_19293",
                "latest_version": 3,
                "note": "",
                "production_version": 1,
                "property_id": "prp_1224491",
                "property_name": "fed-ds",
                "property_type": "",
                "staging_version": 2
              },
              {
                "contract_id": "ctr_1-1NC95D",
                "group_id": "grp_19293",
                "latest_version": 2,
                "note": "",
                "production_version": 0,
                "property_id": "prp_882843",
                "property_name": "pvoniadkfailover.gsshappylearning.com",
                "property_type": "HOSTNAME_BUCKET",
                "staging_version": 0
              },
              {
                "contract_id": "ctr_1-1NC95D",
                "group_id": "grp_19293",
                "latest_version": 2,
                "note": "",
                "production_version": 0,
                "property_id": "prp_676411",
                "property_name": "downloads_v2.davidbartosh.com",
                "property_type": "",
                "staging_version": 0
              },
              {
                "contract_id": "ctr_1-1NC95D",
                "group_id": "grp_19293",
                "latest_version": 2,
                "note": "",
                "production_version": 0,
                "property_id": "prp_363958",
                "property_name": "mfuentes.newhirelab.com",
                "property_type": "",
                "staging_version": 0
              },
              {
                "contract_id": "ctr_1-1NC95D",
                "group_id": "grp_19293",
                "latest_version": 13,
                "note": "",
                "production_version": 12,
                "property_id": "prp_201483",
                "property_name": "shreyas-esitest.com.edgesuite.net",
                "property_type": "",
                "staging_version": 12
              },
              {
                "contract_id": "ctr_1-1NC95D",
                "group_id": "grp_19293",
                "latest_version": 2,
                "note": "",
                "production_version": 0,
                "property_id": "prp_306400",
                "property_name": "mds-amd.example.com",
                "property_type": "",
                "staging_version": 0
              },
              {
                "contract_id": "ctr_1-1NC95D",
                "group_id": "grp_19293",
                "latest_version": 15,
                "note": "",
                "production_version": 0,
                "property_id": "prp_906392",
                "property_name": "SHA_EW",
                "property_type": "",
                "staging_version": 15
              },
              {
                "contract_id": "ctr_1-1NC95D",
                "group_id": "grp_19293",
                "latest_version": 3,
                "note": "",
                "production_version": 1,
                "property_id": "prp_555525",
                "property_name": "enterprise-t3-eaa-client-test",
                "property_type": "",
                "staging_version": 1
              },
              {
                "contract_id": "ctr_1-1NC95D",
                "group_id": "grp_19293",
                "latest_version": 2,
                "note": "",
                "production_version": 0,
                "property_id": "prp_504340",
                "property_name": "roryhewitt-wd",
                "property_type": "",
                "staging_version": 0
              },
              {
                "contract_id": "ctr_1-1NC95D",
                "group_id": "grp_19293",
                "latest_version": 2,
                "note": "",
                "production_version": 0,
                "property_id": "prp_344583",
                "property_name": "lab15.ashwini.com",
                "property_type": "",
                "staging_version": 0
              },
              {
                "contract_id": "ctr_1-1NC95D",
                "group_id": "grp_19293",
                "latest_version": 2,
                "note": "",
                "production_version": 1,
                "property_id": "prp_799385",
                "property_name": "mguentge-terraform.akamaized.net",
                "property_type": "",
                "staging_version": 1
              },
              {
                "contract_id": "ctr_1-1NC95D",
                "group_id": "grp_19293",
                "latest_version": 44,
                "note": "",
                "production_version": 6,
                "property_id": "prp_330811",
                "property_name": "mmongemu-ps",
                "property_type": "",
                "staging_version": 40
              },
              {
                "contract_id": "ctr_1-1NC95D",
                "group_id": "grp_19293",
                "latest_version": 6,
                "note": "",
                "production_version": 0,
                "property_id": "prp_136549",
                "property_name": "test.aftonbladet",
                "property_type": "",
                "staging_version": 3
              },
              {
                "contract_id": "ctr_1-1NC95D",
                "group_id": "grp_19293",
                "latest_version": 2,
                "note": "",
                "production_version": 0,
                "property_id": "prp_799387",
                "property_name": "mguentge-pipeline.akamaized.net",
                "property_type": "",
                "staging_version": 0
              },
              {
                "contract_id": "ctr_1-1NC95D",
                "group_id": "grp_19293",
                "latest_version": 2,
                "note": "",
                "production_version": 0,
                "property_id": "prp_985961",
                "property_name": "dbishop_od_test",
                "property_type": "",
                "staging_version": 0
              },
              {
                "contract_id": "ctr_1-1NC95D",
                "group_id": "grp_19293",
                "latest_version": 3,
                "note": "",
                "production_version": 0,
                "property_id": "prp_1002249",
                "property_name": "indu-deletion-test2-dsa",
                "property_type": "",
                "staging_version": 1
              },
              {
                "contract_id": "ctr_1-1NC95D",
                "group_id": "grp_19293",
                "latest_version": 2,
                "note": "",
                "production_version": 0,
                "property_id": "prp_762449",
                "property_name": "ifyoulikepinacolada-storage",
                "property_type": "",
                "staging_version": 0
              },
              {
                "contract_id": "ctr_1-1NC95D",
                "group_id": "grp_19293",
                "latest_version": 6,
                "note": "",
                "production_version": 1,
                "property_id": "prp_1002253",
                "property_name": "indu-deletion-test3-dsa",
                "property_type": "",
                "staging_version": 0
              },
              {
                "contract_id": "ctr_1-1NC95D",
                "group_id": "grp_19293",
                "latest_version": 16,
                "note": "",
                "production_version": 1,
                "property_id": "prp_1002252",
                "property_name": "indu-deletion-test1-dsa",
                "property_type": "",
                "staging_version": 16
              },
              {
                "contract_id": "ctr_1-1NC95D",
                "group_id": "grp_19293",
                "latest_version": 2,
                "note": "",
                "production_version": 0,
                "property_id": "prp_115040",
                "property_name": "www.akamlab2.com.xml",
                "property_type": "",
                "staging_version": 1
              },
              {
                "contract_id": "ctr_1-1NC95D",
                "group_id": "grp_19293",
                "latest_version": 28,
                "note": "",
                "production_version": 27,
                "property_id": "prp_912674",
                "property_name": "AMD-testvij657",
                "property_type": "",
                "staging_version": 27
              },
              {
                "contract_id": "ctr_1-1NC95D",
                "group_id": "grp_19293",
                "latest_version": 7,
                "note": "",
                "production_version": 0,
                "property_id": "prp_621096",
                "property_name": "MinalTestConfig",
                "property_type": "",
                "staging_version": 4
              },
              {
                "contract_id": "ctr_1-1NC95D",
                "group_id": "grp_19293",
                "latest_version": 82,
                "note": "",
                "production_version": 81,
                "property_id": "prp_311761",
                "property_name": "rmongeag.newhirelab.com",
                "property_type": "",
                "staging_version": 81
              },
              {
                "contract_id": "ctr_1-1NC95D",
                "group_id": "grp_19293",
                "latest_version": 21,
                "note": "",
                "production_version": 0,
                "property_id": "prp_553038",
                "property_name": "cloudlets.gsshappylearning.com",
                "property_type": "",
                "staging_version": 19
              },
              {
                "contract_id": "ctr_1-1NC95D",
                "group_id": "grp_19293",
                "latest_version": 2,
                "note": "",
                "production_version": 0,
                "property_id": "prp_976179",
                "property_name": "aks_api_gateway",
                "property_type": "",
                "staging_version": 1
              },
              {
                "contract_id": "ctr_1-1NC95D",
                "group_id": "grp_19293",
                "latest_version": 2,
                "note": "",
                "production_version": 0,
                "property_id": "prp_208042",
                "property_name": "ebc.edgesuite.net",
                "property_type": "",
                "staging_version": 0
              },
              {
                "contract_id": "ctr_1-1NC95D",
                "group_id": "grp_19293",
                "latest_version": 65,
                "note": "",
                "production_version": 0,
                "property_id": "prp_738118",
                "property_name": "lalexand_edgeworkers",
                "property_type": "",
                "staging_version": 0
              },
              {
                "contract_id": "ctr_1-1NC95D",
                "group_id": "grp_19293",
                "latest_version": 7,
                "note": "",
                "production_version": 6,
                "property_id": "prp_865488",
                "property_name": "aghbots",
                "property_type": "",
                "staging_version": 3
              },
              {
                "contract_id": "ctr_1-1NC95D",
                "group_id": "grp_19293",
                "latest_version": 24,
                "note": "",
                "production_version": 0,
                "property_id": "prp_627824",
                "property_name": "ddondyk.gsshappylearning.com_lab1",
                "property_type": "",
                "staging_version": 22
              },
              {
                "contract_id": "ctr_1-1NC95D",
                "group_id": "grp_19293",
                "latest_version": 73,
                "note": "",
                "production_version": 51,
                "property_id": "prp_564704",
                "property_name": "sefernan.edgesuite.net",
                "property_type": "",
                "staging_version": 72
              },
              {
                "contract_id": "ctr_1-1NC95D",
                "group_id": "grp_19293",
                "latest_version": 2,
                "note": "",
                "production_version": 0,
                "property_id": "prp_330839",
                "property_name": "a.b.c.",
                "property_type": "",
                "staging_version": 0
              },
              {
                "contract_id": "ctr_1-1NC95D",
                "group_id": "grp_19293",
                "latest_version": 4,
                "note": "",
                "production_version": 0,
                "property_id": "prp_326947",
                "property_name": "ratmishr_testing",
                "property_type": "",
                "staging_version": 1
              },
              {
                "contract_id": "ctr_1-1NC95D",
                "group_id": "grp_19293",
                "latest_version": 41,
                "note": "",
                "production_version": 0,
                "property_id": "prp_121840",
                "property_name": "www.jkornas_v2.com.xml",
                "property_type": "",
                "staging_version": 39
              },
              {
                "contract_id": "ctr_1-1NC95D",
                "group_id": "grp_19293",
                "latest_version": 3,
                "note": "",
                "production_version": 0,
                "property_id": "prp_132015",
                "property_name": "konradtest.propertymanager.com",
                "property_type": "",
                "staging_version": 0
              },
              {
                "contract_id": "ctr_1-1NC95D",
                "group_id": "grp_19293",
                "latest_version": 35,
                "note": "",
                "production_version": 2,
                "property_id": "prp_617456",
                "property_name": "testingmetadata.aphilip.com_clone",
                "property_type": "",
                "staging_version": 35
              },
              {
                "contract_id": "ctr_1-1NC95D",
                "group_id": "grp_19293",
                "latest_version": 4,
                "note": "",
                "production_version": 0,
                "property_id": "prp_191836",
                "property_name": "snapple.jahoward.com",
                "property_type": "",
                "staging_version": 1
              },
              {
                "contract_id": "ctr_1-1NC95D",
                "group_id": "grp_19293",
                "latest_version": 4,
                "note": "",
                "production_version": 0,
                "property_id": "prp_191842",
                "property_name": "fossltest",
                "property_type": "",
                "staging_version": 0
              },
              {
                "contract_id": "ctr_1-1NC95D",
                "group_id": "grp_19293",
                "latest_version": 6,
                "note": "",
                "production_version": 4,
                "property_id": "prp_220798",
                "property_name": "soc-krk_internal",
                "property_type": "",
                "staging_version": 4
              },
              {
                "contract_id": "ctr_1-1NC95D",
                "group_id": "grp_19293",
                "latest_version": 2,
                "note": "",
                "production_version": 0,
                "property_id": "prp_630795",
                "property_name": "gethilka-terraform",
                "property_type": "",
                "staging_version": 0
              },
              {
                "contract_id": "ctr_1-1NC95D",
                "group_id": "grp_19293",
                "latest_version": 2,
                "note": "",
                "production_version": 0,
                "property_id": "prp_637246",
                "property_name": "20200723.dnivas.gsshappylearning.com",
                "property_type": "",
                "staging_version": 0
              },
              {
                "contract_id": "ctr_1-1NC95D",
                "group_id": "grp_19293",
                "latest_version": 2,
                "note": "",
                "production_version": 1,
                "property_id": "prp_882874",
                "property_name": "pvoniadk2failover..gsshappylearning.com",
                "property_type": "",
                "staging_version": 1
              },
              {
                "contract_id": "ctr_1-1NC95D",
                "group_id": "grp_19293",
                "latest_version": 3,
                "note": "",
                "production_version": 0,
                "property_id": "prp_555596",
                "property_name": "cdn.grant0r.net",
                "property_type": "",
                "staging_version": 0
              },
              {
                "contract_id": "ctr_1-1NC95D",
                "group_id": "grp_19293",
                "latest_version": 3,
                "note": "",
                "production_version": 0,
                "property_id": "prp_180081",
                "property_name": "vdatta.test.com",
                "property_type": "",
                "staging_version": 0
              },
              {
                "contract_id": "ctr_1-1NC95D",
                "group_id": "grp_19293",
                "latest_version": 2,
                "note": "",
                "production_version": 0,
                "property_id": "prp_294009",
                "property_name": "pablotelevisatest",
                "property_type": "",
                "staging_version": 0
              },
              {
                "contract_id": "ctr_1-1NC95D",
                "group_id": "grp_19293",
                "latest_version": 3,
                "note": "",
                "production_version": 3,
                "property_id": "prp_1057892",
                "property_name": "freeflow.ew-checklisting.edgesuite.net",
                "property_type": "",
                "staging_version": 3
              },
              {
                "contract_id": "ctr_1-1NC95D",
                "group_id": "grp_19293",
                "latest_version": 31,
                "note": "",
                "production_version": 28,
                "property_id": "prp_458715",
                "property_name": "hbopoc-2hitwonder",
                "property_type": "",
                "staging_version": 29
              },
              {
                "contract_id": "ctr_1-1NC95D",
                "group_id": "grp_19293",
                "latest_version": 9,
                "note": "",
                "production_version": 0,
                "property_id": "prp_133013",
                "property_name": "a04292013.davidm.com",
                "property_type": "",
                "staging_version": 0
              },
              {
                "contract_id": "ctr_1-1NC95D",
                "group_id": "grp_19293",
                "latest_version": 2,
                "note": "",
                "production_version": 0,
                "property_id": "prp_516867",
                "property_name": "www.kam-test.com",
                "property_type": "",
                "staging_version": 0
              },
              {
                "contract_id": "ctr_1-1NC95D",
                "group_id": "grp_19293",
                "latest_version": 34,
                "note": "",
                "production_version": 30,
                "property_id": "prp_606790",
                "property_name": "prantest.livestream.com",
                "property_type": "",
                "staging_version": 33
              },
              {
                "contract_id": "ctr_1-1NC95D",
                "group_id": "grp_19293",
                "latest_version": 2,
                "note": "",
                "production_version": 0,
                "property_id": "prp_242576",
                "property_name": "test.nathanle.com",
                "property_type": "",
                "staging_version": 0
              },
              {
                "contract_id": "ctr_1-1NC95D",
                "group_id": "grp_19293",
                "latest_version": 10,
                "note": "",
                "production_version": 7,
                "property_id": "prp_620935",
                "property_name": "wdelahay3",
                "property_type": "",
                "staging_version": 9
              },
              {
                "contract_id": "ctr_1-1NC95D",
                "group_id": "grp_19293",
                "latest_version": 14,
                "note": "",
                "production_version": 0,
                "property_id": "prp_340548",
                "property_name": "Khbasu-Trip2",
                "property_type": "",
                "staging_version": 12
              },
              {
                "contract_id": "ctr_1-1NC95D",
                "group_id": "grp_19293",
                "latest_version": 2,
                "note": "",
                "production_version": 1,
                "property_id": "prp_679617",
                "property_name": "wavelength01",
                "property_type": "",
                "staging_version": 0
              },
              {
                "contract_id": "ctr_1-1NC95D",
                "group_id": "grp_19293",
                "latest_version": 2,
                "note": "",
                "production_version": 1,
                "property_id": "prp_633880",
                "property_name": "msl4-demo",
                "property_type": "",
                "staging_version": 0
              },
              {
                "contract_id": "ctr_1-1NC95D",
                "group_id": "grp_19293",
                "latest_version": 4,
                "note": "",
                "production_version": 1,
                "property_id": "prp_531542",
                "property_name": "shanaya",
                "property_type": "",
                "staging_version": 2
              },
              {
                "contract_id": "ctr_1-1NC95D",
                "group_id": "grp_19293",
                "latest_version": 3,
                "note": "",
                "production_version": 0,
                "property_id": "prp_645553",
                "property_name": "mart.com",
                "property_type": "",
                "staging_version": 1
              },
              {
                "contract_id": "ctr_1-1NC95D",
                "group_id": "grp_19293",
                "latest_version": 3,
                "note": "",
                "production_version": 2,
                "property_id": "prp_909279",
                "property_name": "akamai-scalstrm-hesp",
                "property_type": "",
                "staging_version": 2
              },
              {
                "contract_id": "ctr_1-1NC95D",
                "group_id": "grp_19293",
                "latest_version": 2,
                "note": "",
                "production_version": 0,
                "property_id": "prp_662058",
                "property_name": "breadcrumbs",
                "property_type": "",
                "staging_version": 0
              },
              {
                "contract_id": "ctr_1-1NC95D",
                "group_id": "grp_19293",
                "latest_version": 2,
                "note": "",
                "production_version": 0,
                "property_id": "prp_254414",
                "property_name": "dsa.davidbartosh.com",
                "property_type": "",
                "staging_version": 0
              },
              {
                "contract_id": "ctr_1-1NC95D",
                "group_id": "grp_19293",
                "latest_version": 31,
                "note": "",
                "production_version": 0,
                "property_id": "prp_501223",
                "property_name": "prcertification-shbhardw.edgesuite.net",
                "property_type": "",
                "staging_version": 29
              },
              {
                "contract_id": "ctr_1-1NC95D",
                "group_id": "grp_19293",
                "latest_version": 12,
                "note": "",
                "production_version": 7,
                "property_id": "prp_1159627",
                "property_name": "demo-tfsourceconfiglab",
                "property_type": "",
                "staging_version": 11
              },
              {
                "contract_id": "ctr_1-1NC95D",
                "group_id": "grp_19293",
                "latest_version": 2,
                "note": "",
                "production_version": 0,
                "property_id": "prp_562121",
                "property_name": "dd_",
                "property_type": "",
                "staging_version": 0
              },
              {
                "contract_id": "ctr_1-1NC95D",
                "group_id": "grp_19293",
                "latest_version": 2,
                "note": "",
                "production_version": 0,
                "property_id": "prp_311553",
                "property_name": "dummytest",
                "property_type": "",
                "staging_version": 0
              },
              {
                "contract_id": "ctr_1-1NC95D",
                "group_id": "grp_19293",
                "latest_version": 1,
                "note": "",
                "production_version": 0,
                "property_id": "prp_1217359",
                "property_name": "www.indutesthostname.com",
                "property_type": "",
                "staging_version": 1
              },
              {
                "contract_id": "ctr_1-1NC95D",
                "group_id": "grp_19293",
                "latest_version": 5,
                "note": "",
                "production_version": 0,
                "property_id": "prp_402170",
                "property_name": "www.cichoccy.com.pl",
                "property_type": "",
                "staging_version": 3
              },
              {
                "contract_id": "ctr_1-1NC95D",
                "group_id": "grp_19293",
                "latest_version": 2,
                "note": "",
                "production_version": 0,
                "property_id": "prp_1002138",
                "property_name": "lum-ayozat-live.secure2.footprint.net",
                "property_type": "",
                "staging_version": 0
              },
              {
                "contract_id": "ctr_1-1NC95D",
                "group_id": "grp_19293",
                "latest_version": 2,
                "note": "",
                "production_version": 0,
                "property_id": "prp_1002134",
                "property_name": "ayozat-live.secure2.footprint.net",
                "property_type": "",
                "staging_version": 0
              },
              {
                "contract_id": "ctr_1-1NC95D",
                "group_id": "grp_19293",
                "latest_version": 1,
                "note": "",
                "production_version": 0,
                "property_id": "prp_1217349",
                "property_name": "indu-testconfig1",
                "property_type": "",
                "staging_version": 0
              },
              {
                "contract_id": "ctr_1-1NC95D",
                "group_id": "grp_19293",
                "latest_version": 3,
                "note": "",
                "production_version": 2,
                "property_id": "prp_582800",
                "property_name": "APM-TechJamClient-1",
                "property_type": "",
                "staging_version": 2
              },
              {
                "contract_id": "ctr_1-1NC95D",
                "group_id": "grp_19293",
                "latest_version": 2,
                "note": "",
                "production_version": 0,
                "property_id": "prp_330689",
                "property_name": "test.ramakantharao.com",
                "property_type": "",
                "staging_version": 1
              },
              {
                "contract_id": "ctr_1-1NC95D",
                "group_id": "grp_19293",
                "latest_version": 3,
                "note": "",
                "production_version": 2,
                "property_id": "prp_606776",
                "property_name": "samesite-test",
                "property_type": "",
                "staging_version": 2
              },
              {
                "contract_id": "ctr_1-1NC95D",
                "group_id": "grp_19293",
                "latest_version": 20,
                "note": "",
                "production_version": 0,
                "property_id": "prp_545286",
                "property_name": "jkornas_ion_standard",
                "property_type": "",
                "staging_version": 19
              },
              {
                "contract_id": "ctr_1-1NC95D",
                "group_id": "grp_19293",
                "latest_version": 294,
                "note": "",
                "production_version": 287,
                "property_id": "prp_655515",
                "property_name": "www.ifyoulikepinacolada.co.uk",
                "property_type": "",
                "staging_version": 293
              },
              {
                "contract_id": "ctr_1-1NC95D",
                "group_id": "grp_19293",
                "latest_version": 3,
                "note": "",
                "production_version": 0,
                "property_id": "prp_140382",
                "property_name": "kimenon.testconfig.in",
                "property_type": "",
                "staging_version": 0
              },
              {
                "contract_id": "ctr_1-1NC95D",
                "group_id": "grp_19293",
                "latest_version": 4,
                "note": "",
                "production_version": 0,
                "property_id": "prp_242632",
                "property_name": "wuakitest.msteigle.edgesuite.net.xml",
                "property_type": "",
                "staging_version": 3
              },
              {
                "contract_id": "ctr_1-1NC95D",
                "group_id": "grp_19293",
                "latest_version": 34,
                "note": "",
                "production_version": 0,
                "property_id": "prp_933023",
                "property_name": "test-sparvati",
                "property_type": "",
                "staging_version": 33
              },
              {
                "contract_id": "ctr_1-1NC95D",
                "group_id": "grp_19293",
                "latest_version": 2,
                "note": "",
                "production_version": 0,
                "property_id": "prp_582875",
                "property_name": "akamai.chrisbarlow.co.uk",
                "property_type": "",
                "staging_version": 0
              },
              {
                "contract_id": "ctr_1-1NC95D",
                "group_id": "grp_19293",
                "latest_version": 18,
                "note": "",
                "production_version": 17,
                "property_id": "prp_516768",
                "property_name": "second.aka.bamse.pl",
                "property_type": "",
                "staging_version": 17
              },
              {
                "contract_id": "ctr_1-1NC95D",
                "group_id": "grp_19293",
                "latest_version": 7,
                "note": "",
                "production_version": 2,
                "property_id": "prp_585967",
                "property_name": "servicesacademy2020",
                "property_type": "",
                "staging_version": 6
              },
              {
                "contract_id": "ctr_1-1NC95D",
                "group_id": "grp_19293",
                "latest_version": 2,
                "note": "",
                "production_version": 1,
                "property_id": "prp_375474",
                "property_name": "patch.mediadev.edgesuite.net",
                "property_type": "",
                "staging_version": 1
              },
              {
                "contract_id": "ctr_1-1NC95D",
                "group_id": "grp_19293",
                "latest_version": 2,
                "note": "",
                "production_version": 1,
                "property_id": "prp_375473",
                "property_name": "release.mediadev.edgesuite.net",
                "property_type": "",
                "staging_version": 1
              },
              {
                "contract_id": "ctr_1-1NC95D",
                "group_id": "grp_19293",
                "latest_version": 3,
                "note": "",
                "production_version": 0,
                "property_id": "prp_594420",
                "property_name": "akamai_internal_testing",
                "property_type": "",
                "staging_version": 0
              },
              {
                "contract_id": "ctr_1-1NC95D",
                "group_id": "grp_19293",
                "latest_version": 6,
                "note": "",
                "production_version": 1,
                "property_id": "prp_600780",
                "property_name": "new-aprasad.www.akamaiflowershop.com.akamaized.net",
                "property_type": "",
                "staging_version": 3
              },
              {
                "contract_id": "ctr_1-1NC95D",
                "group_id": "grp_19293",
                "latest_version": 2,
                "note": "",
                "production_version": 0,
                "property_id": "prp_700556",
                "property_name": "william_ugalde_test",
                "property_type": "",
                "staging_version": 0
              },
              {
                "contract_id": "ctr_1-1NC95D",
                "group_id": "grp_19293",
                "latest_version": 33,
                "note": "",
                "production_version": 22,
                "property_id": "prp_383243",
                "property_name": "prcertification-nishan.edgesuite.net",
                "property_type": "",
                "staging_version": 31
              },
              {
                "contract_id": "ctr_1-1NC95D",
                "group_id": "grp_19293",
                "latest_version": 4,
                "note": "",
                "production_version": 0,
                "property_id": "prp_737957",
                "property_name": "dgundapu-papi",
                "property_type": "",
                "staging_version": 3
              },
              {
                "contract_id": "ctr_1-1NC95D",
                "group_id": "grp_19293",
                "latest_version": 5,
                "note": "",
                "production_version": 0,
                "property_id": "prp_571564",
                "property_name": "edgescape.meseguercr.com",
                "property_type": "",
                "staging_version": 3
              },
              {
                "contract_id": "ctr_1-1NC95D",
                "group_id": "grp_19293",
                "latest_version": 2,
                "note": "",
                "production_version": 0,
                "property_id": "prp_662077",
                "property_name": "prod.abodhankpipe2",
                "property_type": "",
                "staging_version": 0
              },
              {
                "contract_id": "ctr_1-1NC95D",
                "group_id": "grp_19293",
                "latest_version": 2,
                "note": "",
                "production_version": 0,
                "property_id": "prp_468177",
                "property_name": "pshivaku.test.com",
                "property_type": "",
                "staging_version": 0
              },
              {
                "contract_id": "ctr_1-1NC95D",
                "group_id": "grp_19293",
                "latest_version": 2,
                "note": "",
                "production_version": 0,
                "property_id": "prp_662076",
                "property_name": "model.abodhankpipe2",
                "property_type": "",
                "staging_version": 1
              },
              {
                "contract_id": "ctr_1-1NC95D",
                "group_id": "grp_19293",
                "latest_version": 5,
                "note": "",
                "production_version": 3,
                "property_id": "prp_371610",
                "property_name": "kalagapp.flowers.com-pm.xml",
                "property_type": "",
                "staging_version": 3
              },
              {
                "contract_id": "ctr_1-1NC95D",
                "group_id": "grp_19293",
                "latest_version": 2,
                "note": "",
                "production_version": 0,
                "property_id": "prp_875881",
                "property_name": "SonyTV-Test",
                "property_type": "",
                "staging_version": 0
              },
              {
                "contract_id": "ctr_1-1NC95D",
                "group_id": "grp_19293",
                "latest_version": 273,
                "note": "",
                "production_version": 192,
                "property_id": "prp_282155",
                "property_name": "dgundapu.www.akamaiflowershop.com",
                "property_type": "",
                "staging_version": 272
              },
              {
                "contract_id": "ctr_1-1NC95D",
                "group_id": "grp_19293",
                "latest_version": 3,
                "note": "",
                "production_version": 2,
                "property_id": "prp_228497",
                "property_name": "pwtest1.xml",
                "property_type": "",
                "staging_version": 0
              },
              {
                "contract_id": "ctr_1-1NC95D",
                "group_id": "grp_19293",
                "latest_version": 2,
                "note": "",
                "production_version": 0,
                "property_id": "prp_813001",
                "property_name": "bramtest.akamaized.net",
                "property_type": "",
                "staging_version": 0
              },
              {
                "contract_id": "ctr_1-1NC95D",
                "group_id": "grp_19293",
                "latest_version": 28,
                "note": "",
                "production_version": 27,
                "property_id": "prp_953463",
                "property_name": "www.imranp-ion.akamaized.net",
                "property_type": "",
                "staging_version": 26
              },
              {
                "contract_id": "ctr_1-1NC95D",
                "group_id": "grp_19293",
                "latest_version": 16,
                "note": "",
                "production_version": 4,
                "property_id": "prp_775179",
                "property_name": "kdrigals-ew-amd",
                "property_type": "",
                "staging_version": 16
              },
              {
                "contract_id": "ctr_1-1NC95D",
                "group_id": "grp_19293",
                "latest_version": 2,
                "note": "",
                "production_version": 0,
                "property_id": "prp_1002500",
                "property_name": "ngs30c.digiteka.com",
                "property_type": "",
                "staging_version": 0
              },
              {
                "contract_id": "ctr_1-1NC95D",
                "group_id": "grp_19293",
                "latest_version": 2,
                "note": "",
                "production_version": 0,
                "property_id": "prp_1002498",
                "property_name": "lives.digiteka.com",
                "property_type": "",
                "staging_version": 0
              },
              {
                "contract_id": "ctr_1-1NC95D",
                "group_id": "grp_19293",
                "latest_version": 2,
                "note": "",
                "production_version": 0,
                "property_id": "prp_735323",
                "property_name": "ritamnandiAM",
                "property_type": "",
                "staging_version": 0
              },
              {
                "contract_id": "ctr_1-1NC95D",
                "group_id": "grp_19293",
                "latest_version": 2,
                "note": "",
                "production_version": 0,
                "property_id": "prp_290273",
                "property_name": "adavidov_www.krendil.com",
                "property_type": "",
                "staging_version": 0
              },
              {
                "contract_id": "ctr_1-1NC95D",
                "group_id": "grp_19293",
                "latest_version": 2,
                "note": "",
                "production_version": 2,
                "property_id": "prp_1120643",
                "property_name": "sunsetsalinas_pm",
                "property_type": "",
                "staging_version": 2
              },
              {
                "contract_id": "ctr_1-1NC95D",
                "group_id": "grp_19293",
                "latest_version": 33,
                "note": "",
                "production_version": 0,
                "property_id": "prp_548103",
                "property_name": "ritz.gsshappylearning.com",
                "property_type": "",
                "staging_version": 31
              },
              {
                "contract_id": "ctr_1-1NC95D",
                "group_id": "grp_19293",
                "latest_version": 2,
                "note": "",
                "production_version": 0,
                "property_id": "prp_203721",
                "property_name": "jgiovann.losgiova.com",
                "property_type": "",
                "staging_version": 0
              },
              {
                "contract_id": "ctr_1-1NC95D",
                "group_id": "grp_19293",
                "latest_version": 2,
                "note": "",
                "production_version": 0,
                "property_id": "prp_427967",
                "property_name": "Suhas_cross_netstorage_testing",
                "property_type": "",
                "staging_version": 0
              },
              {
                "contract_id": "ctr_1-1NC95D",
                "group_id": "grp_19293",
                "latest_version": 37,
                "note": "",
                "production_version": 0,
                "property_id": "prp_1100894",
                "property_name": "yet_training",
                "property_type": "",
                "staging_version": 36
              },
              {
                "contract_id": "ctr_1-1NC95D",
                "group_id": "grp_19293",
                "latest_version": 1,
                "note": "",
                "production_version": 1,
                "property_id": "prp_1081526",
                "property_name": "www.imranp-ion.akamaized.net_clone",
                "property_type": "",
                "staging_version": 1
              },
              {
                "contract_id": "ctr_1-1NC95D",
                "group_id": "grp_19293",
                "latest_version": 3,
                "note": "",
                "production_version": 1,
                "property_id": "prp_741935",
                "property_name": "www.prashett.com",
                "property_type": "",
                "staging_version": 1
              },
              {
                "contract_id": "ctr_1-1NC95D",
                "group_id": "grp_19293",
                "latest_version": 4,
                "note": "",
                "production_version": 0,
                "property_id": "prp_266846",
                "property_name": "kdave.com",
                "property_type": "",
                "staging_version": 3
              },
              {
                "contract_id": "ctr_1-1NC95D",
                "group_id": "grp_19293",
                "latest_version": 5,
                "note": "",
                "production_version": 0,
                "property_id": "prp_523070",
                "property_name": "jacoe_ksd_default",
                "property_type": "",
                "staging_version": 3
              },
              {
                "contract_id": "ctr_1-1NC95D",
                "group_id": "grp_19293",
                "latest_version": 2,
                "note": "",
                "production_version": 0,
                "property_id": "prp_658998",
                "property_name": "mmaciurz-bestp",
                "property_type": "",
                "staging_version": 0
              },
              {
                "contract_id": "ctr_1-1NC95D",
                "group_id": "grp_19293",
                "latest_version": 2,
                "note": "",
                "production_version": 0,
                "property_id": "prp_659000",
                "property_name": "mmaciurz-bestp.ion",
                "property_type": "",
                "staging_version": 0
              },
              {
                "contract_id": "ctr_1-1NC95D",
                "group_id": "grp_19293",
                "latest_version": 2,
                "note": "",
                "production_version": 0,
                "property_id": "prp_266839",
                "property_name": "kushal475.com",
                "property_type": "",
                "staging_version": 0
              },
              {
                "contract_id": "ctr_1-1NC95D",
                "group_id": "grp_19293",
                "latest_version": 2,
                "note": "",
                "production_version": 0,
                "property_id": "prp_603771",
                "property_name": "test-domains.com_pm",
                "property_type": "",
                "staging_version": 1
              },
              {
                "contract_id": "ctr_1-1NC95D",
                "group_id": "grp_19293",
                "latest_version": 8,
                "note": "",
                "production_version": 0,
                "property_id": "prp_327169",
                "property_name": "kasia",
                "property_type": "",
                "staging_version": 6
              },
              {
                "contract_id": "ctr_1-1NC95D",
                "group_id": "grp_19293",
                "latest_version": 7,
                "note": "",
                "production_version": 5,
                "property_id": "prp_610380",
                "property_name": "test-log-post-toAWS",
                "property_type": "",
                "staging_version": 0
              },
              {
                "contract_id": "ctr_1-1NC95D",
                "group_id": "grp_19293",
                "latest_version": 3,
                "note": "",
                "production_version": 2,
                "property_id": "prp_897159",
                "property_name": "jalaneapi-stg.edgesuite.net",
                "property_type": "",
                "staging_version": 2
              },
              {
                "contract_id": "ctr_1-1NC95D",
                "group_id": "grp_19293",
                "latest_version": 2,
                "note": "",
                "production_version": 0,
                "property_id": "prp_960472",
                "property_name": "www.lisatest.edgesuite.net",
                "property_type": "",
                "staging_version": 1
              },
              {
                "contract_id": "ctr_1-1NC95D",
                "group_id": "grp_19293",
                "latest_version": 2,
                "note": "",
                "production_version": 0,
                "property_id": "prp_570415",
                "property_name": "testprvenkatdevopswb2.com",
                "property_type": "",
                "staging_version": 0
              },
              {
                "contract_id": "ctr_1-1NC95D",
                "group_id": "grp_19293",
                "latest_version": 2,
                "note": "",
                "production_version": 0,
                "property_id": "prp_570414",
                "property_name": "testprvenkatdevopswb1.com",
                "property_type": "",
                "staging_version": 0
              },
              {
                "contract_id": "ctr_1-1NC95D",
                "group_id": "grp_19293",
                "latest_version": 3,
                "note": "",
                "production_version": 1,
                "property_id": "prp_410271",
                "property_name": "sukanyamsl",
                "property_type": "",
                "staging_version": 1
              },
              {
                "contract_id": "ctr_1-1NC95D",
                "group_id": "grp_19293",
                "latest_version": 3,
                "note": "",
                "production_version": 0,
                "property_id": "prp_576705",
                "property_name": "rk.amd",
                "property_type": "",
                "staging_version": 2
              },
              {
                "contract_id": "ctr_1-1NC95D",
                "group_id": "grp_19293",
                "latest_version": 2,
                "note": "",
                "production_version": 0,
                "property_id": "prp_570413",
                "property_name": "testprvenkatdevopswb.com",
                "property_type": "",
                "staging_version": 0
              },
              {
                "contract_id": "ctr_1-1NC95D",
                "group_id": "grp_19293",
                "latest_version": 2,
                "note": "",
                "production_version": 0,
                "property_id": "prp_570416",
                "property_name": "testprvenkatdevopswb3.com",
                "property_type": "",
                "staging_version": 0
              },
              {
                "contract_id": "ctr_1-1NC95D",
                "group_id": "grp_19293",
                "latest_version": 6,
                "note": "",
                "production_version": 5,
                "property_id": "prp_992579",
                "property_name": "perf02.linode.haberl.io_clone",
                "property_type": "",
                "staging_version": 0
              },
              {
                "contract_id": "ctr_1-1NC95D",
                "group_id": "grp_19293",
                "latest_version": 2,
                "note": "",
                "production_version": 0,
                "property_id": "prp_571834",
                "property_name": "remote-auth.losgiova.com",
                "property_type": "",
                "staging_version": 0
              },
              {
                "contract_id": "ctr_1-1NC95D",
                "group_id": "grp_19293",
                "latest_version": 1,
                "note": "",
                "production_version": 0,
                "property_id": "prp_1022273",
                "property_name": "dcuenc.bucket.com",
                "property_type": "HOSTNAME_BUCKET",
                "staging_version": 0
              },
              {
                "contract_id": "ctr_1-1NC95D",
                "group_id": "grp_19293",
                "latest_version": 2,
                "note": "",
                "production_version": 0,
                "property_id": "prp_570424",
                "property_name": "testprvenkatdevopswb6.com",
                "property_type": "",
                "staging_version": 0
              },
              {
                "contract_id": "ctr_1-1NC95D",
                "group_id": "grp_19293",
                "latest_version": 2,
                "note": "",
                "production_version": 0,
                "property_id": "prp_570423",
                "property_name": "testprvenkatdevopswb5.com",
                "property_type": "",
                "staging_version": 0
              },
              {
                "contract_id": "ctr_1-1NC95D",
                "group_id": "grp_19293",
                "latest_version": 2,
                "note": "",
                "production_version": 0,
                "property_id": "prp_570422",
                "property_name": "testprvenkatdevopswb4.com",
                "property_type": "",
                "staging_version": 0
              },
              {
                "contract_id": "ctr_1-1NC95D",
                "group_id": "grp_19293",
                "latest_version": 2,
                "note": "",
                "production_version": 0,
                "property_id": "prp_570426",
                "property_name": "testprvenkatdevopswb7.com",
                "property_type": "",
                "staging_version": 0
              },
              {
                "contract_id": "ctr_1-1NC95D",
                "group_id": "grp_19293",
                "latest_version": 2,
                "note": "",
                "production_version": 1,
                "property_id": "prp_649345",
                "property_name": "testingmetadata.krao.com-CM",
                "property_type": "",
                "staging_version": 1
              },
              {
                "contract_id": "ctr_1-1NC95D",
                "group_id": "grp_19293",
                "latest_version": 1,
                "note": "",
                "production_version": 0,
                "property_id": "prp_1117284",
                "property_name": "pvindash_amd",
                "property_type": "",
                "staging_version": 1
              },
              {
                "contract_id": "ctr_1-1NC95D",
                "group_id": "grp_19293",
                "latest_version": 8,
                "note": "",
                "production_version": 6,
                "property_id": "prp_992534",
                "property_name": "perf01.linode.haberl.io",
                "property_type": "",
                "staging_version": 0
              },
              {
                "contract_id": "ctr_1-1NC95D",
                "group_id": "grp_19293",
                "latest_version": 18,
                "note": "",
                "production_version": 16,
                "property_id": "prp_474335",
                "property_name": "kdrigals_central_token_auth",
                "property_type": "",
                "staging_version": 16
              },
              {
                "contract_id": "ctr_1-1NC95D",
                "group_id": "grp_19293",
                "latest_version": 2,
                "note": "",
                "production_version": 0,
                "property_id": "prp_813327",
                "property_name": "dev.jalaneion",
                "property_type": "",
                "staging_version": 0
              },
              {
                "contract_id": "ctr_1-1NC95D",
                "group_id": "grp_19293",
                "latest_version": 2,
                "note": "",
                "production_version": 0,
                "property_id": "prp_813328",
                "property_name": "stage.jalaneion",
                "property_type": "",
                "staging_version": 0
              },
              {
                "contract_id": "ctr_1-1NC95D",
                "group_id": "grp_19293",
                "latest_version": 4,
                "note": "",
                "production_version": 3,
                "property_id": "prp_486183",
                "property_name": "aws_s3_cloud_monitor_upload",
                "property_type": "",
                "staging_version": 3
              },
              {
                "contract_id": "ctr_1-1NC95D",
                "group_id": "grp_19293",
                "latest_version": 4,
                "note": "",
                "production_version": 3,
                "property_id": "prp_1009122",
                "property_name": "pstools",
                "property_type": "",
                "staging_version": 2
              },
              {
                "contract_id": "ctr_1-1NC95D",
                "group_id": "grp_19293",
                "latest_version": 2,
                "note": "",
                "production_version": 0,
                "property_id": "prp_1207501",
                "property_name": "bibhutitest_clone_newCSG",
                "property_type": "",
                "staging_version": 0
              },
              {
                "contract_id": "ctr_1-1NC95D",
                "group_id": "grp_19293",
                "latest_version": 3,
                "note": "",
                "production_version": 0,
                "property_id": "prp_455608",
                "property_name": "fakenametest",
                "property_type": "",
                "staging_version": 1
              },
              {
                "contract_id": "ctr_1-1NC95D",
                "group_id": "grp_19293",
                "latest_version": 9,
                "note": "",
                "production_version": 0,
                "property_id": "prp_387249",
                "property_name": "dgarg.www.akamaiflowershop.com",
                "property_type": "",
                "staging_version": 8
              },
              {
                "contract_id": "ctr_1-1NC95D",
                "group_id": "grp_19293",
                "latest_version": 17,
                "note": "",
                "production_version": 11,
                "property_id": "prp_486190",
                "property_name": "cloudmonitor_S3_test",
                "property_type": "",
                "staging_version": 13
              },
              {
                "contract_id": "ctr_1-1NC95D",
                "group_id": "grp_19293",
                "latest_version": 18,
                "note": "",
                "production_version": 1,
                "property_id": "prp_564732",
                "property_name": "ssundera_wap",
                "property_type": "",
                "staging_version": 18
              },
              {
                "contract_id": "ctr_1-1NC95D",
                "group_id": "grp_19293",
                "latest_version": 145,
                "note": "",
                "production_version": 140,
                "property_id": "prp_897020",
                "property_name": "Ancy",
                "property_type": "",
                "staging_version": 145
              },
              {
                "contract_id": "ctr_1-1NC95D",
                "group_id": "grp_19293",
                "latest_version": 2,
                "note": "",
                "production_version": 0,
                "property_id": "prp_290202",
                "property_name": "bryce.akamaiflowershop.com",
                "property_type": "",
                "staging_version": 1
              },
              {
                "contract_id": "ctr_1-1NC95D",
                "group_id": "grp_19293",
                "latest_version": 1,
                "note": "",
                "production_version": 0,
                "property_id": "prp_1141006",
                "property_name": "Nams_autoprop",
                "property_type": "",
                "staging_version": 0
              },
              {
                "contract_id": "ctr_1-1NC95D",
                "group_id": "grp_19293",
                "latest_version": 25,
                "note": "",
                "production_version": 2,
                "property_id": "prp_420861",
                "property_name": "testmigrationbuck",
                "property_type": "",
                "staging_version": 24
              },
              {
                "contract_id": "ctr_1-1NC95D",
                "group_id": "grp_19293",
                "latest_version": 4,
                "note": "",
                "production_version": 0,
                "property_id": "prp_250746",
                "property_name": "failaction-rolotest.crtestns.com",
                "property_type": "",
                "staging_version": 3
              },
              {
                "contract_id": "ctr_1-1NC95D",
                "group_id": "grp_19293",
                "latest_version": 2,
                "note": "",
                "production_version": 1,
                "property_id": "prp_555626",
                "property_name": "eaaclient.grant0r.net",
                "property_type": "",
                "staging_version": 0
              },
              {
                "contract_id": "ctr_1-1NC95D",
                "group_id": "grp_19293",
                "latest_version": 2,
                "note": "",
                "production_version": 0,
                "property_id": "prp_600915",
                "property_name": "www.zalando-custom-deny.com",
                "property_type": "",
                "staging_version": 1
              },
              {
                "contract_id": "ctr_1-1NC95D",
                "group_id": "grp_19293",
                "latest_version": 4,
                "note": "",
                "production_version": 0,
                "property_id": "prp_658899",
                "property_name": "ancastrvodlab",
                "property_type": "",
                "staging_version": 2
              },
              {
                "contract_id": "ctr_1-1NC95D",
                "group_id": "grp_19293",
                "latest_version": 3,
                "note": "",
                "production_version": 0,
                "property_id": "prp_509229",
                "property_name": "sandbox.losgiova.com",
                "property_type": "",
                "staging_version": 1
              },
              {
                "contract_id": "ctr_1-1NC95D",
                "group_id": "grp_19293",
                "latest_version": 7,
                "note": "",
                "production_version": 0,
                "property_id": "prp_449280",
                "property_name": "test.aanuj.com_pm",
                "property_type": "",
                "staging_version": 6
              },
              {
                "contract_id": "ctr_1-1NC95D",
                "group_id": "grp_19293",
                "latest_version": 15,
                "note": "",
                "production_version": 0,
                "property_id": "prp_570247",
                "property_name": "ravin_dd",
                "property_type": "",
                "staging_version": 13
              },
              {
                "contract_id": "ctr_1-1NC95D",
                "group_id": "grp_19293",
                "latest_version": 39,
                "note": "",
                "production_version": 4,
                "property_id": "prp_327051",
                "property_name": "bucktesting",
                "property_type": "",
                "staging_version": 38
              },
              {
                "contract_id": "ctr_1-1NC95D",
                "group_id": "grp_19293",
                "latest_version": 1,
                "note": "",
                "production_version": 0,
                "property_id": "prp_1141020",
                "property_name": "twentythree.tf-demo.com",
                "property_type": "",
                "staging_version": 1
              },
              {
                "contract_id": "ctr_1-1NC95D",
                "group_id": "grp_19293",
                "latest_version": 1,
                "note": "",
                "production_version": 0,
                "property_id": "prp_1141015",
                "property_name": "Nams1_autoprop",
                "property_type": "",
                "staging_version": 0
              },
              {
                "contract_id": "ctr_1-1NC95D",
                "group_id": "grp_19293",
                "latest_version": 2,
                "note": "",
                "production_version": 0,
                "property_id": "prp_1141016",
                "property_name": "nams2.jaescalo.com",
                "property_type": "",
                "staging_version": 1
              },
              {
                "contract_id": "ctr_1-1NC95D",
                "group_id": "grp_19293",
                "latest_version": 2,
                "note": "",
                "production_version": 0,
                "property_id": "prp_204845",
                "property_name": "test10.reson.com",
                "property_type": "",
                "staging_version": 0
              },
              {
                "contract_id": "ctr_1-1NC95D",
                "group_id": "grp_19293",
                "latest_version": 35,
                "note": "",
                "production_version": 0,
                "property_id": "prp_509236",
                "property_name": "www.20671.com",
                "property_type": "",
                "staging_version": 27
              },
              {
                "contract_id": "ctr_1-1NC95D",
                "group_id": "grp_19293",
                "latest_version": 12,
                "note": "",
                "production_version": 1,
                "property_id": "prp_445825",
                "property_name": "knaithanTest",
                "property_type": "",
                "staging_version": 11
              },
              {
                "contract_id": "ctr_1-1NC95D",
                "group_id": "grp_19293",
                "latest_version": 4,
                "note": "",
                "production_version": 1,
                "property_id": "prp_230816",
                "property_name": "non-secure.partnerapidemo.com.xml",
                "property_type": "",
                "staging_version": 1
              },
              {
                "contract_id": "ctr_1-1NC95D",
                "group_id": "grp_19293",
                "latest_version": 2,
                "note": "",
                "production_version": 0,
                "property_id": "prp_335307",
                "property_name": "sorrypage.rpanwala.www.akamaiflowershop.com",
                "property_type": "",
                "staging_version": 1
              },
              {
                "contract_id": "ctr_1-1NC95D",
                "group_id": "grp_19293",
                "latest_version": 2,
                "note": "",
                "production_version": 0,
                "property_id": "prp_278499",
                "property_name": "test_aud_pm",
                "property_type": "",
                "staging_version": 0
              },
              {
                "contract_id": "ctr_1-1NC95D",
                "group_id": "grp_19293",
                "latest_version": 39,
                "note": "",
                "production_version": 38,
                "property_id": "prp_379616",
                "property_name": "stream.gfk.com.cn",
                "property_type": "",
                "staging_version": 26
              },
              {
                "contract_id": "ctr_1-1NC95D",
                "group_id": "grp_19293",
                "latest_version": 5,
                "note": "",
                "production_version": 0,
                "property_id": "prp_906527",
                "property_name": "ddondyk_ew",
                "property_type": "",
                "staging_version": 3
              },
              {
                "contract_id": "ctr_1-1NC95D",
                "group_id": "grp_19293",
                "latest_version": 39,
                "note": "",
                "production_version": 8,
                "property_id": "prp_417420",
                "property_name": "sanandh-ion.edgesuite.net",
                "property_type": "",
                "staging_version": 37
              },
              {
                "contract_id": "ctr_1-1NC95D",
                "group_id": "grp_19293",
                "latest_version": 9,
                "note": "",
                "production_version": 0,
                "property_id": "prp_335304",
                "property_name": "fail2origin.rpanwala.www.akamaiflowershop.com",
                "property_type": "",
                "staging_version": 7
              },
              {
                "contract_id": "ctr_1-1NC95D",
                "group_id": "grp_19293",
                "latest_version": 2,
                "note": "",
                "production_version": 0,
                "property_id": "prp_607062",
                "property_name": "dquach-netstorage2amd",
                "property_type": "",
                "staging_version": 0
              },
              {
                "contract_id": "ctr_1-1NC95D",
                "group_id": "grp_19293",
                "latest_version": 21,
                "note": "Property for testing purposes - Please contact cantonga@akamai.com for information",
                "production_version": 18,
                "property_id": "prp_227666",
                "property_name": "cantonga.site",
                "property_type": "",
                "staging_version": 19
              },
              {
                "contract_id": "ctr_1-1NC95D",
                "group_id": "grp_19293",
                "latest_version": 2,
                "note": "",
                "production_version": 0,
                "property_id": "prp_335299",
                "property_name": "amd-demo.thecustomer.biz",
                "property_type": "",
                "staging_version": 0
              },
              {
                "contract_id": "ctr_1-1NC95D",
                "group_id": "grp_19293",
                "latest_version": 3,
                "note": "",
                "production_version": 0,
                "property_id": "prp_266740",
                "property_name": "aftest-pm-hostname-move-old-cm",
                "property_type": "",
                "staging_version": 1
              },
              {
                "contract_id": "ctr_1-1NC95D",
                "group_id": "grp_19293",
                "latest_version": 12,
                "note": "",
                "production_version": 0,
                "property_id": "prp_645820",
                "property_name": "sandwich.losgiova.com",
                "property_type": "",
                "staging_version": 11
              },
              {
                "contract_id": "ctr_1-1NC95D",
                "group_id": "grp_19293",
                "latest_version": 2,
                "note": "",
                "production_version": 0,
                "property_id": "prp_509266",
                "property_name": "vipulexample.com",
                "property_type": "",
                "staging_version": 0
              },
              {
                "contract_id": "ctr_1-1NC95D",
                "group_id": "grp_19293",
                "latest_version": 191,
                "note": "",
                "production_version": 165,
                "property_id": "prp_486204",
                "property_name": "bbrako_ion",
                "property_type": "",
                "staging_version": 188
              },
              {
                "contract_id": "ctr_1-1NC95D",
                "group_id": "grp_19293",
                "latest_version": 10,
                "note": "",
                "production_version": 4,
                "property_id": "prp_607036",
                "property_name": "ksd.meseguercr.com",
                "property_type": "",
                "staging_version": 9
              },
              {
                "contract_id": "ctr_1-1NC95D",
                "group_id": "grp_19293",
                "latest_version": 114,
                "note": "",
                "production_version": 112,
                "property_id": "prp_368029",
                "property_name": "hnsn.me",
                "property_type": "",
                "staging_version": 112
              },
              {
                "contract_id": "ctr_1-1NC95D",
                "group_id": "grp_19293",
                "latest_version": 40,
                "note": "",
                "production_version": 38,
                "property_id": "prp_1005940",
                "property_name": "gotest.me",
                "property_type": "",
                "staging_version": 38
              },
              {
                "contract_id": "ctr_1-1NC95D",
                "group_id": "grp_19293",
                "latest_version": 3,
                "note": "",
                "production_version": 0,
                "property_id": "prp_567469",
                "property_name": "test.josito.com",
                "property_type": "",
                "staging_version": 2
              },
              {
                "contract_id": "ctr_1-1NC95D",
                "group_id": "grp_19293",
                "latest_version": 2,
                "note": "",
                "production_version": 0,
                "property_id": "prp_579657",
                "property_name": "bd_template_cli_clone",
                "property_type": "",
                "staging_version": 0
              },
              {
                "contract_id": "ctr_1-1NC95D",
                "group_id": "grp_19293",
                "latest_version": 4,
                "note": "",
                "production_version": 2,
                "property_id": "prp_916226",
                "property_name": "esancho_testing",
                "property_type": "",
                "staging_version": 2
              },
              {
                "contract_id": "ctr_1-1NC95D",
                "group_id": "grp_19293",
                "latest_version": 378,
                "note": "",
                "production_version": 361,
                "property_id": "prp_168044",
                "property_name": "rmartine.com_pm",
                "property_type": "",
                "staging_version": 376
              },
              {
                "contract_id": "ctr_1-1NC95D",
                "group_id": "grp_19293",
                "latest_version": 4,
                "note": "",
                "production_version": 0,
                "property_id": "prp_707112",
                "property_name": "fail.losgiova.com",
                "property_type": "",
                "staging_version": 3
              },
              {
                "contract_id": "ctr_1-1NC95D",
                "group_id": "grp_19293",
                "latest_version": 3,
                "note": "",
                "production_version": 0,
                "property_id": "prp_589085",
                "property_name": "geoffgilbert.com",
                "property_type": "",
                "staging_version": 0
              },
              {
                "contract_id": "ctr_1-1NC95D",
                "group_id": "grp_19293",
                "latest_version": 2,
                "note": "",
                "production_version": 0,
                "property_id": "prp_806133",
                "property_name": "jviquezc_API_postman.com",
                "property_type": "",
                "staging_version": 1
              },
              {
                "contract_id": "ctr_1-1NC95D",
                "group_id": "grp_19293",
                "latest_version": 5,
                "note": "",
                "production_version": 0,
                "property_id": "prp_195294",
                "property_name": "lfo-rortizcu_pm_lab",
                "property_type": "",
                "staging_version": 4
              },
              {
                "contract_id": "ctr_1-1NC95D",
                "group_id": "grp_19293",
                "latest_version": 2,
                "note": "",
                "production_version": 0,
                "property_id": "prp_806130",
                "property_name": "jviquezc_API_docker.com",
                "property_type": "",
                "staging_version": 1
              },
              {
                "contract_id": "ctr_1-1NC95D",
                "group_id": "grp_19293",
                "latest_version": 5,
                "note": "",
                "production_version": 2,
                "property_id": "prp_230817",
                "property_name": "secure.partnerapidemo.com.xml",
                "property_type": "",
                "staging_version": 2
              },
              {
                "contract_id": "ctr_1-1NC95D",
                "group_id": "grp_19293",
                "latest_version": 82,
                "note": "",
                "production_version": 80,
                "property_id": "prp_135160",
                "property_name": "test.sandip.ind.in",
                "property_type": "",
                "staging_version": 80
              },
              {
                "contract_id": "ctr_1-1NC95D",
                "group_id": "grp_19293",
                "latest_version": 2,
                "note": "",
                "production_version": 0,
                "property_id": "prp_135159",
                "property_name": "download.sandip.ind.in",
                "property_type": "",
                "staging_version": 1
              },
              {
                "contract_id": "ctr_1-1NC95D",
                "group_id": "grp_19293",
                "latest_version": 2,
                "note": "",
                "production_version": 0,
                "property_id": "prp_449648",
                "property_name": "ntikoo.testing.com",
                "property_type": "",
                "staging_version": 1
              },
              {
                "contract_id": "ctr_1-1NC95D",
                "group_id": "grp_19293",
                "latest_version": 57,
                "note": "",
                "production_version": 54,
                "property_id": "prp_177659",
                "property_name": "eyzhang2.akamai.com",
                "property_type": "",
                "staging_version": 56
              },
              {
                "contract_id": "ctr_1-1NC95D",
                "group_id": "grp_19293",
                "latest_version": 1,
                "note": "",
                "production_version": 0,
                "property_id": "prp_1249247",
                "property_name": "MateuszB",
                "property_type": "",
                "staging_version": 0
              },
              {
                "contract_id": "ctr_1-1NC95D",
                "group_id": "grp_19293",
                "latest_version": 3,
                "note": "",
                "production_version": 1,
                "property_id": "prp_669365",
                "property_name": "hellowagh2.gsshappylearning.com",
                "property_type": "",
                "staging_version": 1
              },
              {
                "contract_id": "ctr_1-1NC95D",
                "group_id": "grp_19293",
                "latest_version": 2,
                "note": "",
                "production_version": 0,
                "property_id": "prp_348925",
                "property_name": "www.sitedelv.com",
                "property_type": "",
                "staging_version": 0
              },
              {
                "contract_id": "ctr_1-1NC95D",
                "group_id": "grp_19293",
                "latest_version": 2,
                "note": "",
                "production_version": 0,
                "property_id": "prp_535000",
                "property_name": "test_fresca",
                "property_type": "",
                "staging_version": 0
              },
              {
                "contract_id": "ctr_1-1NC95D",
                "group_id": "grp_19293",
                "latest_version": 7,
                "note": "",
                "production_version": 5,
                "property_id": "prp_628176",
                "property_name": "www.akaddtraining.com",
                "property_type": "",
                "staging_version": 5
              },
              {
                "contract_id": "ctr_1-1NC95D",
                "group_id": "grp_19293",
                "latest_version": 3,
                "note": "",
                "production_version": 0,
                "property_id": "prp_550680",
                "property_name": "abirodrisot.gsshappylearning.com",
                "property_type": "",
                "staging_version": 1
              },
              {
                "contract_id": "ctr_1-1NC95D",
                "group_id": "grp_19293",
                "latest_version": 5,
                "note": "",
                "production_version": 0,
                "property_id": "prp_406592",
                "property_name": "TEST_pm_ac.els-cdn.com",
                "property_type": "",
                "staging_version": 0
              },
              {
                "contract_id": "ctr_1-1NC95D",
                "group_id": "grp_19293",
                "latest_version": 2,
                "note": "",
                "production_version": 0,
                "property_id": "prp_341177",
                "property_name": "waa-test.sandip.ind.in",
                "property_type": "",
                "staging_version": 0
              },
              {
                "contract_id": "ctr_1-1NC95D",
                "group_id": "grp_19293",
                "latest_version": 3,
                "note": "",
                "production_version": 0,
                "property_id": "prp_886890",
                "property_name": "indu_test_ion",
                "property_type": "",
                "staging_version": 0
              },
              {
                "contract_id": "ctr_1-1NC95D",
                "group_id": "grp_19293",
                "latest_version": 22,
                "note": "",
                "production_version": 0,
                "property_id": "prp_583353",
                "property_name": "esigraphql_scott_buck_2",
                "property_type": "",
                "staging_version": 20
              },
              {
                "contract_id": "ctr_1-1NC95D",
                "group_id": "grp_19293",
                "latest_version": 2,
                "note": "",
                "production_version": 0,
                "property_id": "prp_579675",
                "property_name": "wrqweqwe",
                "property_type": "",
                "staging_version": 0
              },
              {
                "contract_id": "ctr_1-1NC95D",
                "group_id": "grp_19293",
                "latest_version": 2,
                "note": "",
                "production_version": 1,
                "property_id": "prp_181795",
                "property_name": "hreyes.sevenbrotherstoasters.com",
                "property_type": "",
                "staging_version": 1
              },
              {
                "contract_id": "ctr_1-1NC95D",
                "group_id": "grp_19293",
                "latest_version": 1,
                "note": "",
                "production_version": 0,
                "property_id": "prp_1114076",
                "property_name": "test4.hansfans.com",
                "property_type": "",
                "staging_version": 1
              },
              {
                "contract_id": "ctr_1-1NC95D",
                "group_id": "grp_19293",
                "latest_version": 1,
                "note": "",
                "production_version": 0,
                "property_id": "prp_1238610",
                "property_name": "fretana-tf",
                "property_type": "",
                "staging_version": 1
              },
              {
                "contract_id": "ctr_1-1NC95D",
                "group_id": "grp_19293",
                "latest_version": 2,
                "note": "",
                "production_version": 0,
                "property_id": "prp_174213",
                "property_name": "www.chaitra.com_pm",
                "property_type": "",
                "staging_version": 0
              },
              {
                "contract_id": "ctr_1-1NC95D",
                "group_id": "grp_19293",
                "latest_version": 5,
                "note": "",
                "production_version": 0,
                "property_id": "prp_646066",
                "property_name": "masterwb",
                "property_type": "",
                "staging_version": 2
              },
              {
                "contract_id": "ctr_1-1NC95D",
                "group_id": "grp_19293",
                "latest_version": 20,
                "note": "",
                "production_version": 0,
                "property_id": "prp_286595",
                "property_name": "bryceakamaiflowershop.com",
                "property_type": "",
                "staging_version": 18
              },
              {
                "contract_id": "ctr_1-1NC95D",
                "group_id": "grp_19293",
                "latest_version": 2,
                "note": "",
                "production_version": 0,
                "property_id": "prp_768979",
                "property_name": "i.davidbartosh.com",
                "property_type": "",
                "staging_version": 0
              },
              {
                "contract_id": "ctr_1-1NC95D",
                "group_id": "grp_19293",
                "latest_version": 2,
                "note": "",
                "production_version": 0,
                "property_id": "prp_565027",
                "property_name": "ldobrowo.gsshappylearning.com",
                "property_type": "",
                "staging_version": 0
              },
              {
                "contract_id": "ctr_1-1NC95D",
                "group_id": "grp_19293",
                "latest_version": 6,
                "note": "",
                "production_version": 4,
                "property_id": "prp_356808",
                "property_name": "foap_imagemanager",
                "property_type": "",
                "staging_version": 0
              },
              {
                "contract_id": "ctr_1-1NC95D",
                "group_id": "grp_19293",
                "latest_version": 2,
                "note": "",
                "production_version": 0,
                "property_id": "prp_579758",
                "property_name": "esdemo.jnaranjo.com",
                "property_type": "",
                "staging_version": 1
              },
              {
                "contract_id": "ctr_1-1NC95D",
                "group_id": "grp_19293",
                "latest_version": 660,
                "note": "",
                "production_version": 564,
                "property_id": "prp_231790",
                "property_name": "jarayaro_customFO_pages_WAF",
                "property_type": "",
                "staging_version": 660
              },
              {
                "contract_id": "ctr_1-1NC95D",
                "group_id": "grp_19293",
                "latest_version": 5,
                "note": "",
                "production_version": 0,
                "property_id": "prp_562470",
                "property_name": "sseifert.akamaized.net",
                "property_type": "",
                "staging_version": 2
              },
              {
                "contract_id": "ctr_1-1NC95D",
                "group_id": "grp_19293",
                "latest_version": 17,
                "note": "",
                "production_version": 0,
                "property_id": "prp_251138",
                "property_name": "ion.abonsign.akamai.com",
                "property_type": "",
                "staging_version": 13
              },
              {
                "contract_id": "ctr_1-1NC95D",
                "group_id": "grp_19293",
                "latest_version": 2,
                "note": "",
                "production_version": 0,
                "property_id": "prp_290555",
                "property_name": "fossl-testing.akamaized.net",
                "property_type": "",
                "staging_version": 0
              },
              {
                "contract_id": "ctr_1-1NC95D",
                "group_id": "grp_19293",
                "latest_version": 2,
                "note": "",
                "production_version": 0,
                "property_id": "prp_637702",
                "property_name": "dbishop-ingest-test.akamaized.net",
                "property_type": "",
                "staging_version": 0
              },
              {
                "contract_id": "ctr_1-1NC95D",
                "group_id": "grp_19293",
                "latest_version": 2,
                "note": "",
                "production_version": 0,
                "property_id": "prp_130333",
                "property_name": "kmaheshwtest.com",
                "property_type": "",
                "staging_version": 0
              },
              {
                "contract_id": "ctr_1-1NC95D",
                "group_id": "grp_19293",
                "latest_version": 14,
                "note": "",
                "production_version": 0,
                "property_id": "prp_161760",
                "property_name": "adi.example.com",
                "property_type": "",
                "staging_version": 10
              },
              {
                "contract_id": "ctr_1-1NC95D",
                "group_id": "grp_19293",
                "latest_version": 11,
                "note": "",
                "production_version": 0,
                "property_id": "prp_827295",
                "property_name": "naveen_test_account",
                "property_type": "",
                "staging_version": 9
              },
              {
                "contract_id": "ctr_1-1NC95D",
                "group_id": "grp_19293",
                "latest_version": 17,
                "note": "",
                "production_version": 0,
                "property_id": "prp_669429",
                "property_name": "rn_PR_Test",
                "property_type": "",
                "staging_version": 16
              },
              {
                "contract_id": "ctr_1-1NC95D",
                "group_id": "grp_19293",
                "latest_version": 2,
                "note": "",
                "production_version": 0,
                "property_id": "prp_417730",
                "property_name": "amozatestbeta",
                "property_type": "",
                "staging_version": 0
              },
              {
                "contract_id": "ctr_1-1NC95D",
                "group_id": "grp_19293",
                "latest_version": 3,
                "note": "",
                "production_version": 0,
                "property_id": "prp_166979",
                "property_name": "hk.edgesuite.net",
                "property_type": "",
                "staging_version": 2
              },
              {
                "contract_id": "ctr_1-1NC95D",
                "group_id": "grp_19293",
                "latest_version": 2,
                "note": "",
                "production_version": 0,
                "property_id": "prp_145099",
                "property_name": "www.frankie.com_pm",
                "property_type": "",
                "staging_version": 0
              },
              {
                "contract_id": "ctr_1-1NC95D",
                "group_id": "grp_19293",
                "latest_version": 17,
                "note": "",
                "production_version": 17,
                "property_id": "prp_1016031",
                "property_name": "indu-testing-amd",
                "property_type": "",
                "staging_version": 17
              },
              {
                "contract_id": "ctr_1-1NC95D",
                "group_id": "grp_19293",
                "latest_version": 4,
                "note": "",
                "production_version": 2,
                "property_id": "prp_573961",
                "property_name": "scott.testprop2.com",
                "property_type": "",
                "staging_version": 2
              },
              {
                "contract_id": "ctr_1-1NC95D",
                "group_id": "grp_19293",
                "latest_version": 2,
                "note": "",
                "production_version": 0,
                "property_id": "prp_642924",
                "property_name": "DetectiveComics",
                "property_type": "",
                "staging_version": 0
              },
              {
                "contract_id": "ctr_1-1NC95D",
                "group_id": "grp_19293",
                "latest_version": 2,
                "note": "",
                "production_version": 0,
                "property_id": "prp_537943",
                "property_name": "naithapp-edgesuite.net",
                "property_type": "",
                "staging_version": 0
              },
              {
                "contract_id": "ctr_1-1NC95D",
                "group_id": "grp_19293",
                "latest_version": 11,
                "note": "",
                "production_version": 4,
                "property_id": "prp_594883",
                "property_name": "gokul-sandbox",
                "property_type": "",
                "staging_version": 9
              },
              {
                "contract_id": "ctr_1-1NC95D",
                "group_id": "grp_19293",
                "latest_version": 2,
                "note": "",
                "production_version": 0,
                "property_id": "prp_999335",
                "property_name": "test-pull.secure",
                "property_type": "",
                "staging_version": 0
              },
              {
                "contract_id": "ctr_1-1NC95D",
                "group_id": "grp_19293",
                "latest_version": 2,
                "note": "",
                "production_version": 0,
                "property_id": "prp_995942",
                "property_name": "NS-Failover-balsingh",
                "property_type": "HOSTNAME_BUCKET",
                "staging_version": 2
              },
              {
                "contract_id": "ctr_1-1NC95D",
                "group_id": "grp_19293",
                "latest_version": 5,
                "note": "",
                "production_version": 4,
                "property_id": "prp_992615",
                "property_name": "perf07.linode.haberl.io",
                "property_type": "",
                "staging_version": 0
              },
              {
                "contract_id": "ctr_1-1NC95D",
                "group_id": "grp_19293",
                "latest_version": 7,
                "note": "",
                "production_version": 4,
                "property_id": "prp_278693",
                "property_name": "wsd-proto.partnerapitest.com",
                "property_type": "",
                "staging_version": 4
              },
              {
                "contract_id": "ctr_1-1NC95D",
                "group_id": "grp_19293",
                "latest_version": 2,
                "note": "",
                "production_version": 1,
                "property_id": "prp_306736",
                "property_name": "cloudmonitor.salvado.me",
                "property_type": "",
                "staging_version": 0
              },
              {
                "contract_id": "ctr_1-1NC95D",
                "group_id": "grp_19293",
                "latest_version": 2,
                "note": "",
                "production_version": 0,
                "property_id": "prp_1124058",
                "property_name": "indu_tf_ion",
                "property_type": "",
                "staging_version": 2
              },
              {
                "contract_id": "ctr_1-1NC95D",
                "group_id": "grp_19293",
                "latest_version": 31,
                "note": "",
                "production_version": 12,
                "property_id": "prp_534890",
                "property_name": "prcertification-amoza.edgesuite.net",
                "property_type": "",
                "staging_version": 30
              },
              {
                "contract_id": "ctr_1-1NC95D",
                "group_id": "grp_19293",
                "latest_version": 4,
                "note": "",
                "production_version": 0,
                "property_id": "prp_507418",
                "property_name": "apigateway.prath.com",
                "property_type": "",
                "staging_version": 2
              },
              {
                "contract_id": "ctr_1-1NC95D",
                "group_id": "grp_19293",
                "latest_version": 15,
                "note": "",
                "production_version": 13,
                "property_id": "prp_628108",
                "property_name": "www.pr-demo-20671.com",
                "property_type": "",
                "staging_version": 12
              },
              {
                "contract_id": "ctr_1-1NC95D",
                "group_id": "grp_19293",
                "latest_version": 2,
                "note": "",
                "production_version": 0,
                "property_id": "prp_178771",
                "property_name": "dvandyk.sevenbrotherstoaster.com",
                "property_type": "",
                "staging_version": 1
              },
              {
                "contract_id": "ctr_1-1NC95D",
                "group_id": "grp_19293",
                "latest_version": 3,
                "note": "",
                "production_version": 2,
                "property_id": "prp_576760",
                "property_name": "pmaugeri_lab_datastream",
                "property_type": "",
                "staging_version": 1
              },
              {
                "contract_id": "ctr_1-1NC95D",
                "group_id": "grp_19293",
                "latest_version": 9,
                "note": "",
                "production_version": 0,
                "property_id": "prp_655861",
                "property_name": "mmilewsk_masterWB",
                "property_type": "",
                "staging_version": 0
              },
              {
                "contract_id": "ctr_1-1NC95D",
                "group_id": "grp_19293",
                "latest_version": 2,
                "note": "",
                "production_version": 0,
                "property_id": "prp_315258",
                "property_name": "javier.bmotest.com",
                "property_type": "",
                "staging_version": 0
              },
              {
                "contract_id": "ctr_1-1NC95D",
                "group_id": "grp_19293",
                "latest_version": 29,
                "note": "",
                "production_version": 0,
                "property_id": "prp_250941",
                "property_name": "tahir.fossl.com",
                "property_type": "",
                "staging_version": 0
              },
              {
                "contract_id": "ctr_1-1NC95D",
                "group_id": "grp_19293",
                "latest_version": 1,
                "note": "",
                "production_version": 1,
                "property_id": "prp_1207708",
                "property_name": "dev-demo-tfsourceconfiglab",
                "property_type": "",
                "staging_version": 1
              },
              {
                "contract_id": "ctr_1-1NC95D",
                "group_id": "grp_19293",
                "latest_version": 9,
                "note": "",
                "production_version": 9,
                "property_id": "prp_995943",
                "property_name": "NS-Failover-balsingh1",
                "property_type": "",
                "staging_version": 8
              },
              {
                "contract_id": "ctr_1-1NC95D",
                "group_id": "grp_19293",
                "latest_version": 2,
                "note": "",
                "production_version": 1,
                "property_id": "prp_576767",
                "property_name": "amd.odutilleul.com",
                "property_type": "",
                "staging_version": 1
              },
              {
                "contract_id": "ctr_1-1NC95D",
                "group_id": "grp_19293",
                "latest_version": 2,
                "note": "",
                "production_version": 0,
                "property_id": "prp_375960",
                "property_name": "cmtemplatetest.amazon.com",
                "property_type": "",
                "staging_version": 0
              },
              {
                "contract_id": "ctr_1-1NC95D",
                "group_id": "grp_19293",
                "latest_version": 3,
                "note": "",
                "production_version": 0,
                "property_id": "prp_570430",
                "property_name": "testprvenkatdevopswb8.com",
                "property_type": "",
                "staging_version": 1
              },
              {
                "contract_id": "ctr_1-1NC95D",
                "group_id": "grp_19293",
                "latest_version": 1,
                "note": "",
                "production_version": 0,
                "property_id": "prp_1127209",
                "property_name": "ion-hcl-demo",
                "property_type": "",
                "staging_version": 0
              },
              {
                "contract_id": "ctr_1-1NC95D",
                "group_id": "grp_19293",
                "latest_version": 9,
                "note": "DSD with Geo redirect and restriction",
                "production_version": 0,
                "property_id": "prp_315302",
                "property_name": "sumedh2016-a.akamaihd.net",
                "property_type": "",
                "staging_version": 5
              },
              {
                "contract_id": "ctr_1-1NC95D",
                "group_id": "grp_19293",
                "latest_version": 3,
                "note": "",
                "production_version": 1,
                "property_id": "prp_755975",
                "property_name": "download.losgiova.com",
                "property_type": "",
                "staging_version": 1
              },
              {
                "contract_id": "ctr_1-1NC95D",
                "group_id": "grp_19293",
                "latest_version": 4,
                "note": "",
                "production_version": 2,
                "property_id": "prp_178766",
                "property_name": "alaplume.sevenbrotherstoaster.com",
                "property_type": "",
                "staging_version": 2
              },
              {
                "contract_id": "ctr_1-1NC95D",
                "group_id": "grp_19293",
                "latest_version": 53,
                "note": "",
                "production_version": 0,
                "property_id": "prp_559823",
                "property_name": "www.test1.meghana.com",
                "property_type": "",
                "staging_version": 51
              },
              {
                "contract_id": "ctr_1-1NC95D",
                "group_id": "grp_19293",
                "latest_version": 87,
                "note": "",
                "production_version": 80,
                "property_id": "prp_564888",
                "property_name": "trip-cfonsecav1.com",
                "property_type": "",
                "staging_version": 85
              },
              {
                "contract_id": "ctr_1-1NC95D",
                "group_id": "grp_19293",
                "latest_version": 6,
                "note": "",
                "production_version": 5,
                "property_id": "prp_992608",
                "property_name": "perf05.linode.haberl.io",
                "property_type": "",
                "staging_version": 0
              },
              {
                "contract_id": "ctr_1-1NC95D",
                "group_id": "grp_19293",
                "latest_version": 5,
                "note": "",
                "production_version": 4,
                "property_id": "prp_992611",
                "property_name": "perf06.linode.haberl.io",
                "property_type": "",
                "staging_version": 0
              },
              {
                "contract_id": "ctr_1-1NC95D",
                "group_id": "grp_19293",
                "latest_version": 3,
                "note": "",
                "production_version": 0,
                "property_id": "prp_348841",
                "property_name": "testcm_pm",
                "property_type": "",
                "staging_version": 2
              },
              {
                "contract_id": "ctr_1-1NC95D",
                "group_id": "grp_19293",
                "latest_version": 6,
                "note": "",
                "production_version": 5,
                "property_id": "prp_992600",
                "property_name": "perf03.linode.haberl.io",
                "property_type": "",
                "staging_version": 0
              },
              {
                "contract_id": "ctr_1-1NC95D",
                "group_id": "grp_19293",
                "latest_version": 6,
                "note": "",
                "production_version": 5,
                "property_id": "prp_992602",
                "property_name": "perf04.linode.haberl.io",
                "property_type": "",
                "staging_version": 0
              },
              {
                "contract_id": "ctr_1-1NC95D",
                "group_id": "grp_19293",
                "latest_version": 2,
                "note": "",
                "production_version": 0,
                "property_id": "prp_601206",
                "property_name": "nitrived",
                "property_type": "",
                "staging_version": 0
              },
              {
                "contract_id": "ctr_1-1NC95D",
                "group_id": "grp_19293",
                "latest_version": 28,
                "note": "",
                "production_version": 0,
                "property_id": "prp_550616",
                "property_name": "kas1.gsshappylearning.com",
                "property_type": "",
                "staging_version": 26
              },
              {
                "contract_id": "ctr_1-1NC95D",
                "group_id": "grp_19293",
                "latest_version": 12,
                "note": "",
                "production_version": 0,
                "property_id": "prp_1044892",
                "property_name": "flopez_PR_test2",
                "property_type": "",
                "staging_version": 0
              },
              {
                "contract_id": "ctr_1-1NC95D",
                "group_id": "grp_19293",
                "latest_version": 7,
                "note": "",
                "production_version": 0,
                "property_id": "prp_413996",
                "property_name": "matorresmaster.newhiretraining.com",
                "property_type": "",
                "staging_version": 0
              },
              {
                "contract_id": "ctr_1-1NC95D",
                "group_id": "grp_19293",
                "latest_version": 1,
                "note": "",
                "production_version": 0,
                "property_id": "prp_1044889",
                "property_name": "flopez_PR_test",
                "property_type": "",
                "staging_version": 0
              },
              {
                "contract_id": "ctr_1-1NC95D",
                "group_id": "grp_19293",
                "latest_version": 15,
                "note": "",
                "production_version": 0,
                "property_id": "prp_191426",
                "property_name": "testpm.com",
                "property_type": "",
                "staging_version": 14
              },
              {
                "contract_id": "ctr_1-1NC95D",
                "group_id": "grp_19293",
                "latest_version": 4,
                "note": "",
                "production_version": 0,
                "property_id": "prp_586326",
                "property_name": "origin-failover-sachopra.www.akamaiflowershop.com",
                "property_type": "",
                "staging_version": 0
              },
              {
                "contract_id": "ctr_1-1NC95D",
                "group_id": "grp_19293",
                "latest_version": 2,
                "note": "",
                "production_version": 0,
                "property_id": "prp_344979",
                "property_name": "amatarridsa",
                "property_type": "",
                "staging_version": 0
              },
              {
                "contract_id": "ctr_1-1NC95D",
                "group_id": "grp_19293",
                "latest_version": 3,
                "note": "",
                "production_version": 1,
                "property_id": "prp_1094685",
                "property_name": "kdrigals_dsa",
                "property_type": "",
                "staging_version": 1
              },
              {
                "contract_id": "ctr_1-1NC95D",
                "group_id": "grp_19293",
                "latest_version": 2,
                "note": "",
                "production_version": 0,
                "property_id": "prp_545688",
                "property_name": "dsa-image-converter.davidbartosh.com",
                "property_type": "",
                "staging_version": 0
              },
              {
                "contract_id": "ctr_1-1NC95D",
                "group_id": "grp_19293",
                "latest_version": 6,
                "note": "",
                "production_version": 4,
                "property_id": "prp_725833",
                "property_name": "saborio.com",
                "property_type": "",
                "staging_version": 4
              },
              {
                "contract_id": "ctr_1-1NC95D",
                "group_id": "grp_19293",
                "latest_version": 11,
                "note": "",
                "production_version": 1,
                "property_id": "prp_531798",
                "property_name": "config-rapid-hazhang",
                "property_type": "",
                "staging_version": 10
              },
              {
                "contract_id": "ctr_1-1NC95D",
                "group_id": "grp_19293",
                "latest_version": 2,
                "note": "",
                "production_version": 1,
                "property_id": "prp_290490",
                "property_name": "jm_masters",
                "property_type": "",
                "staging_version": 1
              },
              {
                "contract_id": "ctr_1-1NC95D",
                "group_id": "grp_19293",
                "latest_version": 1,
                "note": "",
                "production_version": 1,
                "property_id": "prp_1207729",
                "property_name": "prod-demo-tfsourceconfiglab",
                "property_type": "",
                "staging_version": 1
              },
              {
                "contract_id": "ctr_1-1NC95D",
                "group_id": "grp_19293",
                "latest_version": 2,
                "note": "",
                "production_version": 0,
                "property_id": "prp_196857",
                "property_name": "test_new_pmd",
                "property_type": "",
                "staging_version": 0
              },
              {
                "contract_id": "ctr_1-1NC95D",
                "group_id": "grp_19293",
                "latest_version": 2,
                "note": "",
                "production_version": 0,
                "property_id": "prp_514476",
                "property_name": "fontesting",
                "property_type": "",
                "staging_version": 0
              },
              {
                "contract_id": "ctr_1-1NC95D",
                "group_id": "grp_19293",
                "latest_version": 2,
                "note": "",
                "production_version": 0,
                "property_id": "prp_1224833",
                "property_name": "www.granitevalleyfinancial.com",
                "property_type": "",
                "staging_version": 2
              },
              {
                "contract_id": "ctr_1-1NC95D",
                "group_id": "grp_19293",
                "latest_version": 1,
                "note": "",
                "production_version": 1,
                "property_id": "prp_1207721",
                "property_name": "qa-demo-tfsourceconfiglab",
                "property_type": "",
                "staging_version": 1
              },
              {
                "contract_id": "ctr_1-1NC95D",
                "group_id": "grp_19293",
                "latest_version": 2,
                "note": "",
                "production_version": 0,
                "property_id": "prp_756030",
                "property_name": "http.losgiova.com",
                "property_type": "",
                "staging_version": 0
              },
              {
                "contract_id": "ctr_1-1NC95D",
                "group_id": "grp_19293",
                "latest_version": 2,
                "note": "",
                "production_version": 0,
                "property_id": "prp_282643",
                "property_name": "example.com",
                "property_type": "",
                "staging_version": 0
              },
              {
                "contract_id": "ctr_1-1NC95D",
                "group_id": "grp_19293",
                "latest_version": 2,
                "note": "",
                "production_version": 1,
                "property_id": "prp_507460",
                "property_name": "config-rapid-sourik.akamaiu.com.xml",
                "property_type": "",
                "staging_version": 1
              },
              {
                "contract_id": "ctr_1-1NC95D",
                "group_id": "grp_19293",
                "latest_version": 356,
                "note": "",
                "production_version": 286,
                "property_id": "prp_762852",
                "property_name": "pm_propertydirectllc.com",
                "property_type": "",
                "staging_version": 355
              },
              {
                "contract_id": "ctr_1-1NC95D",
                "group_id": "grp_19293",
                "latest_version": 2,
                "note": "",
                "production_version": 0,
                "property_id": "prp_372367",
                "property_name": "lab-brightcove.com",
                "property_type": "",
                "staging_version": 0
              },
              {
                "contract_id": "ctr_1-1NC95D",
                "group_id": "grp_19293",
                "latest_version": 2,
                "note": "",
                "production_version": 0,
                "property_id": "prp_192854",
                "property_name": "www.ex1.com",
                "property_type": "",
                "staging_version": 0
              },
              {
                "contract_id": "ctr_1-1NC95D",
                "group_id": "grp_19293",
                "latest_version": 4,
                "note": "",
                "production_version": 0,
                "property_id": "prp_162454",
                "property_name": "anp-fulldsa.test.com",
                "property_type": "",
                "staging_version": 2
              },
              {
                "contract_id": "ctr_1-1NC95D",
                "group_id": "grp_19293",
                "latest_version": 17,
                "note": "",
                "production_version": 17,
                "property_id": "prp_589462",
                "property_name": "bucktesting_pm_dsa",
                "property_type": "",
                "staging_version": 14
              },
              {
                "contract_id": "ctr_1-1NC95D",
                "group_id": "grp_19293",
                "latest_version": 2,
                "note": "",
                "production_version": 0,
                "property_id": "prp_380186",
                "property_name": "internal.akageneraltesting.com",
                "property_type": "",
                "staging_version": 0
              },
              {
                "contract_id": "ctr_1-1NC95D",
                "group_id": "grp_19293",
                "latest_version": 39,
                "note": "",
                "production_version": 7,
                "property_id": "prp_286809",
                "property_name": "storres.edgesuite.net",
                "property_type": "",
                "staging_version": 31
              },
              {
                "contract_id": "ctr_1-1NC95D",
                "group_id": "grp_19293",
                "latest_version": 2,
                "note": "",
                "production_version": 0,
                "property_id": "prp_302349",
                "property_name": "www.naveen.com",
                "property_type": "",
                "staging_version": 0
              },
              {
                "contract_id": "ctr_1-1NC95D",
                "group_id": "grp_19293",
                "latest_version": 5,
                "note": "",
                "production_version": 3,
                "property_id": "prp_545912",
                "property_name": "chirine-lab",
                "property_type": "",
                "staging_version": 3
              },
              {
                "contract_id": "ctr_1-1NC95D",
                "group_id": "grp_19293",
                "latest_version": 2,
                "note": "",
                "production_version": 0,
                "property_id": "prp_126812",
                "property_name": "httpd-tohare-3-2-2013",
                "property_type": "",
                "staging_version": 0
              },
              {
                "contract_id": "ctr_1-1NC95D",
                "group_id": "grp_19293",
                "latest_version": 5,
                "note": "",
                "production_version": 4,
                "property_id": "prp_315676",
                "property_name": "www.chetantuppad.com",
                "property_type": "",
                "staging_version": 4
              },
              {
                "contract_id": "ctr_1-1NC95D",
                "group_id": "grp_19293",
                "latest_version": 2,
                "note": "",
                "production_version": 0,
                "property_id": "prp_810162",
                "property_name": "edgeworker-jetaylor",
                "property_type": "",
                "staging_version": 0
              },
              {
                "contract_id": "ctr_1-1NC95D",
                "group_id": "grp_19293",
                "latest_version": 5,
                "note": "",
                "production_version": 3,
                "property_id": "prp_592151",
                "property_name": "graphql-demo.akamaiu.com",
                "property_type": "",
                "staging_version": 3
              },
              {
                "contract_id": "ctr_1-1NC95D",
                "group_id": "grp_19293",
                "latest_version": 2,
                "note": "",
                "production_version": 0,
                "property_id": "prp_662663",
                "property_name": "gldian9-amd",
                "property_type": "",
                "staging_version": 1
              },
              {
                "contract_id": "ctr_1-1NC95D",
                "group_id": "grp_19293",
                "latest_version": 6,
                "note": "",
                "production_version": 6,
                "property_id": "prp_662664",
                "property_name": "autodv.losgiova.com",
                "property_type": "",
                "staging_version": 6
              },
              {
                "contract_id": "ctr_1-1NC95D",
                "group_id": "grp_19293",
                "latest_version": 2,
                "note": "",
                "production_version": 0,
                "property_id": "prp_813733",
                "property_name": "jviquezc_cli_origins.com",
                "property_type": "",
                "staging_version": 0
              },
              {
                "contract_id": "ctr_1-1NC95D",
                "group_id": "grp_19293",
                "latest_version": 2,
                "note": "",
                "production_version": 0,
                "property_id": "prp_813737",
                "property_name": "dev.jviquezc_pipeline_origins.com",
                "property_type": "",
                "staging_version": 0
              },
              {
                "contract_id": "ctr_1-1NC95D",
                "group_id": "grp_19293",
                "latest_version": 2,
                "note": "",
                "production_version": 0,
                "property_id": "prp_197419",
                "property_name": "skava.com",
                "property_type": "",
                "staging_version": 0
              },
              {
                "contract_id": "ctr_1-1NC95D",
                "group_id": "grp_19293",
                "latest_version": 3,
                "note": "",
                "production_version": 1,
                "property_id": "prp_279136",
                "property_name": "feo_www2.akatest.com",
                "property_type": "",
                "staging_version": 1
              },
              {
                "contract_id": "ctr_1-1NC95D",
                "group_id": "grp_19293",
                "latest_version": 44,
                "note": "",
                "production_version": 0,
                "property_id": "prp_489661",
                "property_name": "jvarghes.gsshappylearning.com",
                "property_type": "",
                "staging_version": 40
              },
              {
                "contract_id": "ctr_1-1NC95D",
                "group_id": "grp_19293",
                "latest_version": 11,
                "note": "",
                "production_version": 10,
                "property_id": "prp_178905",
                "property_name": "ccarepmd",
                "property_type": "",
                "staging_version": 10
              },
              {
                "contract_id": "ctr_1-1NC95D",
                "group_id": "grp_19293",
                "latest_version": 3,
                "note": "",
                "production_version": 0,
                "property_id": "prp_752684",
                "property_name": "mmongemu_dsa",
                "property_type": "",
                "staging_version": 1
              },
              {
                "contract_id": "ctr_1-1NC95D",
                "group_id": "grp_19293",
                "latest_version": 4,
                "note": "",
                "production_version": 0,
                "property_id": "prp_406950",
                "property_name": "www.karthiktest1.com",
                "property_type": "",
                "staging_version": 1
              },
              {
                "contract_id": "ctr_1-1NC95D",
                "group_id": "grp_19293",
                "latest_version": 4,
                "note": "",
                "production_version": 3,
                "property_id": "prp_890645",
                "property_name": "emeza",
                "property_type": "",
                "staging_version": 3
              },
              {
                "contract_id": "ctr_1-1NC95D",
                "group_id": "grp_19293",
                "latest_version": 54,
                "note": "",
                "production_version": 46,
                "property_id": "prp_421490",
                "property_name": "kdrigals_web",
                "property_type": "",
                "staging_version": 53
              },
              {
                "contract_id": "ctr_1-1NC95D",
                "group_id": "grp_19293",
                "latest_version": 21,
                "note": "",
                "production_version": 12,
                "property_id": "prp_349279",
                "property_name": "psankar.edgesuite.net",
                "property_type": "",
                "staging_version": 20
              },
              {
                "contract_id": "ctr_1-1NC95D",
                "group_id": "grp_19293",
                "latest_version": 4,
                "note": "",
                "production_version": 0,
                "property_id": "prp_687940",
                "property_name": "mmilewsk_devops",
                "property_type": "",
                "staging_version": 0
              },
              {
                "contract_id": "ctr_1-1NC95D",
                "group_id": "grp_19293",
                "latest_version": 1,
                "note": "",
                "production_version": 0,
                "property_id": "prp_1238896",
                "property_name": "fretana-tf-qa-1",
                "property_type": "",
                "staging_version": 1
              },
              {
                "contract_id": "ctr_1-1NC95D",
                "group_id": "grp_19293",
                "latest_version": 1,
                "note": "",
                "production_version": 0,
                "property_id": "prp_1238893",
                "property_name": "fretana-tf-prod-1",
                "property_type": "",
                "staging_version": 1
              },
              {
                "contract_id": "ctr_1-1NC95D",
                "group_id": "grp_19293",
                "latest_version": 3,
                "note": "",
                "production_version": 0,
                "property_id": "prp_876591",
                "property_name": "sikhande-onboarding",
                "property_type": "",
                "staging_version": 1
              },
              {
                "contract_id": "ctr_1-1NC95D",
                "group_id": "grp_19293",
                "latest_version": 46,
                "note": "",
                "production_version": 17,
                "property_id": "prp_279150",
                "property_name": "test.saili.com",
                "property_type": "",
                "staging_version": 42
              },
              {
                "contract_id": "ctr_1-1NC95D",
                "group_id": "grp_19293",
                "latest_version": 2,
                "note": "",
                "production_version": 0,
                "property_id": "prp_656162",
                "property_name": "Iddink-test-account",
                "property_type": "",
                "staging_version": 0
              },
              {
                "contract_id": "ctr_1-1NC95D",
                "group_id": "grp_19293",
                "latest_version": 7,
                "note": "",
                "production_version": 3,
                "property_id": "prp_691399",
                "property_name": "sr.losgiova.com",
                "property_type": "",
                "staging_version": 6
              },
              {
                "contract_id": "ctr_1-1NC95D",
                "group_id": "grp_19293",
                "latest_version": 2,
                "note": "",
                "production_version": 0,
                "property_id": "prp_349257",
                "property_name": "testionweilag.com",
                "property_type": "",
                "staging_version": 0
              },
              {
                "contract_id": "ctr_1-1NC95D",
                "group_id": "grp_19293",
                "latest_version": 23,
                "note": "",
                "production_version": 21,
                "property_id": "prp_592077",
                "property_name": "mmongemu-dd",
                "property_type": "",
                "staging_version": 23
              },
              {
                "contract_id": "ctr_1-1NC95D",
                "group_id": "grp_19293",
                "latest_version": 2,
                "note": "",
                "production_version": 0,
                "property_id": "prp_130654",
                "property_name": "mydownloads.example.com",
                "property_type": "",
                "staging_version": 0
              },
              {
                "contract_id": "ctr_1-1NC95D",
                "group_id": "grp_19293",
                "latest_version": 31,
                "note": "",
                "production_version": 0,
                "property_id": "prp_141474",
                "property_name": "www.nabarun.com",
                "property_type": "",
                "staging_version": 29
              },
              {
                "contract_id": "ctr_1-1NC95D",
                "group_id": "grp_19293",
                "latest_version": 57,
                "note": "",
                "production_version": 0,
                "property_id": "prp_644582",
                "property_name": "ebonelli.gsshappylearning.com",
                "property_type": "",
                "staging_version": 55
              },
              {
                "contract_id": "ctr_1-1NC95D",
                "group_id": "grp_19293",
                "latest_version": 2,
                "note": "",
                "production_version": 1,
                "property_id": "prp_247249",
                "property_name": "akamaiorigin.bbtv.minervanetworks.com",
                "property_type": "",
                "staging_version": 1
              },
              {
                "contract_id": "ctr_1-1NC95D",
                "group_id": "grp_19293",
                "latest_version": 2,
                "note": "",
                "production_version": 0,
                "property_id": "prp_356855",
                "property_name": "test_h2",
                "property_type": "",
                "staging_version": 0
              },
              {
                "contract_id": "ctr_1-1NC95D",
                "group_id": "grp_19293",
                "latest_version": 2,
                "note": "",
                "production_version": 0,
                "property_id": "prp_483618",
                "property_name": "jnaranjo.imviewer.com",
                "property_type": "",
                "staging_version": 1
              },
              {
                "contract_id": "ctr_1-1NC95D",
                "group_id": "grp_19293",
                "latest_version": 5,
                "note": "",
                "production_version": 1,
                "property_id": "prp_498624",
                "property_name": "event-exercise-amd.akamaized.net",
                "property_type": "",
                "staging_version": 3
              },
              {
                "contract_id": "ctr_1-1NC95D",
                "group_id": "grp_19293",
                "latest_version": 2,
                "note": "",
                "production_version": 0,
                "property_id": "prp_456021",
                "property_name": "jkornas_2nd_tree",
                "property_type": "",
                "staging_version": 0
              },
              {
                "contract_id": "ctr_1-1NC95D",
                "group_id": "grp_19293",
                "latest_version": 4,
                "note": "",
                "production_version": 1,
                "property_id": "prp_652887",
                "property_name": "prop_push_gss",
                "property_type": "",
                "staging_version": 1
              },
              {
                "contract_id": "ctr_1-1NC95D",
                "group_id": "grp_19293",
                "latest_version": 4,
                "note": "",
                "production_version": 0,
                "property_id": "prp_669436",
                "property_name": "ipa-www.rn.com",
                "property_type": "",
                "staging_version": 3
              },
              {
                "contract_id": "ctr_1-1NC95D",
                "group_id": "grp_19293",
                "latest_version": 6,
                "note": "",
                "production_version": 0,
                "property_id": "prp_537989",
                "property_name": "naithapp.edgesuite.net",
                "property_type": "",
                "staging_version": 5
              },
              {
                "contract_id": "ctr_1-1NC95D",
                "group_id": "grp_19293",
                "latest_version": 2,
                "note": "",
                "production_version": 0,
                "property_id": "prp_156949",
                "property_name": "www.vankeulen.co.uk",
                "property_type": "",
                "staging_version": 0
              },
              {
                "contract_id": "ctr_1-1NC95D",
                "group_id": "grp_19293",
                "latest_version": 6,
                "note": "",
                "production_version": 3,
                "property_id": "prp_865957",
                "property_name": "jsaborio.fo.test",
                "property_type": "",
                "staging_version": 4
              },
              {
                "contract_id": "ctr_1-1NC95D",
                "group_id": "grp_19293",
                "latest_version": 54,
                "note": "",
                "production_version": 0,
                "property_id": "prp_459190",
                "property_name": "jviquezc_lab_trip_advance",
                "property_type": "",
                "staging_version": 53
              },
              {
                "contract_id": "ctr_1-1NC95D",
                "group_id": "grp_19293",
                "latest_version": 2,
                "note": "",
                "production_version": 0,
                "property_id": "prp_170432",
                "property_name": "www.abc.com",
                "property_type": "",
                "staging_version": 0
              },
              {
                "contract_id": "ctr_1-1NC95D",
                "group_id": "grp_19293",
                "latest_version": 3,
                "note": "",
                "production_version": 0,
                "property_id": "prp_555989",
                "property_name": "download.ankushpatankar.com",
                "property_type": "",
                "staging_version": 1
              },
              {
                "contract_id": "ctr_1-1NC95D",
                "group_id": "grp_19293",
                "latest_version": 2,
                "note": "",
                "production_version": 0,
                "property_id": "prp_492682",
                "property_name": "aftest-wholesale-mdc-1",
                "property_type": "",
                "staging_version": 1
              },
              {
                "contract_id": "ctr_1-1NC95D",
                "group_id": "grp_19293",
                "latest_version": 11,
                "note": "",
                "production_version": 0,
                "property_id": "prp_356929",
                "property_name": "fmonteal.www.akamaiflowershop.com",
                "property_type": "",
                "staging_version": 9
              },
              {
                "contract_id": "ctr_1-1NC95D",
                "group_id": "grp_19293",
                "latest_version": 6,
                "note": "",
                "production_version": 0,
                "property_id": "prp_535149",
                "property_name": "testbuckamd",
                "property_type": "",
                "staging_version": 1
              },
              {
                "contract_id": "ctr_1-1NC95D",
                "group_id": "grp_19293",
                "latest_version": 5,
                "note": "",
                "production_version": 0,
                "property_id": "prp_577038",
                "property_name": "bd_template_cli",
                "property_type": "",
                "staging_version": 3
              },
              {
                "contract_id": "ctr_1-1NC95D",
                "group_id": "grp_19293",
                "latest_version": 3,
                "note": "",
                "production_version": 0,
                "property_id": "prp_560141",
                "property_name": "terraformdemo-amesegue",
                "property_type": "",
                "staging_version": 0
              },
              {
                "contract_id": "ctr_1-1NC95D",
                "group_id": "grp_19293",
                "latest_version": 2,
                "note": "",
                "production_version": 0,
                "property_id": "prp_133029",
                "property_name": "dsa-tohare-4-29-2013",
                "property_type": "",
                "staging_version": 0
              },
              {
                "contract_id": "ctr_1-1NC95D",
                "group_id": "grp_19293",
                "latest_version": 4,
                "note": "",
                "production_version": 2,
                "property_id": "prp_583501",
                "property_name": "acmalhot.cloudmon.testing.edu",
                "property_type": "",
                "staging_version": 2
              },
              {
                "contract_id": "ctr_1-1NC95D",
                "group_id": "grp_19293",
                "latest_version": 2,
                "note": "",
                "production_version": 1,
                "property_id": "prp_414228",
                "property_name": "sd-emea-utils.test.edgekey.net",
                "property_type": "",
                "staging_version": 0
              },
              {
                "contract_id": "ctr_1-1NC95D",
                "group_id": "grp_19293",
                "latest_version": 5,
                "note": "",
                "production_version": 0,
                "property_id": "prp_691312",
                "property_name": "buckamdtest",
                "property_type": "",
                "staging_version": 3
              },
              {
                "contract_id": "ctr_1-1NC95D",
                "group_id": "grp_19293",
                "latest_version": 10,
                "note": "",
                "production_version": 0,
                "property_id": "prp_471764",
                "property_name": "masterpass.losgiova.com",
                "property_type": "",
                "staging_version": 9
              },
              {
                "contract_id": "ctr_1-1NC95D",
                "group_id": "grp_19293",
                "latest_version": 59,
                "note": "",
                "production_version": 58,
                "property_id": "prp_806562",
                "property_name": "pvindash.software",
                "property_type": "",
                "staging_version": 58
              },
              {
                "contract_id": "ctr_1-1NC95D",
                "group_id": "grp_19293",
                "latest_version": 4,
                "note": "",
                "production_version": 0,
                "property_id": "prp_555957",
                "property_name": "bikemart.com",
                "property_type": "",
                "staging_version": 0
              },
              {
                "contract_id": "ctr_1-1NC95D",
                "group_id": "grp_19293",
                "latest_version": 5,
                "note": "",
                "production_version": 0,
                "property_id": "prp_335841",
                "property_name": "rpanwala.testconfig.com",
                "property_type": "",
                "staging_version": 3
              },
              {
                "contract_id": "ctr_1-1NC95D",
                "group_id": "grp_19293",
                "latest_version": 12,
                "note": "",
                "production_version": 1,
                "property_id": "prp_498639",
                "property_name": "event-exercise-msl4.akamaized.net",
                "property_type": "",
                "staging_version": 9
              },
              {
                "contract_id": "ctr_1-1NC95D",
                "group_id": "grp_19293",
                "latest_version": 2,
                "note": "",
                "production_version": 0,
                "property_id": "prp_793061",
                "property_name": "maseem.akamaips.com",
                "property_type": "",
                "staging_version": 0
              },
              {
                "contract_id": "ctr_1-1NC95D",
                "group_id": "grp_19293",
                "latest_version": 2,
                "note": "",
                "production_version": 0,
                "property_id": "prp_391640",
                "property_name": "tsachdev.com",
                "property_type": "",
                "staging_version": 0
              },
              {
                "contract_id": "ctr_1-1NC95D",
                "group_id": "grp_19293",
                "latest_version": 10,
                "note": "",
                "production_version": 6,
                "property_id": "prp_1245949",
                "property_name": "ddondyk_testconfig",
                "property_type": "",
                "staging_version": 9
              },
              {
                "contract_id": "ctr_1-1NC95D",
                "group_id": "grp_19293",
                "latest_version": 1,
                "note": "",
                "production_version": 0,
                "property_id": "prp_1156845",
                "property_name": "bibhutitest_clone1",
                "property_type": "HOSTNAME_BUCKET",
                "staging_version": 0
              },
              {
                "contract_id": "ctr_1-1NC95D",
                "group_id": "grp_19293",
                "latest_version": 2,
                "note": "",
                "production_version": 0,
                "property_id": "prp_598236",
                "property_name": "www.aniket.com",
                "property_type": "",
                "staging_version": 0
              },
              {
                "contract_id": "ctr_1-1NC95D",
                "group_id": "grp_19293",
                "latest_version": 14,
                "note": "",
                "production_version": 12,
                "property_id": "prp_291000",
                "property_name": "waa.faden.me",
                "property_type": "",
                "staging_version": 9
              },
              {
                "contract_id": "ctr_1-1NC95D",
                "group_id": "grp_19293",
                "latest_version": 8,
                "note": "",
                "production_version": 0,
                "property_id": "prp_391921",
                "property_name": "vp-pranav.edgesuite.net",
                "property_type": "",
                "staging_version": 6
              },
              {
                "contract_id": "ctr_1-1NC95D",
                "group_id": "grp_19293",
                "latest_version": 13,
                "note": "",
                "production_version": 0,
                "property_id": "prp_505163",
                "property_name": "vipul-cloudlets.gsshappylearning.com",
                "property_type": "",
                "staging_version": 11
              },
              {
                "contract_id": "ctr_1-1NC95D",
                "group_id": "grp_19293",
                "latest_version": 2,
                "note": "",
                "production_version": 1,
                "property_id": "prp_178772",
                "property_name": "iyuriev.sevenbrotherstoaster.com",
                "property_type": "",
                "staging_version": 1
              },
              {
                "contract_id": "ctr_1-1NC95D",
                "group_id": "grp_19293",
                "latest_version": 2,
                "note": "",
                "production_version": 0,
                "property_id": "prp_294912",
                "property_name": "apr62016-wsd-template.partnerapidemo.com",
                "property_type": "",
                "staging_version": 0
              },
              {
                "contract_id": "ctr_1-1NC95D",
                "group_id": "grp_19293",
                "latest_version": 2,
                "note": "",
                "production_version": 1,
                "property_id": "prp_178776",
                "property_name": "mbergeso.sevenbrotherstoaster.com.edgesuite.net",
                "property_type": "",
                "staging_version": 1
              },
              {
                "contract_id": "ctr_1-1NC95D",
                "group_id": "grp_19293",
                "latest_version": 2,
                "note": "",
                "production_version": 0,
                "property_id": "prp_634762",
                "property_name": "amdmsl4",
                "property_type": "",
                "staging_version": 0
              },
              {
                "contract_id": "ctr_1-1NC95D",
                "group_id": "grp_19293",
                "latest_version": 3,
                "note": "",
                "production_version": 1,
                "property_id": "prp_507873",
                "property_name": "config-rapid-ygreenba",
                "property_type": "",
                "staging_version": 2
              },
              {
                "contract_id": "ctr_1-1NC95D",
                "group_id": "grp_19293",
                "latest_version": 2,
                "note": "",
                "production_version": 0,
                "property_id": "prp_439572",
                "property_name": "compression",
                "property_type": "",
                "staging_version": 0
              },
              {
                "contract_id": "ctr_1-1NC95D",
                "group_id": "grp_19293",
                "latest_version": 4,
                "note": "",
                "production_version": 0,
                "property_id": "prp_341614",
                "property_name": "test.esi.marcinj.bamse.pl",
                "property_type": "",
                "staging_version": 2
              },
              {
                "contract_id": "ctr_1-1NC95D",
                "group_id": "grp_19293",
                "latest_version": 2,
                "note": "",
                "production_version": 0,
                "property_id": "prp_546138",
                "property_name": "susuvarn_ion",
                "property_type": "",
                "staging_version": 0
              },
              {
                "contract_id": "ctr_1-1NC95D",
                "group_id": "grp_19293",
                "latest_version": 21,
                "note": "",
                "production_version": 16,
                "property_id": "prp_425293",
                "property_name": "sammy-b.edgesuite.net",
                "property_type": "",
                "staging_version": 20
              },
              {
                "contract_id": "ctr_1-1NC95D",
                "group_id": "grp_19293",
                "latest_version": 4,
                "note": "",
                "production_version": 0,
                "property_id": "prp_459411",
                "property_name": "emeza_trip3_datadelivery.com",
                "property_type": "",
                "staging_version": 1
              },
              {
                "contract_id": "ctr_1-1NC95D",
                "group_id": "grp_19293",
                "latest_version": 2,
                "note": "",
                "production_version": 0,
                "property_id": "prp_407139",
                "property_name": "ab.testing.com",
                "property_type": "",
                "staging_version": 0
              },
              {
                "contract_id": "ctr_1-1NC95D",
                "group_id": "grp_19293",
                "latest_version": 3,
                "note": "",
                "production_version": 2,
                "property_id": "prp_221115",
                "property_name": "sonyvue-test.edgesuite.net.xml",
                "property_type": "",
                "staging_version": 2
              },
              {
                "contract_id": "ctr_1-1NC95D",
                "group_id": "grp_19293",
                "latest_version": 16,
                "note": "",
                "production_version": 0,
                "property_id": "prp_691530",
                "property_name": "www.gsshappylearning.com_pm",
                "property_type": "",
                "staging_version": 14
              },
              {
                "contract_id": "ctr_1-1NC95D",
                "group_id": "grp_19293",
                "latest_version": 2,
                "note": "",
                "production_version": 0,
                "property_id": "prp_628478",
                "property_name": "AHtestDD",
                "property_type": "",
                "staging_version": 0
              },
              {
                "contract_id": "ctr_1-1NC95D",
                "group_id": "grp_19293",
                "latest_version": 2,
                "note": "",
                "production_version": 0,
                "property_id": "prp_556244",
                "property_name": "pre-sales-demo",
                "property_type": "",
                "staging_version": 0
              },
              {
                "contract_id": "ctr_1-1NC95D",
                "group_id": "grp_19293",
                "latest_version": 6,
                "note": "",
                "production_version": 5,
                "property_id": "prp_100407",
                "property_name": "testdsa.kkaczano.com.xml",
                "property_type": "",
                "staging_version": 5
              },
              {
                "contract_id": "ctr_1-1NC95D",
                "group_id": "grp_19293",
                "latest_version": 8,
                "note": "",
                "production_version": 0,
                "property_id": "prp_341658",
                "property_name": "test_amoza",
                "property_type": "",
                "staging_version": 6
              },
              {
                "contract_id": "ctr_1-1NC95D",
                "group_id": "grp_19293",
                "latest_version": 24,
                "note": "",
                "production_version": 23,
                "property_id": "prp_803694",
                "property_name": "debug-infobae",
                "property_type": "",
                "staging_version": 18
              },
              {
                "contract_id": "ctr_1-1NC95D",
                "group_id": "grp_19293",
                "latest_version": 3,
                "note": "",
                "production_version": 0,
                "property_id": "prp_209098",
                "property_name": "www.pablotest.com",
                "property_type": "",
                "staging_version": 1
              },
              {
                "contract_id": "ctr_1-1NC95D",
                "group_id": "grp_19293",
                "latest_version": 247,
                "note": "",
                "production_version": 0,
                "property_id": "prp_729328",
                "property_name": "sthapit.edgekey.net",
                "property_type": "",
                "staging_version": 246
              },
              {
                "contract_id": "ctr_1-1NC95D",
                "group_id": "grp_19293",
                "latest_version": 3,
                "note": "",
                "production_version": 0,
                "property_id": "prp_961057",
                "property_name": "www.lisatestfresca.edgesuite.net",
                "property_type": "",
                "staging_version": 1
              },
              {
                "contract_id": "ctr_1-1NC95D",
                "group_id": "grp_19293",
                "latest_version": 2,
                "note": "",
                "production_version": 0,
                "property_id": "prp_384294",
                "property_name": "prcertification-prisingh.edgesuite.net",
                "property_type": "",
                "staging_version": 1
              },
              {
                "contract_id": "ctr_1-1NC95D",
                "group_id": "grp_19293",
                "latest_version": 1,
                "note": "",
                "production_version": 0,
                "property_id": "prp_1098348",
                "property_name": "siteshield-example",
                "property_type": "",
                "staging_version": 0
              },
              {
                "contract_id": "ctr_1-1NC95D",
                "group_id": "grp_19293",
                "latest_version": 9,
                "note": "",
                "production_version": 4,
                "property_id": "prp_862718",
                "property_name": "Google-Ad-Manager-Synamedia-Watermarking-Proto",
                "property_type": "",
                "staging_version": 0
              },
              {
                "contract_id": "ctr_1-1NC95D",
                "group_id": "grp_19293",
                "latest_version": 2,
                "note": "",
                "production_version": 0,
                "property_id": "prp_601554",
                "property_name": "computerbild-property-dsa",
                "property_type": "",
                "staging_version": 0
              },
              {
                "contract_id": "ctr_1-1NC95D",
                "group_id": "grp_19293",
                "latest_version": 63,
                "note": "",
                "production_version": 61,
                "property_id": "prp_287146",
                "property_name": "piotrcichocki",
                "property_type": "",
                "staging_version": 62
              },
              {
                "contract_id": "ctr_1-1NC95D",
                "group_id": "grp_19293",
                "latest_version": 3,
                "note": "",
                "production_version": 0,
                "property_id": "prp_456348",
                "property_name": "test1.example.com",
                "property_type": "",
                "staging_version": 0
              },
              {
                "contract_id": "ctr_1-1NC95D",
                "group_id": "grp_19293",
                "latest_version": 2,
                "note": "",
                "production_version": 0,
                "property_id": "prp_298816",
                "property_name": "testjmamd",
                "property_type": "",
                "staging_version": 0
              },
              {
                "contract_id": "ctr_1-1NC95D",
                "group_id": "grp_19293",
                "latest_version": 1,
                "note": "",
                "production_version": 0,
                "property_id": "prp_1124638",
                "property_name": "radisson-demo",
                "property_type": "",
                "staging_version": 0
              },
              {
                "contract_id": "ctr_1-1NC95D",
                "group_id": "grp_19293",
                "latest_version": 3,
                "note": "",
                "production_version": 0,
                "property_id": "prp_772558",
                "property_name": "naveen.com",
                "property_type": "",
                "staging_version": 1
              },
              {
                "contract_id": "ctr_1-1NC95D",
                "group_id": "grp_19293",
                "latest_version": 11,
                "note": "",
                "production_version": 9,
                "property_id": "prp_631600",
                "property_name": "wdelahay4",
                "property_type": "",
                "staging_version": 9
              },
              {
                "contract_id": "ctr_1-1NC95D",
                "group_id": "grp_19293",
                "latest_version": 2,
                "note": "",
                "production_version": 1,
                "property_id": "prp_1135010",
                "property_name": "siteshield.losgiova.com",
                "property_type": "",
                "staging_version": 1
              },
              {
                "contract_id": "ctr_1-1NC95D",
                "group_id": "grp_19293",
                "latest_version": 2,
                "note": "",
                "production_version": 0,
                "property_id": "prp_509924",
                "property_name": "vipul-master.gsshappylearning.com",
                "property_type": "",
                "staging_version": 0
              },
              {
                "contract_id": "ctr_1-1NC95D",
                "group_id": "grp_19293",
                "latest_version": 2,
                "note": "",
                "production_version": 0,
                "property_id": "prp_137098",
                "property_name": "elux-test",
                "property_type": "",
                "staging_version": 0
              },
              {
                "contract_id": "ctr_1-1NC95D",
                "group_id": "grp_19293",
                "latest_version": 2,
                "note": "",
                "production_version": 0,
                "property_id": "prp_1157223",
                "property_name": "bibhutitest_clone_test",
                "property_type": "",
                "staging_version": 0
              },
              {
                "contract_id": "ctr_1-1NC95D",
                "group_id": "grp_19293",
                "latest_version": 2,
                "note": "",
                "production_version": 0,
                "property_id": "prp_185889",
                "property_name": "mig_pm",
                "property_type": "",
                "staging_version": 0
              },
              {
                "contract_id": "ctr_1-1NC95D",
                "group_id": "grp_19293",
                "latest_version": 3,
                "note": "",
                "production_version": 1,
                "property_id": "prp_507903",
                "property_name": "config-rapid-saguilar",
                "property_type": "",
                "staging_version": 1
              },
              {
                "contract_id": "ctr_1-1NC95D",
                "group_id": "grp_19293",
                "latest_version": 1,
                "note": "",
                "production_version": 0,
                "property_id": "prp_1201321",
                "property_name": "hinadome-test-secure-by-default_clone",
                "property_type": "HOSTNAME_BUCKET",
                "staging_version": 0
              },
              {
                "contract_id": "ctr_1-1NC95D",
                "group_id": "grp_19293",
                "latest_version": 1,
                "note": "",
                "production_version": 0,
                "property_id": "prp_1208278",
                "property_name": "shs_test",
                "property_type": "",
                "staging_version": 0
              },
              {
                "contract_id": "ctr_1-1NC95D",
                "group_id": "grp_19293",
                "latest_version": 3,
                "note": "",
                "production_version": 0,
                "property_id": "prp_1127827",
                "property_name": "www.iamacmp.com",
                "property_type": "",
                "staging_version": 0
              },
              {
                "contract_id": "ctr_1-1NC95D",
                "group_id": "grp_19293",
                "latest_version": 4,
                "note": "",
                "production_version": 0,
                "property_id": "prp_191995",
                "property_name": "Property_manager_test",
                "property_type": "",
                "staging_version": 0
              },
              {
                "contract_id": "ctr_1-1NC95D",
                "group_id": "grp_19293",
                "latest_version": 2,
                "note": "",
                "production_version": 0,
                "property_id": "prp_735790",
                "property_name": "www.khilvish.com",
                "property_type": "",
                "staging_version": 0
              },
              {
                "contract_id": "ctr_1-1NC95D",
                "group_id": "grp_19293",
                "latest_version": 4,
                "note": "",
                "production_version": 3,
                "property_id": "prp_315785",
                "property_name": "Test_twitch",
                "property_type": "",
                "staging_version": 3
              },
              {
                "contract_id": "ctr_1-1NC95D",
                "group_id": "grp_19293",
                "latest_version": 5,
                "note": "",
                "production_version": 0,
                "property_id": "prp_356805",
                "property_name": "fnami_dd",
                "property_type": "",
                "staging_version": 3
              },
              {
                "contract_id": "ctr_1-1NC95D",
                "group_id": "grp_19293",
                "latest_version": 2,
                "note": "",
                "production_version": 0,
                "property_id": "prp_735785",
                "property_name": "www.sheldoor.com",
                "property_type": "",
                "staging_version": 0
              },
              {
                "contract_id": "ctr_1-1NC95D",
                "group_id": "grp_19293",
                "latest_version": 3,
                "note": "",
                "production_version": 0,
                "property_id": "prp_255407",
                "property_name": "rgauthie.olympe.in",
                "property_type": "",
                "staging_version": 1
              },
              {
                "contract_id": "ctr_1-1NC95D",
                "group_id": "grp_19293",
                "latest_version": 2,
                "note": "",
                "production_version": 0,
                "property_id": "prp_235629",
                "property_name": "feo-resources-Mcastril-TEST",
                "property_type": "",
                "staging_version": 0
              },
              {
                "contract_id": "ctr_1-1NC95D",
                "group_id": "grp_19293",
                "latest_version": 2,
                "note": "",
                "production_version": 0,
                "property_id": "prp_267433",
                "property_name": "rortizcu_secure-lab",
                "property_type": "",
                "staging_version": 0
              },
              {
                "contract_id": "ctr_1-1NC95D",
                "group_id": "grp_19293",
                "latest_version": 26,
                "note": "",
                "production_version": 12,
                "property_id": "prp_535246",
                "property_name": "LBGTST_akumari",
                "property_type": "",
                "staging_version": 25
              },
              {
                "contract_id": "ctr_1-1NC95D",
                "group_id": "grp_19293",
                "latest_version": 3,
                "note": "",
                "production_version": 0,
                "property_id": "prp_283063",
                "property_name": "www.akamai-dsd-test.salvado.me_pm",
                "property_type": "",
                "staging_version": 0
              },
              {
                "contract_id": "ctr_1-1NC95D",
                "group_id": "grp_19293",
                "latest_version": 29,
                "note": "",
                "production_version": 2,
                "property_id": "prp_201266",
                "property_name": "raga.test1.com",
                "property_type": "",
                "staging_version": 28
              },
              {
                "contract_id": "ctr_1-1NC95D",
                "group_id": "grp_19293",
                "latest_version": 2,
                "note": "",
                "production_version": 0,
                "property_id": "prp_735792",
                "property_name": "www.pleasegetgoing.com",
                "property_type": "",
                "staging_version": 0
              },
              {
                "contract_id": "ctr_1-1NC95D",
                "group_id": "grp_19293",
                "latest_version": 10,
                "note": "",
                "production_version": 9,
                "property_id": "prp_474740",
                "property_name": "vramasam_dd.xml",
                "property_type": "",
                "staging_version": 7
              },
              {
                "contract_id": "ctr_1-1NC95D",
                "group_id": "grp_19293",
                "latest_version": 2,
                "note": "",
                "production_version": 1,
                "property_id": "prp_598445",
                "property_name": "httpdownloads",
                "property_type": "",
                "staging_version": 1
              },
              {
                "contract_id": "ctr_1-1NC95D",
                "group_id": "grp_19293",
                "latest_version": 100,
                "note": "",
                "production_version": 0,
                "property_id": "prp_546033",
                "property_name": "ravin_ion",
                "property_type": "",
                "staging_version": 0
              },
              {
                "contract_id": "ctr_1-1NC95D",
                "group_id": "grp_19293",
                "latest_version": 3,
                "note": "",
                "production_version": 3,
                "property_id": "prp_1013099",
                "property_name": "balsingh.mpulse-certification",
                "property_type": "",
                "staging_version": 3
              },
              {
                "contract_id": "ctr_1-1NC95D",
                "group_id": "grp_19293",
                "latest_version": 2,
                "note": "",
                "production_version": 0,
                "property_id": "prp_643136",
                "property_name": "pari.test.gsshappylearning.com",
                "property_type": "",
                "staging_version": 0
              },
              {
                "contract_id": "ctr_1-1NC95D",
                "group_id": "grp_19293",
                "latest_version": 2,
                "note": "",
                "production_version": 0,
                "property_id": "prp_735807",
                "property_name": "www.thisshouldworknow.com",
                "property_type": "",
                "staging_version": 0
              },
              {
                "contract_id": "ctr_1-1NC95D",
                "group_id": "grp_19293",
                "latest_version": 2,
                "note": "",
                "production_version": 0,
                "property_id": "prp_735808",
                "property_name": "qa.thisshouldworknow.com",
                "property_type": "",
                "staging_version": 1
              },
              {
                "contract_id": "ctr_1-1NC95D",
                "group_id": "grp_19293",
                "latest_version": 2,
                "note": "",
                "production_version": 0,
                "property_id": "prp_641270",
                "property_name": "test-ff.jgiovann.com",
                "property_type": "",
                "staging_version": 0
              },
              {
                "contract_id": "ctr_1-1NC95D",
                "group_id": "grp_19293",
                "latest_version": 2,
                "note": "",
                "production_version": 0,
                "property_id": "prp_735758",
                "property_name": "qa.Testcenterconfig",
                "property_type": "",
                "staging_version": 0
              },
              {
                "contract_id": "ctr_1-1NC95D",
                "group_id": "grp_19293",
                "latest_version": 7,
                "note": "",
                "production_version": 4,
                "property_id": "prp_202777",
                "property_name": "www.bumel.pl",
                "property_type": "",
                "staging_version": 5
              },
              {
                "contract_id": "ctr_1-1NC95D",
                "group_id": "grp_19293",
                "latest_version": 9,
                "note": "",
                "production_version": 0,
                "property_id": "prp_154244",
                "property_name": "pmd-ktokarsk.kaki.pl",
                "property_type": "",
                "staging_version": 7
              },
              {
                "contract_id": "ctr_1-1NC95D",
                "group_id": "grp_19293",
                "latest_version": 2,
                "note": "",
                "production_version": 0,
                "property_id": "prp_286981",
                "property_name": "streaming.mediaplaypen.com",
                "property_type": "",
                "staging_version": 1
              },
              {
                "contract_id": "ctr_1-1NC95D",
                "group_id": "grp_19293",
                "latest_version": 2,
                "note": "",
                "production_version": 0,
                "property_id": "prp_735764",
                "property_name": "prod.MyPipeline123",
                "property_type": "",
                "staging_version": 0
              },
              {
                "contract_id": "ctr_1-1NC95D",
                "group_id": "grp_19293",
                "latest_version": 2,
                "note": "",
                "production_version": 0,
                "property_id": "prp_735762",
                "property_name": "qa.MyPipeline123",
                "property_type": "",
                "staging_version": 0
              },
              {
                "contract_id": "ctr_1-1NC95D",
                "group_id": "grp_19293",
                "latest_version": 65,
                "note": "",
                "production_version": 44,
                "property_id": "prp_541031",
                "property_name": "lalexand.www.flowershop.com",
                "property_type": "",
                "staging_version": 61
              },
              {
                "contract_id": "ctr_1-1NC95D",
                "group_id": "grp_19293",
                "latest_version": 2,
                "note": "",
                "production_version": 0,
                "property_id": "prp_735760",
                "property_name": "qa.sarveshTestcenter",
                "property_type": "",
                "staging_version": 0
              },
              {
                "contract_id": "ctr_1-1NC95D",
                "group_id": "grp_19293",
                "latest_version": 3,
                "note": "",
                "production_version": 0,
                "property_id": "prp_327781",
                "property_name": "ion-test.luis.com",
                "property_type": "",
                "staging_version": 1
              },
              {
                "contract_id": "ctr_1-1NC95D",
                "group_id": "grp_19293",
                "latest_version": 2,
                "note": "",
                "production_version": 0,
                "property_id": "prp_360926",
                "property_name": "msallee.akamaized.net",
                "property_type": "",
                "staging_version": 0
              },
              {
                "contract_id": "ctr_1-1NC95D",
                "group_id": "grp_19293",
                "latest_version": 2,
                "note": "",
                "production_version": 0,
                "property_id": "prp_267458",
                "property_name": "Content_targeting",
                "property_type": "",
                "staging_version": 0
              },
              {
                "contract_id": "ctr_1-1NC95D",
                "group_id": "grp_19293",
                "latest_version": 3,
                "note": "",
                "production_version": 0,
                "property_id": "prp_251470",
                "property_name": "wsdtest.davidbartosh.com_pm",
                "property_type": "",
                "staging_version": 0
              },
              {
                "contract_id": "ctr_1-1NC95D",
                "group_id": "grp_19293",
                "latest_version": 2,
                "note": "",
                "production_version": 0,
                "property_id": "prp_735773",
                "property_name": "qa.zoozoo.com",
                "property_type": "",
                "staging_version": 0
              },
              {
                "contract_id": "ctr_1-1NC95D",
                "group_id": "grp_19293",
                "latest_version": 115,
                "note": "",
                "production_version": 0,
                "property_id": "prp_769159",
                "property_name": "ialfaro.edgekey.net",
                "property_type": "",
                "staging_version": 113
              },
              {
                "contract_id": "ctr_1-1NC95D",
                "group_id": "grp_19293",
                "latest_version": 12,
                "note": "",
                "production_version": 0,
                "property_id": "prp_722845",
                "property_name": "buckksd",
                "property_type": "",
                "staging_version": 10
              },
              {
                "contract_id": "ctr_1-1NC95D",
                "group_id": "grp_19293",
                "latest_version": 5,
                "note": "",
                "production_version": 1,
                "property_id": "prp_548443",
                "property_name": "myadav-dd",
                "property_type": "",
                "staging_version": 3
              },
              {
                "contract_id": "ctr_1-1NC95D",
                "group_id": "grp_19293",
                "latest_version": 2,
                "note": "",
                "production_version": 0,
                "property_id": "prp_735780",
                "property_name": "www.uddaak.com",
                "property_type": "",
                "staging_version": 0
              },
              {
                "contract_id": "ctr_1-1NC95D",
                "group_id": "grp_19293",
                "latest_version": 2,
                "note": "",
                "production_version": 0,
                "property_id": "prp_595112",
                "property_name": "dquach-testplaypen",
                "property_type": "",
                "staging_version": 0
              },
              {
                "contract_id": "ctr_1-1NC95D",
                "group_id": "grp_19293",
                "latest_version": 14,
                "note": "",
                "production_version": 0,
                "property_id": "prp_577121",
                "property_name": "igumpinaap.gsshappylearning.com",
                "property_type": "",
                "staging_version": 12
              },
              {
                "contract_id": "ctr_1-1NC95D",
                "group_id": "grp_19293",
                "latest_version": 1,
                "note": "",
                "production_version": 0,
                "property_id": "prp_1260005",
                "property_name": "pdllc_cloud_security_failover",
                "property_type": "",
                "staging_version": 0
              },
              {
                "contract_id": "ctr_1-1NC95D",
                "group_id": "grp_19293",
                "latest_version": 24,
                "note": "",
                "production_version": 22,
                "property_id": "prp_215435",
                "property_name": "paul-test",
                "property_type": "",
                "staging_version": 22
              },
              {
                "contract_id": "ctr_1-1NC95D",
                "group_id": "grp_19293",
                "latest_version": 2,
                "note": "",
                "production_version": 0,
                "property_id": "prp_1228795",
                "property_name": "Automation_TF_demo_jarayaro",
                "property_type": "",
                "staging_version": 0
              },
              {
                "contract_id": "ctr_1-1NC95D",
                "group_id": "grp_19293",
                "latest_version": 7,
                "note": "",
                "production_version": 0,
                "property_id": "prp_1197605",
                "property_name": "raviessl",
                "property_type": "",
                "staging_version": 7
              },
              {
                "contract_id": "ctr_1-1NC95D",
                "group_id": "grp_19293",
                "latest_version": 2,
                "note": "",
                "production_version": 0,
                "property_id": "prp_631506",
                "property_name": "www.siemens-ecc-demo-dd.com",
                "property_type": "",
                "staging_version": 1
              },
              {
                "contract_id": "ctr_1-1NC95D",
                "group_id": "grp_19293",
                "latest_version": 2,
                "note": "",
                "production_version": 0,
                "property_id": "prp_631507",
                "property_name": "www.siemens-ecc-demo-ion.com",
                "property_type": "",
                "staging_version": 1
              },
              {
                "contract_id": "ctr_1-1NC95D",
                "group_id": "grp_19293",
                "latest_version": 2,
                "note": "",
                "production_version": 0,
                "property_id": "prp_583745",
                "property_name": "rarce_ion_test",
                "property_type": "",
                "staging_version": 0
              },
              {
                "contract_id": "ctr_1-1NC95D",
                "group_id": "grp_19293",
                "latest_version": 3,
                "note": "",
                "production_version": 0,
                "property_id": "prp_357208",
                "property_name": "foap_imagemanager_http",
                "property_type": "",
                "staging_version": 0
              },
              {
                "contract_id": "ctr_1-1NC95D",
                "group_id": "grp_19293",
                "latest_version": 2,
                "note": "",
                "production_version": 0,
                "property_id": "prp_830870",
                "property_name": "Wquinter-API-Test",
                "property_type": "",
                "staging_version": 1
              },
              {
                "contract_id": "ctr_1-1NC95D",
                "group_id": "grp_19293",
                "latest_version": 6,
                "note": "",
                "production_version": 0,
                "property_id": "prp_283162",
                "property_name": "prajna.skybet123.com",
                "property_type": "",
                "staging_version": 3
              },
              {
                "contract_id": "ctr_1-1NC95D",
                "group_id": "grp_19293",
                "latest_version": 2,
                "note": "",
                "production_version": 0,
                "property_id": "prp_290961",
                "property_name": "ssundera_ion_test",
                "property_type": "",
                "staging_version": 0
              },
              {
                "contract_id": "ctr_1-1NC95D",
                "group_id": "grp_19293",
                "latest_version": 2,
                "note": "",
                "production_version": 0,
                "property_id": "prp_855294",
                "property_name": "cli.cristian.com_pm",
                "property_type": "",
                "staging_version": 0
              },
              {
                "contract_id": "ctr_1-1NC95D",
                "group_id": "grp_19293",
                "latest_version": 2,
                "note": "",
                "production_version": 0,
                "property_id": "prp_556151",
                "property_name": "property.bikemart.com",
                "property_type": "",
                "staging_version": 1
              },
              {
                "contract_id": "ctr_1-1NC95D",
                "group_id": "grp_19293",
                "latest_version": 126,
                "note": "",
                "production_version": 108,
                "property_id": "prp_129719",
                "property_name": "uservalidation.kartstreet.com",
                "property_type": "",
                "staging_version": 124
              },
              {
                "contract_id": "ctr_1-1NC95D",
                "group_id": "grp_19293",
                "latest_version": 10,
                "note": "",
                "production_version": 8,
                "property_id": "prp_848555",
                "property_name": "jalanevod.akamaized.net",
                "property_type": "",
                "staging_version": 8
              },
              {
                "contract_id": "ctr_1-1NC95D",
                "group_id": "grp_19293",
                "latest_version": 8,
                "note": "",
                "production_version": 0,
                "property_id": "prp_556198",
                "property_name": "ka.gsshappylearning.com",
                "property_type": "",
                "staging_version": 7
              },
              {
                "contract_id": "ctr_1-1NC95D",
                "group_id": "grp_19293",
                "latest_version": 2,
                "note": "",
                "production_version": 0,
                "property_id": "prp_954276",
                "property_name": "Meghana-ION-Premier",
                "property_type": "HOSTNAME_BUCKET",
                "staging_version": 2
              },
              {
                "contract_id": "ctr_1-1NC95D",
                "group_id": "grp_19293",
                "latest_version": 1,
                "note": "",
                "production_version": 0,
                "property_id": "prp_1270734",
                "property_name": "terraform-training-jviquezc2.com",
                "property_type": "",
                "staging_version": 1
              },
              {
                "contract_id": "ctr_1-1NC95D",
                "group_id": "grp_19293",
                "latest_version": 8,
                "note": "",
                "production_version": 0,
                "property_id": "prp_565325",
                "property_name": "test-gdg2audiocm",
                "property_type": "",
                "staging_version": 0
              },
              {
                "contract_id": "ctr_1-1NC95D",
                "group_id": "grp_19293",
                "latest_version": 5,
                "note": "",
                "production_version": 0,
                "property_id": "prp_916283",
                "property_name": "www3.lcassiano.me",
                "property_type": "",
                "staging_version": 5
              },
              {
                "contract_id": "ctr_1-1NC95D",
                "group_id": "grp_19293",
                "latest_version": 15,
                "note": "",
                "production_version": 0,
                "property_id": "prp_890766",
                "property_name": "amd.dnslab.webtechnologists.net",
                "property_type": "",
                "staging_version": 10
              },
              {
                "contract_id": "ctr_1-1NC95D",
                "group_id": "grp_19293",
                "latest_version": 5,
                "note": "This is a property used for tests and customers support by stefano@akamai.com",
                "production_version": 1,
                "property_id": "prp_142757",
                "property_name": "replicant.edgekey.net",
                "property_type": "",
                "staging_version": 3
              },
              {
                "contract_id": "ctr_1-1NC95D",
                "group_id": "grp_19293",
                "latest_version": 4,
                "note": "",
                "production_version": 0,
                "property_id": "prp_556205",
                "property_name": "www.acmpwaptesting.com",
                "property_type": "",
                "staging_version": 3
              },
              {
                "contract_id": "ctr_1-1NC95D",
                "group_id": "grp_19293",
                "latest_version": 5,
                "note": "",
                "production_version": 0,
                "property_id": "prp_188526",
                "property_name": "mschimme_test",
                "property_type": "",
                "staging_version": 3
              },
              {
                "contract_id": "ctr_1-1NC95D",
                "group_id": "grp_19293",
                "latest_version": 11,
                "note": "",
                "production_version": 10,
                "property_id": "prp_913396",
                "property_name": "ankau-edgeworker-test",
                "property_type": "",
                "staging_version": 6
              },
              {
                "contract_id": "ctr_1-1NC95D",
                "group_id": "grp_19293",
                "latest_version": 5,
                "note": "",
                "production_version": 4,
                "property_id": "prp_1215223",
                "property_name": "edgeworkers.akamps.work",
                "property_type": "",
                "staging_version": 4
              },
              {
                "contract_id": "ctr_1-1NC95D",
                "group_id": "grp_19293",
                "latest_version": 15,
                "note": "",
                "production_version": 9,
                "property_id": "prp_883935",
                "property_name": "jalaneapi.akamaized.net",
                "property_type": "",
                "staging_version": 14
              },
              {
                "contract_id": "ctr_1-1NC95D",
                "group_id": "grp_19293",
                "latest_version": 27,
                "note": "",
                "production_version": 0,
                "property_id": "prp_459630",
                "property_name": "fpicado.akamaihd.net",
                "property_type": "",
                "staging_version": 25
              },
              {
                "contract_id": "ctr_1-1NC95D",
                "group_id": "grp_19293",
                "latest_version": 12,
                "note": "",
                "production_version": 10,
                "property_id": "prp_190299",
                "property_name": "test.cmalladi.com_pm",
                "property_type": "",
                "staging_version": 11
              },
              {
                "contract_id": "ctr_1-1NC95D",
                "group_id": "grp_19293",
                "latest_version": 2,
                "note": "",
                "production_version": 0,
                "property_id": "prp_484086",
                "property_name": "psumedha-failover.akamaiflowershop.com",
                "property_type": "",
                "staging_version": 1
              },
              {
                "contract_id": "ctr_1-1NC95D",
                "group_id": "grp_19293",
                "latest_version": 2,
                "note": "",
                "production_version": 0,
                "property_id": "prp_489997",
                "property_name": "pruebaact",
                "property_type": "",
                "staging_version": 0
              },
              {
                "contract_id": "ctr_1-1NC95D",
                "group_id": "grp_19293",
                "latest_version": 11,
                "note": "",
                "production_version": 8,
                "property_id": "prp_365153",
                "property_name": "ncl.com_IM",
                "property_type": "",
                "staging_version": 8
              },
              {
                "contract_id": "ctr_1-1NC95D",
                "group_id": "grp_19293",
                "latest_version": 4,
                "note": "",
                "production_version": 0,
                "property_id": "prp_345775",
                "property_name": "www.georgetest.co.uk",
                "property_type": "",
                "staging_version": 3
              },
              {
                "contract_id": "ctr_1-1NC95D",
                "group_id": "grp_19293",
                "latest_version": 2,
                "note": "",
                "production_version": 0,
                "property_id": "prp_322190",
                "property_name": "webo.tripping.com",
                "property_type": "",
                "staging_version": 0
              },
              {
                "contract_id": "ctr_1-1NC95D",
                "group_id": "grp_19293",
                "latest_version": 2,
                "note": "",
                "production_version": 0,
                "property_id": "prp_993325",
                "property_name": "lum-lua-star.sb.tlu.dl.delivery.mp.microsoft.com",
                "property_type": "",
                "staging_version": 0
              },
              {
                "contract_id": "ctr_1-1NC95D",
                "group_id": "grp_19293",
                "latest_version": 2,
                "note": "",
                "production_version": 0,
                "property_id": "prp_465865",
                "property_name": "test_ion_kkaczano",
                "property_type": "",
                "staging_version": 0
              },
              {
                "contract_id": "ctr_1-1NC95D",
                "group_id": "grp_19293",
                "latest_version": 8,
                "note": "",
                "production_version": 0,
                "property_id": "prp_580970",
                "property_name": "mylovelyhorse.com",
                "property_type": "",
                "staging_version": 0
              },
              {
                "contract_id": "ctr_1-1NC95D",
                "group_id": "grp_19293",
                "latest_version": 4,
                "note": "",
                "production_version": 3,
                "property_id": "prp_263808",
                "property_name": "failoverdsdashdebug-i.akamaihd.net",
                "property_type": "",
                "staging_version": 3
              },
              {
                "contract_id": "ctr_1-1NC95D",
                "group_id": "grp_19293",
                "latest_version": 4,
                "note": "",
                "production_version": 0,
                "property_id": "prp_628684",
                "property_name": "jgoncalv.casasbahia.com.br",
                "property_type": "",
                "staging_version": 0
              },
              {
                "contract_id": "ctr_1-1NC95D",
                "group_id": "grp_19293",
                "latest_version": 2,
                "note": "",
                "production_version": 0,
                "property_id": "prp_993328",
                "property_name": "lum-lua-property_1529240",
                "property_type": "",
                "staging_version": 0
              },
              {
                "contract_id": "ctr_1-1NC95D",
                "group_id": "grp_19293",
                "latest_version": 3,
                "note": "",
                "production_version": 0,
                "property_id": "prp_376761",
                "property_name": "ion-standard.davidbartosh.com",
                "property_type": "",
                "staging_version": 0
              },
              {
                "contract_id": "ctr_1-1NC95D",
                "group_id": "grp_19293",
                "latest_version": 2,
                "note": "",
                "production_version": 0,
                "property_id": "prp_232090",
                "property_name": "ishika_fossl.com",
                "property_type": "",
                "staging_version": 0
              },
              {
                "contract_id": "ctr_1-1NC95D",
                "group_id": "grp_19293",
                "latest_version": 2,
                "note": "",
                "production_version": 0,
                "property_id": "prp_505291",
                "property_name": "config-rapid-useralias.xml",
                "property_type": "",
                "staging_version": 1
              },
              {
                "contract_id": "ctr_1-1NC95D",
                "group_id": "grp_19293",
                "latest_version": 4,
                "note": "",
                "production_version": 0,
                "property_id": "prp_166079",
                "property_name": "arek_sd",
                "property_type": "",
                "staging_version": 2
              },
              {
                "contract_id": "ctr_1-1NC95D",
                "group_id": "grp_19293",
                "latest_version": 2,
                "note": "",
                "production_version": 0,
                "property_id": "prp_601716",
                "property_name": "computerbild-property-ion2",
                "property_type": "",
                "staging_version": 0
              },
              {
                "contract_id": "ctr_1-1NC95D",
                "group_id": "grp_19293",
                "latest_version": 2,
                "note": "",
                "production_version": 0,
                "property_id": "prp_283465",
                "property_name": "venkat.akamaiflowershop.com",
                "property_type": "",
                "staging_version": 0
              },
              {
                "contract_id": "ctr_1-1NC95D",
                "group_id": "grp_19293",
                "latest_version": 4,
                "note": "",
                "production_version": 3,
                "property_id": "prp_625333",
                "property_name": "rds.mmichelo.aksell.rocks",
                "property_type": "",
                "staging_version": 3
              },
              {
                "contract_id": "ctr_1-1NC95D",
                "group_id": "grp_19293",
                "latest_version": 17,
                "note": "",
                "production_version": 0,
                "property_id": "prp_638232",
                "property_name": "sadeb-DD-test",
                "property_type": "",
                "staging_version": 16
              },
              {
                "contract_id": "ctr_1-1NC95D",
                "group_id": "grp_19293",
                "latest_version": 2,
                "note": "",
                "production_version": 1,
                "property_id": "prp_1256755",
                "property_name": "www.testhost.com",
                "property_type": "",
                "staging_version": 1
              },
              {
                "contract_id": "ctr_1-1NC95D",
                "group_id": "grp_19293",
                "latest_version": 2,
                "note": "",
                "production_version": 0,
                "property_id": "prp_553683",
                "property_name": "sha-meta",
                "property_type": "",
                "staging_version": 0
              },
              {
                "contract_id": "ctr_1-1NC95D",
                "group_id": "grp_19293",
                "latest_version": 13,
                "note": "",
                "production_version": 0,
                "property_id": "prp_202477",
                "property_name": "ravuriv-www.imdb.com",
                "property_type": "",
                "staging_version": 11
              },
              {
                "contract_id": "ctr_1-1NC95D",
                "group_id": "grp_19293",
                "latest_version": 2,
                "note": "",
                "production_version": 1,
                "property_id": "prp_439750",
                "property_name": "www.bssel.eu",
                "property_type": "",
                "staging_version": 1
              },
              {
                "contract_id": "ctr_1-1NC95D",
                "group_id": "grp_19293",
                "latest_version": 2,
                "note": "",
                "production_version": 0,
                "property_id": "prp_739160",
                "property_name": "vsoni.config.com_pm",
                "property_type": "",
                "staging_version": 0
              },
              {
                "contract_id": "ctr_1-1NC95D",
                "group_id": "grp_19293",
                "latest_version": 2,
                "note": "",
                "production_version": 1,
                "property_id": "prp_174060",
                "property_name": "mwidomski-storage.com",
                "property_type": "",
                "staging_version": 1
              },
              {
                "contract_id": "ctr_1-1NC95D",
                "group_id": "grp_19293",
                "latest_version": 2,
                "note": "",
                "production_version": 0,
                "property_id": "prp_553691",
                "property_name": "www.sha-meta.com",
                "property_type": "",
                "staging_version": 0
              },
              {
                "contract_id": "ctr_1-1NC95D",
                "group_id": "grp_19293",
                "latest_version": 2,
                "note": "",
                "production_version": 0,
                "property_id": "prp_195662",
                "property_name": "jvox_trial_pm",
                "property_type": "",
                "staging_version": 0
              },
              {
                "contract_id": "ctr_1-1NC95D",
                "group_id": "grp_19293",
                "latest_version": 26,
                "note": "",
                "production_version": 10,
                "property_id": "prp_154858",
                "property_name": "adi.newhirelab.com.xml",
                "property_type": "",
                "staging_version": 20
              },
              {
                "contract_id": "ctr_1-1NC95D",
                "group_id": "grp_19293",
                "latest_version": 2,
                "note": "",
                "production_version": 1,
                "property_id": "prp_255842",
                "property_name": "rguitierr",
                "property_type": "",
                "staging_version": 0
              },
              {
                "contract_id": "ctr_1-1NC95D",
                "group_id": "grp_19293",
                "latest_version": 8,
                "note": "",
                "production_version": 0,
                "property_id": "prp_643512",
                "property_name": "biblab",
                "property_type": "",
                "staging_version": 6
              },
              {
                "contract_id": "ctr_1-1NC95D",
                "group_id": "grp_19293",
                "latest_version": 366,
                "note": "",
                "production_version": 309,
                "property_id": "prp_592579",
                "property_name": "testingmetadata.aphilip.com",
                "property_type": "",
                "staging_version": 365
              },
              {
                "contract_id": "ctr_1-1NC95D",
                "group_id": "grp_19293",
                "latest_version": 3,
                "note": "",
                "production_version": 2,
                "property_id": "prp_598846",
                "property_name": "sebas.gsshappylearning.com",
                "property_type": "",
                "staging_version": 2
              },
              {
                "contract_id": "ctr_1-1NC95D",
                "group_id": "grp_19293",
                "latest_version": 4,
                "note": "",
                "production_version": 2,
                "property_id": "prp_598847",
                "property_name": "www.rfontgra.com",
                "property_type": "",
                "staging_version": 2
              },
              {
                "contract_id": "ctr_1-1NC95D",
                "group_id": "grp_19293",
                "latest_version": 3,
                "note": "",
                "production_version": 0,
                "property_id": "prp_202790",
                "property_name": "www.edtest2.com",
                "property_type": "",
                "staging_version": 2
              },
              {
                "contract_id": "ctr_1-1NC95D",
                "group_id": "grp_19293",
                "latest_version": 8,
                "note": "",
                "production_version": 4,
                "property_id": "prp_271810",
                "property_name": "bktest_pm",
                "property_type": "",
                "staging_version": 5
              },
              {
                "contract_id": "ctr_1-1NC95D",
                "group_id": "grp_19293",
                "latest_version": 75,
                "note": "",
                "production_version": 58,
                "property_id": "prp_505349",
                "property_name": "pvoniadk2.gsshappylearning.com",
                "property_type": "",
                "staging_version": 71
              },
              {
                "contract_id": "ctr_1-1NC95D",
                "group_id": "grp_19293",
                "latest_version": 24,
                "note": "",
                "production_version": 0,
                "property_id": "prp_641683",
                "property_name": "ashabir_ionstandard_test",
                "property_type": "",
                "staging_version": 22
              },
              {
                "contract_id": "ctr_1-1NC95D",
                "group_id": "grp_19293",
                "latest_version": 10,
                "note": "",
                "production_version": 8,
                "property_id": "prp_450303",
                "property_name": "sathesh-cmdd",
                "property_type": "",
                "staging_version": 8
              },
              {
                "contract_id": "ctr_1-1NC95D",
                "group_id": "grp_19293",
                "latest_version": 5,
                "note": "",
                "production_version": 0,
                "property_id": "prp_622208",
                "property_name": "addiazimp",
                "property_type": "",
                "staging_version": 1
              },
              {
                "contract_id": "ctr_1-1NC95D",
                "group_id": "grp_19293",
                "latest_version": 2,
                "note": "",
                "production_version": 1,
                "property_id": "prp_283481",
                "property_name": "franco.akamaiflowershop.com",
                "property_type": "",
                "staging_version": 1
              },
              {
                "contract_id": "ctr_1-1NC95D",
                "group_id": "grp_19293",
                "latest_version": 9,
                "note": "",
                "production_version": 7,
                "property_id": "prp_439837",
                "property_name": "cm.tshoot.party",
                "property_type": "",
                "staging_version": 5
              },
              {
                "contract_id": "ctr_1-1NC95D",
                "group_id": "grp_19293",
                "latest_version": 2,
                "note": "",
                "production_version": 1,
                "property_id": "prp_283475",
                "property_name": "nico.akamaiflowershop.com",
                "property_type": "",
                "staging_version": 1
              },
              {
                "contract_id": "ctr_1-1NC95D",
                "group_id": "grp_19293",
                "latest_version": 2,
                "note": "To deliver Akamai data feeds that are processed and stored in NS to QiYi for its own use",
                "production_version": 1,
                "property_id": "prp_312958",
                "property_name": "feeds.qiyi.com.edgesuite.net",
                "property_type": "",
                "staging_version": 1
              },
              {
                "contract_id": "ctr_1-1NC95D",
                "group_id": "grp_19293",
                "latest_version": 2,
                "note": "",
                "production_version": 1,
                "property_id": "prp_392235",
                "property_name": "cloudauth",
                "property_type": "",
                "staging_version": 1
              },
              {
                "contract_id": "ctr_1-1NC95D",
                "group_id": "grp_19293",
                "latest_version": 2,
                "note": "",
                "production_version": 0,
                "property_id": "prp_625367",
                "property_name": "prod.hnsn.me",
                "property_type": "",
                "staging_version": 0
              },
              {
                "contract_id": "ctr_1-1NC95D",
                "group_id": "grp_19293",
                "latest_version": 3,
                "note": "",
                "production_version": 0,
                "property_id": "prp_625378",
                "property_name": "jnaranjo.apigatewaypoc.com",
                "property_type": "",
                "staging_version": 1
              },
              {
                "contract_id": "ctr_1-1NC95D",
                "group_id": "grp_19293",
                "latest_version": 3,
                "note": "",
                "production_version": 0,
                "property_id": "prp_380762",
                "property_name": "afafafafafa",
                "property_type": "",
                "staging_version": 0
              },
              {
                "contract_id": "ctr_1-1NC95D",
                "group_id": "grp_19293",
                "latest_version": 2,
                "note": "",
                "production_version": 0,
                "property_id": "prp_557699",
                "property_name": "test299029",
                "property_type": "",
                "staging_version": 0
              },
              {
                "contract_id": "ctr_1-1NC95D",
                "group_id": "grp_19293",
                "latest_version": 5,
                "note": "",
                "production_version": 1,
                "property_id": "prp_251912",
                "property_name": "dannybishop.xml",
                "property_type": "",
                "staging_version": 1
              },
              {
                "contract_id": "ctr_1-1NC95D",
                "group_id": "grp_19293",
                "latest_version": 4,
                "note": "",
                "production_version": 2,
                "property_id": "prp_532430",
                "property_name": "msltest_aruntita",
                "property_type": "",
                "staging_version": 0
              },
              {
                "contract_id": "ctr_1-1NC95D",
                "group_id": "grp_19293",
                "latest_version": 23,
                "note": "",
                "production_version": 0,
                "property_id": "prp_493095",
                "property_name": "ssundera_ion_apj",
                "property_type": "",
                "staging_version": 22
              },
              {
                "contract_id": "ctr_1-1NC95D",
                "group_id": "grp_19293",
                "latest_version": 8,
                "note": "",
                "production_version": 0,
                "property_id": "prp_598826",
                "property_name": "jviquezc_KSD.com",
                "property_type": "",
                "staging_version": 7
              },
              {
                "contract_id": "ctr_1-1NC95D",
                "group_id": "grp_19293",
                "latest_version": 2,
                "note": "",
                "production_version": 0,
                "property_id": "prp_232134",
                "property_name": "jgiovann_WAF",
                "property_type": "",
                "staging_version": 0
              },
              {
                "contract_id": "ctr_1-1NC95D",
                "group_id": "grp_19293",
                "latest_version": 6,
                "note": "",
                "production_version": 4,
                "property_id": "prp_220483",
                "property_name": "ez-receipt.akamai.com",
                "property_type": "",
                "staging_version": 4
              },
              {
                "contract_id": "ctr_1-1NC95D",
                "group_id": "grp_19293",
                "latest_version": 11,
                "note": "",
                "production_version": 0,
                "property_id": "prp_1271141",
                "property_name": "gtm_config_balsingh",
                "property_type": "",
                "staging_version": 10
              },
              {
                "contract_id": "ctr_1-1NC95D",
                "group_id": "grp_19293",
                "latest_version": 4,
                "note": "",
                "production_version": 0,
                "property_id": "prp_622193",
                "property_name": "test.addiaz.com",
                "property_type": "",
                "staging_version": 3
              },
              {
                "contract_id": "ctr_1-1NC95D",
                "group_id": "grp_19293",
                "latest_version": 15,
                "note": "",
                "production_version": 9,
                "property_id": "prp_392212",
                "property_name": "prcertification-ctuppad.edgesuite.net",
                "property_type": "",
                "staging_version": 11
              },
              {
                "contract_id": "ctr_1-1NC95D",
                "group_id": "grp_19293",
                "latest_version": 33,
                "note": "",
                "production_version": 0,
                "property_id": "prp_502197",
                "property_name": "vsoni1.gsshappylearning.com",
                "property_type": "",
                "staging_version": 27
              },
              {
                "contract_id": "ctr_1-1NC95D",
                "group_id": "grp_19293",
                "latest_version": 2,
                "note": "",
                "production_version": 1,
                "property_id": "prp_625278",
                "property_name": "lsinglapr.akamaized.net",
                "property_type": "",
                "staging_version": 1
              },
              {
                "contract_id": "ctr_1-1NC95D",
                "group_id": "grp_19293",
                "latest_version": 4,
                "note": "",
                "production_version": 0,
                "property_id": "prp_614854",
                "property_name": "merck-sigma-qa",
                "property_type": "",
                "staging_version": 3
              },
              {
                "contract_id": "ctr_1-1NC95D",
                "group_id": "grp_19293",
                "latest_version": 3,
                "note": "",
                "production_version": 1,
                "property_id": "prp_628584",
                "property_name": "mguentge-alb-demo",
                "property_type": "",
                "staging_version": 1
              },
              {
                "contract_id": "ctr_1-1NC95D",
                "group_id": "grp_19293",
                "latest_version": 2,
                "note": "",
                "production_version": 0,
                "property_id": "prp_546224",
                "property_name": "lcastrosdsatest",
                "property_type": "",
                "staging_version": 0
              },
              {
                "contract_id": "ctr_1-1NC95D",
                "group_id": "grp_19293",
                "latest_version": 8,
                "note": "",
                "production_version": 0,
                "property_id": "prp_614856",
                "property_name": "merck-sigma-prod",
                "property_type": "",
                "staging_version": 1
              },
              {
                "contract_id": "ctr_1-1NC95D",
                "group_id": "grp_19293",
                "latest_version": 1,
                "note": "",
                "production_version": 0,
                "property_id": "prp_1043766",
                "property_name": "www.ifyoudislikepinacolada.co.uk",
                "property_type": "",
                "staging_version": 1
              },
              {
                "contract_id": "ctr_1-1NC95D",
                "group_id": "grp_19293",
                "latest_version": 2,
                "note": "",
                "production_version": 0,
                "property_id": "prp_392017",
                "property_name": "tcolon.dsalab.com",
                "property_type": "",
                "staging_version": 1
              },
              {
                "contract_id": "ctr_1-1NC95D",
                "group_id": "grp_19293",
                "latest_version": 3,
                "note": "",
                "production_version": 2,
                "property_id": "prp_372718",
                "property_name": "del.akamaized.net",
                "property_type": "",
                "staging_version": 0
              },
              {
                "contract_id": "ctr_1-1NC95D",
                "group_id": "grp_19293",
                "latest_version": 2,
                "note": "",
                "production_version": 0,
                "property_id": "prp_192758",
                "property_name": "stest",
                "property_type": "",
                "staging_version": 0
              },
              {
                "contract_id": "ctr_1-1NC95D",
                "group_id": "grp_19293",
                "latest_version": 26,
                "note": "",
                "production_version": 19,
                "property_id": "prp_592437",
                "property_name": "saborio",
                "property_type": "",
                "staging_version": 25
              },
              {
                "contract_id": "ctr_1-1NC95D",
                "group_id": "grp_19293",
                "latest_version": 11,
                "note": "",
                "production_version": 9,
                "property_id": "prp_562908",
                "property_name": "AMD-Dario-test-WHITEBOARD",
                "property_type": "",
                "staging_version": 1
              },
              {
                "contract_id": "ctr_1-1NC95D",
                "group_id": "grp_19293",
                "latest_version": 13,
                "note": "",
                "production_version": 0,
                "property_id": "prp_486882",
                "property_name": "Ankit_20671_Secure.com",
                "property_type": "",
                "staging_version": 11
              },
              {
                "contract_id": "ctr_1-1NC95D",
                "group_id": "grp_19293",
                "latest_version": 74,
                "note": "",
                "production_version": 0,
                "property_id": "prp_486883",
                "property_name": "Ankit_20671_Unsecure.com",
                "property_type": "",
                "staging_version": 72
              },
              {
                "contract_id": "ctr_1-1NC95D",
                "group_id": "grp_19293",
                "latest_version": 51,
                "note": "",
                "production_version": 22,
                "property_id": "prp_598627",
                "property_name": "aprasad.www.akamaiflowershop.com",
                "property_type": "",
                "staging_version": 49
              },
              {
                "contract_id": "ctr_1-1NC95D",
                "group_id": "grp_19293",
                "latest_version": 5,
                "note": "",
                "production_version": 0,
                "property_id": "prp_174795",
                "property_name": "www.dvwa-aseem.com",
                "property_type": "",
                "staging_version": 4
              },
              {
                "contract_id": "ctr_1-1NC95D",
                "group_id": "grp_19293",
                "latest_version": 2,
                "note": "",
                "production_version": 1,
                "property_id": "prp_178677",
                "property_name": "jrespeto.prolexic.com.edgesuite.net",
                "property_type": "",
                "staging_version": 1
              },
              {
                "contract_id": "ctr_1-1NC95D",
                "group_id": "grp_19293",
                "latest_version": 3,
                "note": "",
                "production_version": 0,
                "property_id": "prp_507910",
                "property_name": "tp_lab_api_gateway",
                "property_type": "",
                "staging_version": 1
              },
              {
                "contract_id": "ctr_1-1NC95D",
                "group_id": "grp_19293",
                "latest_version": 3,
                "note": "",
                "production_version": 0,
                "property_id": "prp_407211",
                "property_name": "www.shoemart.com",
                "property_type": "",
                "staging_version": 0
              },
              {
                "contract_id": "ctr_1-1NC95D",
                "group_id": "grp_19293",
                "latest_version": 9,
                "note": "",
                "production_version": 0,
                "property_id": "prp_507914",
                "property_name": "shbhardw-testing.com",
                "property_type": "",
                "staging_version": 7
              },
              {
                "contract_id": "ctr_1-1NC95D",
                "group_id": "grp_19293",
                "latest_version": 130,
                "note": "",
                "production_version": 124,
                "property_id": "prp_662958",
                "property_name": "lalexandtest3_AMD",
                "property_type": "",
                "staging_version": 129
              },
              {
                "contract_id": "ctr_1-1NC95D",
                "group_id": "grp_19293",
                "latest_version": 21,
                "note": "",
                "production_version": 1,
                "property_id": "prp_178667",
                "property_name": "aahringer",
                "property_type": "",
                "staging_version": 18
              },
              {
                "contract_id": "ctr_1-1NC95D",
                "group_id": "grp_19293",
                "latest_version": 1,
                "note": "",
                "production_version": 0,
                "property_id": "prp_1104992",
                "property_name": "indu-test-hostnamebucket",
                "property_type": "HOSTNAME_BUCKET",
                "staging_version": 0
              },
              {
                "contract_id": "ctr_1-1NC95D",
                "group_id": "grp_19293",
                "latest_version": 7,
                "note": "",
                "production_version": 6,
                "property_id": "prp_178672",
                "property_name": "dtieche.prolexic.com",
                "property_type": "",
                "staging_version": 3
              },
              {
                "contract_id": "ctr_1-1NC95D",
                "group_id": "grp_19293",
                "latest_version": 532,
                "note": "",
                "production_version": 528,
                "property_id": "prp_551106",
                "property_name": "marcotest.com",
                "property_type": "",
                "staging_version": 531
              },
              {
                "contract_id": "ctr_1-1NC95D",
                "group_id": "grp_19293",
                "latest_version": 3,
                "note": "",
                "production_version": 2,
                "property_id": "prp_178673",
                "property_name": "elmachete.prolexic.com.edgesuite.net",
                "property_type": "",
                "staging_version": 2
              },
              {
                "contract_id": "ctr_1-1NC95D",
                "group_id": "grp_19293",
                "latest_version": 2,
                "note": "",
                "production_version": 0,
                "property_id": "prp_178674",
                "property_name": "jnatal.prolexic.com",
                "property_type": "",
                "staging_version": 0
              },
              {
                "contract_id": "ctr_1-1NC95D",
                "group_id": "grp_19293",
                "latest_version": 4,
                "note": "",
                "production_version": 0,
                "property_id": "prp_486855",
                "property_name": "etihad_test",
                "property_type": "",
                "staging_version": 0
              },
              {
                "contract_id": "ctr_1-1NC95D",
                "group_id": "grp_19293",
                "latest_version": 2,
                "note": "",
                "production_version": 0,
                "property_id": "prp_450131",
                "property_name": "cm.akamai.com",
                "property_type": "",
                "staging_version": 0
              },
              {
                "contract_id": "ctr_1-1NC95D",
                "group_id": "grp_19293",
                "latest_version": 6,
                "note": "",
                "production_version": 3,
                "property_id": "prp_178670",
                "property_name": "mnegreir.www.prolexic.com",
                "property_type": "",
                "staging_version": 5
              },
              {
                "contract_id": "ctr_1-1NC95D",
                "group_id": "grp_19293",
                "latest_version": 3,
                "note": "",
                "production_version": 1,
                "property_id": "prp_178671",
                "property_name": "amanda",
                "property_type": "",
                "staging_version": 1
              },
              {
                "contract_id": "ctr_1-1NC95D",
                "group_id": "grp_19293",
                "latest_version": 28,
                "note": "",
                "production_version": 0,
                "property_id": "prp_653147",
                "property_name": "demo-config",
                "property_type": "",
                "staging_version": 26
              },
              {
                "contract_id": "ctr_1-1NC95D",
                "group_id": "grp_19293",
                "latest_version": 2,
                "note": "",
                "production_version": 0,
                "property_id": "prp_557632",
                "property_name": "AMD_Dario_test",
                "property_type": "",
                "staging_version": 0
              },
              {
                "contract_id": "ctr_1-1NC95D",
                "group_id": "grp_19293",
                "latest_version": 16,
                "note": "",
                "production_version": 1,
                "property_id": "prp_1039199",
                "property_name": "SHA_TerraForm",
                "property_type": "",
                "staging_version": 16
              },
              {
                "contract_id": "ctr_1-1NC95D",
                "group_id": "grp_19293",
                "latest_version": 3,
                "note": "",
                "production_version": 0,
                "property_id": "prp_287263",
                "property_name": "anp.cloudlets-testing.io",
                "property_type": "",
                "staging_version": 2
              },
              {
                "contract_id": "ctr_1-1NC95D",
                "group_id": "grp_19293",
                "latest_version": 2,
                "note": "",
                "production_version": 0,
                "property_id": "prp_557640",
                "property_name": "MSOD_Dario_test",
                "property_type": "",
                "staging_version": 0
              },
              {
                "contract_id": "ctr_1-1NC95D",
                "group_id": "grp_19293",
                "latest_version": 2,
                "note": "",
                "production_version": 0,
                "property_id": "prp_302787",
                "property_name": "www.ohlala.com",
                "property_type": "",
                "staging_version": 0
              },
              {
                "contract_id": "ctr_1-1NC95D",
                "group_id": "grp_19293",
                "latest_version": 2,
                "note": "",
                "production_version": 0,
                "property_id": "prp_135431",
                "property_name": "spocktimusprime",
                "property_type": "",
                "staging_version": 0
              },
              {
                "contract_id": "ctr_1-1NC95D",
                "group_id": "grp_19293",
                "latest_version": 3,
                "note": "",
                "production_version": 1,
                "property_id": "prp_255751",
                "property_name": "akamai.vp.demo",
                "property_type": "",
                "staging_version": 1
              },
              {
                "contract_id": "ctr_1-1NC95D",
                "group_id": "grp_19293",
                "latest_version": 3,
                "note": "",
                "production_version": 2,
                "property_id": "prp_507942",
                "property_name": "config-rapid-aram",
                "property_type": "",
                "staging_version": 2
              },
              {
                "contract_id": "ctr_1-1NC95D",
                "group_id": "grp_19293",
                "latest_version": 2,
                "note": "",
                "production_version": 0,
                "property_id": "prp_598698",
                "property_name": "www.imn.com",
                "property_type": "",
                "staging_version": 0
              },
              {
                "contract_id": "ctr_1-1NC95D",
                "group_id": "grp_19293",
                "latest_version": 2,
                "note": "",
                "production_version": 0,
                "property_id": "prp_216372",
                "property_name": "adrian.pmd",
                "property_type": "",
                "staging_version": 0
              },
              {
                "contract_id": "ctr_1-1NC95D",
                "group_id": "grp_19293",
                "latest_version": 6,
                "note": "",
                "production_version": 1,
                "property_id": "prp_1201433",
                "property_name": "www.rajpatil.xyz_pm",
                "property_type": "",
                "staging_version": 6
              },
              {
                "contract_id": "ctr_1-1NC95D",
                "group_id": "grp_19293",
                "latest_version": 210,
                "note": "",
                "production_version": 200,
                "property_id": "prp_331963",
                "property_name": "tcorning-secure",
                "property_type": "",
                "staging_version": 208
              },
              {
                "contract_id": "ctr_1-1NC95D",
                "group_id": "grp_19293",
                "latest_version": 2,
                "note": "",
                "production_version": 0,
                "property_id": "prp_331964",
                "property_name": "shubhams_test.com",
                "property_type": "",
                "staging_version": 0
              },
              {
                "contract_id": "ctr_1-1NC95D",
                "group_id": "grp_19293",
                "latest_version": 7,
                "note": "",
                "production_version": 0,
                "property_id": "prp_568262",
                "property_name": "Rmtesting_ion",
                "property_type": "",
                "staging_version": 4
              },
              {
                "contract_id": "ctr_1-1NC95D",
                "group_id": "grp_19293",
                "latest_version": 2,
                "note": "",
                "production_version": 0,
                "property_id": "prp_557620",
                "property_name": "DD_Dario_test",
                "property_type": "",
                "staging_version": 0
              },
              {
                "contract_id": "ctr_1-1NC95D",
                "group_id": "grp_19293",
                "latest_version": 2,
                "note": "",
                "production_version": 0,
                "property_id": "prp_746362",
                "property_name": "jacha.gsshappylearning.com",
                "property_type": "",
                "staging_version": 0
              },
              {
                "contract_id": "ctr_1-1NC95D",
                "group_id": "grp_19293",
                "latest_version": 30,
                "note": "",
                "production_version": 0,
                "property_id": "prp_541211",
                "property_name": "sha-cdn",
                "property_type": "",
                "staging_version": 0
              },
              {
                "contract_id": "ctr_1-1NC95D",
                "group_id": "grp_19293",
                "latest_version": 2,
                "note": "",
                "production_version": 0,
                "property_id": "prp_209570",
                "property_name": "Test_config",
                "property_type": "",
                "staging_version": 0
              },
              {
                "contract_id": "ctr_1-1NC95D",
                "group_id": "grp_19293",
                "latest_version": 11,
                "note": "",
                "production_version": 0,
                "property_id": "prp_232310",
                "property_name": "jgiovann_customFO_pages_WAF",
                "property_type": "",
                "staging_version": 10
              },
              {
                "contract_id": "ctr_1-1NC95D",
                "group_id": "grp_19293",
                "latest_version": 3,
                "note": "",
                "production_version": 1,
                "property_id": "prp_209567",
                "property_name": "test.ankushgarg.co.in",
                "property_type": "",
                "staging_version": 0
              },
              {
                "contract_id": "ctr_1-1NC95D",
                "group_id": "grp_19293",
                "latest_version": 2,
                "note": "",
                "production_version": 0,
                "property_id": "prp_631945",
                "property_name": "dev.gokulpipe",
                "property_type": "",
                "staging_version": 0
              },
              {
                "contract_id": "ctr_1-1NC95D",
                "group_id": "grp_19293",
                "latest_version": 10,
                "note": "",
                "production_version": 9,
                "property_id": "prp_983881",
                "property_name": "psg-ak.xyz",
                "property_type": "",
                "staging_version": 9
              },
              {
                "contract_id": "ctr_1-1NC95D",
                "group_id": "grp_19293",
                "latest_version": 2,
                "note": "",
                "production_version": 0,
                "property_id": "prp_631946",
                "property_name": "qa.gokulpipe",
                "property_type": "",
                "staging_version": 0
              },
              {
                "contract_id": "ctr_1-1NC95D",
                "group_id": "grp_19293",
                "latest_version": 2,
                "note": "",
                "production_version": 0,
                "property_id": "prp_631947",
                "property_name": "prod.gokulpipe",
                "property_type": "",
                "staging_version": 0
              },
              {
                "contract_id": "ctr_1-1NC95D",
                "group_id": "grp_19293",
                "latest_version": 2,
                "note": "",
                "production_version": 0,
                "property_id": "prp_209564",
                "property_name": "www.japan-core-sa.com",
                "property_type": "",
                "staging_version": 0
              },
              {
                "contract_id": "ctr_1-1NC95D",
                "group_id": "grp_19293",
                "latest_version": 8,
                "note": "",
                "production_version": 6,
                "property_id": "prp_418532",
                "property_name": "ratan-reforward-testing",
                "property_type": "",
                "staging_version": 1
              },
              {
                "contract_id": "ctr_1-1NC95D",
                "group_id": "grp_19293",
                "latest_version": 4,
                "note": "",
                "production_version": 0,
                "property_id": "prp_365383",
                "property_name": "www.raajmetatest.com",
                "property_type": "",
                "staging_version": 2
              },
              {
                "contract_id": "ctr_1-1NC95D",
                "group_id": "grp_19293",
                "latest_version": 2,
                "note": "",
                "production_version": 1,
                "property_id": "prp_1121604",
                "property_name": "news-esi-debug-kiran",
                "property_type": "",
                "staging_version": 1
              },
              {
                "contract_id": "ctr_1-1NC95D",
                "group_id": "grp_19293",
                "latest_version": 2,
                "note": "",
                "production_version": 0,
                "property_id": "prp_574578",
                "property_name": "bbrako_msl4_1",
                "property_type": "",
                "staging_version": 0
              },
              {
                "contract_id": "ctr_1-1NC95D",
                "group_id": "grp_19293",
                "latest_version": 5,
                "note": "",
                "production_version": 2,
                "property_id": "prp_459782",
                "property_name": "amdpoc.com",
                "property_type": "",
                "staging_version": 1
              },
              {
                "contract_id": "ctr_1-1NC95D",
                "group_id": "grp_19293",
                "latest_version": 54,
                "note": "",
                "production_version": 0,
                "property_id": "prp_553916",
                "property_name": "rvproperty_xml",
                "property_type": "",
                "staging_version": 53
              },
              {
                "contract_id": "ctr_1-1NC95D",
                "group_id": "grp_19293",
                "latest_version": 4,
                "note": "",
                "production_version": 0,
                "property_id": "prp_193238",
                "property_name": "www.dhruva1.com",
                "property_type": "",
                "staging_version": 2
              },
              {
                "contract_id": "ctr_1-1NC95D",
                "group_id": "grp_19293",
                "latest_version": 3,
                "note": "",
                "production_version": 0,
                "property_id": "prp_910541",
                "property_name": "cf-ew-test",
                "property_type": "",
                "staging_version": 1
              },
              {
                "contract_id": "ctr_1-1NC95D",
                "group_id": "grp_19293",
                "latest_version": 4,
                "note": "",
                "production_version": 3,
                "property_id": "prp_904715",
                "property_name": "failover.yjeon.test",
                "property_type": "",
                "staging_version": 3
              },
              {
                "contract_id": "ctr_1-1NC95D",
                "group_id": "grp_19293",
                "latest_version": 3,
                "note": "",
                "production_version": 1,
                "property_id": "prp_611554",
                "property_name": "ion_sanandh_test",
                "property_type": "",
                "staging_version": 1
              },
              {
                "contract_id": "ctr_1-1NC95D",
                "group_id": "grp_19293",
                "latest_version": 4,
                "note": "",
                "production_version": 0,
                "property_id": "prp_252109",
                "property_name": "secure.lesdjs.com",
                "property_type": "",
                "staging_version": 2
              },
              {
                "contract_id": "ctr_1-1NC95D",
                "group_id": "grp_19293",
                "latest_version": 77,
                "note": "",
                "production_version": 0,
                "property_id": "prp_824684",
                "property_name": "citi-apigee.losgiova.com",
                "property_type": "",
                "staging_version": 77
              },
              {
                "contract_id": "ctr_1-1NC95D",
                "group_id": "grp_19293",
                "latest_version": 2,
                "note": "",
                "production_version": 1,
                "property_id": "prp_484273",
                "property_name": "api.jgiovann.com",
                "property_type": "",
                "staging_version": 1
              },
              {
                "contract_id": "ctr_1-1NC95D",
                "group_id": "grp_19293",
                "latest_version": 2,
                "note": "",
                "production_version": 0,
                "property_id": "prp_475263",
                "property_name": "ahidalgo_Download_Delivery",
                "property_type": "",
                "staging_version": 0
              },
              {
                "contract_id": "ctr_1-1NC95D",
                "group_id": "grp_19293",
                "latest_version": 2,
                "note": "",
                "production_version": 0,
                "property_id": "prp_307880",
                "property_name": "feo.piotrcichocki.pl",
                "property_type": "",
                "staging_version": 0
              },
              {
                "contract_id": "ctr_1-1NC95D",
                "group_id": "grp_19293",
                "latest_version": 2,
                "note": "",
                "production_version": 0,
                "property_id": "prp_153864",
                "property_name": "test1.rsolares.com",
                "property_type": "",
                "staging_version": 0
              },
              {
                "contract_id": "ctr_1-1NC95D",
                "group_id": "grp_19293",
                "latest_version": 2,
                "note": "",
                "production_version": 0,
                "property_id": "prp_993460",
                "property_name": "lum-tv-198022",
                "property_type": "",
                "staging_version": 1
              },
              {
                "contract_id": "ctr_1-1NC95D",
                "group_id": "grp_19293",
                "latest_version": 1,
                "note": "",
                "production_version": 0,
                "property_id": "prp_1243099",
                "property_name": "www.magazineluiza.com.br_clone",
                "property_type": "",
                "staging_version": 0
              },
              {
                "contract_id": "ctr_1-1NC95D",
                "group_id": "grp_19293",
                "latest_version": 2,
                "note": "",
                "production_version": 0,
                "property_id": "prp_252103",
                "property_name": "wwhgs35.akamaiflowershop.com",
                "property_type": "",
                "staging_version": 1
              },
              {
                "contract_id": "ctr_1-1NC95D",
                "group_id": "grp_19293",
                "latest_version": 35,
                "note": "",
                "production_version": 0,
                "property_id": "prp_499372",
                "property_name": "dcuenc_amd",
                "property_type": "",
                "staging_version": 35
              },
              {
                "contract_id": "ctr_1-1NC95D",
                "group_id": "grp_19293",
                "latest_version": 169,
                "note": "",
                "production_version": 123,
                "property_id": "prp_604775",
                "property_name": "lalexandtest1",
                "property_type": "",
                "staging_version": 161
              },
              {
                "contract_id": "ctr_1-1NC95D",
                "group_id": "grp_19293",
                "latest_version": 2,
                "note": "",
                "production_version": 0,
                "property_id": "prp_248138",
                "property_name": "rgutierr.com",
                "property_type": "",
                "staging_version": 0
              },
              {
                "contract_id": "ctr_1-1NC95D",
                "group_id": "grp_19293",
                "latest_version": 347,
                "note": "",
                "production_version": 346,
                "property_id": "prp_604777",
                "property_name": "lalexandtest2",
                "property_type": "",
                "staging_version": 338
              },
              {
                "contract_id": "ctr_1-1NC95D",
                "group_id": "grp_19293",
                "latest_version": 81,
                "note": "",
                "production_version": 59,
                "property_id": "prp_557911",
                "property_name": "www.ritztest.com",
                "property_type": "",
                "staging_version": 80
              },
              {
                "contract_id": "ctr_1-1NC95D",
                "group_id": "grp_19293",
                "latest_version": 2,
                "note": "",
                "production_version": 0,
                "property_id": "prp_1003543",
                "property_name": "test.cutdeny.com",
                "property_type": "",
                "staging_version": 1
              },
              {
                "contract_id": "ctr_1-1NC95D",
                "group_id": "grp_19293",
                "latest_version": 2,
                "note": "",
                "production_version": 0,
                "property_id": "prp_546407",
                "property_name": "cloud-monitor.angandhi.com",
                "property_type": "",
                "staging_version": 1
              },
              {
                "contract_id": "ctr_1-1NC95D",
                "group_id": "grp_19293",
                "latest_version": 2,
                "note": "",
                "production_version": 0,
                "property_id": "prp_831448",
                "property_name": "Failover.example.page",
                "property_type": "",
                "staging_version": 1
              },
              {
                "contract_id": "ctr_1-1NC95D",
                "group_id": "grp_19293",
                "latest_version": 14,
                "note": "",
                "production_version": 14,
                "property_id": "prp_976431",
                "property_name": "test.hansfans.com",
                "property_type": "",
                "staging_version": 12
              },
              {
                "contract_id": "ctr_1-1NC95D",
                "group_id": "grp_19293",
                "latest_version": 2,
                "note": "",
                "production_version": 0,
                "property_id": "prp_894890",
                "property_name": "pstest1.useracc.com",
                "property_type": "",
                "staging_version": 1
              },
              {
                "contract_id": "ctr_1-1NC95D",
                "group_id": "grp_19293",
                "latest_version": 2,
                "note": "",
                "production_version": 0,
                "property_id": "prp_342171",
                "property_name": "dd-mallinson",
                "property_type": "",
                "staging_version": 0
              },
              {
                "contract_id": "ctr_1-1NC95D",
                "group_id": "grp_19293",
                "latest_version": 3,
                "note": "",
                "production_version": 0,
                "property_id": "prp_307899",
                "property_name": "abonsign.test.sni",
                "property_type": "",
                "staging_version": 2
              },
              {
                "contract_id": "ctr_1-1NC95D",
                "group_id": "grp_19293",
                "latest_version": 7,
                "note": "",
                "production_version": 0,
                "property_id": "prp_641909",
                "property_name": "sarvesh.gsshappylearning.com",
                "property_type": "",
                "staging_version": 2
              },
              {
                "contract_id": "ctr_1-1NC95D",
                "group_id": "grp_19293",
                "latest_version": 3,
                "note": "",
                "production_version": 1,
                "property_id": "prp_178781",
                "property_name": "drashkin.severnbrotherstoaster.com.edgesuite.net",
                "property_type": "",
                "staging_version": 1
              },
              {
                "contract_id": "ctr_1-1NC95D",
                "group_id": "grp_19293",
                "latest_version": 45,
                "note": "",
                "production_version": 0,
                "property_id": "prp_592766",
                "property_name": "prcertification3-pshivaku.edgesuite.net",
                "property_type": "",
                "staging_version": 44
              },
              {
                "contract_id": "ctr_1-1NC95D",
                "group_id": "grp_19293",
                "latest_version": 2,
                "note": "",
                "production_version": 0,
                "property_id": "prp_941245",
                "property_name": "sadeb_papi",
                "property_type": "",
                "staging_version": 0
              },
              {
                "contract_id": "ctr_1-1NC95D",
                "group_id": "grp_19293",
                "latest_version": 14,
                "note": "",
                "production_version": 0,
                "property_id": "prp_377116",
                "property_name": "akamai_instant_webex",
                "property_type": "",
                "staging_version": 0
              },
              {
                "contract_id": "ctr_1-1NC95D",
                "group_id": "grp_19293",
                "latest_version": 6,
                "note": "",
                "production_version": 2,
                "property_id": "prp_227406",
                "property_name": "kdrigals.com",
                "property_type": "",
                "staging_version": 4
              },
              {
                "contract_id": "ctr_1-1NC95D",
                "group_id": "grp_19293",
                "latest_version": 1,
                "note": "",
                "production_version": 1,
                "property_id": "prp_1274854",
                "property_name": "flyteamparagliding.in",
                "property_type": "",
                "staging_version": 0
              },
              {
                "contract_id": "ctr_1-1NC95D",
                "group_id": "grp_19293",
                "latest_version": 2,
                "note": "",
                "production_version": 0,
                "property_id": "prp_814478",
                "property_name": "dd-20220706.davidbartosh.com",
                "property_type": "",
                "staging_version": 0
              },
              {
                "contract_id": "ctr_1-1NC95D",
                "group_id": "grp_19293",
                "latest_version": 2,
                "note": "",
                "production_version": 0,
                "property_id": "prp_793749",
                "property_name": "testpropertyrz.com",
                "property_type": "",
                "staging_version": 0
              },
              {
                "contract_id": "ctr_1-1NC95D",
                "group_id": "grp_19293",
                "latest_version": 2,
                "note": "",
                "production_version": 0,
                "property_id": "prp_148610",
                "property_name": "www.hamiltonshahbuddinincorporated.com",
                "property_type": "",
                "staging_version": 0
              },
              {
                "contract_id": "ctr_1-1NC95D",
                "group_id": "grp_19293",
                "latest_version": 3,
                "note": "",
                "production_version": 2,
                "property_id": "prp_496097",
                "property_name": "esritesting2",
                "property_type": "",
                "staging_version": 1
              },
              {
                "contract_id": "ctr_1-1NC95D",
                "group_id": "grp_19293",
                "latest_version": 3,
                "note": "",
                "production_version": 1,
                "property_id": "prp_279669",
                "property_name": "poc-live.sonytv.edgesuite.net",
                "property_type": "",
                "staging_version": 1
              },
              {
                "contract_id": "ctr_1-1NC95D",
                "group_id": "grp_19293",
                "latest_version": 2,
                "note": "",
                "production_version": 0,
                "property_id": "prp_574494",
                "property_name": "ion.ygreenba.com",
                "property_type": "",
                "staging_version": 0
              },
              {
                "contract_id": "ctr_1-1NC95D",
                "group_id": "grp_19293",
                "latest_version": 2,
                "note": "",
                "production_version": 0,
                "property_id": "prp_643574",
                "property_name": "labs",
                "property_type": "",
                "staging_version": 1
              },
              {
                "contract_id": "ctr_1-1NC95D",
                "group_id": "grp_19293",
                "latest_version": 5,
                "note": "",
                "production_version": 0,
                "property_id": "prp_361383",
                "property_name": "wavilab",
                "property_type": "",
                "staging_version": 0
              },
              {
                "contract_id": "ctr_1-1NC95D",
                "group_id": "grp_19293",
                "latest_version": 8,
                "note": "",
                "production_version": 0,
                "property_id": "prp_1085421",
                "property_name": "ajal-amd",
                "property_type": "",
                "staging_version": 8
              },
              {
                "contract_id": "ctr_1-1NC95D",
                "group_id": "grp_19293",
                "latest_version": 6,
                "note": "",
                "production_version": 4,
                "property_id": "prp_428880",
                "property_name": "deyan.amd.com",
                "property_type": "",
                "staging_version": 4
              },
              {
                "contract_id": "ctr_1-1NC95D",
                "group_id": "grp_19293",
                "latest_version": 8,
                "note": "",
                "production_version": 0,
                "property_id": "prp_213632",
                "property_name": "rabdelaz.advanced-md.com",
                "property_type": "",
                "staging_version": 5
              },
              {
                "contract_id": "ctr_1-1NC95D",
                "group_id": "grp_19293",
                "latest_version": 4,
                "note": "",
                "production_version": 1,
                "property_id": "prp_577496",
                "property_name": "cloudmon.aphilip.com",
                "property_type": "",
                "staging_version": 1
              },
              {
                "contract_id": "ctr_1-1NC95D",
                "group_id": "grp_19293",
                "latest_version": 11,
                "note": "",
                "production_version": 0,
                "property_id": "prp_1088762",
                "property_name": "nams_test.com",
                "property_type": "",
                "staging_version": 5
              },
              {
                "contract_id": "ctr_1-1NC95D",
                "group_id": "grp_19293",
                "latest_version": 42,
                "note": "",
                "production_version": 0,
                "property_id": "prp_353723",
                "property_name": "dapo-atlearning.com",
                "property_type": "",
                "staging_version": 41
              },
              {
                "contract_id": "ctr_1-1NC95D",
                "group_id": "grp_19293",
                "latest_version": 3,
                "note": "",
                "production_version": 0,
                "property_id": "prp_353722",
                "property_name": "lfotest1",
                "property_type": "",
                "staging_version": 2
              },
              {
                "contract_id": "ctr_1-1NC95D",
                "group_id": "grp_19293",
                "latest_version": 1,
                "note": "",
                "production_version": 0,
                "property_id": "prp_1114318",
                "property_name": "demo.ifyoudislikepinacolada.co.uk",
                "property_type": "",
                "staging_version": 1
              },
              {
                "contract_id": "ctr_1-1NC95D",
                "group_id": "grp_19293",
                "latest_version": 2,
                "note": "",
                "production_version": 0,
                "property_id": "prp_584072",
                "property_name": "vod.intigral.net",
                "property_type": "",
                "staging_version": 0
              },
              {
                "contract_id": "ctr_1-1NC95D",
                "group_id": "grp_19293",
                "latest_version": 2,
                "note": "",
                "production_version": 0,
                "property_id": "prp_769514",
                "property_name": "aakkaya-lab",
                "property_type": "",
                "staging_version": 1
              },
              {
                "contract_id": "ctr_1-1NC95D",
                "group_id": "grp_19293",
                "latest_version": 7,
                "note": "",
                "production_version": 6,
                "property_id": "prp_722183",
                "property_name": "www.hansfans.com",
                "property_type": "",
                "staging_version": 0
              },
              {
                "contract_id": "ctr_1-1NC95D",
                "group_id": "grp_19293",
                "latest_version": 2,
                "note": "",
                "production_version": 0,
                "property_id": "prp_496075",
                "property_name": "esritesting",
                "property_type": "",
                "staging_version": 0
              },
              {
                "contract_id": "ctr_1-1NC95D",
                "group_id": "grp_19293",
                "latest_version": 7,
                "note": "",
                "production_version": 0,
                "property_id": "prp_646831",
                "property_name": "masterwb1",
                "property_type": "",
                "staging_version": 3
              },
              {
                "contract_id": "ctr_1-1NC95D",
                "group_id": "grp_19293",
                "latest_version": 18,
                "note": "",
                "production_version": 0,
                "property_id": "prp_496081",
                "property_name": "vsoni.gsshappylearning.com",
                "property_type": "",
                "staging_version": 0
              },
              {
                "contract_id": "ctr_1-1NC95D",
                "group_id": "grp_19293",
                "latest_version": 2,
                "note": "",
                "production_version": 0,
                "property_id": "prp_342020",
                "property_name": "amd-advanced-override.davidbartosh.com",
                "property_type": "",
                "staging_version": 0
              },
              {
                "contract_id": "ctr_1-1NC95D",
                "group_id": "grp_19293",
                "latest_version": 2,
                "note": "",
                "production_version": 0,
                "property_id": "prp_532481",
                "property_name": "yenijosue.onboarding.akamai.com",
                "property_type": "",
                "staging_version": 0
              },
              {
                "contract_id": "ctr_1-1NC95D",
                "group_id": "grp_19293",
                "latest_version": 4,
                "note": "",
                "production_version": 2,
                "property_id": "prp_307797",
                "property_name": "akleytma_wsd.edgesuite.net",
                "property_type": "",
                "staging_version": 3
              },
              {
                "contract_id": "ctr_1-1NC95D",
                "group_id": "grp_19293",
                "latest_version": 2,
                "note": "",
                "production_version": 0,
                "property_id": "prp_117769",
                "property_name": "try.xml",
                "property_type": "",
                "staging_version": 0
              },
              {
                "contract_id": "ctr_1-1NC95D",
                "group_id": "grp_19293",
                "latest_version": 2,
                "note": "",
                "production_version": 0,
                "property_id": "prp_349866",
                "property_name": "triptest",
                "property_type": "",
                "staging_version": 0
              },
              {
                "contract_id": "ctr_1-1NC95D",
                "group_id": "grp_19293",
                "latest_version": 3,
                "note": "",
                "production_version": 1,
                "property_id": "prp_287516",
                "property_name": "pmdhbotest.edgesuite.net",
                "property_type": "",
                "staging_version": 1
              },
              {
                "contract_id": "ctr_1-1NC95D",
                "group_id": "grp_19293",
                "latest_version": 3,
                "note": "",
                "production_version": 0,
                "property_id": "prp_328304",
                "property_name": "cm.salvado.me",
                "property_type": "",
                "staging_version": 1
              },
              {
                "contract_id": "ctr_1-1NC95D",
                "group_id": "grp_19293",
                "latest_version": 1,
                "note": "",
                "production_version": 0,
                "property_id": "prp_1131990",
                "property_name": "live-euwe1.tst.mp.ll.streams.tv.bt.com",
                "property_type": "",
                "staging_version": 0
              },
              {
                "contract_id": "ctr_1-1NC95D",
                "group_id": "grp_19293",
                "latest_version": 2,
                "note": "",
                "production_version": 0,
                "property_id": "prp_508108",
                "property_name": "new.gsshappylearning.com",
                "property_type": "",
                "staging_version": 0
              },
              {
                "contract_id": "ctr_1-1NC95D",
                "group_id": "grp_19293",
                "latest_version": 109,
                "note": "",
                "production_version": 107,
                "property_id": "prp_252009",
                "property_name": "mmaciurz_iontest",
                "property_type": "",
                "staging_version": 108
              },
              {
                "contract_id": "ctr_1-1NC95D",
                "group_id": "grp_19293",
                "latest_version": 5,
                "note": "",
                "production_version": 4,
                "property_id": "prp_1032974",
                "property_name": "lalexand.demo.sb",
                "property_type": "",
                "staging_version": 4
              },
              {
                "contract_id": "ctr_1-1NC95D",
                "group_id": "grp_19293",
                "latest_version": 9,
                "note": "",
                "production_version": 4,
                "property_id": "prp_746588",
                "property_name": "hazhang-demo-ew",
                "property_type": "",
                "staging_version": 7
              },
              {
                "contract_id": "ctr_1-1NC95D",
                "group_id": "grp_19293",
                "latest_version": 11,
                "note": "",
                "production_version": 0,
                "property_id": "prp_328290",
                "property_name": "prcloudlet-demo.akamai.com",
                "property_type": "",
                "staging_version": 9
              },
              {
                "contract_id": "ctr_1-1NC95D",
                "group_id": "grp_19293",
                "latest_version": 1,
                "note": "",
                "production_version": 0,
                "property_id": "prp_1271242",
                "property_name": "terraform-training-jviquezc-template.com",
                "property_type": "",
                "staging_version": 0
              },
              {
                "contract_id": "ctr_1-1NC95D",
                "group_id": "grp_19293",
                "latest_version": 49,
                "note": "",
                "production_version": 0,
                "property_id": "prp_496168",
                "property_name": "susuvarn.gsshappylearning.com",
                "property_type": "",
                "staging_version": 47
              },
              {
                "contract_id": "ctr_1-1NC95D",
                "group_id": "grp_19293",
                "latest_version": 2,
                "note": "",
                "production_version": 0,
                "property_id": "prp_993445",
                "property_name": "lum-ms-live.streaming.a2d.tv",
                "property_type": "",
                "staging_version": 0
              },
              {
                "contract_id": "ctr_1-1NC95D",
                "group_id": "grp_19293",
                "latest_version": 1,
                "note": "",
                "production_version": 0,
                "property_id": "prp_1229230",
                "property_name": "test.fcbtt.com",
                "property_type": "",
                "staging_version": 0
              },
              {
                "contract_id": "ctr_1-1NC95D",
                "group_id": "grp_19293",
                "latest_version": 161,
                "note": "",
                "production_version": 0,
                "property_id": "prp_496112",
                "property_name": "amesegue-trip",
                "property_type": "",
                "staging_version": 0
              },
              {
                "contract_id": "ctr_1-1NC95D",
                "group_id": "grp_19293",
                "latest_version": 71,
                "note": "",
                "production_version": 63,
                "property_id": "prp_151252",
                "property_name": "www.georgefbt.co.uk.xml",
                "property_type": "",
                "staging_version": 69
              },
              {
                "contract_id": "ctr_1-1NC95D",
                "group_id": "grp_19293",
                "latest_version": 2,
                "note": "",
                "production_version": 0,
                "property_id": "prp_373072",
                "property_name": "test01",
                "property_type": "",
                "staging_version": 0
              },
              {
                "contract_id": "ctr_1-1NC95D",
                "group_id": "grp_19293",
                "latest_version": 3,
                "note": "",
                "production_version": 0,
                "property_id": "prp_328336",
                "property_name": "JenniferF",
                "property_type": "",
                "staging_version": 1
              },
              {
                "contract_id": "ctr_1-1NC95D",
                "group_id": "grp_19293",
                "latest_version": 7,
                "note": "",
                "production_version": 0,
                "property_id": "prp_598921",
                "property_name": "dev.gokulpipe1",
                "property_type": "",
                "staging_version": 6
              },
              {
                "contract_id": "ctr_1-1NC95D",
                "group_id": "grp_19293",
                "latest_version": 55,
                "note": "",
                "production_version": 41,
                "property_id": "prp_746567",
                "property_name": "sshahabu_TRIP_PR",
                "property_type": "",
                "staging_version": 53
              },
              {
                "contract_id": "ctr_1-1NC95D",
                "group_id": "grp_19293",
                "latest_version": 4,
                "note": "",
                "production_version": 0,
                "property_id": "prp_643611",
                "property_name": "lab3",
                "property_type": "",
                "staging_version": 0
              },
              {
                "contract_id": "ctr_1-1NC95D",
                "group_id": "grp_19293",
                "latest_version": 2,
                "note": "",
                "production_version": 0,
                "property_id": "prp_598922",
                "property_name": "qa.gokulpipe1",
                "property_type": "",
                "staging_version": 0
              },
              {
                "contract_id": "ctr_1-1NC95D",
                "group_id": "grp_19293",
                "latest_version": 2,
                "note": "",
                "production_version": 0,
                "property_id": "prp_295353",
                "property_name": "kona.piotrcichocki.pl",
                "property_type": "",
                "staging_version": 0
              },
              {
                "contract_id": "ctr_1-1NC95D",
                "group_id": "grp_19293",
                "latest_version": 2,
                "note": "",
                "production_version": 0,
                "property_id": "prp_598923",
                "property_name": "prod.gokulpipe1",
                "property_type": "",
                "staging_version": 0
              },
              {
                "contract_id": "ctr_1-1NC95D",
                "group_id": "grp_19293",
                "latest_version": 6,
                "note": "",
                "production_version": 0,
                "property_id": "prp_643613",
                "property_name": "lab4",
                "property_type": "",
                "staging_version": 4
              },
              {
                "contract_id": "ctr_1-1NC95D",
                "group_id": "grp_19293",
                "latest_version": 8,
                "note": "",
                "production_version": 5,
                "property_id": "prp_901492",
                "property_name": "failover.ifyoulikepinacolada.co.uk",
                "property_type": "",
                "staging_version": 7
              },
              {
                "contract_id": "ctr_1-1NC95D",
                "group_id": "grp_19293",
                "latest_version": 3,
                "note": "",
                "production_version": 0,
                "property_id": "prp_562984",
                "property_name": "darioulltvtry2",
                "property_type": "",
                "staging_version": 0
              },
              {
                "contract_id": "ctr_1-1NC95D",
                "group_id": "grp_19293",
                "latest_version": 23,
                "note": "",
                "production_version": 3,
                "property_id": "prp_625485",
                "property_name": "ALBconfig",
                "property_type": "",
                "staging_version": 21
              },
              {
                "contract_id": "ctr_1-1NC95D",
                "group_id": "grp_19293",
                "latest_version": 21,
                "note": "",
                "production_version": 0,
                "property_id": "prp_456622",
                "property_name": "aude_ksd",
                "property_type": "",
                "staging_version": 16
              },
              {
                "contract_id": "ctr_1-1NC95D",
                "group_id": "grp_19293",
                "latest_version": 2,
                "note": "",
                "production_version": 0,
                "property_id": "prp_562986",
                "property_name": "darioulltvtry3.com.akamaized.net",
                "property_type": "",
                "staging_version": 0
              },
              {
                "contract_id": "ctr_1-1NC95D",
                "group_id": "grp_19293",
                "latest_version": 7,
                "note": "",
                "production_version": 2,
                "property_id": "prp_595730",
                "property_name": "three-header-test",
                "property_type": "",
                "staging_version": 6
              },
              {
                "contract_id": "ctr_1-1NC95D",
                "group_id": "grp_19293",
                "latest_version": 4,
                "note": "",
                "production_version": 0,
                "property_id": "prp_901777",
                "property_name": "careers-mehanuma",
                "property_type": "",
                "staging_version": 1
              },
              {
                "contract_id": "ctr_1-1NC95D",
                "group_id": "grp_19293",
                "latest_version": 2,
                "note": "",
                "production_version": 1,
                "property_id": "prp_232548",
                "property_name": "scsa_pmd.xml",
                "property_type": "",
                "staging_version": 1
              },
              {
                "contract_id": "ctr_1-1NC95D",
                "group_id": "grp_19293",
                "latest_version": 4,
                "note": "",
                "production_version": 2,
                "property_id": "prp_605025",
                "property_name": "www.mguentge-datastream-demo.com",
                "property_type": "",
                "staging_version": 2
              },
              {
                "contract_id": "ctr_1-1NC95D",
                "group_id": "grp_19293",
                "latest_version": 37,
                "note": "",
                "production_version": 32,
                "property_id": "prp_554102",
                "property_name": "ravin_amd",
                "property_type": "",
                "staging_version": 37
              },
              {
                "contract_id": "ctr_1-1NC95D",
                "group_id": "grp_19293",
                "latest_version": 8,
                "note": "",
                "production_version": 0,
                "property_id": "prp_429185",
                "property_name": "dcuenc_devops",
                "property_type": "",
                "staging_version": 5
              },
              {
                "contract_id": "ctr_1-1NC95D",
                "group_id": "grp_19293",
                "latest_version": 2,
                "note": "",
                "production_version": 0,
                "property_id": "prp_126745",
                "property_name": "dsatest.davidm.com",
                "property_type": "",
                "staging_version": 0
              },
              {
                "contract_id": "ctr_1-1NC95D",
                "group_id": "grp_19293",
                "latest_version": 3,
                "note": "",
                "production_version": 0,
                "property_id": "prp_443720",
                "property_name": "www.ishika.com",
                "property_type": "",
                "staging_version": 0
              },
              {
                "contract_id": "ctr_1-1NC95D",
                "group_id": "grp_19293",
                "latest_version": 71,
                "note": "",
                "production_version": 38,
                "property_id": "prp_653633",
                "property_name": "Testcenterconfig",
                "property_type": "",
                "staging_version": 70
              },
              {
                "contract_id": "ctr_1-1NC95D",
                "group_id": "grp_19293",
                "latest_version": 2,
                "note": "",
                "production_version": 0,
                "property_id": "prp_987487",
                "property_name": "sbd_vcd_init_GrUXbNudMh",
                "property_type": "",
                "staging_version": 0
              },
              {
                "contract_id": "ctr_1-1NC95D",
                "group_id": "grp_19293",
                "latest_version": 3,
                "note": "",
                "production_version": 0,
                "property_id": "prp_1079370",
                "property_name": "ankau.gsshappylearning.com",
                "property_type": "",
                "staging_version": 2
              },
              {
                "contract_id": "ctr_1-1NC95D",
                "group_id": "grp_19293",
                "latest_version": 2,
                "note": "",
                "production_version": 0,
                "property_id": "prp_159662",
                "property_name": "www.solares.com",
                "property_type": "",
                "staging_version": 0
              },
              {
                "contract_id": "ctr_1-1NC95D",
                "group_id": "grp_19293",
                "latest_version": 124,
                "note": "",
                "production_version": 0,
                "property_id": "prp_852622",
                "property_name": "amd-wjunior-LAB",
                "property_type": "",
                "staging_version": 121
              },
              {
                "contract_id": "ctr_1-1NC95D",
                "group_id": "grp_19293",
                "latest_version": 3,
                "note": "",
                "production_version": 1,
                "property_id": "prp_611785",
                "property_name": "amd-live.davidbartosh.com",
                "property_type": "",
                "staging_version": 1
              },
              {
                "contract_id": "ctr_1-1NC95D",
                "group_id": "grp_19293",
                "latest_version": 4,
                "note": "",
                "production_version": 0,
                "property_id": "prp_313305",
                "property_name": "www.eastkentgamers.co.uk",
                "property_type": "",
                "staging_version": 2
              },
              {
                "contract_id": "ctr_1-1NC95D",
                "group_id": "grp_19293",
                "latest_version": 5,
                "note": "",
                "production_version": 0,
                "property_id": "prp_695502",
                "property_name": "config-rapid-vlueck.xml_clone",
                "property_type": "",
                "staging_version": 4
              },
              {
                "contract_id": "ctr_1-1NC95D",
                "group_id": "grp_19293",
                "latest_version": 2,
                "note": "",
                "production_version": 0,
                "property_id": "prp_240465",
                "property_name": "ravin",
                "property_type": "",
                "staging_version": 0
              },
              {
                "contract_id": "ctr_1-1NC95D",
                "group_id": "grp_19293",
                "latest_version": 4,
                "note": "",
                "production_version": 0,
                "property_id": "prp_1000457",
                "property_name": "indu-lumentesting-dsa",
                "property_type": "HOSTNAME_BUCKET",
                "staging_version": 0
              },
              {
                "contract_id": "ctr_1-1NC95D",
                "group_id": "grp_19293",
                "latest_version": 37,
                "note": "",
                "production_version": 0,
                "property_id": "prp_456849",
                "property_name": "fpicado2.akamaihd.net",
                "property_type": "",
                "staging_version": 35
              },
              {
                "contract_id": "ctr_1-1NC95D",
                "group_id": "grp_19293",
                "latest_version": 3,
                "note": "This is my test property",
                "production_version": 0,
                "property_id": "prp_280100",
                "property_name": "cjltest.com",
                "property_type": "",
                "staging_version": 0
              },
              {
                "contract_id": "ctr_1-1NC95D",
                "group_id": "grp_19293",
                "latest_version": 11,
                "note": "",
                "production_version": 0,
                "property_id": "prp_475480",
                "property_name": "cname.losgiova.com",
                "property_type": "",
                "staging_version": 9
              },
              {
                "contract_id": "ctr_1-1NC95D",
                "group_id": "grp_19293",
                "latest_version": 7,
                "note": "",
                "production_version": 5,
                "property_id": "prp_236567",
                "property_name": "Bharadwaj_suhas",
                "property_type": "",
                "staging_version": 7
              },
              {
                "contract_id": "ctr_1-1NC95D",
                "group_id": "grp_19293",
                "latest_version": 28,
                "note": "",
                "production_version": 24,
                "property_id": "prp_175368",
                "property_name": "migration.prolexic.akamai.com",
                "property_type": "",
                "staging_version": 0
              },
              {
                "contract_id": "ctr_1-1NC95D",
                "group_id": "grp_19293",
                "latest_version": 2,
                "note": "",
                "production_version": 0,
                "property_id": "prp_895022",
                "property_name": "testing-fv-charlie",
                "property_type": "",
                "staging_version": 0
              },
              {
                "contract_id": "ctr_1-1NC95D",
                "group_id": "grp_19293",
                "latest_version": 15,
                "note": "",
                "production_version": 14,
                "property_id": "prp_369575",
                "property_name": "awsauth.akamai.com.xml",
                "property_type": "",
                "staging_version": 14
              },
              {
                "contract_id": "ctr_1-1NC95D",
                "group_id": "grp_19293",
                "latest_version": 2,
                "note": "",
                "production_version": 0,
                "property_id": "prp_287910",
                "property_name": "prevanka.konatest.com",
                "property_type": "",
                "staging_version": 0
              },
              {
                "contract_id": "ctr_1-1NC95D",
                "group_id": "grp_19293",
                "latest_version": 2,
                "note": "",
                "production_version": 0,
                "property_id": "prp_130020",
                "property_name": "trislciaofdndn",
                "property_type": "",
                "staging_version": 0
              },
              {
                "contract_id": "ctr_1-1NC95D",
                "group_id": "grp_19293",
                "latest_version": 42,
                "note": "",
                "production_version": 38,
                "property_id": "prp_592954",
                "property_name": "cfonsecapr.akamaized.net",
                "property_type": "",
                "staging_version": 39
              },
              {
                "contract_id": "ctr_1-1NC95D",
                "group_id": "grp_19293",
                "latest_version": 2,
                "note": "",
                "production_version": 0,
                "property_id": "prp_660143",
                "property_name": "ppeconfig.office.com_poc",
                "property_type": "",
                "staging_version": 1
              },
              {
                "contract_id": "ctr_1-1NC95D",
                "group_id": "grp_19293",
                "latest_version": 2,
                "note": "",
                "production_version": 0,
                "property_id": "prp_831642",
                "property_name": "jviquezc-wquinter-test-cli",
                "property_type": "",
                "staging_version": 0
              },
              {
                "contract_id": "ctr_1-1NC95D",
                "group_id": "grp_19293",
                "latest_version": 3,
                "note": "",
                "production_version": 0,
                "property_id": "prp_396431",
                "property_name": "delta.www.akamaiflowershop.com",
                "property_type": "",
                "staging_version": 1
              },
              {
                "contract_id": "ctr_1-1NC95D",
                "group_id": "grp_19293",
                "latest_version": 12,
                "note": "",
                "production_version": 11,
                "property_id": "prp_821590",
                "property_name": "mguentge-merck.akamaized.net_prod",
                "property_type": "",
                "staging_version": 9
              },
              {
                "contract_id": "ctr_1-1NC95D",
                "group_id": "grp_19293",
                "latest_version": 32,
                "note": "",
                "production_version": 0,
                "property_id": "prp_554000",
                "property_name": "ritzlabs.gsshappylearning.com",
                "property_type": "",
                "staging_version": 30
              },
              {
                "contract_id": "ctr_1-1NC95D",
                "group_id": "grp_19293",
                "latest_version": 2,
                "note": "",
                "production_version": 0,
                "property_id": "prp_632059",
                "property_name": "test_sven.akamania.com",
                "property_type": "",
                "staging_version": 0
              },
              {
                "contract_id": "ctr_1-1NC95D",
                "group_id": "grp_19293",
                "latest_version": 1,
                "note": "",
                "production_version": 0,
                "property_id": "prp_1108635",
                "property_name": "tnaik-hostnamebucket",
                "property_type": "HOSTNAME_BUCKET",
                "staging_version": 1
              },
              {
                "contract_id": "ctr_1-1NC95D",
                "group_id": "grp_19293",
                "latest_version": 2,
                "note": "",
                "production_version": 0,
                "property_id": "prp_463082",
                "property_name": "lab.custombehaviors.edgesuite.net",
                "property_type": "",
                "staging_version": 1
              },
              {
                "contract_id": "ctr_1-1NC95D",
                "group_id": "grp_19293",
                "latest_version": 2,
                "note": "",
                "production_version": 0,
                "property_id": "prp_213842",
                "property_name": "pmd.sandip.ind.in",
                "property_type": "",
                "staging_version": 0
              },
              {
                "contract_id": "ctr_1-1NC95D",
                "group_id": "grp_19293",
                "latest_version": 2,
                "note": "",
                "production_version": 0,
                "property_id": "prp_632065",
                "property_name": "Test_wildcard",
                "property_type": "",
                "staging_version": 1
              },
              {
                "contract_id": "ctr_1-1NC95D",
                "group_id": "grp_19293",
                "latest_version": 5,
                "note": "",
                "production_version": 0,
                "property_id": "prp_227883",
                "property_name": "ROQUE",
                "property_type": "",
                "staging_version": 2
              },
              {
                "contract_id": "ctr_1-1NC95D",
                "group_id": "grp_19293",
                "latest_version": 16,
                "note": "",
                "production_version": 0,
                "property_id": "prp_411417",
                "property_name": "failover4.example.com.pm",
                "property_type": "",
                "staging_version": 14
              },
              {
                "contract_id": "ctr_1-1NC95D",
                "group_id": "grp_19293",
                "latest_version": 2,
                "note": "",
                "production_version": 0,
                "property_id": "prp_240302",
                "property_name": "gfiuzabe-bancopopular-ion_cus",
                "property_type": "",
                "staging_version": 0
              },
              {
                "contract_id": "ctr_1-1NC95D",
                "group_id": "grp_19293",
                "latest_version": 3,
                "note": "",
                "production_version": 0,
                "property_id": "prp_574688",
                "property_name": "mtoporma_Sfailover",
                "property_type": "",
                "staging_version": 2
              },
              {
                "contract_id": "ctr_1-1NC95D",
                "group_id": "grp_19293",
                "latest_version": 10,
                "note": "",
                "production_version": 0,
                "property_id": "prp_440109",
                "property_name": "aginwala.www.akamaiflowershop.com",
                "property_type": "",
                "staging_version": 8
              },
              {
                "contract_id": "ctr_1-1NC95D",
                "group_id": "grp_19293",
                "latest_version": 2,
                "note": "",
                "production_version": 0,
                "property_id": "prp_135179",
                "property_name": "demo-cdn.pearson.com",
                "property_type": "",
                "staging_version": 0
              },
              {
                "contract_id": "ctr_1-1NC95D",
                "group_id": "grp_19293",
                "latest_version": 1,
                "note": "",
                "production_version": 0,
                "property_id": "prp_1095587",
                "property_name": "lwinat_dd",
                "property_type": "",
                "staging_version": 1
              },
              {
                "contract_id": "ctr_1-1NC95D",
                "group_id": "grp_19293",
                "latest_version": 2,
                "note": "",
                "production_version": 0,
                "property_id": "prp_240294",
                "property_name": "collie.testing.ion",
                "property_type": "",
                "staging_version": 0
              },
              {
                "contract_id": "ctr_1-1NC95D",
                "group_id": "grp_19293",
                "latest_version": 3,
                "note": "",
                "production_version": 0,
                "property_id": "prp_377127",
                "property_name": "vptest",
                "property_type": "",
                "staging_version": 2
              },
              {
                "contract_id": "ctr_1-1NC95D",
                "group_id": "grp_19293",
                "latest_version": 4,
                "note": "",
                "production_version": 0,
                "property_id": "prp_299298",
                "property_name": "vpdemo.akamai.com",
                "property_type": "",
                "staging_version": 1
              },
              {
                "contract_id": "ctr_1-1NC95D",
                "group_id": "grp_19293",
                "latest_version": 4,
                "note": "",
                "production_version": 0,
                "property_id": "prp_496335",
                "property_name": "rk_TestDSA",
                "property_type": "",
                "staging_version": 2
              },
              {
                "contract_id": "ctr_1-1NC95D",
                "group_id": "grp_19293",
                "latest_version": 2,
                "note": "",
                "production_version": 0,
                "property_id": "prp_1102030",
                "property_name": "dum-test",
                "property_type": "",
                "staging_version": 1
              },
              {
                "contract_id": "ctr_1-1NC95D",
                "group_id": "grp_19293",
                "latest_version": 12,
                "note": "",
                "production_version": 0,
                "property_id": "prp_354033",
                "property_name": "rmongeag.testing",
                "property_type": "",
                "staging_version": 11
              },
              {
                "contract_id": "ctr_1-1NC95D",
                "group_id": "grp_19293",
                "latest_version": 3,
                "note": "",
                "production_version": 0,
                "property_id": "prp_487231",
                "property_name": "apigw.akanchha.com",
                "property_type": "",
                "staging_version": 1
              },
              {
                "contract_id": "ctr_1-1NC95D",
                "group_id": "grp_19293",
                "latest_version": 2,
                "note": "",
                "production_version": 0,
                "property_id": "prp_997024",
                "property_name": "230804",
                "property_type": "",
                "staging_version": 0
              },
              {
                "contract_id": "ctr_1-1NC95D",
                "group_id": "grp_19293",
                "latest_version": 2,
                "note": "",
                "production_version": 0,
                "property_id": "prp_997023",
                "property_name": "230812",
                "property_type": "",
                "staging_version": 0
              },
              {
                "contract_id": "ctr_1-1NC95D",
                "group_id": "grp_19293",
                "latest_version": 2,
                "note": "",
                "production_version": 0,
                "property_id": "prp_997022",
                "property_name": "237796",
                "property_type": "",
                "staging_version": 0
              },
              {
                "contract_id": "ctr_1-1NC95D",
                "group_id": "grp_19293",
                "latest_version": 2,
                "note": "",
                "production_version": 0,
                "property_id": "prp_230609",
                "property_name": "example.sandip.ind.in",
                "property_type": "",
                "staging_version": 0
              },
              {
                "contract_id": "ctr_1-1NC95D",
                "group_id": "grp_19293",
                "latest_version": 2,
                "note": "",
                "production_version": 0,
                "property_id": "prp_357801",
                "property_name": "AithappaTesting.com",
                "property_type": "",
                "staging_version": 0
              },
              {
                "contract_id": "ctr_1-1NC95D",
                "group_id": "grp_19293",
                "latest_version": 5,
                "note": "",
                "production_version": 0,
                "property_id": "prp_287732",
                "property_name": "bryceakamaisecureflowers",
                "property_type": "",
                "staging_version": 1
              },
              {
                "contract_id": "ctr_1-1NC95D",
                "group_id": "grp_19293",
                "latest_version": 3,
                "note": "",
                "production_version": 0,
                "property_id": "prp_196275",
                "property_name": "oabarcal.newhirelab.com.xml",
                "property_type": "",
                "staging_version": 1
              },
              {
                "contract_id": "ctr_1-1NC95D",
                "group_id": "grp_19293",
                "latest_version": 2,
                "note": "",
                "production_version": 0,
                "property_id": "prp_997028",
                "property_name": "230810",
                "property_type": "",
                "staging_version": 0
              },
              {
                "contract_id": "ctr_1-1NC95D",
                "group_id": "grp_19293",
                "latest_version": 7,
                "note": "",
                "production_version": 0,
                "property_id": "prp_225753",
                "property_name": "mstone-www.exxonmobilstations.com",
                "property_type": "",
                "staging_version": 6
              },
              {
                "contract_id": "ctr_1-1NC95D",
                "group_id": "grp_19293",
                "latest_version": 2,
                "note": "",
                "production_version": 0,
                "property_id": "prp_997027",
                "property_name": "230806",
                "property_type": "",
                "staging_version": 0
              },
              {
                "contract_id": "ctr_1-1NC95D",
                "group_id": "grp_19293",
                "latest_version": 2,
                "note": "",
                "production_version": 0,
                "property_id": "prp_659965",
                "property_name": "damin_test",
                "property_type": "",
                "staging_version": 0
              },
              {
                "contract_id": "ctr_1-1NC95D",
                "group_id": "grp_19293",
                "latest_version": 2,
                "note": "",
                "production_version": 0,
                "property_id": "prp_997026",
                "property_name": "237212",
                "property_type": "",
                "staging_version": 0
              },
              {
                "contract_id": "ctr_1-1NC95D",
                "group_id": "grp_19293",
                "latest_version": 2,
                "note": "",
                "production_version": 0,
                "property_id": "prp_997025",
                "property_name": "230808",
                "property_type": "",
                "staging_version": 0
              },
              {
                "contract_id": "ctr_1-1NC95D",
                "group_id": "grp_19293",
                "latest_version": 2,
                "note": "",
                "production_version": 0,
                "property_id": "prp_587221",
                "property_name": "smathur.test.com",
                "property_type": "",
                "staging_version": 0
              },
              {
                "contract_id": "ctr_1-1NC95D",
                "group_id": "grp_19293",
                "latest_version": 2,
                "note": "",
                "production_version": 0,
                "property_id": "prp_997030",
                "property_name": "238154",
                "property_type": "",
                "staging_version": 0
              },
              {
                "contract_id": "ctr_1-1NC95D",
                "group_id": "grp_19293",
                "latest_version": 2,
                "note": "",
                "production_version": 0,
                "property_id": "prp_618844",
                "property_name": "ksurya.akamaized.net",
                "property_type": "",
                "staging_version": 0
              },
              {
                "contract_id": "ctr_1-1NC95D",
                "group_id": "grp_19293",
                "latest_version": 2,
                "note": "",
                "production_version": 0,
                "property_id": "prp_997029",
                "property_name": "234350",
                "property_type": "",
                "staging_version": 0
              },
              {
                "contract_id": "ctr_1-1NC95D",
                "group_id": "grp_19293",
                "latest_version": 13,
                "note": "",
                "production_version": 0,
                "property_id": "prp_350116",
                "property_name": "waheeb.www.akamaiflowershop.com.xml",
                "property_type": "",
                "staging_version": 12
              },
              {
                "contract_id": "ctr_1-1NC95D",
                "group_id": "grp_19293",
                "latest_version": 2,
                "note": "",
                "production_version": 0,
                "property_id": "prp_411456",
                "property_name": "test1a.globalspot.net",
                "property_type": "",
                "staging_version": 0
              },
              {
                "contract_id": "ctr_1-1NC95D",
                "group_id": "grp_19293",
                "latest_version": 12,
                "note": "",
                "production_version": 0,
                "property_id": "prp_308033",
                "property_name": "prcertification-hmallika.edgesuite.net",
                "property_type": "",
                "staging_version": 0
              },
              {
                "contract_id": "ctr_1-1NC95D",
                "group_id": "grp_19293",
                "latest_version": 5,
                "note": "",
                "production_version": 4,
                "property_id": "prp_625656",
                "property_name": "cloudmonitor.losgiova.com",
                "property_type": "",
                "staging_version": 4
              },
              {
                "contract_id": "ctr_1-1NC95D",
                "group_id": "grp_19293",
                "latest_version": 3,
                "note": "",
                "production_version": 0,
                "property_id": "prp_463146",
                "property_name": "Abinadi-WebPerformance",
                "property_type": "",
                "staging_version": 0
              },
              {
                "contract_id": "ctr_1-1NC95D",
                "group_id": "grp_19293",
                "latest_version": 3,
                "note": "",
                "production_version": 0,
                "property_id": "prp_244353",
                "property_name": "cantonga.rtve.redirect",
                "property_type": "",
                "staging_version": 2
              },
              {
                "contract_id": "ctr_1-1NC95D",
                "group_id": "grp_19293",
                "latest_version": 2,
                "note": "",
                "production_version": 0,
                "property_id": "prp_502677",
                "property_name": "awesome.gsshappylearning.com",
                "property_type": "",
                "staging_version": 0
              },
              {
                "contract_id": "ctr_1-1NC95D",
                "group_id": "grp_19293",
                "latest_version": 4,
                "note": "",
                "production_version": 0,
                "property_id": "prp_554069",
                "property_name": "testdatastreambuck",
                "property_type": "",
                "staging_version": 1
              },
              {
                "contract_id": "ctr_1-1NC95D",
                "group_id": "grp_19293",
                "latest_version": 2,
                "note": "",
                "production_version": 0,
                "property_id": "prp_187697",
                "property_name": "njed_test_pm",
                "property_type": "",
                "staging_version": 0
              },
              {
                "contract_id": "ctr_1-1NC95D",
                "group_id": "grp_19293",
                "latest_version": 2,
                "note": "",
                "production_version": 0,
                "property_id": "prp_656917",
                "property_name": "oalegria.training",
                "property_type": "",
                "staging_version": 1
              },
              {
                "contract_id": "ctr_1-1NC95D",
                "group_id": "grp_19293",
                "latest_version": 7,
                "note": "",
                "production_version": 0,
                "property_id": "prp_472346",
                "property_name": "preyaansh-test.com",
                "property_type": "",
                "staging_version": 2
              },
              {
                "contract_id": "ctr_1-1NC95D",
                "group_id": "grp_19293",
                "latest_version": 3,
                "note": "",
                "production_version": 0,
                "property_id": "prp_581153",
                "property_name": "janpatel-KSD",
                "property_type": "",
                "staging_version": 0
              },
              {
                "contract_id": "ctr_1-1NC95D",
                "group_id": "grp_19293",
                "latest_version": 2,
                "note": "",
                "production_version": 0,
                "property_id": "prp_866905",
                "property_name": "dualedgelab.tk",
                "property_type": "",
                "staging_version": 0
              },
              {
                "contract_id": "ctr_1-1NC95D",
                "group_id": "grp_19293",
                "latest_version": 13,
                "note": "",
                "production_version": 7,
                "property_id": "prp_581162",
                "property_name": "prcertification-ddey.edgesuite.net",
                "property_type": "",
                "staging_version": 11
              }
            ]
          },
          "sensitive_attributes": [],
          "identity_schema_version": 0
        }
      ]
    },
    {
      "mode": "managed",
      "type": "akamai_appsec_configuration",
      "name": "my_security_configuration",
      "provider": "provider[\"registry.terraform.io/akamai/akamai\"]",
      "instances": [
        {
          "schema_version": 0,
          "attributes": {
            "config_id": 119604,
            "contract_id": "1-1NC95D",
            "create_from_config_id": null,
            "create_from_version": null,
            "description": "This is my new configuration.",
            "group_id": "19293",
            "host_names": [
              "smacleod-internal.host"
            ],
            "id": "119604",
            "name": "Zdianovi--1234"
          },
          "sensitive_attributes": [],
          "identity_schema_version": 0,
          "private": "bnVsbA=="
        }
      ]
    },
    {
      "mode": "managed",
      "type": "akamai_appsec_security_policy",
      "name": "my-new-policy",
      "provider": "provider[\"registry.terraform.io/akamai/akamai\"]",
      "instances": [
        {
          "schema_version": 0,
          "attributes": {
            "config_id": 119604,
            "create_from_security_policy_id": null,
            "default_settings": true,
            "id": "119604:zdia_313753",
            "security_policy_id": "zdia_313753",
            "security_policy_name": "ZDIANOVI WAF Policy 1234",
            "security_policy_prefix": "zdia"
          },
          "sensitive_attributes": [],
          "identity_schema_version": 0,
          "private": "bnVsbA==",
          "dependencies": [
            "akamai_appsec_configuration.my_security_configuration"
          ]
        }
      ]
    }
  ],
  "check_results": null
}
